{
  "version": 4,
  "terraform_version": "1.7.4",
  "serial": 111,
  "lineage": "2a4a3c45-7fb5-1c0c-49a5-9256274f7594",
  "outputs": {
    "frontdoor_host_name": {
      "value": "ft-mahb-prod.azurefd.net",
      "type": "string"
    }
  },
  "resources": [
    {
      "module": "module.cosmos",
      "mode": "managed",
      "type": "azurerm_cosmosdb_account",
      "name": "default",
      "provider": "provider[\"registry.terraform.io/hashicorp/azurerm\"]",
      "instances": [
        {
          "schema_version": 0,
          "attributes": {
            "access_key_metadata_writes_enabled": true,
            "analytical_storage": [
              {
                "schema_type": "FullFidelity"
              }
            ],
            "analytical_storage_enabled": false,
            "backup": [
              {
                "interval_in_minutes": 0,
                "retention_in_hours": 0,
                "storage_redundancy": "",
                "tier": "Continuous30Days",
                "type": "Continuous"
              }
            ],
            "capabilities": [
              {
                "name": "EnableMongo"
              },
              {
                "name": "EnableServerless"
              }
            ],
            "capacity": [],
            "connection_strings": [
              "mongodb://cosmos-mahb-prod-global:t6wKvKwgsH5LoOfBWZQmYBk7Qit0tmnjdMEM199oLx6d83vvNTUBuELwEWLzWTckS50izEGX5jsHACDbkdbKFQ==@cosmos-mahb-prod-global.mongo.cosmos.azure.com:10255/?ssl=true\u0026replicaSet=globaldb\u0026retrywrites=false\u0026maxIdleTimeMS=120000\u0026appName=@cosmos-mahb-prod-global@",
              "mongodb://cosmos-mahb-prod-global:WCKGUKDDfbtKPme4uVpwtvYmtFFmizc8hB0chJNDhQuTeReeL9c37igQzHVcTW66Zz4mVEM7Qry3ACDbBWEgfg==@cosmos-mahb-prod-global.mongo.cosmos.azure.com:10255/?ssl=true\u0026replicaSet=globaldb\u0026retrywrites=false\u0026maxIdleTimeMS=120000\u0026appName=@cosmos-mahb-prod-global@",
              "mongodb://cosmos-mahb-prod-global:xy5tphwbIEBPa2JpAdpv2lHqQPsDJt9GMDyKaiJj1uJgjZSSnY6v0shhv2FuC1vvucaqhsMlL4R6ACDbiNEcFA==@cosmos-mahb-prod-global.mongo.cosmos.azure.com:10255/?ssl=true\u0026replicaSet=globaldb\u0026retrywrites=false\u0026maxIdleTimeMS=120000\u0026appName=@cosmos-mahb-prod-global@",
              "mongodb://cosmos-mahb-prod-global:tA72J1KDLMWsnOGGI3pg5xvpOJX2ULIu3yOW5WWBGiKnDl7fCnAtaDJdUlIQm0mCWLAkOx05WCN9ACDb66QMJg==@cosmos-mahb-prod-global.mongo.cosmos.azure.com:10255/?ssl=true\u0026replicaSet=globaldb\u0026retrywrites=false\u0026maxIdleTimeMS=120000\u0026appName=@cosmos-mahb-prod-global@"
            ],
            "consistency_policy": [
              {
                "consistency_level": "Session",
                "max_interval_in_seconds": 5,
                "max_staleness_prefix": 100
              }
            ],
            "cors_rule": [],
            "create_mode": "Default",
            "default_identity_type": "FirstPartyIdentity",
            "enable_automatic_failover": false,
            "enable_free_tier": false,
            "enable_multiple_write_locations": false,
            "endpoint": "https://cosmos-mahb-prod-global.documents.azure.com:443/",
            "geo_location": [
              {
                "failover_priority": 0,
                "id": "cosmos-mahb-prod-global-southeastasia",
                "location": "southeastasia",
                "zone_redundant": false
              }
            ],
            "id": "/subscriptions/524875d7-62d5-42df-8fe5-78822e211bf3/resourceGroups/rg-mahb-prod-global/providers/Microsoft.DocumentDB/databaseAccounts/cosmos-mahb-prod-global",
            "identity": [],
            "ip_range_filter": "0.0.0.0,104.42.195.92,40.76.54.131,52.176.6.30,52.169.50.45,52.187.184.26",
            "is_virtual_network_filter_enabled": true,
            "key_vault_key_id": null,
            "kind": "MongoDB",
            "local_authentication_disabled": false,
            "location": "southeastasia",
            "minimal_tls_version": "Tls12",
            "mongo_server_version": "4.0",
            "name": "cosmos-mahb-prod-global",
            "network_acl_bypass_for_azure_services": false,
            "network_acl_bypass_ids": [],
            "offer_type": "Standard",
            "partition_merge_enabled": false,
            "primary_key": "t6wKvKwgsH5LoOfBWZQmYBk7Qit0tmnjdMEM199oLx6d83vvNTUBuELwEWLzWTckS50izEGX5jsHACDbkdbKFQ==",
            "primary_mongodb_connection_string": "mongodb://cosmos-mahb-prod-global:t6wKvKwgsH5LoOfBWZQmYBk7Qit0tmnjdMEM199oLx6d83vvNTUBuELwEWLzWTckS50izEGX5jsHACDbkdbKFQ==@cosmos-mahb-prod-global.mongo.cosmos.azure.com:10255/?ssl=true\u0026replicaSet=globaldb\u0026retrywrites=false\u0026maxIdleTimeMS=120000\u0026appName=@cosmos-mahb-prod-global@",
            "primary_readonly_key": "xy5tphwbIEBPa2JpAdpv2lHqQPsDJt9GMDyKaiJj1uJgjZSSnY6v0shhv2FuC1vvucaqhsMlL4R6ACDbiNEcFA==",
            "primary_readonly_mongodb_connection_string": "mongodb://cosmos-mahb-prod-global:xy5tphwbIEBPa2JpAdpv2lHqQPsDJt9GMDyKaiJj1uJgjZSSnY6v0shhv2FuC1vvucaqhsMlL4R6ACDbiNEcFA==@cosmos-mahb-prod-global.mongo.cosmos.azure.com:10255/?ssl=true\u0026replicaSet=globaldb\u0026retrywrites=false\u0026maxIdleTimeMS=120000\u0026appName=@cosmos-mahb-prod-global@",
            "primary_readonly_sql_connection_string": null,
            "primary_sql_connection_string": null,
            "public_network_access_enabled": true,
            "read_endpoints": [
              "https://cosmos-mahb-prod-global-southeastasia.documents.azure.com:443/"
            ],
            "resource_group_name": "rg-mahb-prod-global",
            "restore": [],
            "secondary_key": "WCKGUKDDfbtKPme4uVpwtvYmtFFmizc8hB0chJNDhQuTeReeL9c37igQzHVcTW66Zz4mVEM7Qry3ACDbBWEgfg==",
            "secondary_mongodb_connection_string": "mongodb://cosmos-mahb-prod-global:WCKGUKDDfbtKPme4uVpwtvYmtFFmizc8hB0chJNDhQuTeReeL9c37igQzHVcTW66Zz4mVEM7Qry3ACDbBWEgfg==@cosmos-mahb-prod-global.mongo.cosmos.azure.com:10255/?ssl=true\u0026replicaSet=globaldb\u0026retrywrites=false\u0026maxIdleTimeMS=120000\u0026appName=@cosmos-mahb-prod-global@",
            "secondary_readonly_key": "tA72J1KDLMWsnOGGI3pg5xvpOJX2ULIu3yOW5WWBGiKnDl7fCnAtaDJdUlIQm0mCWLAkOx05WCN9ACDb66QMJg==",
            "secondary_readonly_mongodb_connection_string": "mongodb://cosmos-mahb-prod-global:tA72J1KDLMWsnOGGI3pg5xvpOJX2ULIu3yOW5WWBGiKnDl7fCnAtaDJdUlIQm0mCWLAkOx05WCN9ACDb66QMJg==@cosmos-mahb-prod-global.mongo.cosmos.azure.com:10255/?ssl=true\u0026replicaSet=globaldb\u0026retrywrites=false\u0026maxIdleTimeMS=120000\u0026appName=@cosmos-mahb-prod-global@",
            "secondary_readonly_sql_connection_string": null,
            "secondary_sql_connection_string": null,
            "tags": {
              "Instance": "Global"
            },
            "timeouts": null,
            "virtual_network_rule": [
              {
                "id": "/subscriptions/524875d7-62d5-42df-8fe5-78822e211bf3/resourceGroups/rg-network-prod-001/providers/Microsoft.Network/virtualNetworks/vnet-network-prod-001/subnets/subnet-aks",
                "ignore_missing_vnet_service_endpoint": false
              },
              {
                "id": "/subscriptions/524875d7-62d5-42df-8fe5-78822e211bf3/resourceGroups/rg-network-prod-001/providers/Microsoft.Network/virtualNetworks/vnet-network-prod-001/subnets/subnet-jumpbox",
                "ignore_missing_vnet_service_endpoint": false
              },
              {
                "id": "/subscriptions/524875d7-62d5-42df-8fe5-78822e211bf3/resourceGroups/rg-network-prod-002/providers/Microsoft.Network/virtualNetworks/vnet-network-prod-002/subnets/subnet-aks",
                "ignore_missing_vnet_service_endpoint": false
              },
              {
                "id": "/subscriptions/524875d7-62d5-42df-8fe5-78822e211bf3/resourceGroups/rg-network-prod-002/providers/Microsoft.Network/virtualNetworks/vnet-network-prod-002/subnets/subnet-jumpbox",
                "ignore_missing_vnet_service_endpoint": false
              }
            ],
            "write_endpoints": [
              "https://cosmos-mahb-prod-global-southeastasia.documents.azure.com:443/"
            ]
          },
          "sensitive_attributes": [],
          "private": "eyJlMmJmYjczMC1lY2FhLTExZTYtOGY4OC0zNDM2M2JjN2M0YzAiOnsiY3JlYXRlIjoxMDgwMDAwMDAwMDAwMCwiZGVsZXRlIjoxMDgwMDAwMDAwMDAwMCwicmVhZCI6MzAwMDAwMDAwMDAwLCJ1cGRhdGUiOjEwODAwMDAwMDAwMDAwfX0=",
          "dependencies": [
            "module.rg_global.azurerm_resource_group.default",
            "module.subnets_failover.data.azurerm_subnet.aks",
            "module.subnets_failover.data.azurerm_subnet.jumpbox",
            "module.subnets_main.data.azurerm_subnet.aks",
            "module.subnets_main.data.azurerm_subnet.jumpbox"
          ]
        }
      ]
    },
    {
      "module": "module.cosmos",
      "mode": "managed",
      "type": "azurerm_cosmosdb_mongo_collection",
      "name": "polls",
      "provider": "provider[\"registry.terraform.io/hashicorp/azurerm\"]",
      "instances": [
        {
          "schema_version": 1,
          "attributes": {
            "account_name": "cosmos-mahb-prod-global",
            "analytical_storage_ttl": 0,
            "autoscale_settings": [],
            "database_name": "poll",
            "default_ttl_seconds": null,
            "id": "/subscriptions/524875d7-62d5-42df-8fe5-78822e211bf3/resourceGroups/rg-mahb-prod-global/providers/Microsoft.DocumentDB/databaseAccounts/cosmos-mahb-prod-global/mongodbDatabases/poll/collections/polls",
            "index": [
              {
                "keys": [
                  "_id"
                ],
                "unique": true
              }
            ],
            "name": "polls",
            "resource_group_name": "rg-mahb-prod-global",
            "shard_key": null,
            "system_indexes": [
              {
                "keys": [
                  "_id"
                ],
                "unique": true
              }
            ],
            "throughput": null,
            "timeouts": null
          },
          "sensitive_attributes": [],
          "private": "eyJlMmJmYjczMC1lY2FhLTExZTYtOGY4OC0zNDM2M2JjN2M0YzAiOnsiY3JlYXRlIjoxODAwMDAwMDAwMDAwLCJkZWxldGUiOjE4MDAwMDAwMDAwMDAsInJlYWQiOjMwMDAwMDAwMDAwMCwidXBkYXRlIjoxODAwMDAwMDAwMDAwfSwic2NoZW1hX3ZlcnNpb24iOiIxIn0=",
          "dependencies": [
            "module.cosmos.azurerm_cosmosdb_account.default",
            "module.cosmos.azurerm_cosmosdb_mongo_database.poll",
            "module.rg_global.azurerm_resource_group.default",
            "module.subnets_failover.data.azurerm_subnet.aks",
            "module.subnets_failover.data.azurerm_subnet.jumpbox",
            "module.subnets_main.data.azurerm_subnet.aks",
            "module.subnets_main.data.azurerm_subnet.jumpbox"
          ]
        }
      ]
    },
    {
      "module": "module.cosmos",
      "mode": "managed",
      "type": "azurerm_cosmosdb_mongo_collection",
      "name": "votes",
      "provider": "provider[\"registry.terraform.io/hashicorp/azurerm\"]",
      "instances": [
        {
          "schema_version": 1,
          "attributes": {
            "account_name": "cosmos-mahb-prod-global",
            "analytical_storage_ttl": 0,
            "autoscale_settings": [],
            "database_name": "vote",
            "default_ttl_seconds": null,
            "id": "/subscriptions/524875d7-62d5-42df-8fe5-78822e211bf3/resourceGroups/rg-mahb-prod-global/providers/Microsoft.DocumentDB/databaseAccounts/cosmos-mahb-prod-global/mongodbDatabases/vote/collections/votes",
            "index": [
              {
                "keys": [
                  "_id"
                ],
                "unique": true
              }
            ],
            "name": "votes",
            "resource_group_name": "rg-mahb-prod-global",
            "shard_key": null,
            "system_indexes": [
              {
                "keys": [
                  "_id"
                ],
                "unique": true
              }
            ],
            "throughput": null,
            "timeouts": null
          },
          "sensitive_attributes": [],
          "private": "eyJlMmJmYjczMC1lY2FhLTExZTYtOGY4OC0zNDM2M2JjN2M0YzAiOnsiY3JlYXRlIjoxODAwMDAwMDAwMDAwLCJkZWxldGUiOjE4MDAwMDAwMDAwMDAsInJlYWQiOjMwMDAwMDAwMDAwMCwidXBkYXRlIjoxODAwMDAwMDAwMDAwfSwic2NoZW1hX3ZlcnNpb24iOiIxIn0=",
          "dependencies": [
            "module.cosmos.azurerm_cosmosdb_account.default",
            "module.cosmos.azurerm_cosmosdb_mongo_database.vote",
            "module.rg_global.azurerm_resource_group.default",
            "module.subnets_failover.data.azurerm_subnet.aks",
            "module.subnets_failover.data.azurerm_subnet.jumpbox",
            "module.subnets_main.data.azurerm_subnet.aks",
            "module.subnets_main.data.azurerm_subnet.jumpbox"
          ]
        }
      ]
    },
    {
      "module": "module.cosmos",
      "mode": "managed",
      "type": "azurerm_cosmosdb_mongo_database",
      "name": "poll",
      "provider": "provider[\"registry.terraform.io/hashicorp/azurerm\"]",
      "instances": [
        {
          "schema_version": 1,
          "attributes": {
            "account_name": "cosmos-mahb-prod-global",
            "autoscale_settings": [],
            "id": "/subscriptions/524875d7-62d5-42df-8fe5-78822e211bf3/resourceGroups/rg-mahb-prod-global/providers/Microsoft.DocumentDB/databaseAccounts/cosmos-mahb-prod-global/mongodbDatabases/poll",
            "name": "poll",
            "resource_group_name": "rg-mahb-prod-global",
            "throughput": null,
            "timeouts": null
          },
          "sensitive_attributes": [],
          "private": "eyJlMmJmYjczMC1lY2FhLTExZTYtOGY4OC0zNDM2M2JjN2M0YzAiOnsiY3JlYXRlIjoxODAwMDAwMDAwMDAwLCJkZWxldGUiOjE4MDAwMDAwMDAwMDAsInJlYWQiOjMwMDAwMDAwMDAwMCwidXBkYXRlIjoxODAwMDAwMDAwMDAwfSwic2NoZW1hX3ZlcnNpb24iOiIxIn0=",
          "dependencies": [
            "module.cosmos.azurerm_cosmosdb_account.default",
            "module.rg_global.azurerm_resource_group.default",
            "module.subnets_failover.data.azurerm_subnet.aks",
            "module.subnets_failover.data.azurerm_subnet.jumpbox",
            "module.subnets_main.data.azurerm_subnet.aks",
            "module.subnets_main.data.azurerm_subnet.jumpbox"
          ]
        }
      ]
    },
    {
      "module": "module.cosmos",
      "mode": "managed",
      "type": "azurerm_cosmosdb_mongo_database",
      "name": "vote",
      "provider": "provider[\"registry.terraform.io/hashicorp/azurerm\"]",
      "instances": [
        {
          "schema_version": 1,
          "attributes": {
            "account_name": "cosmos-mahb-prod-global",
            "autoscale_settings": [],
            "id": "/subscriptions/524875d7-62d5-42df-8fe5-78822e211bf3/resourceGroups/rg-mahb-prod-global/providers/Microsoft.DocumentDB/databaseAccounts/cosmos-mahb-prod-global/mongodbDatabases/vote",
            "name": "vote",
            "resource_group_name": "rg-mahb-prod-global",
            "throughput": null,
            "timeouts": null
          },
          "sensitive_attributes": [],
          "private": "eyJlMmJmYjczMC1lY2FhLTExZTYtOGY4OC0zNDM2M2JjN2M0YzAiOnsiY3JlYXRlIjoxODAwMDAwMDAwMDAwLCJkZWxldGUiOjE4MDAwMDAwMDAwMDAsInJlYWQiOjMwMDAwMDAwMDAwMCwidXBkYXRlIjoxODAwMDAwMDAwMDAwfSwic2NoZW1hX3ZlcnNpb24iOiIxIn0=",
          "dependencies": [
            "module.cosmos.azurerm_cosmosdb_account.default",
            "module.rg_global.azurerm_resource_group.default",
            "module.subnets_failover.data.azurerm_subnet.aks",
            "module.subnets_failover.data.azurerm_subnet.jumpbox",
            "module.subnets_main.data.azurerm_subnet.aks",
            "module.subnets_main.data.azurerm_subnet.jumpbox"
          ]
        }
      ]
    },
    {
      "module": "module.rg_global",
      "mode": "managed",
      "type": "azurerm_resource_group",
      "name": "default",
      "provider": "provider[\"registry.terraform.io/hashicorp/azurerm\"]",
      "instances": [
        {
          "schema_version": 0,
          "attributes": {
            "id": "/subscriptions/524875d7-62d5-42df-8fe5-78822e211bf3/resourceGroups/rg-mahb-prod-global",
            "location": "southeastasia",
            "managed_by": "",
            "name": "rg-mahb-prod-global",
            "tags": {
              "Instance": "Global"
            },
            "timeouts": null
          },
          "sensitive_attributes": [],
          "private": "eyJlMmJmYjczMC1lY2FhLTExZTYtOGY4OC0zNDM2M2JjN2M0YzAiOnsiY3JlYXRlIjo1NDAwMDAwMDAwMDAwLCJkZWxldGUiOjU0MDAwMDAwMDAwMDAsInJlYWQiOjMwMDAwMDAwMDAwMCwidXBkYXRlIjo1NDAwMDAwMDAwMDAwfX0="
        }
      ]
    },
    {
      "module": "module.subnets_failover",
      "mode": "data",
      "type": "azurerm_subnet",
      "name": "aks",
      "provider": "provider[\"registry.terraform.io/hashicorp/azurerm\"]",
      "instances": [
        {
          "schema_version": 0,
          "attributes": {
            "address_prefix": "10.140.58.0/23",
            "address_prefixes": [
              "10.140.58.0/23"
            ],
            "enforce_private_link_endpoint_network_policies": false,
            "enforce_private_link_service_network_policies": false,
            "id": "/subscriptions/524875d7-62d5-42df-8fe5-78822e211bf3/resourceGroups/rg-network-prod-002/providers/Microsoft.Network/virtualNetworks/vnet-network-prod-002/subnets/subnet-aks",
            "name": "subnet-aks",
            "network_security_group_id": "",
            "private_endpoint_network_policies_enabled": true,
            "private_link_service_network_policies_enabled": true,
            "resource_group_name": "rg-network-prod-002",
            "route_table_id": "",
            "service_endpoints": [
              "Microsoft.KeyVault",
              "Microsoft.AzureCosmosDB"
            ],
            "timeouts": null,
            "virtual_network_name": "vnet-network-prod-002"
          },
          "sensitive_attributes": []
        }
      ]
    },
    {
      "module": "module.subnets_failover",
      "mode": "data",
      "type": "azurerm_subnet",
      "name": "gateway",
      "provider": "provider[\"registry.terraform.io/hashicorp/azurerm\"]",
      "instances": [
        {
          "schema_version": 0,
          "attributes": {
            "address_prefix": "10.140.57.0/24",
            "address_prefixes": [
              "10.140.57.0/24"
            ],
            "enforce_private_link_endpoint_network_policies": false,
            "enforce_private_link_service_network_policies": false,
            "id": "/subscriptions/524875d7-62d5-42df-8fe5-78822e211bf3/resourceGroups/rg-network-prod-002/providers/Microsoft.Network/virtualNetworks/vnet-network-prod-002/subnets/subnet-gateway",
            "name": "subnet-gateway",
            "network_security_group_id": "",
            "private_endpoint_network_policies_enabled": true,
            "private_link_service_network_policies_enabled": true,
            "resource_group_name": "rg-network-prod-002",
            "route_table_id": "",
            "service_endpoints": [],
            "timeouts": null,
            "virtual_network_name": "vnet-network-prod-002"
          },
          "sensitive_attributes": []
        }
      ]
    },
    {
      "module": "module.subnets_failover",
      "mode": "data",
      "type": "azurerm_subnet",
      "name": "jumpbox",
      "provider": "provider[\"registry.terraform.io/hashicorp/azurerm\"]",
      "instances": [
        {
          "schema_version": 0,
          "attributes": {
            "address_prefix": "10.140.56.128/25",
            "address_prefixes": [
              "10.140.56.128/25"
            ],
            "enforce_private_link_endpoint_network_policies": false,
            "enforce_private_link_service_network_policies": false,
            "id": "/subscriptions/524875d7-62d5-42df-8fe5-78822e211bf3/resourceGroups/rg-network-prod-002/providers/Microsoft.Network/virtualNetworks/vnet-network-prod-002/subnets/subnet-jumpbox",
            "name": "subnet-jumpbox",
            "network_security_group_id": "",
            "private_endpoint_network_policies_enabled": true,
            "private_link_service_network_policies_enabled": true,
            "resource_group_name": "rg-network-prod-002",
            "route_table_id": "",
            "service_endpoints": [
              "Microsoft.KeyVault",
              "Microsoft.AzureCosmosDB"
            ],
            "timeouts": null,
            "virtual_network_name": "vnet-network-prod-002"
          },
          "sensitive_attributes": []
        }
      ]
    },
    {
      "module": "module.subnets_main",
      "mode": "data",
      "type": "azurerm_subnet",
      "name": "aks",
      "provider": "provider[\"registry.terraform.io/hashicorp/azurerm\"]",
      "instances": [
        {
          "schema_version": 0,
          "attributes": {
            "address_prefix": "10.120.58.0/23",
            "address_prefixes": [
              "10.120.58.0/23"
            ],
            "enforce_private_link_endpoint_network_policies": false,
            "enforce_private_link_service_network_policies": false,
            "id": "/subscriptions/524875d7-62d5-42df-8fe5-78822e211bf3/resourceGroups/rg-network-prod-001/providers/Microsoft.Network/virtualNetworks/vnet-network-prod-001/subnets/subnet-aks",
            "name": "subnet-aks",
            "network_security_group_id": "",
            "private_endpoint_network_policies_enabled": true,
            "private_link_service_network_policies_enabled": true,
            "resource_group_name": "rg-network-prod-001",
            "route_table_id": "",
            "service_endpoints": [
              "Microsoft.KeyVault",
              "Microsoft.AzureCosmosDB"
            ],
            "timeouts": null,
            "virtual_network_name": "vnet-network-prod-001"
          },
          "sensitive_attributes": []
        }
      ]
    },
    {
      "module": "module.subnets_main",
      "mode": "data",
      "type": "azurerm_subnet",
      "name": "gateway",
      "provider": "provider[\"registry.terraform.io/hashicorp/azurerm\"]",
      "instances": [
        {
          "schema_version": 0,
          "attributes": {
            "address_prefix": "10.120.57.0/24",
            "address_prefixes": [
              "10.120.57.0/24"
            ],
            "enforce_private_link_endpoint_network_policies": false,
            "enforce_private_link_service_network_policies": false,
            "id": "/subscriptions/524875d7-62d5-42df-8fe5-78822e211bf3/resourceGroups/rg-network-prod-001/providers/Microsoft.Network/virtualNetworks/vnet-network-prod-001/subnets/subnet-gateway",
            "name": "subnet-gateway",
            "network_security_group_id": "",
            "private_endpoint_network_policies_enabled": true,
            "private_link_service_network_policies_enabled": true,
            "resource_group_name": "rg-network-prod-001",
            "route_table_id": "",
            "service_endpoints": [],
            "timeouts": null,
            "virtual_network_name": "vnet-network-prod-001"
          },
          "sensitive_attributes": []
        }
      ]
    },
    {
      "module": "module.subnets_main",
      "mode": "data",
      "type": "azurerm_subnet",
      "name": "jumpbox",
      "provider": "provider[\"registry.terraform.io/hashicorp/azurerm\"]",
      "instances": [
        {
          "schema_version": 0,
          "attributes": {
            "address_prefix": "10.120.56.128/25",
            "address_prefixes": [
              "10.120.56.128/25"
            ],
            "enforce_private_link_endpoint_network_policies": false,
            "enforce_private_link_service_network_policies": false,
            "id": "/subscriptions/524875d7-62d5-42df-8fe5-78822e211bf3/resourceGroups/rg-network-prod-001/providers/Microsoft.Network/virtualNetworks/vnet-network-prod-001/subnets/subnet-jumpbox",
            "name": "subnet-jumpbox",
            "network_security_group_id": "",
            "private_endpoint_network_policies_enabled": true,
            "private_link_service_network_policies_enabled": true,
            "resource_group_name": "rg-network-prod-001",
            "route_table_id": "",
            "service_endpoints": [
              "Microsoft.KeyVault",
              "Microsoft.AzureCosmosDB"
            ],
            "timeouts": null,
            "virtual_network_name": "vnet-network-prod-001"
          },
          "sensitive_attributes": []
        }
      ]
    },
    {
      "module": "module.workload_failover.module.app_registration",
      "mode": "managed",
      "type": "azuread_application",
      "name": "default",
      "provider": "provider[\"registry.terraform.io/hashicorp/azuread\"]",
      "instances": [
        {
          "schema_version": 1,
          "attributes": {
            "api": [
              {
                "known_client_applications": [],
                "mapped_claims_enabled": false,
                "oauth2_permission_scope": [],
                "requested_access_token_version": 1
              }
            ],
            "app_role": [],
            "app_role_ids": {},
            "application_id": "7ac90bbc-7e5e-485a-bee3-90cfb9524e85",
            "device_only_auth_enabled": false,
            "disabled_by_microsoft": "\u003cnil\u003e",
            "display_name": "aks-service-principal-mahb-prod-002",
            "fallback_public_client_enabled": false,
            "feature_tags": [
              {
                "custom_single_sign_on": false,
                "enterprise": false,
                "gallery": false,
                "hide": false
              }
            ],
            "group_membership_claims": [],
            "id": "e39a7a77-0df0-4628-8ead-d1ffffad7e25",
            "identifier_uris": [],
            "logo_image": "",
            "logo_url": "",
            "marketing_url": "",
            "oauth2_permission_scope_ids": {},
            "oauth2_post_response_required": false,
            "object_id": "e39a7a77-0df0-4628-8ead-d1ffffad7e25",
            "optional_claims": [
              {
                "access_token": [],
                "id_token": [],
                "saml2_token": []
              }
            ],
            "owners": [],
            "prevent_duplicate_names": false,
            "privacy_statement_url": "",
            "public_client": [
              {
                "redirect_uris": []
              }
            ],
            "publisher_domain": "myairports.com.my",
            "required_resource_access": [],
            "sign_in_audience": "AzureADMyOrg",
            "single_page_application": [
              {
                "redirect_uris": []
              }
            ],
            "support_url": "",
            "tags": [],
            "template_id": "",
            "terms_of_service_url": "",
            "timeouts": null,
            "web": [
              {
                "homepage_url": "",
                "implicit_grant": [
                  {
                    "access_token_issuance_enabled": false,
                    "id_token_issuance_enabled": false
                  }
                ],
                "logout_url": "",
                "redirect_uris": []
              }
            ]
          },
          "sensitive_attributes": [],
          "private": "eyJlMmJmYjczMC1lY2FhLTExZTYtOGY4OC0zNDM2M2JjN2M0YzAiOnsiY3JlYXRlIjo2MDAwMDAwMDAwMDAsImRlbGV0ZSI6MzAwMDAwMDAwMDAwLCJyZWFkIjozMDAwMDAwMDAwMDAsInVwZGF0ZSI6NjAwMDAwMDAwMDAwfSwic2NoZW1hX3ZlcnNpb24iOiIxIn0="
        }
      ]
    },
    {
      "module": "module.workload_failover.module.app_registration",
      "mode": "managed",
      "type": "azuread_service_principal",
      "name": "default",
      "provider": "provider[\"registry.terraform.io/hashicorp/azuread\"]",
      "instances": [
        {
          "schema_version": 0,
          "attributes": {
            "account_enabled": true,
            "alternative_names": [],
            "app_role_assignment_required": false,
            "app_role_ids": {},
            "app_roles": [],
            "application_id": "7ac90bbc-7e5e-485a-bee3-90cfb9524e85",
            "application_tenant_id": "cb63c8b6-7cdf-44fb-8662-675bf9d1f979",
            "description": "",
            "display_name": "aks-service-principal-mahb-prod-002",
            "feature_tags": [
              {
                "custom_single_sign_on": false,
                "enterprise": false,
                "gallery": false,
                "hide": false
              }
            ],
            "features": [
              {
                "custom_single_sign_on_app": false,
                "enterprise_application": false,
                "gallery_application": false,
                "visible_to_users": true
              }
            ],
            "homepage_url": "",
            "id": "0a000388-bc88-4680-8793-41aedcfb818e",
            "login_url": "",
            "logout_url": "",
            "notes": "",
            "notification_email_addresses": [],
            "oauth2_permission_scope_ids": {},
            "oauth2_permission_scopes": [],
            "object_id": "0a000388-bc88-4680-8793-41aedcfb818e",
            "owners": [],
            "preferred_single_sign_on_mode": "",
            "redirect_uris": [],
            "saml_metadata_url": "",
            "saml_single_sign_on": [
              {
                "relay_state": ""
              }
            ],
            "service_principal_names": [],
            "sign_in_audience": "AzureADMyOrg",
            "tags": [],
            "timeouts": null,
            "type": "Application",
            "use_existing": null
          },
          "sensitive_attributes": [],
          "private": "eyJlMmJmYjczMC1lY2FhLTExZTYtOGY4OC0zNDM2M2JjN2M0YzAiOnsiY3JlYXRlIjo2MDAwMDAwMDAwMDAsImRlbGV0ZSI6MzAwMDAwMDAwMDAwLCJyZWFkIjozMDAwMDAwMDAwMDAsInVwZGF0ZSI6NjAwMDAwMDAwMDAwfX0=",
          "dependencies": [
            "module.workload_failover.module.app_registration.azuread_application.default"
          ]
        }
      ]
    },
    {
      "module": "module.workload_failover.module.group",
      "mode": "managed",
      "type": "azurerm_resource_group",
      "name": "default",
      "provider": "provider[\"registry.terraform.io/hashicorp/azurerm\"]",
      "instances": [
        {
          "schema_version": 0,
          "attributes": {
            "id": "/subscriptions/524875d7-62d5-42df-8fe5-78822e211bf3/resourceGroups/rg-mahb-prod-002",
            "location": "eastasia",
            "managed_by": "",
            "name": "rg-mahb-prod-002",
            "tags": {
              "Instance": "Failover"
            },
            "timeouts": null
          },
          "sensitive_attributes": [],
          "private": "eyJlMmJmYjczMC1lY2FhLTExZTYtOGY4OC0zNDM2M2JjN2M0YzAiOnsiY3JlYXRlIjo1NDAwMDAwMDAwMDAwLCJkZWxldGUiOjU0MDAwMDAwMDAwMDAsInJlYWQiOjMwMDAwMDAwMDAwMCwidXBkYXRlIjo1NDAwMDAwMDAwMDAwfX0="
        }
      ]
    },
    {
      "module": "module.workload_failover.module.kv",
      "mode": "data",
      "type": "azurerm_client_config",
      "name": "current",
      "provider": "provider[\"registry.terraform.io/hashicorp/azurerm\"]",
      "instances": [
        {
          "schema_version": 0,
          "attributes": {
            "client_id": "04b07795-8ddb-461a-bbee-02f9e1bf7b46",
            "id": "Y2xpZW50Q29uZmlncy9jbGllbnRJZD0wNGIwNzc5NS04ZGRiLTQ2MWEtYmJlZS0wMmY5ZTFiZjdiNDY7b2JqZWN0SWQ9NDBlNjNhZTctOWZiZC00Njk2LWJjMTUtZDM1YTViMWZiYWE5O3N1YnNjcmlwdGlvbklkPTUyNDg3NWQ3LTYyZDUtNDJkZi04ZmU1LTc4ODIyZTIxMWJmMzt0ZW5hbnRJZD1jYjYzYzhiNi03Y2RmLTQ0ZmItODY2Mi02NzViZjlkMWY5Nzk=",
            "object_id": "40e63ae7-9fbd-4696-bc15-d35a5b1fbaa9",
            "subscription_id": "524875d7-62d5-42df-8fe5-78822e211bf3",
            "tenant_id": "cb63c8b6-7cdf-44fb-8662-675bf9d1f979",
            "timeouts": null
          },
          "sensitive_attributes": []
        }
      ]
    },
    {
      "module": "module.workload_failover.module.kv",
      "mode": "managed",
      "type": "azurerm_key_vault",
      "name": "default",
      "provider": "provider[\"registry.terraform.io/hashicorp/azurerm\"]",
      "instances": [
        {
          "schema_version": 2,
          "attributes": {
            "access_policy": [
              {
                "application_id": "",
                "certificate_permissions": [],
                "key_permissions": [],
                "object_id": "0a000388-bc88-4680-8793-41aedcfb818e",
                "secret_permissions": [
                  "Get"
                ],
                "storage_permissions": [],
                "tenant_id": "cb63c8b6-7cdf-44fb-8662-675bf9d1f979"
              },
              {
                "application_id": "",
                "certificate_permissions": [],
                "key_permissions": [],
                "object_id": "40e63ae7-9fbd-4696-bc15-d35a5b1fbaa9",
                "secret_permissions": [
                  "Backup",
                  "Delete",
                  "Get",
                  "List",
                  "Purge",
                  "Recover",
                  "Restore",
                  "Set"
                ],
                "storage_permissions": [],
                "tenant_id": "cb63c8b6-7cdf-44fb-8662-675bf9d1f979"
              }
            ],
            "contact": [],
            "enable_rbac_authorization": false,
            "enabled_for_deployment": false,
            "enabled_for_disk_encryption": false,
            "enabled_for_template_deployment": false,
            "id": "/subscriptions/524875d7-62d5-42df-8fe5-78822e211bf3/resourceGroups/rg-mahb-prod-002/providers/Microsoft.KeyVault/vaults/kv-mahb-prod-002",
            "location": "eastasia",
            "name": "kv-mahb-prod-002",
            "network_acls": [
              {
                "bypass": "AzureServices",
                "default_action": "Deny",
                "ip_rules": [],
                "virtual_network_subnet_ids": [
                  "/subscriptions/524875d7-62d5-42df-8fe5-78822e211bf3/resourceGroups/rg-network-prod-001/providers/Microsoft.Network/virtualNetworks/vnet-network-prod-001/subnets/subnet-jumpbox",
                  "/subscriptions/524875d7-62d5-42df-8fe5-78822e211bf3/resourceGroups/rg-network-prod-002/providers/Microsoft.Network/virtualNetworks/vnet-network-prod-002/subnets/subnet-aks",
                  "/subscriptions/524875d7-62d5-42df-8fe5-78822e211bf3/resourceGroups/rg-network-prod-002/providers/Microsoft.Network/virtualNetworks/vnet-network-prod-002/subnets/subnet-jumpbox"
                ]
              }
            ],
            "public_network_access_enabled": true,
            "purge_protection_enabled": false,
            "resource_group_name": "rg-mahb-prod-002",
            "sku_name": "standard",
            "soft_delete_retention_days": 7,
            "tags": {
              "Instance": "Failover"
            },
            "tenant_id": "cb63c8b6-7cdf-44fb-8662-675bf9d1f979",
            "timeouts": null,
            "vault_uri": "https://kv-mahb-prod-002.vault.azure.net/"
          },
          "sensitive_attributes": [],
          "private": "eyJlMmJmYjczMC1lY2FhLTExZTYtOGY4OC0zNDM2M2JjN2M0YzAiOnsiY3JlYXRlIjoxODAwMDAwMDAwMDAwLCJkZWxldGUiOjE4MDAwMDAwMDAwMDAsInJlYWQiOjMwMDAwMDAwMDAwMCwidXBkYXRlIjoxODAwMDAwMDAwMDAwfSwic2NoZW1hX3ZlcnNpb24iOiIyIn0=",
          "dependencies": [
            "module.subnets_failover.data.azurerm_subnet.aks",
            "module.subnets_failover.data.azurerm_subnet.jumpbox",
            "module.subnets_main.data.azurerm_subnet.jumpbox",
            "module.workload_failover.module.group.azurerm_resource_group.default",
            "module.workload_failover.module.kv.data.azurerm_client_config.current"
          ]
        }
      ]
    },
    {
      "module": "module.workload_failover.module.kv",
      "mode": "managed",
      "type": "azurerm_key_vault_access_policy",
      "name": "aks",
      "provider": "provider[\"registry.terraform.io/hashicorp/azurerm\"]",
      "instances": [
        {
          "schema_version": 0,
          "attributes": {
            "application_id": "",
            "certificate_permissions": [],
            "id": "/subscriptions/524875d7-62d5-42df-8fe5-78822e211bf3/resourceGroups/rg-mahb-prod-002/providers/Microsoft.KeyVault/vaults/kv-mahb-prod-002/objectId/0a000388-bc88-4680-8793-41aedcfb818e",
            "key_permissions": [],
            "key_vault_id": "/subscriptions/524875d7-62d5-42df-8fe5-78822e211bf3/resourceGroups/rg-mahb-prod-002/providers/Microsoft.KeyVault/vaults/kv-mahb-prod-002",
            "object_id": "0a000388-bc88-4680-8793-41aedcfb818e",
            "secret_permissions": [
              "Get"
            ],
            "storage_permissions": [],
            "tenant_id": "cb63c8b6-7cdf-44fb-8662-675bf9d1f979",
            "timeouts": null
          },
          "sensitive_attributes": [],
          "private": "eyJlMmJmYjczMC1lY2FhLTExZTYtOGY4OC0zNDM2M2JjN2M0YzAiOnsiY3JlYXRlIjoxODAwMDAwMDAwMDAwLCJkZWxldGUiOjE4MDAwMDAwMDAwMDAsInJlYWQiOjMwMDAwMDAwMDAwMCwidXBkYXRlIjoxODAwMDAwMDAwMDAwfX0=",
          "dependencies": [
            "module.subnets_failover.data.azurerm_subnet.aks",
            "module.subnets_failover.data.azurerm_subnet.jumpbox",
            "module.subnets_main.data.azurerm_subnet.jumpbox",
            "module.workload_failover.module.app_registration.azuread_application.default",
            "module.workload_failover.module.app_registration.azuread_service_principal.default",
            "module.workload_failover.module.group.azurerm_resource_group.default",
            "module.workload_failover.module.kv.azurerm_key_vault.default",
            "module.workload_failover.module.kv.data.azurerm_client_config.current"
          ]
        }
      ]
    },
    {
      "module": "module.workload_failover.module.kv",
      "mode": "managed",
      "type": "azurerm_key_vault_access_policy",
      "name": "superadmin",
      "provider": "provider[\"registry.terraform.io/hashicorp/azurerm\"]",
      "instances": [
        {
          "schema_version": 0,
          "attributes": {
            "application_id": "",
            "certificate_permissions": [],
            "id": "/subscriptions/524875d7-62d5-42df-8fe5-78822e211bf3/resourceGroups/rg-mahb-prod-002/providers/Microsoft.KeyVault/vaults/kv-mahb-prod-002/objectId/40e63ae7-9fbd-4696-bc15-d35a5b1fbaa9",
            "key_permissions": [],
            "key_vault_id": "/subscriptions/524875d7-62d5-42df-8fe5-78822e211bf3/resourceGroups/rg-mahb-prod-002/providers/Microsoft.KeyVault/vaults/kv-mahb-prod-002",
            "object_id": "40e63ae7-9fbd-4696-bc15-d35a5b1fbaa9",
            "secret_permissions": [
              "Backup",
              "Delete",
              "Get",
              "List",
              "Purge",
              "Recover",
              "Restore",
              "Set"
            ],
            "storage_permissions": [],
            "tenant_id": "cb63c8b6-7cdf-44fb-8662-675bf9d1f979",
            "timeouts": null
          },
          "sensitive_attributes": [],
          "private": "eyJlMmJmYjczMC1lY2FhLTExZTYtOGY4OC0zNDM2M2JjN2M0YzAiOnsiY3JlYXRlIjoxODAwMDAwMDAwMDAwLCJkZWxldGUiOjE4MDAwMDAwMDAwMDAsInJlYWQiOjMwMDAwMDAwMDAwMCwidXBkYXRlIjoxODAwMDAwMDAwMDAwfX0=",
          "dependencies": [
            "module.subnets_failover.data.azurerm_subnet.aks",
            "module.subnets_failover.data.azurerm_subnet.jumpbox",
            "module.subnets_main.data.azurerm_subnet.jumpbox",
            "module.workload_failover.module.group.azurerm_resource_group.default",
            "module.workload_failover.module.kv.azurerm_key_vault.default",
            "module.workload_failover.module.kv.data.azurerm_client_config.current"
          ]
        }
      ]
    },
    {
      "module": "module.workload_failover.module.kv",
      "mode": "managed",
      "type": "azurerm_key_vault_secret",
      "name": "cosmos",
      "provider": "provider[\"registry.terraform.io/hashicorp/azurerm\"]",
      "instances": [
        {
          "schema_version": 0,
          "attributes": {
            "content_type": "",
            "expiration_date": null,
            "id": "https://kv-mahb-prod-002.vault.azure.net/secrets/cosmosdb-connection-string/fb20ad9269b64113b834c4008df28ff4",
            "key_vault_id": "/subscriptions/524875d7-62d5-42df-8fe5-78822e211bf3/resourceGroups/rg-mahb-prod-002/providers/Microsoft.KeyVault/vaults/kv-mahb-prod-002",
            "name": "cosmosdb-connection-string",
            "not_before_date": null,
            "resource_id": "/subscriptions/524875d7-62d5-42df-8fe5-78822e211bf3/resourceGroups/rg-mahb-prod-002/providers/Microsoft.KeyVault/vaults/kv-mahb-prod-002/secrets/cosmosdb-connection-string/versions/fb20ad9269b64113b834c4008df28ff4",
            "resource_versionless_id": "/subscriptions/524875d7-62d5-42df-8fe5-78822e211bf3/resourceGroups/rg-mahb-prod-002/providers/Microsoft.KeyVault/vaults/kv-mahb-prod-002/secrets/cosmosdb-connection-string",
            "tags": {},
            "timeouts": null,
            "value": "mongodb://cosmos-mahb-prod-global:t6wKvKwgsH5LoOfBWZQmYBk7Qit0tmnjdMEM199oLx6d83vvNTUBuELwEWLzWTckS50izEGX5jsHACDbkdbKFQ==@cosmos-mahb-prod-global.mongo.cosmos.azure.com:10255/?ssl=true\u0026replicaSet=globaldb\u0026retrywrites=false\u0026maxIdleTimeMS=120000\u0026appName=@cosmos-mahb-prod-global@",
            "version": "fb20ad9269b64113b834c4008df28ff4",
            "versionless_id": "https://kv-mahb-prod-002.vault.azure.net/secrets/cosmosdb-connection-string"
          },
          "sensitive_attributes": [
            [
              {
                "type": "get_attr",
                "value": "value"
              }
            ]
          ],
          "private": "eyJlMmJmYjczMC1lY2FhLTExZTYtOGY4OC0zNDM2M2JjN2M0YzAiOnsiY3JlYXRlIjoxODAwMDAwMDAwMDAwLCJkZWxldGUiOjE4MDAwMDAwMDAwMDAsInJlYWQiOjE4MDAwMDAwMDAwMDAsInVwZGF0ZSI6MTgwMDAwMDAwMDAwMH19",
          "dependencies": [
            "module.cosmos.azurerm_cosmosdb_account.default",
            "module.rg_global.azurerm_resource_group.default",
            "module.subnets_failover.data.azurerm_subnet.aks",
            "module.subnets_failover.data.azurerm_subnet.jumpbox",
            "module.subnets_main.data.azurerm_subnet.aks",
            "module.subnets_main.data.azurerm_subnet.jumpbox",
            "module.workload_failover.module.group.azurerm_resource_group.default",
            "module.workload_failover.module.kv.azurerm_key_vault.default",
            "module.workload_failover.module.kv.azurerm_key_vault_access_policy.superadmin",
            "module.workload_failover.module.kv.data.azurerm_client_config.current"
          ]
        }
      ]
    },
    {
      "module": "module.workload_failover.module.log",
      "mode": "managed",
      "type": "azurerm_log_analytics_workspace",
      "name": "default",
      "provider": "provider[\"registry.terraform.io/hashicorp/azurerm\"]",
      "instances": [
        {
          "schema_version": 3,
          "attributes": {
            "allow_resource_only_permissions": true,
            "cmk_for_query_forced": false,
            "daily_quota_gb": -1,
            "data_collection_rule_id": "",
            "id": "/subscriptions/524875d7-62d5-42df-8fe5-78822e211bf3/resourceGroups/rg-mahb-prod-002/providers/Microsoft.OperationalInsights/workspaces/log-mahb-prod-002",
            "identity": [],
            "immediate_data_purge_on_30_days_enabled": false,
            "internet_ingestion_enabled": true,
            "internet_query_enabled": true,
            "local_authentication_disabled": false,
            "location": "eastasia",
            "name": "log-mahb-prod-002",
            "primary_shared_key": "/Bb1oRefWxbROynGjo/PJhyzDG1xYTjR9ocMP3qHkqJz8Nemrka1wUfLS4bb6GT9BpXY78fXlqMmUI3gf1cX9A==",
            "reservation_capacity_in_gb_per_day": null,
            "resource_group_name": "rg-mahb-prod-002",
            "retention_in_days": 30,
            "secondary_shared_key": "F4zqKCZ69JxSF9ZL6MbbLVYPqgEndNQLWXT45KyPPUqJ2RwmS91tYonpmIwEyuD6CxEsMUAKWK+qcXQRQSKRoA==",
            "sku": "PerGB2018",
            "tags": {
              "Instance": "Failover"
            },
            "timeouts": null,
            "workspace_id": "61981290-35dc-4d52-85be-2f812957b71e"
          },
          "sensitive_attributes": [],
          "private": "eyJlMmJmYjczMC1lY2FhLTExZTYtOGY4OC0zNDM2M2JjN2M0YzAiOnsiY3JlYXRlIjoxODAwMDAwMDAwMDAwLCJkZWxldGUiOjE4MDAwMDAwMDAwMDAsInJlYWQiOjMwMDAwMDAwMDAwMCwidXBkYXRlIjoxODAwMDAwMDAwMDAwfSwic2NoZW1hX3ZlcnNpb24iOiIzIn0=",
          "dependencies": [
            "module.workload_failover.module.group.azurerm_resource_group.default"
          ]
        }
      ]
    },
    {
      "module": "module.workload_main.module.app_registration",
      "mode": "managed",
      "type": "azuread_application",
      "name": "default",
      "provider": "provider[\"registry.terraform.io/hashicorp/azuread\"]",
      "instances": [
        {
          "schema_version": 1,
          "attributes": {
            "api": [
              {
                "known_client_applications": [],
                "mapped_claims_enabled": false,
                "oauth2_permission_scope": [],
                "requested_access_token_version": 1
              }
            ],
            "app_role": [],
            "app_role_ids": {},
            "application_id": "5c4efed4-6e5d-4769-bd99-28fd8644b98f",
            "device_only_auth_enabled": false,
            "disabled_by_microsoft": "\u003cnil\u003e",
            "display_name": "aks-service-principal-mahb-prod-001",
            "fallback_public_client_enabled": false,
            "feature_tags": [
              {
                "custom_single_sign_on": false,
                "enterprise": false,
                "gallery": false,
                "hide": false
              }
            ],
            "group_membership_claims": [],
            "id": "80902682-d43a-4ca0-bed3-dee3a7b39d21",
            "identifier_uris": [],
            "logo_image": "",
            "logo_url": "",
            "marketing_url": "",
            "oauth2_permission_scope_ids": {},
            "oauth2_post_response_required": false,
            "object_id": "80902682-d43a-4ca0-bed3-dee3a7b39d21",
            "optional_claims": [
              {
                "access_token": [],
                "id_token": [],
                "saml2_token": []
              }
            ],
            "owners": [],
            "prevent_duplicate_names": false,
            "privacy_statement_url": "",
            "public_client": [
              {
                "redirect_uris": []
              }
            ],
            "publisher_domain": "myairports.com.my",
            "required_resource_access": [],
            "sign_in_audience": "AzureADMyOrg",
            "single_page_application": [
              {
                "redirect_uris": []
              }
            ],
            "support_url": "",
            "tags": [],
            "template_id": "",
            "terms_of_service_url": "",
            "timeouts": null,
            "web": [
              {
                "homepage_url": "",
                "implicit_grant": [
                  {
                    "access_token_issuance_enabled": false,
                    "id_token_issuance_enabled": false
                  }
                ],
                "logout_url": "",
                "redirect_uris": []
              }
            ]
          },
          "sensitive_attributes": [],
          "private": "eyJlMmJmYjczMC1lY2FhLTExZTYtOGY4OC0zNDM2M2JjN2M0YzAiOnsiY3JlYXRlIjo2MDAwMDAwMDAwMDAsImRlbGV0ZSI6MzAwMDAwMDAwMDAwLCJyZWFkIjozMDAwMDAwMDAwMDAsInVwZGF0ZSI6NjAwMDAwMDAwMDAwfSwic2NoZW1hX3ZlcnNpb24iOiIxIn0="
        }
      ]
    },
    {
      "module": "module.workload_main.module.app_registration",
      "mode": "managed",
      "type": "azuread_service_principal",
      "name": "default",
      "provider": "provider[\"registry.terraform.io/hashicorp/azuread\"]",
      "instances": [
        {
          "schema_version": 0,
          "attributes": {
            "account_enabled": true,
            "alternative_names": [],
            "app_role_assignment_required": false,
            "app_role_ids": {},
            "app_roles": [],
            "application_id": "5c4efed4-6e5d-4769-bd99-28fd8644b98f",
            "application_tenant_id": "cb63c8b6-7cdf-44fb-8662-675bf9d1f979",
            "description": "",
            "display_name": "aks-service-principal-mahb-prod-001",
            "feature_tags": [
              {
                "custom_single_sign_on": false,
                "enterprise": false,
                "gallery": false,
                "hide": false
              }
            ],
            "features": [
              {
                "custom_single_sign_on_app": false,
                "enterprise_application": false,
                "gallery_application": false,
                "visible_to_users": true
              }
            ],
            "homepage_url": "",
            "id": "9c41fc74-bdf8-4477-a0b2-91ebe0eb399d",
            "login_url": "",
            "logout_url": "",
            "notes": "",
            "notification_email_addresses": [],
            "oauth2_permission_scope_ids": {},
            "oauth2_permission_scopes": [],
            "object_id": "9c41fc74-bdf8-4477-a0b2-91ebe0eb399d",
            "owners": [],
            "preferred_single_sign_on_mode": "",
            "redirect_uris": [],
            "saml_metadata_url": "",
            "saml_single_sign_on": [
              {
                "relay_state": ""
              }
            ],
            "service_principal_names": [],
            "sign_in_audience": "AzureADMyOrg",
            "tags": [],
            "timeouts": null,
            "type": "Application",
            "use_existing": null
          },
          "sensitive_attributes": [],
          "private": "eyJlMmJmYjczMC1lY2FhLTExZTYtOGY4OC0zNDM2M2JjN2M0YzAiOnsiY3JlYXRlIjo2MDAwMDAwMDAwMDAsImRlbGV0ZSI6MzAwMDAwMDAwMDAwLCJyZWFkIjozMDAwMDAwMDAwMDAsInVwZGF0ZSI6NjAwMDAwMDAwMDAwfX0=",
          "dependencies": [
            "module.workload_main.module.app_registration.azuread_application.default"
          ]
        }
      ]
    },
    {
      "module": "module.workload_main.module.group",
      "mode": "managed",
      "type": "azurerm_resource_group",
      "name": "default",
      "provider": "provider[\"registry.terraform.io/hashicorp/azurerm\"]",
      "instances": [
        {
          "schema_version": 0,
          "attributes": {
            "id": "/subscriptions/524875d7-62d5-42df-8fe5-78822e211bf3/resourceGroups/rg-mahb-prod-001",
            "location": "southeastasia",
            "managed_by": "",
            "name": "rg-mahb-prod-001",
            "tags": {
              "Instance": "Main"
            },
            "timeouts": null
          },
          "sensitive_attributes": [],
          "private": "eyJlMmJmYjczMC1lY2FhLTExZTYtOGY4OC0zNDM2M2JjN2M0YzAiOnsiY3JlYXRlIjo1NDAwMDAwMDAwMDAwLCJkZWxldGUiOjU0MDAwMDAwMDAwMDAsInJlYWQiOjMwMDAwMDAwMDAwMCwidXBkYXRlIjo1NDAwMDAwMDAwMDAwfX0="
        }
      ]
    },
    {
      "module": "module.workload_main.module.kv",
      "mode": "data",
      "type": "azurerm_client_config",
      "name": "current",
      "provider": "provider[\"registry.terraform.io/hashicorp/azurerm\"]",
      "instances": [
        {
          "schema_version": 0,
          "attributes": {
            "client_id": "04b07795-8ddb-461a-bbee-02f9e1bf7b46",
            "id": "Y2xpZW50Q29uZmlncy9jbGllbnRJZD0wNGIwNzc5NS04ZGRiLTQ2MWEtYmJlZS0wMmY5ZTFiZjdiNDY7b2JqZWN0SWQ9NDBlNjNhZTctOWZiZC00Njk2LWJjMTUtZDM1YTViMWZiYWE5O3N1YnNjcmlwdGlvbklkPTUyNDg3NWQ3LTYyZDUtNDJkZi04ZmU1LTc4ODIyZTIxMWJmMzt0ZW5hbnRJZD1jYjYzYzhiNi03Y2RmLTQ0ZmItODY2Mi02NzViZjlkMWY5Nzk=",
            "object_id": "40e63ae7-9fbd-4696-bc15-d35a5b1fbaa9",
            "subscription_id": "524875d7-62d5-42df-8fe5-78822e211bf3",
            "tenant_id": "cb63c8b6-7cdf-44fb-8662-675bf9d1f979",
            "timeouts": null
          },
          "sensitive_attributes": []
        }
      ]
    },
    {
      "module": "module.workload_main.module.kv",
      "mode": "managed",
      "type": "azurerm_key_vault",
      "name": "default",
      "provider": "provider[\"registry.terraform.io/hashicorp/azurerm\"]",
      "instances": [
        {
          "schema_version": 2,
          "attributes": {
            "access_policy": [
              {
                "application_id": "",
                "certificate_permissions": [],
                "key_permissions": [],
                "object_id": "9c41fc74-bdf8-4477-a0b2-91ebe0eb399d",
                "secret_permissions": [
                  "Get"
                ],
                "storage_permissions": [],
                "tenant_id": "cb63c8b6-7cdf-44fb-8662-675bf9d1f979"
              },
              {
                "application_id": "",
                "certificate_permissions": [],
                "key_permissions": [],
                "object_id": "40e63ae7-9fbd-4696-bc15-d35a5b1fbaa9",
                "secret_permissions": [
                  "Backup",
                  "Delete",
                  "Get",
                  "List",
                  "Purge",
                  "Recover",
                  "Restore",
                  "Set"
                ],
                "storage_permissions": [],
                "tenant_id": "cb63c8b6-7cdf-44fb-8662-675bf9d1f979"
              }
            ],
            "contact": [],
            "enable_rbac_authorization": false,
            "enabled_for_deployment": false,
            "enabled_for_disk_encryption": false,
            "enabled_for_template_deployment": false,
            "id": "/subscriptions/524875d7-62d5-42df-8fe5-78822e211bf3/resourceGroups/rg-mahb-prod-001/providers/Microsoft.KeyVault/vaults/kv-mahb-prod-001",
            "location": "southeastasia",
            "name": "kv-mahb-prod-001",
            "network_acls": [
              {
                "bypass": "AzureServices",
                "default_action": "Deny",
                "ip_rules": [],
                "virtual_network_subnet_ids": [
                  "/subscriptions/524875d7-62d5-42df-8fe5-78822e211bf3/resourceGroups/rg-network-prod-001/providers/Microsoft.Network/virtualNetworks/vnet-network-prod-001/subnets/subnet-aks",
                  "/subscriptions/524875d7-62d5-42df-8fe5-78822e211bf3/resourceGroups/rg-network-prod-001/providers/Microsoft.Network/virtualNetworks/vnet-network-prod-001/subnets/subnet-jumpbox",
                  "/subscriptions/524875d7-62d5-42df-8fe5-78822e211bf3/resourceGroups/rg-network-prod-002/providers/Microsoft.Network/virtualNetworks/vnet-network-prod-002/subnets/subnet-jumpbox"
                ]
              }
            ],
            "public_network_access_enabled": true,
            "purge_protection_enabled": false,
            "resource_group_name": "rg-mahb-prod-001",
            "sku_name": "standard",
            "soft_delete_retention_days": 7,
            "tags": {
              "Instance": "Main"
            },
            "tenant_id": "cb63c8b6-7cdf-44fb-8662-675bf9d1f979",
            "timeouts": null,
            "vault_uri": "https://kv-mahb-prod-001.vault.azure.net/"
          },
          "sensitive_attributes": [],
          "private": "eyJlMmJmYjczMC1lY2FhLTExZTYtOGY4OC0zNDM2M2JjN2M0YzAiOnsiY3JlYXRlIjoxODAwMDAwMDAwMDAwLCJkZWxldGUiOjE4MDAwMDAwMDAwMDAsInJlYWQiOjMwMDAwMDAwMDAwMCwidXBkYXRlIjoxODAwMDAwMDAwMDAwfSwic2NoZW1hX3ZlcnNpb24iOiIyIn0=",
          "dependencies": [
            "module.subnets_failover.data.azurerm_subnet.jumpbox",
            "module.subnets_main.data.azurerm_subnet.aks",
            "module.subnets_main.data.azurerm_subnet.jumpbox",
            "module.workload_main.module.group.azurerm_resource_group.default",
            "module.workload_main.module.kv.data.azurerm_client_config.current"
          ]
        }
      ]
    },
    {
      "module": "module.workload_main.module.kv",
      "mode": "managed",
      "type": "azurerm_key_vault_access_policy",
      "name": "aks",
      "provider": "provider[\"registry.terraform.io/hashicorp/azurerm\"]",
      "instances": [
        {
          "schema_version": 0,
          "attributes": {
            "application_id": "",
            "certificate_permissions": [],
            "id": "/subscriptions/524875d7-62d5-42df-8fe5-78822e211bf3/resourceGroups/rg-mahb-prod-001/providers/Microsoft.KeyVault/vaults/kv-mahb-prod-001/objectId/9c41fc74-bdf8-4477-a0b2-91ebe0eb399d",
            "key_permissions": [],
            "key_vault_id": "/subscriptions/524875d7-62d5-42df-8fe5-78822e211bf3/resourceGroups/rg-mahb-prod-001/providers/Microsoft.KeyVault/vaults/kv-mahb-prod-001",
            "object_id": "9c41fc74-bdf8-4477-a0b2-91ebe0eb399d",
            "secret_permissions": [
              "Get"
            ],
            "storage_permissions": [],
            "tenant_id": "cb63c8b6-7cdf-44fb-8662-675bf9d1f979",
            "timeouts": null
          },
          "sensitive_attributes": [],
          "private": "eyJlMmJmYjczMC1lY2FhLTExZTYtOGY4OC0zNDM2M2JjN2M0YzAiOnsiY3JlYXRlIjoxODAwMDAwMDAwMDAwLCJkZWxldGUiOjE4MDAwMDAwMDAwMDAsInJlYWQiOjMwMDAwMDAwMDAwMCwidXBkYXRlIjoxODAwMDAwMDAwMDAwfX0=",
          "dependencies": [
            "module.subnets_failover.data.azurerm_subnet.jumpbox",
            "module.subnets_main.data.azurerm_subnet.aks",
            "module.subnets_main.data.azurerm_subnet.jumpbox",
            "module.workload_main.module.app_registration.azuread_application.default",
            "module.workload_main.module.app_registration.azuread_service_principal.default",
            "module.workload_main.module.group.azurerm_resource_group.default",
            "module.workload_main.module.kv.azurerm_key_vault.default",
            "module.workload_main.module.kv.data.azurerm_client_config.current"
          ]
        }
      ]
    },
    {
      "module": "module.workload_main.module.kv",
      "mode": "managed",
      "type": "azurerm_key_vault_access_policy",
      "name": "superadmin",
      "provider": "provider[\"registry.terraform.io/hashicorp/azurerm\"]",
      "instances": [
        {
          "schema_version": 0,
          "attributes": {
            "application_id": "",
            "certificate_permissions": [],
            "id": "/subscriptions/524875d7-62d5-42df-8fe5-78822e211bf3/resourceGroups/rg-mahb-prod-001/providers/Microsoft.KeyVault/vaults/kv-mahb-prod-001/objectId/40e63ae7-9fbd-4696-bc15-d35a5b1fbaa9",
            "key_permissions": [],
            "key_vault_id": "/subscriptions/524875d7-62d5-42df-8fe5-78822e211bf3/resourceGroups/rg-mahb-prod-001/providers/Microsoft.KeyVault/vaults/kv-mahb-prod-001",
            "object_id": "40e63ae7-9fbd-4696-bc15-d35a5b1fbaa9",
            "secret_permissions": [
              "Backup",
              "Delete",
              "Get",
              "List",
              "Purge",
              "Recover",
              "Restore",
              "Set"
            ],
            "storage_permissions": [],
            "tenant_id": "cb63c8b6-7cdf-44fb-8662-675bf9d1f979",
            "timeouts": null
          },
          "sensitive_attributes": [],
          "private": "eyJlMmJmYjczMC1lY2FhLTExZTYtOGY4OC0zNDM2M2JjN2M0YzAiOnsiY3JlYXRlIjoxODAwMDAwMDAwMDAwLCJkZWxldGUiOjE4MDAwMDAwMDAwMDAsInJlYWQiOjMwMDAwMDAwMDAwMCwidXBkYXRlIjoxODAwMDAwMDAwMDAwfX0=",
          "dependencies": [
            "module.subnets_failover.data.azurerm_subnet.jumpbox",
            "module.subnets_main.data.azurerm_subnet.aks",
            "module.subnets_main.data.azurerm_subnet.jumpbox",
            "module.workload_main.module.group.azurerm_resource_group.default",
            "module.workload_main.module.kv.azurerm_key_vault.default",
            "module.workload_main.module.kv.data.azurerm_client_config.current"
          ]
        }
      ]
    },
    {
      "module": "module.workload_main.module.kv",
      "mode": "managed",
      "type": "azurerm_key_vault_secret",
      "name": "cosmos",
      "provider": "provider[\"registry.terraform.io/hashicorp/azurerm\"]",
      "instances": [
        {
          "schema_version": 0,
          "attributes": {
            "content_type": "",
            "expiration_date": null,
            "id": "https://kv-mahb-prod-001.vault.azure.net/secrets/cosmosdb-connection-string/3609f0cdbc674b9385d564204ddaa646",
            "key_vault_id": "/subscriptions/524875d7-62d5-42df-8fe5-78822e211bf3/resourceGroups/rg-mahb-prod-001/providers/Microsoft.KeyVault/vaults/kv-mahb-prod-001",
            "name": "cosmosdb-connection-string",
            "not_before_date": null,
            "resource_id": "/subscriptions/524875d7-62d5-42df-8fe5-78822e211bf3/resourceGroups/rg-mahb-prod-001/providers/Microsoft.KeyVault/vaults/kv-mahb-prod-001/secrets/cosmosdb-connection-string/versions/3609f0cdbc674b9385d564204ddaa646",
            "resource_versionless_id": "/subscriptions/524875d7-62d5-42df-8fe5-78822e211bf3/resourceGroups/rg-mahb-prod-001/providers/Microsoft.KeyVault/vaults/kv-mahb-prod-001/secrets/cosmosdb-connection-string",
            "tags": {},
            "timeouts": null,
            "value": "mongodb://cosmos-mahb-prod-global:t6wKvKwgsH5LoOfBWZQmYBk7Qit0tmnjdMEM199oLx6d83vvNTUBuELwEWLzWTckS50izEGX5jsHACDbkdbKFQ==@cosmos-mahb-prod-global.mongo.cosmos.azure.com:10255/?ssl=true\u0026replicaSet=globaldb\u0026retrywrites=false\u0026maxIdleTimeMS=120000\u0026appName=@cosmos-mahb-prod-global@",
            "version": "3609f0cdbc674b9385d564204ddaa646",
            "versionless_id": "https://kv-mahb-prod-001.vault.azure.net/secrets/cosmosdb-connection-string"
          },
          "sensitive_attributes": [
            [
              {
                "type": "get_attr",
                "value": "value"
              }
            ]
          ],
          "private": "eyJlMmJmYjczMC1lY2FhLTExZTYtOGY4OC0zNDM2M2JjN2M0YzAiOnsiY3JlYXRlIjoxODAwMDAwMDAwMDAwLCJkZWxldGUiOjE4MDAwMDAwMDAwMDAsInJlYWQiOjE4MDAwMDAwMDAwMDAsInVwZGF0ZSI6MTgwMDAwMDAwMDAwMH19",
          "dependencies": [
            "module.cosmos.azurerm_cosmosdb_account.default",
            "module.rg_global.azurerm_resource_group.default",
            "module.subnets_failover.data.azurerm_subnet.aks",
            "module.subnets_failover.data.azurerm_subnet.jumpbox",
            "module.subnets_main.data.azurerm_subnet.aks",
            "module.subnets_main.data.azurerm_subnet.jumpbox",
            "module.workload_main.module.group.azurerm_resource_group.default",
            "module.workload_main.module.kv.azurerm_key_vault.default",
            "module.workload_main.module.kv.azurerm_key_vault_access_policy.superadmin",
            "module.workload_main.module.kv.data.azurerm_client_config.current"
          ]
        }
      ]
    },
    {
      "module": "module.workload_main.module.log",
      "mode": "managed",
      "type": "azurerm_log_analytics_workspace",
      "name": "default",
      "provider": "provider[\"registry.terraform.io/hashicorp/azurerm\"]",
      "instances": [
        {
          "schema_version": 3,
          "attributes": {
            "allow_resource_only_permissions": true,
            "cmk_for_query_forced": false,
            "daily_quota_gb": -1,
            "data_collection_rule_id": "",
            "id": "/subscriptions/524875d7-62d5-42df-8fe5-78822e211bf3/resourceGroups/rg-mahb-prod-001/providers/Microsoft.OperationalInsights/workspaces/log-mahb-prod-001",
            "identity": [],
            "immediate_data_purge_on_30_days_enabled": false,
            "internet_ingestion_enabled": true,
            "internet_query_enabled": true,
            "local_authentication_disabled": false,
            "location": "southeastasia",
            "name": "log-mahb-prod-001",
            "primary_shared_key": "v/6QDhlKmN/fStdlfHNGUcFLJtKFz4MDwhxQQlv/akwz2k+3Y0LyCDZD2a8Yuy/K6c6O/UExyFIfbC6OyzFyaw==",
            "reservation_capacity_in_gb_per_day": null,
            "resource_group_name": "rg-mahb-prod-001",
            "retention_in_days": 30,
            "secondary_shared_key": "uFsLPg/bHdHGseQ/RfY32iodtLX62P3pQfD+clc/kee+CVSmHEtl04r2kv1qg61kqxNfD/En2ZVpfE/rpOlIEg==",
            "sku": "PerGB2018",
            "tags": {
              "Instance": "Main"
            },
            "timeouts": null,
            "workspace_id": "91201cdc-7a42-4337-9489-5b2dc1b62de0"
          },
          "sensitive_attributes": [],
          "private": "eyJlMmJmYjczMC1lY2FhLTExZTYtOGY4OC0zNDM2M2JjN2M0YzAiOnsiY3JlYXRlIjoxODAwMDAwMDAwMDAwLCJkZWxldGUiOjE4MDAwMDAwMDAwMDAsInJlYWQiOjMwMDAwMDAwMDAwMCwidXBkYXRlIjoxODAwMDAwMDAwMDAwfSwic2NoZW1hX3ZlcnNpb24iOiIzIn0=",
          "dependencies": [
            "module.workload_main.module.group.azurerm_resource_group.default"
          ]
        }
      ]
    }
  ],
  "check_results": [
    {
      "object_kind": "var",
      "config_addr": "var.application_name",
      "status": "pass",
      "objects": [
        {
          "object_addr": "var.application_name",
          "status": "pass"
        }
      ]
    }
  ]
}
