{
  "version": 4,
  "terraform_version": "1.7.4",
  "serial": 122,
  "lineage": "0a3b1d1a-b742-0137-f0a1-12c653d9ab2d",
  "outputs": {
    "frontdoor_host_name": {
      "value": "ft-mahb-prod.azurefd.net",
      "type": "string"
    }
  },
  "resources": [
    {
      "module": "module.cosmos",
      "mode": "managed",
      "type": "azurerm_cosmosdb_account",
      "name": "default",
      "provider": "provider[\"registry.terraform.io/hashicorp/azurerm\"]",
      "instances": [
        {
          "schema_version": 0,
          "attributes": {
            "access_key_metadata_writes_enabled": true,
            "analytical_storage": [
              {
                "schema_type": "FullFidelity"
              }
            ],
            "analytical_storage_enabled": false,
            "backup": [
              {
                "interval_in_minutes": 0,
                "retention_in_hours": 0,
                "storage_redundancy": "",
                "tier": "Continuous30Days",
                "type": "Continuous"
              }
            ],
            "capabilities": [
              {
                "name": "EnableMongo"
              },
              {
                "name": "EnableServerless"
              }
            ],
            "capacity": [],
            "connection_strings": [
              "mongodb://cosmos-mahb-prod-global:fCoYNmhufj9nfmzuFp8B8VRH2TLD3kPnzBCBc1urgiJBBf0M3ymqu20fAwL3Ph6vWK5dvkbpra8pACDbGmbNyg==@cosmos-mahb-prod-global.mongo.cosmos.azure.com:10255/?ssl=true\u0026replicaSet=globaldb\u0026retrywrites=false\u0026maxIdleTimeMS=120000\u0026appName=@cosmos-mahb-prod-global@",
              "mongodb://cosmos-mahb-prod-global:IizAsrhQ8Aq3I0ea6gUHCaxt3vKwuvPktTtN3MAbHFvhXXOxnUPrLJvcGOVB3OcZ6bJ1bqE70wcDACDbq6DWQw==@cosmos-mahb-prod-global.mongo.cosmos.azure.com:10255/?ssl=true\u0026replicaSet=globaldb\u0026retrywrites=false\u0026maxIdleTimeMS=120000\u0026appName=@cosmos-mahb-prod-global@",
              "mongodb://cosmos-mahb-prod-global:WB8OAxUz51E9Cdnq2vk8edtg7giATWssY8erXxzhNM0UJp6cvQUJ380rQ94viKGX5PPmAQxjMlN5ACDbXo5dwA==@cosmos-mahb-prod-global.mongo.cosmos.azure.com:10255/?ssl=true\u0026replicaSet=globaldb\u0026retrywrites=false\u0026maxIdleTimeMS=120000\u0026appName=@cosmos-mahb-prod-global@",
              "mongodb://cosmos-mahb-prod-global:c4U3buYQT4jQVBhdinctcdzpEuGXEheiPOQ42utThHSfNKkgaB1AmO7bFO17JmUSz8EDu3rUASjvACDb6ejsXQ==@cosmos-mahb-prod-global.mongo.cosmos.azure.com:10255/?ssl=true\u0026replicaSet=globaldb\u0026retrywrites=false\u0026maxIdleTimeMS=120000\u0026appName=@cosmos-mahb-prod-global@"
            ],
            "consistency_policy": [
              {
                "consistency_level": "Session",
                "max_interval_in_seconds": 5,
                "max_staleness_prefix": 100
              }
            ],
            "cors_rule": [],
            "create_mode": "Default",
            "default_identity_type": "FirstPartyIdentity",
            "enable_automatic_failover": false,
            "enable_free_tier": false,
            "enable_multiple_write_locations": false,
            "endpoint": "https://cosmos-mahb-prod-global.documents.azure.com:443/",
            "geo_location": [
              {
                "failover_priority": 0,
                "id": "cosmos-mahb-prod-global-southeastasia",
                "location": "southeastasia",
                "zone_redundant": false
              }
            ],
            "id": "/subscriptions/524875d7-62d5-42df-8fe5-78822e211bf3/resourceGroups/rg-mahb-prod-global/providers/Microsoft.DocumentDB/databaseAccounts/cosmos-mahb-prod-global",
            "identity": [],
            "ip_range_filter": "0.0.0.0,104.42.195.92,40.76.54.131,52.176.6.30,52.169.50.45,52.187.184.26",
            "is_virtual_network_filter_enabled": true,
            "key_vault_key_id": null,
            "kind": "MongoDB",
            "local_authentication_disabled": false,
            "location": "southeastasia",
            "minimal_tls_version": "Tls12",
            "mongo_server_version": "4.0",
            "name": "cosmos-mahb-prod-global",
            "network_acl_bypass_for_azure_services": false,
            "network_acl_bypass_ids": [],
            "offer_type": "Standard",
            "partition_merge_enabled": false,
            "primary_key": "fCoYNmhufj9nfmzuFp8B8VRH2TLD3kPnzBCBc1urgiJBBf0M3ymqu20fAwL3Ph6vWK5dvkbpra8pACDbGmbNyg==",
            "primary_mongodb_connection_string": "mongodb://cosmos-mahb-prod-global:fCoYNmhufj9nfmzuFp8B8VRH2TLD3kPnzBCBc1urgiJBBf0M3ymqu20fAwL3Ph6vWK5dvkbpra8pACDbGmbNyg==@cosmos-mahb-prod-global.mongo.cosmos.azure.com:10255/?ssl=true\u0026replicaSet=globaldb\u0026retrywrites=false\u0026maxIdleTimeMS=120000\u0026appName=@cosmos-mahb-prod-global@",
            "primary_readonly_key": "WB8OAxUz51E9Cdnq2vk8edtg7giATWssY8erXxzhNM0UJp6cvQUJ380rQ94viKGX5PPmAQxjMlN5ACDbXo5dwA==",
            "primary_readonly_mongodb_connection_string": "mongodb://cosmos-mahb-prod-global:WB8OAxUz51E9Cdnq2vk8edtg7giATWssY8erXxzhNM0UJp6cvQUJ380rQ94viKGX5PPmAQxjMlN5ACDbXo5dwA==@cosmos-mahb-prod-global.mongo.cosmos.azure.com:10255/?ssl=true\u0026replicaSet=globaldb\u0026retrywrites=false\u0026maxIdleTimeMS=120000\u0026appName=@cosmos-mahb-prod-global@",
            "primary_readonly_sql_connection_string": null,
            "primary_sql_connection_string": null,
            "public_network_access_enabled": true,
            "read_endpoints": [
              "https://cosmos-mahb-prod-global-southeastasia.documents.azure.com:443/"
            ],
            "resource_group_name": "rg-mahb-prod-global",
            "restore": [],
            "secondary_key": "IizAsrhQ8Aq3I0ea6gUHCaxt3vKwuvPktTtN3MAbHFvhXXOxnUPrLJvcGOVB3OcZ6bJ1bqE70wcDACDbq6DWQw==",
            "secondary_mongodb_connection_string": "mongodb://cosmos-mahb-prod-global:IizAsrhQ8Aq3I0ea6gUHCaxt3vKwuvPktTtN3MAbHFvhXXOxnUPrLJvcGOVB3OcZ6bJ1bqE70wcDACDbq6DWQw==@cosmos-mahb-prod-global.mongo.cosmos.azure.com:10255/?ssl=true\u0026replicaSet=globaldb\u0026retrywrites=false\u0026maxIdleTimeMS=120000\u0026appName=@cosmos-mahb-prod-global@",
            "secondary_readonly_key": "c4U3buYQT4jQVBhdinctcdzpEuGXEheiPOQ42utThHSfNKkgaB1AmO7bFO17JmUSz8EDu3rUASjvACDb6ejsXQ==",
            "secondary_readonly_mongodb_connection_string": "mongodb://cosmos-mahb-prod-global:c4U3buYQT4jQVBhdinctcdzpEuGXEheiPOQ42utThHSfNKkgaB1AmO7bFO17JmUSz8EDu3rUASjvACDb6ejsXQ==@cosmos-mahb-prod-global.mongo.cosmos.azure.com:10255/?ssl=true\u0026replicaSet=globaldb\u0026retrywrites=false\u0026maxIdleTimeMS=120000\u0026appName=@cosmos-mahb-prod-global@",
            "secondary_readonly_sql_connection_string": null,
            "secondary_sql_connection_string": null,
            "tags": {
              "Instance": "Global"
            },
            "timeouts": null,
            "virtual_network_rule": [
              {
                "id": "/subscriptions/524875d7-62d5-42df-8fe5-78822e211bf3/resourceGroups/rg-network-prod-001/providers/Microsoft.Network/virtualNetworks/vnet-network-prod-001/subnets/subnet-aks",
                "ignore_missing_vnet_service_endpoint": false
              },
              {
                "id": "/subscriptions/524875d7-62d5-42df-8fe5-78822e211bf3/resourceGroups/rg-network-prod-001/providers/Microsoft.Network/virtualNetworks/vnet-network-prod-001/subnets/subnet-jumpbox",
                "ignore_missing_vnet_service_endpoint": false
              },
              {
                "id": "/subscriptions/524875d7-62d5-42df-8fe5-78822e211bf3/resourceGroups/rg-network-prod-002/providers/Microsoft.Network/virtualNetworks/vnet-network-prod-002/subnets/subnet-aks",
                "ignore_missing_vnet_service_endpoint": false
              },
              {
                "id": "/subscriptions/524875d7-62d5-42df-8fe5-78822e211bf3/resourceGroups/rg-network-prod-002/providers/Microsoft.Network/virtualNetworks/vnet-network-prod-002/subnets/subnet-jumpbox",
                "ignore_missing_vnet_service_endpoint": false
              }
            ],
            "write_endpoints": [
              "https://cosmos-mahb-prod-global-southeastasia.documents.azure.com:443/"
            ]
          },
          "sensitive_attributes": [],
          "private": "eyJlMmJmYjczMC1lY2FhLTExZTYtOGY4OC0zNDM2M2JjN2M0YzAiOnsiY3JlYXRlIjoxMDgwMDAwMDAwMDAwMCwiZGVsZXRlIjoxMDgwMDAwMDAwMDAwMCwicmVhZCI6MzAwMDAwMDAwMDAwLCJ1cGRhdGUiOjEwODAwMDAwMDAwMDAwfX0=",
          "dependencies": [
            "module.rg_global.azurerm_resource_group.default",
            "module.subnets_failover.data.azurerm_subnet.aks",
            "module.subnets_failover.data.azurerm_subnet.jumpbox",
            "module.subnets_main.data.azurerm_subnet.aks",
            "module.subnets_main.data.azurerm_subnet.jumpbox"
          ]
        }
      ]
    },
    {
      "module": "module.cosmos",
      "mode": "managed",
      "type": "azurerm_cosmosdb_mongo_collection",
      "name": "polls",
      "provider": "provider[\"registry.terraform.io/hashicorp/azurerm\"]",
      "instances": [
        {
          "schema_version": 1,
          "attributes": {
            "account_name": "cosmos-mahb-prod-global",
            "analytical_storage_ttl": 0,
            "autoscale_settings": [],
            "database_name": "poll",
            "default_ttl_seconds": null,
            "id": "/subscriptions/524875d7-62d5-42df-8fe5-78822e211bf3/resourceGroups/rg-mahb-prod-global/providers/Microsoft.DocumentDB/databaseAccounts/cosmos-mahb-prod-global/mongodbDatabases/poll/collections/polls",
            "index": [
              {
                "keys": [
                  "_id"
                ],
                "unique": true
              }
            ],
            "name": "polls",
            "resource_group_name": "rg-mahb-prod-global",
            "shard_key": null,
            "system_indexes": [
              {
                "keys": [
                  "_id"
                ],
                "unique": true
              }
            ],
            "throughput": null,
            "timeouts": null
          },
          "sensitive_attributes": [],
          "private": "eyJlMmJmYjczMC1lY2FhLTExZTYtOGY4OC0zNDM2M2JjN2M0YzAiOnsiY3JlYXRlIjoxODAwMDAwMDAwMDAwLCJkZWxldGUiOjE4MDAwMDAwMDAwMDAsInJlYWQiOjMwMDAwMDAwMDAwMCwidXBkYXRlIjoxODAwMDAwMDAwMDAwfSwic2NoZW1hX3ZlcnNpb24iOiIxIn0=",
          "dependencies": [
            "module.cosmos.azurerm_cosmosdb_account.default",
            "module.cosmos.azurerm_cosmosdb_mongo_database.poll",
            "module.rg_global.azurerm_resource_group.default",
            "module.subnets_failover.data.azurerm_subnet.aks",
            "module.subnets_failover.data.azurerm_subnet.jumpbox",
            "module.subnets_main.data.azurerm_subnet.aks",
            "module.subnets_main.data.azurerm_subnet.jumpbox"
          ]
        }
      ]
    },
    {
      "module": "module.cosmos",
      "mode": "managed",
      "type": "azurerm_cosmosdb_mongo_collection",
      "name": "votes",
      "provider": "provider[\"registry.terraform.io/hashicorp/azurerm\"]",
      "instances": [
        {
          "schema_version": 1,
          "attributes": {
            "account_name": "cosmos-mahb-prod-global",
            "analytical_storage_ttl": 0,
            "autoscale_settings": [],
            "database_name": "vote",
            "default_ttl_seconds": null,
            "id": "/subscriptions/524875d7-62d5-42df-8fe5-78822e211bf3/resourceGroups/rg-mahb-prod-global/providers/Microsoft.DocumentDB/databaseAccounts/cosmos-mahb-prod-global/mongodbDatabases/vote/collections/votes",
            "index": [
              {
                "keys": [
                  "_id"
                ],
                "unique": true
              }
            ],
            "name": "votes",
            "resource_group_name": "rg-mahb-prod-global",
            "shard_key": null,
            "system_indexes": [
              {
                "keys": [
                  "_id"
                ],
                "unique": true
              }
            ],
            "throughput": null,
            "timeouts": null
          },
          "sensitive_attributes": [],
          "private": "eyJlMmJmYjczMC1lY2FhLTExZTYtOGY4OC0zNDM2M2JjN2M0YzAiOnsiY3JlYXRlIjoxODAwMDAwMDAwMDAwLCJkZWxldGUiOjE4MDAwMDAwMDAwMDAsInJlYWQiOjMwMDAwMDAwMDAwMCwidXBkYXRlIjoxODAwMDAwMDAwMDAwfSwic2NoZW1hX3ZlcnNpb24iOiIxIn0=",
          "dependencies": [
            "module.cosmos.azurerm_cosmosdb_account.default",
            "module.cosmos.azurerm_cosmosdb_mongo_database.vote",
            "module.rg_global.azurerm_resource_group.default",
            "module.subnets_failover.data.azurerm_subnet.aks",
            "module.subnets_failover.data.azurerm_subnet.jumpbox",
            "module.subnets_main.data.azurerm_subnet.aks",
            "module.subnets_main.data.azurerm_subnet.jumpbox"
          ]
        }
      ]
    },
    {
      "module": "module.cosmos",
      "mode": "managed",
      "type": "azurerm_cosmosdb_mongo_database",
      "name": "poll",
      "provider": "provider[\"registry.terraform.io/hashicorp/azurerm\"]",
      "instances": [
        {
          "schema_version": 1,
          "attributes": {
            "account_name": "cosmos-mahb-prod-global",
            "autoscale_settings": [],
            "id": "/subscriptions/524875d7-62d5-42df-8fe5-78822e211bf3/resourceGroups/rg-mahb-prod-global/providers/Microsoft.DocumentDB/databaseAccounts/cosmos-mahb-prod-global/mongodbDatabases/poll",
            "name": "poll",
            "resource_group_name": "rg-mahb-prod-global",
            "throughput": null,
            "timeouts": null
          },
          "sensitive_attributes": [],
          "private": "eyJlMmJmYjczMC1lY2FhLTExZTYtOGY4OC0zNDM2M2JjN2M0YzAiOnsiY3JlYXRlIjoxODAwMDAwMDAwMDAwLCJkZWxldGUiOjE4MDAwMDAwMDAwMDAsInJlYWQiOjMwMDAwMDAwMDAwMCwidXBkYXRlIjoxODAwMDAwMDAwMDAwfSwic2NoZW1hX3ZlcnNpb24iOiIxIn0=",
          "dependencies": [
            "module.cosmos.azurerm_cosmosdb_account.default",
            "module.rg_global.azurerm_resource_group.default",
            "module.subnets_failover.data.azurerm_subnet.aks",
            "module.subnets_failover.data.azurerm_subnet.jumpbox",
            "module.subnets_main.data.azurerm_subnet.aks",
            "module.subnets_main.data.azurerm_subnet.jumpbox"
          ]
        }
      ]
    },
    {
      "module": "module.cosmos",
      "mode": "managed",
      "type": "azurerm_cosmosdb_mongo_database",
      "name": "vote",
      "provider": "provider[\"registry.terraform.io/hashicorp/azurerm\"]",
      "instances": [
        {
          "schema_version": 1,
          "attributes": {
            "account_name": "cosmos-mahb-prod-global",
            "autoscale_settings": [],
            "id": "/subscriptions/524875d7-62d5-42df-8fe5-78822e211bf3/resourceGroups/rg-mahb-prod-global/providers/Microsoft.DocumentDB/databaseAccounts/cosmos-mahb-prod-global/mongodbDatabases/vote",
            "name": "vote",
            "resource_group_name": "rg-mahb-prod-global",
            "throughput": null,
            "timeouts": null
          },
          "sensitive_attributes": [],
          "private": "eyJlMmJmYjczMC1lY2FhLTExZTYtOGY4OC0zNDM2M2JjN2M0YzAiOnsiY3JlYXRlIjoxODAwMDAwMDAwMDAwLCJkZWxldGUiOjE4MDAwMDAwMDAwMDAsInJlYWQiOjMwMDAwMDAwMDAwMCwidXBkYXRlIjoxODAwMDAwMDAwMDAwfSwic2NoZW1hX3ZlcnNpb24iOiIxIn0=",
          "dependencies": [
            "module.cosmos.azurerm_cosmosdb_account.default",
            "module.rg_global.azurerm_resource_group.default",
            "module.subnets_failover.data.azurerm_subnet.aks",
            "module.subnets_failover.data.azurerm_subnet.jumpbox",
            "module.subnets_main.data.azurerm_subnet.aks",
            "module.subnets_main.data.azurerm_subnet.jumpbox"
          ]
        }
      ]
    },
    {
      "module": "module.rg_global",
      "mode": "managed",
      "type": "azurerm_resource_group",
      "name": "default",
      "provider": "provider[\"registry.terraform.io/hashicorp/azurerm\"]",
      "instances": [
        {
          "schema_version": 0,
          "attributes": {
            "id": "/subscriptions/524875d7-62d5-42df-8fe5-78822e211bf3/resourceGroups/rg-mahb-prod-global",
            "location": "southeastasia",
            "managed_by": "",
            "name": "rg-mahb-prod-global",
            "tags": {
              "Instance": "Global"
            },
            "timeouts": null
          },
          "sensitive_attributes": [],
          "private": "eyJlMmJmYjczMC1lY2FhLTExZTYtOGY4OC0zNDM2M2JjN2M0YzAiOnsiY3JlYXRlIjo1NDAwMDAwMDAwMDAwLCJkZWxldGUiOjU0MDAwMDAwMDAwMDAsInJlYWQiOjMwMDAwMDAwMDAwMCwidXBkYXRlIjo1NDAwMDAwMDAwMDAwfX0="
        }
      ]
    },
    {
      "module": "module.subnets_failover",
      "mode": "data",
      "type": "azurerm_subnet",
      "name": "aks",
      "provider": "provider[\"registry.terraform.io/hashicorp/azurerm\"]",
      "instances": [
        {
          "schema_version": 0,
          "attributes": {
            "address_prefix": "10.140.58.0/23",
            "address_prefixes": [
              "10.140.58.0/23"
            ],
            "enforce_private_link_endpoint_network_policies": false,
            "enforce_private_link_service_network_policies": false,
            "id": "/subscriptions/524875d7-62d5-42df-8fe5-78822e211bf3/resourceGroups/rg-network-prod-002/providers/Microsoft.Network/virtualNetworks/vnet-network-prod-002/subnets/subnet-aks",
            "name": "subnet-aks",
            "network_security_group_id": "",
            "private_endpoint_network_policies_enabled": true,
            "private_link_service_network_policies_enabled": true,
            "resource_group_name": "rg-network-prod-002",
            "route_table_id": "",
            "service_endpoints": [
              "Microsoft.KeyVault",
              "Microsoft.AzureCosmosDB"
            ],
            "timeouts": null,
            "virtual_network_name": "vnet-network-prod-002"
          },
          "sensitive_attributes": []
        }
      ]
    },
    {
      "module": "module.subnets_failover",
      "mode": "data",
      "type": "azurerm_subnet",
      "name": "gateway",
      "provider": "provider[\"registry.terraform.io/hashicorp/azurerm\"]",
      "instances": [
        {
          "schema_version": 0,
          "attributes": {
            "address_prefix": "10.140.57.0/24",
            "address_prefixes": [
              "10.140.57.0/24"
            ],
            "enforce_private_link_endpoint_network_policies": false,
            "enforce_private_link_service_network_policies": false,
            "id": "/subscriptions/524875d7-62d5-42df-8fe5-78822e211bf3/resourceGroups/rg-network-prod-002/providers/Microsoft.Network/virtualNetworks/vnet-network-prod-002/subnets/subnet-gateway",
            "name": "subnet-gateway",
            "network_security_group_id": "",
            "private_endpoint_network_policies_enabled": true,
            "private_link_service_network_policies_enabled": true,
            "resource_group_name": "rg-network-prod-002",
            "route_table_id": "",
            "service_endpoints": [],
            "timeouts": null,
            "virtual_network_name": "vnet-network-prod-002"
          },
          "sensitive_attributes": []
        }
      ]
    },
    {
      "module": "module.subnets_failover",
      "mode": "data",
      "type": "azurerm_subnet",
      "name": "jumpbox",
      "provider": "provider[\"registry.terraform.io/hashicorp/azurerm\"]",
      "instances": [
        {
          "schema_version": 0,
          "attributes": {
            "address_prefix": "10.140.56.128/25",
            "address_prefixes": [
              "10.140.56.128/25"
            ],
            "enforce_private_link_endpoint_network_policies": false,
            "enforce_private_link_service_network_policies": false,
            "id": "/subscriptions/524875d7-62d5-42df-8fe5-78822e211bf3/resourceGroups/rg-network-prod-002/providers/Microsoft.Network/virtualNetworks/vnet-network-prod-002/subnets/subnet-jumpbox",
            "name": "subnet-jumpbox",
            "network_security_group_id": "",
            "private_endpoint_network_policies_enabled": true,
            "private_link_service_network_policies_enabled": true,
            "resource_group_name": "rg-network-prod-002",
            "route_table_id": "",
            "service_endpoints": [
              "Microsoft.KeyVault",
              "Microsoft.AzureCosmosDB"
            ],
            "timeouts": null,
            "virtual_network_name": "vnet-network-prod-002"
          },
          "sensitive_attributes": []
        }
      ]
    },
    {
      "module": "module.subnets_main",
      "mode": "data",
      "type": "azurerm_subnet",
      "name": "aks",
      "provider": "provider[\"registry.terraform.io/hashicorp/azurerm\"]",
      "instances": [
        {
          "schema_version": 0,
          "attributes": {
            "address_prefix": "10.120.58.0/23",
            "address_prefixes": [
              "10.120.58.0/23"
            ],
            "enforce_private_link_endpoint_network_policies": false,
            "enforce_private_link_service_network_policies": false,
            "id": "/subscriptions/524875d7-62d5-42df-8fe5-78822e211bf3/resourceGroups/rg-network-prod-001/providers/Microsoft.Network/virtualNetworks/vnet-network-prod-001/subnets/subnet-aks",
            "name": "subnet-aks",
            "network_security_group_id": "",
            "private_endpoint_network_policies_enabled": true,
            "private_link_service_network_policies_enabled": true,
            "resource_group_name": "rg-network-prod-001",
            "route_table_id": "",
            "service_endpoints": [
              "Microsoft.KeyVault",
              "Microsoft.AzureCosmosDB"
            ],
            "timeouts": null,
            "virtual_network_name": "vnet-network-prod-001"
          },
          "sensitive_attributes": []
        }
      ]
    },
    {
      "module": "module.subnets_main",
      "mode": "data",
      "type": "azurerm_subnet",
      "name": "gateway",
      "provider": "provider[\"registry.terraform.io/hashicorp/azurerm\"]",
      "instances": [
        {
          "schema_version": 0,
          "attributes": {
            "address_prefix": "10.120.57.0/24",
            "address_prefixes": [
              "10.120.57.0/24"
            ],
            "enforce_private_link_endpoint_network_policies": false,
            "enforce_private_link_service_network_policies": false,
            "id": "/subscriptions/524875d7-62d5-42df-8fe5-78822e211bf3/resourceGroups/rg-network-prod-001/providers/Microsoft.Network/virtualNetworks/vnet-network-prod-001/subnets/subnet-gateway",
            "name": "subnet-gateway",
            "network_security_group_id": "",
            "private_endpoint_network_policies_enabled": true,
            "private_link_service_network_policies_enabled": true,
            "resource_group_name": "rg-network-prod-001",
            "route_table_id": "",
            "service_endpoints": [],
            "timeouts": null,
            "virtual_network_name": "vnet-network-prod-001"
          },
          "sensitive_attributes": []
        }
      ]
    },
    {
      "module": "module.subnets_main",
      "mode": "data",
      "type": "azurerm_subnet",
      "name": "jumpbox",
      "provider": "provider[\"registry.terraform.io/hashicorp/azurerm\"]",
      "instances": [
        {
          "schema_version": 0,
          "attributes": {
            "address_prefix": "10.120.56.128/25",
            "address_prefixes": [
              "10.120.56.128/25"
            ],
            "enforce_private_link_endpoint_network_policies": false,
            "enforce_private_link_service_network_policies": false,
            "id": "/subscriptions/524875d7-62d5-42df-8fe5-78822e211bf3/resourceGroups/rg-network-prod-001/providers/Microsoft.Network/virtualNetworks/vnet-network-prod-001/subnets/subnet-jumpbox",
            "name": "subnet-jumpbox",
            "network_security_group_id": "",
            "private_endpoint_network_policies_enabled": true,
            "private_link_service_network_policies_enabled": true,
            "resource_group_name": "rg-network-prod-001",
            "route_table_id": "",
            "service_endpoints": [
              "Microsoft.KeyVault",
              "Microsoft.AzureCosmosDB"
            ],
            "timeouts": null,
            "virtual_network_name": "vnet-network-prod-001"
          },
          "sensitive_attributes": []
        }
      ]
    },
    {
      "module": "module.workload_failover.module.aks",
      "mode": "data",
      "type": "azurerm_public_ip",
      "name": "default",
      "provider": "provider[\"registry.terraform.io/hashicorp/azurerm\"]",
      "instances": [
        {
          "schema_version": 0,
          "attributes": {
            "allocation_method": "Static",
            "ddos_protection_mode": null,
            "ddos_protection_plan_id": null,
            "domain_name_label": "",
            "fqdn": "",
            "id": "/subscriptions/524875d7-62d5-42df-8fe5-78822e211bf3/resourceGroups/rg-k8s-mahb-prod-002/providers/Microsoft.Network/publicIPAddresses/agw-mahb-prod-002-appgwpip",
            "idle_timeout_in_minutes": 4,
            "ip_address": "",
            "ip_tags": {},
            "ip_version": "IPv4",
            "location": "eastasia",
            "name": "agw-mahb-prod-002-appgwpip",
            "resource_group_name": "rg-k8s-mahb-prod-002",
            "reverse_fqdn": "",
            "sku": "Standard",
            "tags": {},
            "timeouts": null,
            "zones": [
              "1",
              "2",
              "3"
            ]
          },
          "sensitive_attributes": []
        }
      ]
    },
    {
      "module": "module.workload_failover.module.aks",
      "mode": "data",
      "type": "azurerm_resource_group",
      "name": "existing",
      "provider": "provider[\"registry.terraform.io/hashicorp/azurerm\"]",
      "instances": [
        {
          "schema_version": 0,
          "attributes": {
            "id": "/subscriptions/524875d7-62d5-42df-8fe5-78822e211bf3/resourceGroups/rg-network-prod-002",
            "location": "eastasia",
            "managed_by": "",
            "name": "rg-network-prod-002",
            "tags": {
              "Instance": "Failover"
            },
            "timeouts": null
          },
          "sensitive_attributes": []
        }
      ]
    },
    {
      "module": "module.workload_failover.module.aks",
      "mode": "managed",
      "type": "azurerm_kubernetes_cluster",
      "name": "default",
      "provider": "provider[\"registry.terraform.io/hashicorp/azurerm\"]",
      "instances": [
        {
          "schema_version": 2,
          "attributes": {
            "aci_connector_linux": [],
            "api_server_access_profile": [
              {
                "authorized_ip_ranges": [],
                "subnet_id": "/subscriptions/524875d7-62d5-42df-8fe5-78822e211bf3/resourceGroups/rg-network-prod-002/providers/Microsoft.Network/virtualNetworks/vnet-network-prod-002/subnets/subnet-jumpbox",
                "vnet_integration_enabled": true
              }
            ],
            "api_server_authorized_ip_ranges": [],
            "auto_scaler_profile": [],
            "automatic_channel_upgrade": "",
            "azure_active_directory_role_based_access_control": [],
            "azure_policy_enabled": false,
            "confidential_computing": [],
            "current_kubernetes_version": "1.27.9",
            "custom_ca_trust_certificates_base64": null,
            "default_node_pool": [
              {
                "capacity_reservation_group_id": "",
                "custom_ca_trust_enabled": false,
                "enable_auto_scaling": false,
                "enable_host_encryption": false,
                "enable_node_public_ip": false,
                "fips_enabled": false,
                "gpu_instance": "",
                "host_group_id": "",
                "kubelet_config": [],
                "kubelet_disk_type": "OS",
                "linux_os_config": [],
                "max_count": 0,
                "max_pods": 30,
                "message_of_the_day": "",
                "min_count": 0,
                "name": "default",
                "node_count": 1,
                "node_labels": {},
                "node_network_profile": [],
                "node_public_ip_prefix_id": "",
                "node_taints": null,
                "only_critical_addons_enabled": false,
                "orchestrator_version": "1.27.9",
                "os_disk_size_gb": 128,
                "os_disk_type": "Managed",
                "os_sku": "Ubuntu",
                "pod_subnet_id": "",
                "proximity_placement_group_id": "",
                "scale_down_mode": "Delete",
                "snapshot_id": "",
                "tags": null,
                "temporary_name_for_rotation": "",
                "type": "VirtualMachineScaleSets",
                "ultra_ssd_enabled": false,
                "upgrade_settings": [],
                "vm_size": "Standard_B2s",
                "vnet_subnet_id": "/subscriptions/524875d7-62d5-42df-8fe5-78822e211bf3/resourceGroups/rg-network-prod-002/providers/Microsoft.Network/virtualNetworks/vnet-network-prod-002/subnets/subnet-aks",
                "workload_runtime": "",
                "zones": null
              }
            ],
            "disk_encryption_set_id": "",
            "dns_prefix": "aks-mahb-prod-002",
            "dns_prefix_private_cluster": "",
            "edge_zone": "",
            "enable_pod_security_policy": false,
            "fqdn": "",
            "http_application_routing_enabled": false,
            "http_application_routing_zone_name": "",
            "http_proxy_config": [],
            "id": "/subscriptions/524875d7-62d5-42df-8fe5-78822e211bf3/resourceGroups/rg-mahb-prod-002/providers/Microsoft.ContainerService/managedClusters/aks-mahb-prod-002",
            "identity": [
              {
                "identity_ids": [
                  "/subscriptions/524875d7-62d5-42df-8fe5-78822e211bf3/resourceGroups/rg-mahb-prod-002/providers/Microsoft.ManagedIdentity/userAssignedIdentities/mahb-prod-002Identity"
                ],
                "principal_id": "",
                "tenant_id": "",
                "type": "UserAssigned"
              }
            ],
            "image_cleaner_enabled": false,
            "image_cleaner_interval_hours": 48,
            "ingress_application_gateway": [
              {
                "effective_gateway_id": "/subscriptions/524875d7-62d5-42df-8fe5-78822e211bf3/resourceGroups/rg-k8s-mahb-prod-002/providers/Microsoft.Network/applicationGateways/agw-mahb-prod-002",
                "gateway_id": "",
                "gateway_name": "agw-mahb-prod-002",
                "ingress_application_gateway_identity": [
                  {
                    "client_id": "f260a334-de3a-400a-b23b-f34a9bb4a8b8",
                    "object_id": "5e0b9e53-7956-409c-bbc3-07a8b895e757",
                    "user_assigned_identity_id": "/subscriptions/524875d7-62d5-42df-8fe5-78822e211bf3/resourcegroups/rg-k8s-mahb-prod-002/providers/Microsoft.ManagedIdentity/userAssignedIdentities/ingressapplicationgateway-aks-mahb-prod-002"
                  }
                ],
                "subnet_cidr": "",
                "subnet_id": "/subscriptions/524875d7-62d5-42df-8fe5-78822e211bf3/resourceGroups/rg-network-prod-002/providers/Microsoft.Network/virtualNetworks/vnet-network-prod-002/subnets/subnet-gateway"
              }
            ],
            "key_management_service": [],
            "key_vault_secrets_provider": [],
            "kube_admin_config": [],
            "kube_admin_config_raw": "",
            "kube_config": [
              {
                "client_certificate": "LS0tLS1CRUdJTiBDRVJUSUZJQ0FURS0tLS0tCk1JSUZIVENDQXdXZ0F3SUJBZ0lRUm1EWmsvMVBKVm01cm9FQVZuMEZlekFOQmdrcWhraUc5dzBCQVFzRkFEQU4KTVFzd0NRWURWUVFERXdKallUQWVGdzB5TkRBek1UUXhPREl3TURsYUZ3MHlOakF6TVRReE9ETXdNRGxhTURBeApGekFWQmdOVkJBb1REbk41YzNSbGJUcHRZWE4wWlhKek1SVXdFd1lEVlFRREV3eHRZWE4wWlhKamJHbGxiblF3CmdnSWlNQTBHQ1NxR1NJYjNEUUVCQVFVQUE0SUNEd0F3Z2dJS0FvSUNBUURSNWlOd3hmc1Q0RnphbmFyOENvL2QKdWd5b29YTk1NVnJab29sTGZiMFVnMCt4MkkycGo3V2U0TnI4UGN3R3FIbEVudmdQUUU0bk96VVI3S25KV0tvWAoxbi94cmFrQkk4am0wQ1FVRThlNVpwY1lEZ0RLTTlocllGa1pWdHBPaVFpOFpFbEl4SXo0WlE4YkdTVmM3VDJBCis5YWdmVE1HRm5QZTdwa3d5MDNSM3czRC9SQlZIMFBoZkhHZlVXOTI4YlhHTlk4M1grTnBVOGdFYmd5cDhWakgKRXp0czlMR21ENkpqRjJEdXVUeEd2RWlGaVh0L3ZxeUZMa0ROOHUrUlBaenkzODJMVTdTVUg1Z1dtQ09ONkU5QgpMdElHaHRKNE1FTmNjWEY1UXZxai9tWlpYNW9VQ0YwY1lxSFZLYlNCeVdUMkpWTXdsd2krZVBsN0lXako0cnExCkpRZ29VN0pkc2pWSG1VMEZCTEhqSDFZUksyVmE5UFc3czBFNktrdmQ5VUw0MHQ5ZW1WTE5UZ0RjTXhNck1wbkUKZzJ3NWNXQlBjSllkbk0zSWpaMFpZYjZxQWNpaTd2YktrUU44T2pjR21aTmtMTVZvWjFLT3BFSmN2bDlwZlRkdQp0WUZYWlBydjB1aVdXTm1seVY2VWlJakN3Y0x4QTdZanUyWG42VEV1YjgxTUFaVTZzZUVFMFZ3emEwWjV3a3lvCnQveDlxM0pXbk5DdE5HZTFXTkVEY05aZWdXc21zSEtiZWlnQkNwVlRqbk8rMWw4aG5LQlA0M2hYQS8ySWJiakcKandpd2x3MzVXRWltQlBBcEpDeEtrbmcvdGV2eWxZUlhKNzRVREJteFVwait6V3dNdGFlMEdBUS9tVkVpNUxtcQozakNVZnlVQXhGWWlBOVQwRDBqVHp3SURBUUFCbzFZd1ZEQU9CZ05WSFE4QkFmOEVCQU1DQmFBd0V3WURWUjBsCkJBd3dDZ1lJS3dZQkJRVUhBd0l3REFZRFZSMFRBUUgvQkFJd0FEQWZCZ05WSFNNRUdEQVdnQlIzRkZFdSt3NlcKS3VCRmZzQ3I4OEdmNzRmV3R6QU5CZ2txaGtpRzl3MEJBUXNGQUFPQ0FnRUFRR0NYOVFyQitxOWZxa3NwTFFxZwpQUUNIS2dBdW1CVlp6YzJSaHZPaGw0bjM0TWpESFVTYVVrRkZwQ3lsOUtBazRHT0Nhbk1Ld01obk1takNOY2tICmEyVkRzRkhmOFFzeTlSRkkyRXdmc2pIK3g3ZTBHb1lCeERXaVhxRHlEeHQ4K3pQZFhneGN4R3o4MUhmck4zQzEKVXVCT3ZiYW1yMUNmSEYybWFhTTRaK253ZmozYno3eHBRdXMyYWpnTGxTMURGcExLUFJMbE5Ibm5OejhXcTM1bApxM3dMYzcwdEZXUGowNWc4bDdpL0xKa2wvQmE0KzJ1ZDZIN01SeXkxZDRDY3BtOXN3a2IyRXltRTduOWI1VGdQCitlR24xeHFETnJTcnA1aDdaQkpYTVBIT25TMndQUWlUR1dLOER5ZXRlNnJtaWtFdWprTCt4YVRLbkNUVHRtVDYKWVd0cTZVOS9wbTFjdFV3ZXBkQVB3RUt6ZWY0cWlrQWlnMUNVWDRvY2Q4d1FQYjY1dWhWUEtZVVRDZlNGYzNZYgpUaE9xbjNqTnZSS3AzVkR5RUpGa05uSUtFQ1EwUVZwcktHNzl2cFV0NTAyZEg0VUsvVFhlbXJKd3A2eFJGWDkzCkRBeEtsQ2liaEVDWU90L0ZUeVhlYlVHQVBkVm9oRG9RYXhiMlk5KzJrT3dncXp0aEhWc0t3aWwwZDFTTlVjU0kKdHJWVlpBTXRSVmVhR2lvUEwrekhTdkJ3bkJHU0oyZXlhcUpzVUw1RjdQR0lFQVRJRFc4VkFISmpld2ZlUWVNNgplNEhZT0dBeWdhcXUvdjlvNlMvMGdPRmthdUNadlBIZ0lxSnoweW9lbkZiTUJPSGdEVExYeG9FaXJEbUZkSkNyCkpJaTBIbVl2aHJoTXNwOGQwYXdQRGpnPQotLS0tLUVORCBDRVJUSUZJQ0FURS0tLS0tCg==",
                "client_key": "LS0tLS1CRUdJTiBSU0EgUFJJVkFURSBLRVktLS0tLQpNSUlKS2dJQkFBS0NBZ0VBMGVZamNNWDdFK0JjMnAycS9BcVAzYm9NcUtGelRERmEyYUtKUzMyOUZJTlBzZGlOCnFZKzFudURhL0QzTUJxaDVSSjc0RDBCT0p6czFFZXlweVZpcUY5Wi84YTJwQVNQSTV0QWtGQlBIdVdhWEdBNEEKeWpQWWEyQlpHVmJhVG9rSXZHUkpTTVNNK0dVUEd4a2xYTzA5Z1B2V29IMHpCaFp6M3U2Wk1NdE4wZDhOdy8wUQpWUjlENFh4eG4xRnZkdkcxeGpXUE4xL2phVlBJQkc0TXFmRll4eE03YlBTeHBnK2lZeGRnN3JrOFJyeEloWWw3CmY3NnNoUzVBemZMdmtUMmM4dC9OaTFPMGxCK1lGcGdqamVoUFFTN1NCb2JTZURCRFhIRnhlVUw2by81bVdWK2EKRkFoZEhHS2gxU20wZ2NsazlpVlRNSmNJdm5qNWV5Rm95ZUs2dFNVSUtGT3lYYkkxUjVsTkJRU3g0eDlXRVN0bApXdlQxdTdOQk9pcEwzZlZDK05MZlhwbFN6VTRBM0RNVEt6S1p4SU5zT1hGZ1QzQ1dIWnpOeUkyZEdXRytxZ0hJCm91NzJ5cEVEZkRvM0JwbVRaQ3pGYUdkU2pxUkNYTDVmYVgwM2JyV0JWMlQ2NzlMb2xsalpwY2xlbElpSXdzSEMKOFFPMkk3dGw1K2t4TG0vTlRBR1ZPckhoQk5GY00ydEdlY0pNcUxmOGZhdHlWcHpRclRSbnRWalJBM0RXWG9GcgpKckJ5bTNvb0FRcVZVNDV6dnRaZklaeWdUK040VndQOWlHMjR4bzhJc0pjTitWaElwZ1R3S1NRc1NwSjRQN1hyCjhwV0VWeWUrRkF3WnNWS1kvczFzRExXbnRCZ0VQNWxSSXVTNXF0NHdsSDhsQU1SV0lnUFU5QTlJMDg4Q0F3RUEKQVFLQ0FnRUF4ZnpwRFNVU2trc2VDdkNTS2kva1NHZUlMVUF0TzMrS2pLTXVFbEZHbXlUSmRaNG84Zm9tZlBqbwpWdW9MbTNRcS96bGNEemEvQVc1dHZyeVg0dDZKZ3ZiSHRMWDBKcWtVaGZOck5Lejd4YndwWlgwLzdYczk5dnJvCjBHZ0dmL0h1bFpXYk10S0Rqb0gwMzhDMlo1TTRZb1FxalRQTGYwQ0toNHhVWDV4RmlXTjIzcG5FWUNhZnB2LzEKUlN4UmtjYXBpWTlYeWduZXZxbFNrQ3NtTXQ3K3VMbEJZcUxsTnhpa09nZ0JYT3pKR0lmZGVHaVlYNFVCd3BaQQpkb05peW9OdG1nTFZKVWtObW5LNnlRVTA5RlJlL2NNbVJSWERUYTlvdXJnZkt4eXN3eWZpYndjb2xTRFdnMEhlCkdPMi80SFNSa1VUZjFZT0JzZmoyaXRpV3VXZnVaOTVBRlIvbjJpSUVybGJqbEFPRjhlZ3Z0SytDU1BlUVFPaVkKSmcvdytmQ2F4ellYbEswRDZORVVxd3BVUyt0SWx5TllkM1NaQzZrTHlHdzlGVmFnN3dJZGhXLzI0MEJVV1FCbwprUkUwcXdPd3dhUm9NdnI0Y3ZNZlZpV1dZUjBzRmhaeVRRZFhXckJZSUFHeFQ1NzBMaGljR3JvRlorUGlaRXVHClhjTzdDWHZDRlpqcXFoNjlCK09OdGZZeHFIZ2ZlV1RsWFdrbzQ2RDJJR0N6MzFKR2JsRzBNNUYraU04YWRwQXkKNWRnR2JINER0WVVsajJ5UmQzbnk2dVQ1WkZxK3ZpbjVZWG9OQW9nbTN0NWpRUzE5Ymg5cndwcXg4UHJadnFUZQphbTZLZjF5aTdjZ2w0YjI0ZmVxUllhSmVNcVVxRHhRV1BKbnpzTEYzNVN3UWRUeS9UTkVDZ2dFQkFPQ0pqMC9UCjdsZ3JmNWJORGlCaGdaOWJVN3Z3eVRFRzFOV1pENkU3eU41ejRDbjdSZkZoM0dKZW1RK0puU3VzZFY4T25Ba3MKeE1MbWFhQkNhaVBUQi9hLyswQUFuOTZMSWFOR01pU0NaOUphYktrTi82WWs3TTloaDNwTXBiWDBFWFBJTHZmQgpiNFlUQlN5QmI2K0hVYVlsdE55UE5mZU95L1BPN0Z4eFlSUUsyeDRlVG1rOEZyNlVQSmxhbzNaY1ZhQ3dNM0dLCllwOHpGeGNSKzRmQmFzaHNFMHRYUEdYTkpjNlUyeTdJUFgwUGZ6MkJTMmpudTRvZG9VejlGSkZ2aFJ3UFhVWjcKQmxzR0JNb0NMYTN1aVVSTnpHSFRzaFZQc1VZS3pqVHpKY2h6MTFHaG50MmluWHptbGx2bVdWdHVnYUROdzU1YgoxUzlpYm43Z3JwanZiQU1DZ2dFQkFPOVBlMXNnd3BUMHBzWTgxUDdzNlhBakNkWFViWHNjQjlGaTVkMm5tK1VTCkFJdk83R0pkNVg2MHhkcitwbWRocG1PTnR6R215amh4ZlBFVmFiWXJGTDQ5SkZQU3QwNzRnU1V4RkVadWp3WU4KdUJNeFZpd2hoZzNpZWR1V3hESEF3elhwTnVXL2lPWURjUlJyYThjbWd0QU9wSjRVckE4dkVkR1p0ZURIWm44TgpjdWZBOUhIQzhWV09KN2cwdm41MkpSc1FOM0tuMmozTDlrK2JuTWxMQnpnQkwyWjRwd3BKZC9wdS9LSWxlVDFECk5DT1pwVUxNcmozKytwL3E1NVRRSDBQSVoxb25tMjUxUDFvbE9DQ1EySE40V3J4NXE2NEZVUGZaNjlrelpEWFEKRVZEQnhDTzZaanB5WmJLNnU1dWsrV1JUQk1JUzFMNmVQOUt2a21pc1BVVUNnZ0VCQUxEM09lQXNwRGtSYjJtbgpDMjh4Nmp0eWV6Z3d1aUROeFlqakxaSmgwQnFqTVJWbFdPYTV2anc1V21FSWtMc1BIU0ppSFZDTjNEWFA2NGZIClVHZ1R0cjhlNkNLMVcwckdWU2lkOW44WDJFUE55TDRrcmt4LzViUThwYzRhQXJDNVA5Z0UraCtDY1NjMmJtbDUKU2xFSlVheWxJenFDRklLY0pOcHZSNUpFT2NMV0c0Uk5WbmRTU0lyRHdrOExSTEhRYkJ4TlF2NUZseHpwNDFUbgpjMXEzY2pXc0dEalU5R0Uzb29pQ2dZMEpmSXpJWGZ4WG50dDdhQytlMHJZZThNci9IZVhUcGl3YVloUHpWbXJ2CjlKaVUyOUxkaml1NzhTc2l1QkVBQ3kxb1JXc0xBYlR3c0lqMTFUSFBlc25MYnJuRkNwMTJEcXNNcmFTKzYxOU0KTGMrVFE0a0NnZ0VCQU0zK2IrT3dYbTVUN2Q4RWJDQUlGS1VYTkJjaEpTQnNyM29ZbEY5cE1ITk5QTFViNkRTQQpPTlVKaktxR3V2eVFmT2FERFdjcStEVC8wNW0rWWVHU1VlZXp2N3A3enBpbXBwdzZGQWJRa2tLV3VwV2l5VmR4CmYvQWh1OTArZVNHT21UcWx4a0NiejU2VzVkYTY1T3BuaHdETEtmNTlNdUpiRlE2RUxxQVBaSFlIUUpxbmFJTW8KV0E3YUwreUxVbEtQSmorV2hQUW44bDl4VzFPSlVydWUzdGJoaGtqQm9KL2xQK2FOZE4rcVBDTjAzc09xTlN3NwovZHlWeUd5eGlxaDVRZ0JaMkVVdGhNamZHaXBoa1YvTzd0THVqY1JoUTF1bmJkdjdkTjNoTStoeWN3VTkxYlVmCmRYSG9HUXh4V3A2T3NySWVHQ0ZxamtDSy9jdEFvRm1Ec2JVQ2dnRUFaWk5jTFZGaUY0WVhqaGVVZ2Z3T0svY1oKdXU3QmFrTHhwL0VFUDY5a0pzZXphdHJCS1gyclcrVG1WYVNUb2JBWE13aVpNa1pHZVdMaXhmS05RYVNVcXRYTwpQem03Rm10ODhjbjZVRmxKRTBPT041bDhVeTVCU2RWTEJBSHNNM1FPdFpWSSsydUtGK3k5aERNb044ZE9WamgzClpWRi80UkxFUEdTZ1VMakVnUDR0bWxHR1h1S1JOcnd5ZldHaE9uQ2h0MWpVWjh1VTBzSEdyeDM4QVNpVHRQTXUKTUMvMTlRWHRRaHhQaHBaTW1QYXFxUld3bC9yUmt5TkVoMVpFMENmZkRkQW94ZVR4N2lZUG11K2VKNmRlVElqUwp3c04xc1BhdjFHVW5MV3IwM0pJQW9OS3RnWVZtM2h6MmUwUDJ1L3M1MDJDTFVWZFluaEJhR2tDR2lhQVZpZz09Ci0tLS0tRU5EIFJTQSBQUklWQVRFIEtFWS0tLS0tCg==",
                "cluster_ca_certificate": "LS0tLS1CRUdJTiBDRVJUSUZJQ0FURS0tLS0tCk1JSUU2VENDQXRHZ0F3SUJBZ0lSQU1PaWhOSTJMN25iekNHTFFMUlJmMEF3RFFZSktvWklodmNOQVFFTEJRQXcKRFRFTE1Ba0dBMVVFQXhNQ1kyRXdJQmNOTWpRd016RTBNVGd5TURBNVdoZ1BNakExTkRBek1UUXhPRE13TURsYQpNQTB4Q3pBSkJnTlZCQU1UQW1OaE1JSUNJakFOQmdrcWhraUc5dzBCQVFFRkFBT0NBZzhBTUlJQ0NnS0NBZ0VBCjQrcjFSYWdxY3NUdFlCTWtCWlZjd3ZlQ2Q2cUZ4S0FndUlNVE1lemZXdm5IWGxPZHRSSUdlTDFBL2haSmJiYXoKeUY5aFZ1UHpGMGhWRVJXN01qUUZ6RjVkbTB3a291QUxXdGhGZEh6M1BmcHdIdjJOU3phVU5iNEY1OEtieC9HcgpFVnRYbUV6WmpITWc0U1dKdE9mWVNVNHNmbmtiUkUvTWlFd0V3NUR3K00wb3VZZHVPNGFRNXlxWjhycTJlbFhhClBQaDkzM2xSaTB6NUtpYzhidUVpK0Y4OGVTbXIzYldrSG9iSS9BOS9QVTdmeGhOK3E0dDFXZU5hRmpVRW9vZXcKUWppK3JDM0RQdlF5bUR5U2pNQk5oYzFSbVQwVEFWK0NHZFYzYVVhbldJbS9nbERhNS9YMWJadW1jUmNETVF1ZwoxRUNvL0JGZzdSR3dONkxGWW92Z0I4VjNXaEFQVE53MEdISU1SRUcwN3hlZk9lV3AxckJxbWFEVG1QZGRmbHB5CkszTDhpVmQ3NDBra3FvSW0yd3ZhcWpRQkNYRmp5NlQ5bVFXTXV5WXNiUkF4ZlE0VVovQTFoMjJ2WkhlVTF4dzIKLzhwSitMT0NndG9kQXEyVmJYRUUzVjdodm1XNCtJODdaMVhUY0QvZlRXZXpmUysyTFlzcGZFcUJLL1JFVG1yQQpDSCtSN1ZzQTAyOW9paFJ1djZnU0xSWkc2L1QyTCthaGorRkQ3Ky8xTzJjb1B2TXRuRGRMT3ZDVHBKTDY3YUR3Cmg2Q3NwREc2VFp4ZTQ2WUliSjUzWlB2b2pmWDQrYzdZbGN4SXp6NUV1MXNtWGM3UmIzS0RVS1BwbXFUVzVrQnoKdmQ0OS9JQ05aMC81UXMzWTdwdkE5OTUxWTRGK0FqdjNtbGhFSHVSaDZLVUNBd0VBQWFOQ01FQXdEZ1lEVlIwUApBUUgvQkFRREFnS2tNQThHQTFVZEV3RUIvd1FGTUFNQkFmOHdIUVlEVlIwT0JCWUVGSGNVVVM3N0RwWXE0RVYrCndLdnp3Wi92aDlhM01BMEdDU3FHU0liM0RRRUJDd1VBQTRJQ0FRQUU0RHp0L0k0bDFlZmV4QmhzMjRJWmcrRHUKV2xlT2V5S1d0ci83SURGaTlTcXozVkNPVElqSHpxdXRJNzVqaFcvM1JROEwyM09Senp0Y05iMnVpRW9iditBVwp6TUZEbnh3L0I0a3VoTjk3L3gwK1dHQlp0UGk3WVl0cnpVbHV6NkdBUUJocWFWUVVEV0VZWlJhTUlja1FrNVNxCndHeTZ1aW9SeGNvWTRlT2pneFBzTWIxaFl0WVJhWTFmODFYbTdUd3F1MnBUTnA0UjFBMlZoT0ZlcTkwQlJHYksKckpyQmZ5dUZnVHM5TloybndQTVNFMUorMGtwLzVieGhMR00zbWk4VFFsbk9pR3Ivci9QMjI3MTlGVXFYYXQ3Tgo4cFJDQTU2aDZTWU84Mk1GYVJNQjlsSE9wN1pWMXFZV3lydnJLeVR6QmJFcTEyT1RaTjR0ZTlWUjBHSmx4N1crClhmQ0h3M1pUVFBuNVRHcC9VdlZiYk16TDFXdXJzNkY5d1lKV3JZV2srMDFYUnducHVTUVdaS1lYcWxvb3JvNzEKTHB3eVFNemFORW1HbGp0UHlKYktaTnFTaE5yY21wVTRTY0hEVjhvUyttQXJWY3VKcHk1cXVGaU5qT3dBRUNRagpUTlh0Z2lEVG5pNTJxOXd6QTNBaGtUVEVxTnY4M29ldThKSEUwWDdZbmxIanpWUENvR1lvVzk3N21wYktDVU9wCm1YblZFdnU3QjNUQ21mcjkybVRBQzNCaXNyZGdBWEJMMlRSNHBRMms5NGRTK1FDbXdwdUlLeFlkYlhSMUM1czIKUnlIQmpCcmg5TncxL0U3UGwvWm1ocHcvQXB5T09vK2IrSmR4TDlIWTRab2l2ZkdReWtsby9mUXJmWVd3ZC9FYQp0U0dveFdKK2YvN0YwbjRUUFE9PQotLS0tLUVORCBDRVJUSUZJQ0FURS0tLS0tCg==",
                "host": "https://aks-mahb-prod-002-1f9dkn14.a566d274-6cbc-4f4a-9aee-c5807e185b82.private.eastasia.azmk8s.io:443",
                "password": "yusjphe8tn4fu7kj3zkge8i535uvxn9pqhhavxn6ngy5hdyun8zph77it1dinck5dkcun6b7br9uktqxhl2qmgrdn66ccdfu93hz692tyszu0cykb9l1vlyz3xh1ub6e",
                "username": "clusterUser_rg-mahb-prod-002_aks-mahb-prod-002"
              }
            ],
            "kube_config_raw": "apiVersion: v1\nclusters:\n- cluster:\n    certificate-authority-data: LS0tLS1CRUdJTiBDRVJUSUZJQ0FURS0tLS0tCk1JSUU2VENDQXRHZ0F3SUJBZ0lSQU1PaWhOSTJMN25iekNHTFFMUlJmMEF3RFFZSktvWklodmNOQVFFTEJRQXcKRFRFTE1Ba0dBMVVFQXhNQ1kyRXdJQmNOTWpRd016RTBNVGd5TURBNVdoZ1BNakExTkRBek1UUXhPRE13TURsYQpNQTB4Q3pBSkJnTlZCQU1UQW1OaE1JSUNJakFOQmdrcWhraUc5dzBCQVFFRkFBT0NBZzhBTUlJQ0NnS0NBZ0VBCjQrcjFSYWdxY3NUdFlCTWtCWlZjd3ZlQ2Q2cUZ4S0FndUlNVE1lemZXdm5IWGxPZHRSSUdlTDFBL2haSmJiYXoKeUY5aFZ1UHpGMGhWRVJXN01qUUZ6RjVkbTB3a291QUxXdGhGZEh6M1BmcHdIdjJOU3phVU5iNEY1OEtieC9HcgpFVnRYbUV6WmpITWc0U1dKdE9mWVNVNHNmbmtiUkUvTWlFd0V3NUR3K00wb3VZZHVPNGFRNXlxWjhycTJlbFhhClBQaDkzM2xSaTB6NUtpYzhidUVpK0Y4OGVTbXIzYldrSG9iSS9BOS9QVTdmeGhOK3E0dDFXZU5hRmpVRW9vZXcKUWppK3JDM0RQdlF5bUR5U2pNQk5oYzFSbVQwVEFWK0NHZFYzYVVhbldJbS9nbERhNS9YMWJadW1jUmNETVF1ZwoxRUNvL0JGZzdSR3dONkxGWW92Z0I4VjNXaEFQVE53MEdISU1SRUcwN3hlZk9lV3AxckJxbWFEVG1QZGRmbHB5CkszTDhpVmQ3NDBra3FvSW0yd3ZhcWpRQkNYRmp5NlQ5bVFXTXV5WXNiUkF4ZlE0VVovQTFoMjJ2WkhlVTF4dzIKLzhwSitMT0NndG9kQXEyVmJYRUUzVjdodm1XNCtJODdaMVhUY0QvZlRXZXpmUysyTFlzcGZFcUJLL1JFVG1yQQpDSCtSN1ZzQTAyOW9paFJ1djZnU0xSWkc2L1QyTCthaGorRkQ3Ky8xTzJjb1B2TXRuRGRMT3ZDVHBKTDY3YUR3Cmg2Q3NwREc2VFp4ZTQ2WUliSjUzWlB2b2pmWDQrYzdZbGN4SXp6NUV1MXNtWGM3UmIzS0RVS1BwbXFUVzVrQnoKdmQ0OS9JQ05aMC81UXMzWTdwdkE5OTUxWTRGK0FqdjNtbGhFSHVSaDZLVUNBd0VBQWFOQ01FQXdEZ1lEVlIwUApBUUgvQkFRREFnS2tNQThHQTFVZEV3RUIvd1FGTUFNQkFmOHdIUVlEVlIwT0JCWUVGSGNVVVM3N0RwWXE0RVYrCndLdnp3Wi92aDlhM01BMEdDU3FHU0liM0RRRUJDd1VBQTRJQ0FRQUU0RHp0L0k0bDFlZmV4QmhzMjRJWmcrRHUKV2xlT2V5S1d0ci83SURGaTlTcXozVkNPVElqSHpxdXRJNzVqaFcvM1JROEwyM09Senp0Y05iMnVpRW9iditBVwp6TUZEbnh3L0I0a3VoTjk3L3gwK1dHQlp0UGk3WVl0cnpVbHV6NkdBUUJocWFWUVVEV0VZWlJhTUlja1FrNVNxCndHeTZ1aW9SeGNvWTRlT2pneFBzTWIxaFl0WVJhWTFmODFYbTdUd3F1MnBUTnA0UjFBMlZoT0ZlcTkwQlJHYksKckpyQmZ5dUZnVHM5TloybndQTVNFMUorMGtwLzVieGhMR00zbWk4VFFsbk9pR3Ivci9QMjI3MTlGVXFYYXQ3Tgo4cFJDQTU2aDZTWU84Mk1GYVJNQjlsSE9wN1pWMXFZV3lydnJLeVR6QmJFcTEyT1RaTjR0ZTlWUjBHSmx4N1crClhmQ0h3M1pUVFBuNVRHcC9VdlZiYk16TDFXdXJzNkY5d1lKV3JZV2srMDFYUnducHVTUVdaS1lYcWxvb3JvNzEKTHB3eVFNemFORW1HbGp0UHlKYktaTnFTaE5yY21wVTRTY0hEVjhvUyttQXJWY3VKcHk1cXVGaU5qT3dBRUNRagpUTlh0Z2lEVG5pNTJxOXd6QTNBaGtUVEVxTnY4M29ldThKSEUwWDdZbmxIanpWUENvR1lvVzk3N21wYktDVU9wCm1YblZFdnU3QjNUQ21mcjkybVRBQzNCaXNyZGdBWEJMMlRSNHBRMms5NGRTK1FDbXdwdUlLeFlkYlhSMUM1czIKUnlIQmpCcmg5TncxL0U3UGwvWm1ocHcvQXB5T09vK2IrSmR4TDlIWTRab2l2ZkdReWtsby9mUXJmWVd3ZC9FYQp0U0dveFdKK2YvN0YwbjRUUFE9PQotLS0tLUVORCBDRVJUSUZJQ0FURS0tLS0tCg==\n    server: https://aks-mahb-prod-002-1f9dkn14.a566d274-6cbc-4f4a-9aee-c5807e185b82.private.eastasia.azmk8s.io:443\n  name: aks-mahb-prod-002\ncontexts:\n- context:\n    cluster: aks-mahb-prod-002\n    user: clusterUser_rg-mahb-prod-002_aks-mahb-prod-002\n  name: aks-mahb-prod-002\ncurrent-context: aks-mahb-prod-002\nkind: Config\npreferences: {}\nusers:\n- name: clusterUser_rg-mahb-prod-002_aks-mahb-prod-002\n  user:\n    client-certificate-data: LS0tLS1CRUdJTiBDRVJUSUZJQ0FURS0tLS0tCk1JSUZIVENDQXdXZ0F3SUJBZ0lRUm1EWmsvMVBKVm01cm9FQVZuMEZlekFOQmdrcWhraUc5dzBCQVFzRkFEQU4KTVFzd0NRWURWUVFERXdKallUQWVGdzB5TkRBek1UUXhPREl3TURsYUZ3MHlOakF6TVRReE9ETXdNRGxhTURBeApGekFWQmdOVkJBb1REbk41YzNSbGJUcHRZWE4wWlhKek1SVXdFd1lEVlFRREV3eHRZWE4wWlhKamJHbGxiblF3CmdnSWlNQTBHQ1NxR1NJYjNEUUVCQVFVQUE0SUNEd0F3Z2dJS0FvSUNBUURSNWlOd3hmc1Q0RnphbmFyOENvL2QKdWd5b29YTk1NVnJab29sTGZiMFVnMCt4MkkycGo3V2U0TnI4UGN3R3FIbEVudmdQUUU0bk96VVI3S25KV0tvWAoxbi94cmFrQkk4am0wQ1FVRThlNVpwY1lEZ0RLTTlocllGa1pWdHBPaVFpOFpFbEl4SXo0WlE4YkdTVmM3VDJBCis5YWdmVE1HRm5QZTdwa3d5MDNSM3czRC9SQlZIMFBoZkhHZlVXOTI4YlhHTlk4M1grTnBVOGdFYmd5cDhWakgKRXp0czlMR21ENkpqRjJEdXVUeEd2RWlGaVh0L3ZxeUZMa0ROOHUrUlBaenkzODJMVTdTVUg1Z1dtQ09ONkU5QgpMdElHaHRKNE1FTmNjWEY1UXZxai9tWlpYNW9VQ0YwY1lxSFZLYlNCeVdUMkpWTXdsd2krZVBsN0lXako0cnExCkpRZ29VN0pkc2pWSG1VMEZCTEhqSDFZUksyVmE5UFc3czBFNktrdmQ5VUw0MHQ5ZW1WTE5UZ0RjTXhNck1wbkUKZzJ3NWNXQlBjSllkbk0zSWpaMFpZYjZxQWNpaTd2YktrUU44T2pjR21aTmtMTVZvWjFLT3BFSmN2bDlwZlRkdQp0WUZYWlBydjB1aVdXTm1seVY2VWlJakN3Y0x4QTdZanUyWG42VEV1YjgxTUFaVTZzZUVFMFZ3emEwWjV3a3lvCnQveDlxM0pXbk5DdE5HZTFXTkVEY05aZWdXc21zSEtiZWlnQkNwVlRqbk8rMWw4aG5LQlA0M2hYQS8ySWJiakcKandpd2x3MzVXRWltQlBBcEpDeEtrbmcvdGV2eWxZUlhKNzRVREJteFVwait6V3dNdGFlMEdBUS9tVkVpNUxtcQozakNVZnlVQXhGWWlBOVQwRDBqVHp3SURBUUFCbzFZd1ZEQU9CZ05WSFE4QkFmOEVCQU1DQmFBd0V3WURWUjBsCkJBd3dDZ1lJS3dZQkJRVUhBd0l3REFZRFZSMFRBUUgvQkFJd0FEQWZCZ05WSFNNRUdEQVdnQlIzRkZFdSt3NlcKS3VCRmZzQ3I4OEdmNzRmV3R6QU5CZ2txaGtpRzl3MEJBUXNGQUFPQ0FnRUFRR0NYOVFyQitxOWZxa3NwTFFxZwpQUUNIS2dBdW1CVlp6YzJSaHZPaGw0bjM0TWpESFVTYVVrRkZwQ3lsOUtBazRHT0Nhbk1Ld01obk1takNOY2tICmEyVkRzRkhmOFFzeTlSRkkyRXdmc2pIK3g3ZTBHb1lCeERXaVhxRHlEeHQ4K3pQZFhneGN4R3o4MUhmck4zQzEKVXVCT3ZiYW1yMUNmSEYybWFhTTRaK253ZmozYno3eHBRdXMyYWpnTGxTMURGcExLUFJMbE5Ibm5OejhXcTM1bApxM3dMYzcwdEZXUGowNWc4bDdpL0xKa2wvQmE0KzJ1ZDZIN01SeXkxZDRDY3BtOXN3a2IyRXltRTduOWI1VGdQCitlR24xeHFETnJTcnA1aDdaQkpYTVBIT25TMndQUWlUR1dLOER5ZXRlNnJtaWtFdWprTCt4YVRLbkNUVHRtVDYKWVd0cTZVOS9wbTFjdFV3ZXBkQVB3RUt6ZWY0cWlrQWlnMUNVWDRvY2Q4d1FQYjY1dWhWUEtZVVRDZlNGYzNZYgpUaE9xbjNqTnZSS3AzVkR5RUpGa05uSUtFQ1EwUVZwcktHNzl2cFV0NTAyZEg0VUsvVFhlbXJKd3A2eFJGWDkzCkRBeEtsQ2liaEVDWU90L0ZUeVhlYlVHQVBkVm9oRG9RYXhiMlk5KzJrT3dncXp0aEhWc0t3aWwwZDFTTlVjU0kKdHJWVlpBTXRSVmVhR2lvUEwrekhTdkJ3bkJHU0oyZXlhcUpzVUw1RjdQR0lFQVRJRFc4VkFISmpld2ZlUWVNNgplNEhZT0dBeWdhcXUvdjlvNlMvMGdPRmthdUNadlBIZ0lxSnoweW9lbkZiTUJPSGdEVExYeG9FaXJEbUZkSkNyCkpJaTBIbVl2aHJoTXNwOGQwYXdQRGpnPQotLS0tLUVORCBDRVJUSUZJQ0FURS0tLS0tCg==\n    client-key-data: LS0tLS1CRUdJTiBSU0EgUFJJVkFURSBLRVktLS0tLQpNSUlKS2dJQkFBS0NBZ0VBMGVZamNNWDdFK0JjMnAycS9BcVAzYm9NcUtGelRERmEyYUtKUzMyOUZJTlBzZGlOCnFZKzFudURhL0QzTUJxaDVSSjc0RDBCT0p6czFFZXlweVZpcUY5Wi84YTJwQVNQSTV0QWtGQlBIdVdhWEdBNEEKeWpQWWEyQlpHVmJhVG9rSXZHUkpTTVNNK0dVUEd4a2xYTzA5Z1B2V29IMHpCaFp6M3U2Wk1NdE4wZDhOdy8wUQpWUjlENFh4eG4xRnZkdkcxeGpXUE4xL2phVlBJQkc0TXFmRll4eE03YlBTeHBnK2lZeGRnN3JrOFJyeEloWWw3CmY3NnNoUzVBemZMdmtUMmM4dC9OaTFPMGxCK1lGcGdqamVoUFFTN1NCb2JTZURCRFhIRnhlVUw2by81bVdWK2EKRkFoZEhHS2gxU20wZ2NsazlpVlRNSmNJdm5qNWV5Rm95ZUs2dFNVSUtGT3lYYkkxUjVsTkJRU3g0eDlXRVN0bApXdlQxdTdOQk9pcEwzZlZDK05MZlhwbFN6VTRBM0RNVEt6S1p4SU5zT1hGZ1QzQ1dIWnpOeUkyZEdXRytxZ0hJCm91NzJ5cEVEZkRvM0JwbVRaQ3pGYUdkU2pxUkNYTDVmYVgwM2JyV0JWMlQ2NzlMb2xsalpwY2xlbElpSXdzSEMKOFFPMkk3dGw1K2t4TG0vTlRBR1ZPckhoQk5GY00ydEdlY0pNcUxmOGZhdHlWcHpRclRSbnRWalJBM0RXWG9GcgpKckJ5bTNvb0FRcVZVNDV6dnRaZklaeWdUK040VndQOWlHMjR4bzhJc0pjTitWaElwZ1R3S1NRc1NwSjRQN1hyCjhwV0VWeWUrRkF3WnNWS1kvczFzRExXbnRCZ0VQNWxSSXVTNXF0NHdsSDhsQU1SV0lnUFU5QTlJMDg4Q0F3RUEKQVFLQ0FnRUF4ZnpwRFNVU2trc2VDdkNTS2kva1NHZUlMVUF0TzMrS2pLTXVFbEZHbXlUSmRaNG84Zm9tZlBqbwpWdW9MbTNRcS96bGNEemEvQVc1dHZyeVg0dDZKZ3ZiSHRMWDBKcWtVaGZOck5Lejd4YndwWlgwLzdYczk5dnJvCjBHZ0dmL0h1bFpXYk10S0Rqb0gwMzhDMlo1TTRZb1FxalRQTGYwQ0toNHhVWDV4RmlXTjIzcG5FWUNhZnB2LzEKUlN4UmtjYXBpWTlYeWduZXZxbFNrQ3NtTXQ3K3VMbEJZcUxsTnhpa09nZ0JYT3pKR0lmZGVHaVlYNFVCd3BaQQpkb05peW9OdG1nTFZKVWtObW5LNnlRVTA5RlJlL2NNbVJSWERUYTlvdXJnZkt4eXN3eWZpYndjb2xTRFdnMEhlCkdPMi80SFNSa1VUZjFZT0JzZmoyaXRpV3VXZnVaOTVBRlIvbjJpSUVybGJqbEFPRjhlZ3Z0SytDU1BlUVFPaVkKSmcvdytmQ2F4ellYbEswRDZORVVxd3BVUyt0SWx5TllkM1NaQzZrTHlHdzlGVmFnN3dJZGhXLzI0MEJVV1FCbwprUkUwcXdPd3dhUm9NdnI0Y3ZNZlZpV1dZUjBzRmhaeVRRZFhXckJZSUFHeFQ1NzBMaGljR3JvRlorUGlaRXVHClhjTzdDWHZDRlpqcXFoNjlCK09OdGZZeHFIZ2ZlV1RsWFdrbzQ2RDJJR0N6MzFKR2JsRzBNNUYraU04YWRwQXkKNWRnR2JINER0WVVsajJ5UmQzbnk2dVQ1WkZxK3ZpbjVZWG9OQW9nbTN0NWpRUzE5Ymg5cndwcXg4UHJadnFUZQphbTZLZjF5aTdjZ2w0YjI0ZmVxUllhSmVNcVVxRHhRV1BKbnpzTEYzNVN3UWRUeS9UTkVDZ2dFQkFPQ0pqMC9UCjdsZ3JmNWJORGlCaGdaOWJVN3Z3eVRFRzFOV1pENkU3eU41ejRDbjdSZkZoM0dKZW1RK0puU3VzZFY4T25Ba3MKeE1MbWFhQkNhaVBUQi9hLyswQUFuOTZMSWFOR01pU0NaOUphYktrTi82WWs3TTloaDNwTXBiWDBFWFBJTHZmQgpiNFlUQlN5QmI2K0hVYVlsdE55UE5mZU95L1BPN0Z4eFlSUUsyeDRlVG1rOEZyNlVQSmxhbzNaY1ZhQ3dNM0dLCllwOHpGeGNSKzRmQmFzaHNFMHRYUEdYTkpjNlUyeTdJUFgwUGZ6MkJTMmpudTRvZG9VejlGSkZ2aFJ3UFhVWjcKQmxzR0JNb0NMYTN1aVVSTnpHSFRzaFZQc1VZS3pqVHpKY2h6MTFHaG50MmluWHptbGx2bVdWdHVnYUROdzU1YgoxUzlpYm43Z3JwanZiQU1DZ2dFQkFPOVBlMXNnd3BUMHBzWTgxUDdzNlhBakNkWFViWHNjQjlGaTVkMm5tK1VTCkFJdk83R0pkNVg2MHhkcitwbWRocG1PTnR6R215amh4ZlBFVmFiWXJGTDQ5SkZQU3QwNzRnU1V4RkVadWp3WU4KdUJNeFZpd2hoZzNpZWR1V3hESEF3elhwTnVXL2lPWURjUlJyYThjbWd0QU9wSjRVckE4dkVkR1p0ZURIWm44TgpjdWZBOUhIQzhWV09KN2cwdm41MkpSc1FOM0tuMmozTDlrK2JuTWxMQnpnQkwyWjRwd3BKZC9wdS9LSWxlVDFECk5DT1pwVUxNcmozKytwL3E1NVRRSDBQSVoxb25tMjUxUDFvbE9DQ1EySE40V3J4NXE2NEZVUGZaNjlrelpEWFEKRVZEQnhDTzZaanB5WmJLNnU1dWsrV1JUQk1JUzFMNmVQOUt2a21pc1BVVUNnZ0VCQUxEM09lQXNwRGtSYjJtbgpDMjh4Nmp0eWV6Z3d1aUROeFlqakxaSmgwQnFqTVJWbFdPYTV2anc1V21FSWtMc1BIU0ppSFZDTjNEWFA2NGZIClVHZ1R0cjhlNkNLMVcwckdWU2lkOW44WDJFUE55TDRrcmt4LzViUThwYzRhQXJDNVA5Z0UraCtDY1NjMmJtbDUKU2xFSlVheWxJenFDRklLY0pOcHZSNUpFT2NMV0c0Uk5WbmRTU0lyRHdrOExSTEhRYkJ4TlF2NUZseHpwNDFUbgpjMXEzY2pXc0dEalU5R0Uzb29pQ2dZMEpmSXpJWGZ4WG50dDdhQytlMHJZZThNci9IZVhUcGl3YVloUHpWbXJ2CjlKaVUyOUxkaml1NzhTc2l1QkVBQ3kxb1JXc0xBYlR3c0lqMTFUSFBlc25MYnJuRkNwMTJEcXNNcmFTKzYxOU0KTGMrVFE0a0NnZ0VCQU0zK2IrT3dYbTVUN2Q4RWJDQUlGS1VYTkJjaEpTQnNyM29ZbEY5cE1ITk5QTFViNkRTQQpPTlVKaktxR3V2eVFmT2FERFdjcStEVC8wNW0rWWVHU1VlZXp2N3A3enBpbXBwdzZGQWJRa2tLV3VwV2l5VmR4CmYvQWh1OTArZVNHT21UcWx4a0NiejU2VzVkYTY1T3BuaHdETEtmNTlNdUpiRlE2RUxxQVBaSFlIUUpxbmFJTW8KV0E3YUwreUxVbEtQSmorV2hQUW44bDl4VzFPSlVydWUzdGJoaGtqQm9KL2xQK2FOZE4rcVBDTjAzc09xTlN3NwovZHlWeUd5eGlxaDVRZ0JaMkVVdGhNamZHaXBoa1YvTzd0THVqY1JoUTF1bmJkdjdkTjNoTStoeWN3VTkxYlVmCmRYSG9HUXh4V3A2T3NySWVHQ0ZxamtDSy9jdEFvRm1Ec2JVQ2dnRUFaWk5jTFZGaUY0WVhqaGVVZ2Z3T0svY1oKdXU3QmFrTHhwL0VFUDY5a0pzZXphdHJCS1gyclcrVG1WYVNUb2JBWE13aVpNa1pHZVdMaXhmS05RYVNVcXRYTwpQem03Rm10ODhjbjZVRmxKRTBPT041bDhVeTVCU2RWTEJBSHNNM1FPdFpWSSsydUtGK3k5aERNb044ZE9WamgzClpWRi80UkxFUEdTZ1VMakVnUDR0bWxHR1h1S1JOcnd5ZldHaE9uQ2h0MWpVWjh1VTBzSEdyeDM4QVNpVHRQTXUKTUMvMTlRWHRRaHhQaHBaTW1QYXFxUld3bC9yUmt5TkVoMVpFMENmZkRkQW94ZVR4N2lZUG11K2VKNmRlVElqUwp3c04xc1BhdjFHVW5MV3IwM0pJQW9OS3RnWVZtM2h6MmUwUDJ1L3M1MDJDTFVWZFluaEJhR2tDR2lhQVZpZz09Ci0tLS0tRU5EIFJTQSBQUklWQVRFIEtFWS0tLS0tCg==\n    token: yusjphe8tn4fu7kj3zkge8i535uvxn9pqhhavxn6ngy5hdyun8zph77it1dinck5dkcun6b7br9uktqxhl2qmgrdn66ccdfu93hz692tyszu0cykb9l1vlyz3xh1ub6e\n",
            "kubelet_identity": [
              {
                "client_id": "1baad4ba-af5b-491d-a00a-951606426177",
                "object_id": "2bea71ab-e249-42e3-b644-2ab8f9a9f9ea",
                "user_assigned_identity_id": "/subscriptions/524875d7-62d5-42df-8fe5-78822e211bf3/resourceGroups/rg-k8s-mahb-prod-002/providers/Microsoft.ManagedIdentity/userAssignedIdentities/aks-mahb-prod-002-agentpool"
              }
            ],
            "kubernetes_version": "1.27.9",
            "linux_profile": [],
            "local_account_disabled": false,
            "location": "eastasia",
            "maintenance_window": [],
            "maintenance_window_auto_upgrade": [],
            "maintenance_window_node_os": [],
            "microsoft_defender": [],
            "monitor_metrics": [],
            "name": "aks-mahb-prod-002",
            "network_profile": [
              {
                "dns_service_ip": "10.0.0.10",
                "docker_bridge_cidr": "",
                "ebpf_data_plane": "",
                "ip_versions": [
                  "IPv4"
                ],
                "load_balancer_profile": [
                  {
                    "effective_outbound_ips": [
                      "/subscriptions/524875d7-62d5-42df-8fe5-78822e211bf3/resourceGroups/rg-k8s-mahb-prod-002/providers/Microsoft.Network/publicIPAddresses/ec0541ae-8102-4967-844e-5ffe54c05508"
                    ],
                    "idle_timeout_in_minutes": 0,
                    "managed_outbound_ip_count": 1,
                    "managed_outbound_ipv6_count": 0,
                    "outbound_ip_address_ids": [],
                    "outbound_ip_prefix_ids": [],
                    "outbound_ports_allocated": 0
                  }
                ],
                "load_balancer_sku": "standard",
                "nat_gateway_profile": [],
                "network_mode": "",
                "network_plugin": "azure",
                "network_plugin_mode": "",
                "network_policy": "",
                "outbound_type": "loadBalancer",
                "pod_cidr": "",
                "pod_cidrs": [],
                "service_cidr": "10.0.0.0/16",
                "service_cidrs": [
                  "10.0.0.0/16"
                ]
              }
            ],
            "node_os_channel_upgrade": null,
            "node_resource_group": "rg-k8s-mahb-prod-002",
            "node_resource_group_id": "/subscriptions/524875d7-62d5-42df-8fe5-78822e211bf3/resourceGroups/rg-k8s-mahb-prod-002",
            "oidc_issuer_enabled": true,
            "oidc_issuer_url": "https://eastasia.oic.prod-aks.azure.com/cb63c8b6-7cdf-44fb-8662-675bf9d1f979/d3076945-0f61-4c2e-a945-3303d8184428/",
            "oms_agent": [
              {
                "log_analytics_workspace_id": "/subscriptions/524875d7-62d5-42df-8fe5-78822e211bf3/resourceGroups/rg-mahb-prod-002/providers/Microsoft.OperationalInsights/workspaces/log-mahb-prod-002",
                "msi_auth_for_monitoring_enabled": false,
                "oms_agent_identity": [
                  {
                    "client_id": "ea6da0dc-84fc-4fd9-8b9b-9f802dfe4272",
                    "object_id": "14ecf68b-bdc5-40c6-bd16-c0557233f9a7",
                    "user_assigned_identity_id": "/subscriptions/524875d7-62d5-42df-8fe5-78822e211bf3/resourcegroups/rg-k8s-mahb-prod-002/providers/Microsoft.ManagedIdentity/userAssignedIdentities/omsagent-aks-mahb-prod-002"
                  }
                ]
              }
            ],
            "open_service_mesh_enabled": false,
            "portal_fqdn": "6fb1b988189fa005e23cb444929324f1-priv.portal.hcp.eastasia.azmk8s.io",
            "private_cluster_enabled": true,
            "private_cluster_public_fqdn_enabled": false,
            "private_dns_zone_id": "System",
            "private_fqdn": "aks-mahb-prod-002-1f9dkn14.a566d274-6cbc-4f4a-9aee-c5807e185b82.private.eastasia.azmk8s.io",
            "public_network_access_enabled": true,
            "resource_group_name": "rg-mahb-prod-002",
            "role_based_access_control_enabled": true,
            "run_command_enabled": true,
            "service_mesh_profile": [],
            "service_principal": [],
            "sku_tier": "Free",
            "storage_profile": [],
            "support_plan": "KubernetesOfficial",
            "tags": {
              "Instance": "Failover"
            },
            "timeouts": null,
            "web_app_routing": [],
            "windows_profile": [
              {
                "admin_password": "",
                "admin_username": "azureuser",
                "gmsa": [],
                "license": ""
              }
            ],
            "workload_autoscaler_profile": [],
            "workload_identity_enabled": false
          },
          "sensitive_attributes": [],
          "private": "eyJlMmJmYjczMC1lY2FhLTExZTYtOGY4OC0zNDM2M2JjN2M0YzAiOnsiY3JlYXRlIjo1NDAwMDAwMDAwMDAwLCJkZWxldGUiOjU0MDAwMDAwMDAwMDAsInJlYWQiOjMwMDAwMDAwMDAwMCwidXBkYXRlIjo1NDAwMDAwMDAwMDAwfSwic2NoZW1hX3ZlcnNpb24iOiIyIn0=",
          "dependencies": [
            "module.subnets_failover.data.azurerm_subnet.aks",
            "module.subnets_failover.data.azurerm_subnet.gateway",
            "module.subnets_failover.data.azurerm_subnet.jumpbox",
            "module.workload_failover.module.aks.azurerm_user_assigned_identity.aks_identity",
            "module.workload_failover.module.group.azurerm_resource_group.default",
            "module.workload_failover.module.log.azurerm_log_analytics_workspace.default"
          ]
        }
      ]
    },
    {
      "module": "module.workload_failover.module.aks",
      "mode": "managed",
      "type": "azurerm_role_assignment",
      "name": "network_contributor_assignment",
      "provider": "provider[\"registry.terraform.io/hashicorp/azurerm\"]",
      "instances": [
        {
          "schema_version": 0,
          "attributes": {
            "condition": "",
            "condition_version": "",
            "delegated_managed_identity_resource_id": "",
            "description": "",
            "id": "/subscriptions/524875d7-62d5-42df-8fe5-78822e211bf3/resourceGroups/rg-network-prod-002/providers/Microsoft.Authorization/roleAssignments/a5e16f6d-3561-d549-b69f-d1dd2d1fce7c",
            "name": "a5e16f6d-3561-d549-b69f-d1dd2d1fce7c",
            "principal_id": "53fcdb9e-6896-4971-8555-85b3942ea236",
            "principal_type": "ServicePrincipal",
            "role_definition_id": "/subscriptions/524875d7-62d5-42df-8fe5-78822e211bf3/providers/Microsoft.Authorization/roleDefinitions/4d97b98b-1d4f-4787-a291-c67834d212e7",
            "role_definition_name": "Network Contributor",
            "scope": "/subscriptions/524875d7-62d5-42df-8fe5-78822e211bf3/resourceGroups/rg-network-prod-002",
            "skip_service_principal_aad_check": true,
            "timeouts": null
          },
          "sensitive_attributes": [],
          "private": "eyJlMmJmYjczMC1lY2FhLTExZTYtOGY4OC0zNDM2M2JjN2M0YzAiOnsiY3JlYXRlIjoxODAwMDAwMDAwMDAwLCJkZWxldGUiOjE4MDAwMDAwMDAwMDAsInJlYWQiOjMwMDAwMDAwMDAwMH19",
          "dependencies": [
            "module.workload_failover.module.aks.azurerm_user_assigned_identity.aks_identity",
            "module.workload_failover.module.aks.data.azurerm_resource_group.existing",
            "module.workload_failover.module.group.azurerm_resource_group.default"
          ]
        }
      ]
    },
    {
      "module": "module.workload_failover.module.aks",
      "mode": "managed",
      "type": "azurerm_user_assigned_identity",
      "name": "aks_identity",
      "provider": "provider[\"registry.terraform.io/hashicorp/azurerm\"]",
      "instances": [
        {
          "schema_version": 1,
          "attributes": {
            "client_id": "fd7e9737-5963-40e0-b74c-757698ef63a9",
            "id": "/subscriptions/524875d7-62d5-42df-8fe5-78822e211bf3/resourceGroups/rg-mahb-prod-002/providers/Microsoft.ManagedIdentity/userAssignedIdentities/mahb-prod-002Identity",
            "location": "eastasia",
            "name": "mahb-prod-002Identity",
            "principal_id": "53fcdb9e-6896-4971-8555-85b3942ea236",
            "resource_group_name": "rg-mahb-prod-002",
            "tags": {
              "Instance": "Failover"
            },
            "tenant_id": "cb63c8b6-7cdf-44fb-8662-675bf9d1f979",
            "timeouts": null
          },
          "sensitive_attributes": [],
          "private": "eyJlMmJmYjczMC1lY2FhLTExZTYtOGY4OC0zNDM2M2JjN2M0YzAiOnsiY3JlYXRlIjoxODAwMDAwMDAwMDAwLCJkZWxldGUiOjE4MDAwMDAwMDAwMDAsInJlYWQiOjMwMDAwMDAwMDAwMCwidXBkYXRlIjoxODAwMDAwMDAwMDAwfSwic2NoZW1hX3ZlcnNpb24iOiIxIn0=",
          "dependencies": [
            "module.workload_failover.module.group.azurerm_resource_group.default"
          ]
        }
      ]
    },
    {
      "module": "module.workload_failover.module.app_registration",
      "mode": "managed",
      "type": "azuread_application",
      "name": "default",
      "provider": "provider[\"registry.terraform.io/hashicorp/azuread\"]",
      "instances": [
        {
          "schema_version": 1,
          "attributes": {
            "api": [
              {
                "known_client_applications": [],
                "mapped_claims_enabled": false,
                "oauth2_permission_scope": [],
                "requested_access_token_version": 1
              }
            ],
            "app_role": [],
            "app_role_ids": {},
            "application_id": "adb9a587-f478-4979-a55f-48b33d74da43",
            "device_only_auth_enabled": false,
            "disabled_by_microsoft": "\u003cnil\u003e",
            "display_name": "aks-service-principal-mahb-prod-002",
            "fallback_public_client_enabled": false,
            "feature_tags": [
              {
                "custom_single_sign_on": false,
                "enterprise": false,
                "gallery": false,
                "hide": false
              }
            ],
            "group_membership_claims": [],
            "id": "03908cb3-9540-4888-9c6c-762577350cf9",
            "identifier_uris": [],
            "logo_image": "",
            "logo_url": "",
            "marketing_url": "",
            "oauth2_permission_scope_ids": {},
            "oauth2_post_response_required": false,
            "object_id": "03908cb3-9540-4888-9c6c-762577350cf9",
            "optional_claims": [
              {
                "access_token": [],
                "id_token": [],
                "saml2_token": []
              }
            ],
            "owners": [],
            "prevent_duplicate_names": false,
            "privacy_statement_url": "",
            "public_client": [
              {
                "redirect_uris": []
              }
            ],
            "publisher_domain": "myairports.com.my",
            "required_resource_access": [],
            "sign_in_audience": "AzureADMyOrg",
            "single_page_application": [
              {
                "redirect_uris": []
              }
            ],
            "support_url": "",
            "tags": [],
            "template_id": "",
            "terms_of_service_url": "",
            "timeouts": null,
            "web": [
              {
                "homepage_url": "",
                "implicit_grant": [
                  {
                    "access_token_issuance_enabled": false,
                    "id_token_issuance_enabled": false
                  }
                ],
                "logout_url": "",
                "redirect_uris": []
              }
            ]
          },
          "sensitive_attributes": [],
          "private": "eyJlMmJmYjczMC1lY2FhLTExZTYtOGY4OC0zNDM2M2JjN2M0YzAiOnsiY3JlYXRlIjo2MDAwMDAwMDAwMDAsImRlbGV0ZSI6MzAwMDAwMDAwMDAwLCJyZWFkIjozMDAwMDAwMDAwMDAsInVwZGF0ZSI6NjAwMDAwMDAwMDAwfSwic2NoZW1hX3ZlcnNpb24iOiIxIn0="
        }
      ]
    },
    {
      "module": "module.workload_failover.module.app_registration",
      "mode": "managed",
      "type": "azuread_application_federated_identity_credential",
      "name": "default",
      "provider": "provider[\"registry.terraform.io/hashicorp/azuread\"]",
      "instances": [
        {
          "schema_version": 0,
          "attributes": {
            "application_object_id": "03908cb3-9540-4888-9c6c-762577350cf9",
            "audiences": [
              "api://AzureADTokenExchange"
            ],
            "credential_id": "94c0fadf-fa99-43e7-941a-d7d100fa74dc",
            "description": "Kubernetes service account federated credential",
            "display_name": "kubernetes-federated-credential",
            "id": "03908cb3-9540-4888-9c6c-762577350cf9/federatedIdentityCredential/94c0fadf-fa99-43e7-941a-d7d100fa74dc",
            "issuer": "https://eastasia.oic.prod-aks.azure.com/cb63c8b6-7cdf-44fb-8662-675bf9d1f979/d3076945-0f61-4c2e-a945-3303d8184428/",
            "subject": "system:serviceaccount:default:workload-identity-sa",
            "timeouts": null
          },
          "sensitive_attributes": [],
          "private": "eyJlMmJmYjczMC1lY2FhLTExZTYtOGY4OC0zNDM2M2JjN2M0YzAiOnsiY3JlYXRlIjo5MDAwMDAwMDAwMDAsImRlbGV0ZSI6MzAwMDAwMDAwMDAwLCJyZWFkIjozMDAwMDAwMDAwMDAsInVwZGF0ZSI6MzAwMDAwMDAwMDAwfX0=",
          "dependencies": [
            "module.subnets_failover.data.azurerm_subnet.aks",
            "module.subnets_failover.data.azurerm_subnet.gateway",
            "module.subnets_failover.data.azurerm_subnet.jumpbox",
            "module.workload_failover.module.aks.azurerm_kubernetes_cluster.default",
            "module.workload_failover.module.aks.azurerm_user_assigned_identity.aks_identity",
            "module.workload_failover.module.app_registration.azuread_application.default",
            "module.workload_failover.module.group.azurerm_resource_group.default",
            "module.workload_failover.module.log.azurerm_log_analytics_workspace.default"
          ]
        }
      ]
    },
    {
      "module": "module.workload_failover.module.app_registration",
      "mode": "managed",
      "type": "azuread_service_principal",
      "name": "default",
      "provider": "provider[\"registry.terraform.io/hashicorp/azuread\"]",
      "instances": [
        {
          "schema_version": 0,
          "attributes": {
            "account_enabled": true,
            "alternative_names": [],
            "app_role_assignment_required": false,
            "app_role_ids": {},
            "app_roles": [],
            "application_id": "adb9a587-f478-4979-a55f-48b33d74da43",
            "application_tenant_id": "cb63c8b6-7cdf-44fb-8662-675bf9d1f979",
            "description": "",
            "display_name": "aks-service-principal-mahb-prod-002",
            "feature_tags": [
              {
                "custom_single_sign_on": false,
                "enterprise": false,
                "gallery": false,
                "hide": false
              }
            ],
            "features": [
              {
                "custom_single_sign_on_app": false,
                "enterprise_application": false,
                "gallery_application": false,
                "visible_to_users": true
              }
            ],
            "homepage_url": "",
            "id": "a395de94-68bc-47c9-af01-81e6f7d52cec",
            "login_url": "",
            "logout_url": "",
            "notes": "",
            "notification_email_addresses": [],
            "oauth2_permission_scope_ids": {},
            "oauth2_permission_scopes": [],
            "object_id": "a395de94-68bc-47c9-af01-81e6f7d52cec",
            "owners": [],
            "preferred_single_sign_on_mode": "",
            "redirect_uris": [],
            "saml_metadata_url": "",
            "saml_single_sign_on": [
              {
                "relay_state": ""
              }
            ],
            "service_principal_names": [],
            "sign_in_audience": "AzureADMyOrg",
            "tags": [],
            "timeouts": null,
            "type": "Application",
            "use_existing": null
          },
          "sensitive_attributes": [],
          "private": "eyJlMmJmYjczMC1lY2FhLTExZTYtOGY4OC0zNDM2M2JjN2M0YzAiOnsiY3JlYXRlIjo2MDAwMDAwMDAwMDAsImRlbGV0ZSI6MzAwMDAwMDAwMDAwLCJyZWFkIjozMDAwMDAwMDAwMDAsInVwZGF0ZSI6NjAwMDAwMDAwMDAwfX0=",
          "dependencies": [
            "module.workload_failover.module.app_registration.azuread_application.default"
          ]
        }
      ]
    },
    {
      "module": "module.workload_failover.module.group",
      "mode": "managed",
      "type": "azurerm_resource_group",
      "name": "default",
      "provider": "provider[\"registry.terraform.io/hashicorp/azurerm\"]",
      "instances": [
        {
          "schema_version": 0,
          "attributes": {
            "id": "/subscriptions/524875d7-62d5-42df-8fe5-78822e211bf3/resourceGroups/rg-mahb-prod-002",
            "location": "eastasia",
            "managed_by": "",
            "name": "rg-mahb-prod-002",
            "tags": {
              "Instance": "Failover"
            },
            "timeouts": null
          },
          "sensitive_attributes": [],
          "private": "eyJlMmJmYjczMC1lY2FhLTExZTYtOGY4OC0zNDM2M2JjN2M0YzAiOnsiY3JlYXRlIjo1NDAwMDAwMDAwMDAwLCJkZWxldGUiOjU0MDAwMDAwMDAwMDAsInJlYWQiOjMwMDAwMDAwMDAwMCwidXBkYXRlIjo1NDAwMDAwMDAwMDAwfX0="
        }
      ]
    },
    {
      "module": "module.workload_failover.module.kv",
      "mode": "data",
      "type": "azurerm_client_config",
      "name": "current",
      "provider": "provider[\"registry.terraform.io/hashicorp/azurerm\"]",
      "instances": [
        {
          "schema_version": 0,
          "attributes": {
            "client_id": "04b07795-8ddb-461a-bbee-02f9e1bf7b46",
            "id": "Y2xpZW50Q29uZmlncy9jbGllbnRJZD0wNGIwNzc5NS04ZGRiLTQ2MWEtYmJlZS0wMmY5ZTFiZjdiNDY7b2JqZWN0SWQ9NDBlNjNhZTctOWZiZC00Njk2LWJjMTUtZDM1YTViMWZiYWE5O3N1YnNjcmlwdGlvbklkPTUyNDg3NWQ3LTYyZDUtNDJkZi04ZmU1LTc4ODIyZTIxMWJmMzt0ZW5hbnRJZD1jYjYzYzhiNi03Y2RmLTQ0ZmItODY2Mi02NzViZjlkMWY5Nzk=",
            "object_id": "40e63ae7-9fbd-4696-bc15-d35a5b1fbaa9",
            "subscription_id": "524875d7-62d5-42df-8fe5-78822e211bf3",
            "tenant_id": "cb63c8b6-7cdf-44fb-8662-675bf9d1f979",
            "timeouts": null
          },
          "sensitive_attributes": []
        }
      ]
    },
    {
      "module": "module.workload_failover.module.kv",
      "mode": "managed",
      "type": "azurerm_key_vault",
      "name": "default",
      "provider": "provider[\"registry.terraform.io/hashicorp/azurerm\"]",
      "instances": [
        {
          "schema_version": 2,
          "attributes": {
            "access_policy": [
              {
                "application_id": "",
                "certificate_permissions": [],
                "key_permissions": [],
                "object_id": "0a000388-bc88-4680-8793-41aedcfb818e",
                "secret_permissions": [
                  "Get"
                ],
                "storage_permissions": [],
                "tenant_id": "cb63c8b6-7cdf-44fb-8662-675bf9d1f979"
              },
              {
                "application_id": "",
                "certificate_permissions": [],
                "key_permissions": [],
                "object_id": "40e63ae7-9fbd-4696-bc15-d35a5b1fbaa9",
                "secret_permissions": [
                  "Backup",
                  "Delete",
                  "Get",
                  "List",
                  "Purge",
                  "Recover",
                  "Restore",
                  "Set"
                ],
                "storage_permissions": [],
                "tenant_id": "cb63c8b6-7cdf-44fb-8662-675bf9d1f979"
              },
              {
                "application_id": "",
                "certificate_permissions": [],
                "key_permissions": [],
                "object_id": "a395de94-68bc-47c9-af01-81e6f7d52cec",
                "secret_permissions": [
                  "Get"
                ],
                "storage_permissions": [],
                "tenant_id": "cb63c8b6-7cdf-44fb-8662-675bf9d1f979"
              }
            ],
            "contact": [],
            "enable_rbac_authorization": false,
            "enabled_for_deployment": false,
            "enabled_for_disk_encryption": false,
            "enabled_for_template_deployment": false,
            "id": "/subscriptions/524875d7-62d5-42df-8fe5-78822e211bf3/resourceGroups/rg-mahb-prod-002/providers/Microsoft.KeyVault/vaults/kv-mahb-prod-002",
            "location": "eastasia",
            "name": "kv-mahb-prod-002",
            "network_acls": [
              {
                "bypass": "AzureServices",
                "default_action": "Deny",
                "ip_rules": [],
                "virtual_network_subnet_ids": [
                  "/subscriptions/524875d7-62d5-42df-8fe5-78822e211bf3/resourceGroups/rg-network-prod-001/providers/Microsoft.Network/virtualNetworks/vnet-network-prod-001/subnets/subnet-jumpbox",
                  "/subscriptions/524875d7-62d5-42df-8fe5-78822e211bf3/resourceGroups/rg-network-prod-002/providers/Microsoft.Network/virtualNetworks/vnet-network-prod-002/subnets/subnet-aks",
                  "/subscriptions/524875d7-62d5-42df-8fe5-78822e211bf3/resourceGroups/rg-network-prod-002/providers/Microsoft.Network/virtualNetworks/vnet-network-prod-002/subnets/subnet-jumpbox"
                ]
              }
            ],
            "public_network_access_enabled": true,
            "purge_protection_enabled": false,
            "resource_group_name": "rg-mahb-prod-002",
            "sku_name": "standard",
            "soft_delete_retention_days": 7,
            "tags": {
              "Instance": "Failover"
            },
            "tenant_id": "cb63c8b6-7cdf-44fb-8662-675bf9d1f979",
            "timeouts": null,
            "vault_uri": "https://kv-mahb-prod-002.vault.azure.net/"
          },
          "sensitive_attributes": [],
          "private": "eyJlMmJmYjczMC1lY2FhLTExZTYtOGY4OC0zNDM2M2JjN2M0YzAiOnsiY3JlYXRlIjoxODAwMDAwMDAwMDAwLCJkZWxldGUiOjE4MDAwMDAwMDAwMDAsInJlYWQiOjMwMDAwMDAwMDAwMCwidXBkYXRlIjoxODAwMDAwMDAwMDAwfSwic2NoZW1hX3ZlcnNpb24iOiIyIn0=",
          "dependencies": [
            "module.subnets_failover.data.azurerm_subnet.aks",
            "module.subnets_failover.data.azurerm_subnet.jumpbox",
            "module.subnets_main.data.azurerm_subnet.jumpbox",
            "module.workload_failover.module.group.azurerm_resource_group.default",
            "module.workload_failover.module.kv.data.azurerm_client_config.current"
          ]
        }
      ]
    },
    {
      "module": "module.workload_failover.module.kv",
      "mode": "managed",
      "type": "azurerm_key_vault_access_policy",
      "name": "aks",
      "provider": "provider[\"registry.terraform.io/hashicorp/azurerm\"]",
      "instances": [
        {
          "schema_version": 0,
          "attributes": {
            "application_id": "",
            "certificate_permissions": [],
            "id": "/subscriptions/524875d7-62d5-42df-8fe5-78822e211bf3/resourceGroups/rg-mahb-prod-002/providers/Microsoft.KeyVault/vaults/kv-mahb-prod-002/objectId/a395de94-68bc-47c9-af01-81e6f7d52cec",
            "key_permissions": [],
            "key_vault_id": "/subscriptions/524875d7-62d5-42df-8fe5-78822e211bf3/resourceGroups/rg-mahb-prod-002/providers/Microsoft.KeyVault/vaults/kv-mahb-prod-002",
            "object_id": "a395de94-68bc-47c9-af01-81e6f7d52cec",
            "secret_permissions": [
              "Get"
            ],
            "storage_permissions": [],
            "tenant_id": "cb63c8b6-7cdf-44fb-8662-675bf9d1f979",
            "timeouts": null
          },
          "sensitive_attributes": [],
          "private": "eyJlMmJmYjczMC1lY2FhLTExZTYtOGY4OC0zNDM2M2JjN2M0YzAiOnsiY3JlYXRlIjoxODAwMDAwMDAwMDAwLCJkZWxldGUiOjE4MDAwMDAwMDAwMDAsInJlYWQiOjMwMDAwMDAwMDAwMCwidXBkYXRlIjoxODAwMDAwMDAwMDAwfX0=",
          "dependencies": [
            "module.subnets_failover.data.azurerm_subnet.aks",
            "module.subnets_failover.data.azurerm_subnet.jumpbox",
            "module.subnets_main.data.azurerm_subnet.jumpbox",
            "module.workload_failover.module.app_registration.azuread_application.default",
            "module.workload_failover.module.app_registration.azuread_service_principal.default",
            "module.workload_failover.module.group.azurerm_resource_group.default",
            "module.workload_failover.module.kv.azurerm_key_vault.default",
            "module.workload_failover.module.kv.data.azurerm_client_config.current"
          ]
        }
      ]
    },
    {
      "module": "module.workload_failover.module.log",
      "mode": "managed",
      "type": "azurerm_log_analytics_workspace",
      "name": "default",
      "provider": "provider[\"registry.terraform.io/hashicorp/azurerm\"]",
      "instances": [
        {
          "schema_version": 3,
          "attributes": {
            "allow_resource_only_permissions": true,
            "cmk_for_query_forced": false,
            "daily_quota_gb": -1,
            "data_collection_rule_id": "",
            "id": "/subscriptions/524875d7-62d5-42df-8fe5-78822e211bf3/resourceGroups/rg-mahb-prod-002/providers/Microsoft.OperationalInsights/workspaces/log-mahb-prod-002",
            "identity": [],
            "immediate_data_purge_on_30_days_enabled": false,
            "internet_ingestion_enabled": true,
            "internet_query_enabled": true,
            "local_authentication_disabled": false,
            "location": "eastasia",
            "name": "log-mahb-prod-002",
            "primary_shared_key": "/Bb1oRefWxbROynGjo/PJhyzDG1xYTjR9ocMP3qHkqJz8Nemrka1wUfLS4bb6GT9BpXY78fXlqMmUI3gf1cX9A==",
            "reservation_capacity_in_gb_per_day": null,
            "resource_group_name": "rg-mahb-prod-002",
            "retention_in_days": 30,
            "secondary_shared_key": "F4zqKCZ69JxSF9ZL6MbbLVYPqgEndNQLWXT45KyPPUqJ2RwmS91tYonpmIwEyuD6CxEsMUAKWK+qcXQRQSKRoA==",
            "sku": "PerGB2018",
            "tags": {
              "Instance": "Failover"
            },
            "timeouts": null,
            "workspace_id": "61981290-35dc-4d52-85be-2f812957b71e"
          },
          "sensitive_attributes": [],
          "private": "eyJlMmJmYjczMC1lY2FhLTExZTYtOGY4OC0zNDM2M2JjN2M0YzAiOnsiY3JlYXRlIjoxODAwMDAwMDAwMDAwLCJkZWxldGUiOjE4MDAwMDAwMDAwMDAsInJlYWQiOjMwMDAwMDAwMDAwMCwidXBkYXRlIjoxODAwMDAwMDAwMDAwfSwic2NoZW1hX3ZlcnNpb24iOiIzIn0=",
          "dependencies": [
            "module.workload_failover.module.group.azurerm_resource_group.default"
          ]
        }
      ]
    },
    {
      "module": "module.workload_main.module.aks",
      "mode": "data",
      "type": "azurerm_public_ip",
      "name": "default",
      "provider": "provider[\"registry.terraform.io/hashicorp/azurerm\"]",
      "instances": [
        {
          "schema_version": 0,
          "attributes": {
            "allocation_method": "Static",
            "ddos_protection_mode": null,
            "ddos_protection_plan_id": null,
            "domain_name_label": "",
            "fqdn": "",
            "id": "/subscriptions/524875d7-62d5-42df-8fe5-78822e211bf3/resourceGroups/rg-k8s-mahb-prod-001/providers/Microsoft.Network/publicIPAddresses/agw-mahb-prod-001-appgwpip",
            "idle_timeout_in_minutes": 4,
            "ip_address": "4.145.30.220",
            "ip_tags": {},
            "ip_version": "IPv4",
            "location": "southeastasia",
            "name": "agw-mahb-prod-001-appgwpip",
            "resource_group_name": "rg-k8s-mahb-prod-001",
            "reverse_fqdn": "",
            "sku": "Standard",
            "tags": {},
            "timeouts": null,
            "zones": [
              "1",
              "2",
              "3"
            ]
          },
          "sensitive_attributes": []
        }
      ]
    },
    {
      "module": "module.workload_main.module.aks",
      "mode": "data",
      "type": "azurerm_resource_group",
      "name": "existing",
      "provider": "provider[\"registry.terraform.io/hashicorp/azurerm\"]",
      "instances": [
        {
          "schema_version": 0,
          "attributes": {
            "id": "/subscriptions/524875d7-62d5-42df-8fe5-78822e211bf3/resourceGroups/rg-network-prod-001",
            "location": "southeastasia",
            "managed_by": "",
            "name": "rg-network-prod-001",
            "tags": {
              "Instance": "Main"
            },
            "timeouts": null
          },
          "sensitive_attributes": []
        }
      ]
    },
    {
      "module": "module.workload_main.module.aks",
      "mode": "managed",
      "type": "azurerm_kubernetes_cluster",
      "name": "default",
      "provider": "provider[\"registry.terraform.io/hashicorp/azurerm\"]",
      "instances": [
        {
          "schema_version": 2,
          "attributes": {
            "aci_connector_linux": [],
            "api_server_access_profile": [
              {
                "authorized_ip_ranges": [],
                "subnet_id": "/subscriptions/524875d7-62d5-42df-8fe5-78822e211bf3/resourceGroups/rg-network-prod-001/providers/Microsoft.Network/virtualNetworks/vnet-network-prod-001/subnets/subnet-jumpbox",
                "vnet_integration_enabled": true
              }
            ],
            "api_server_authorized_ip_ranges": [],
            "auto_scaler_profile": [],
            "automatic_channel_upgrade": "",
            "azure_active_directory_role_based_access_control": [],
            "azure_policy_enabled": false,
            "confidential_computing": [],
            "current_kubernetes_version": "1.27.9",
            "custom_ca_trust_certificates_base64": null,
            "default_node_pool": [
              {
                "capacity_reservation_group_id": "",
                "custom_ca_trust_enabled": false,
                "enable_auto_scaling": false,
                "enable_host_encryption": false,
                "enable_node_public_ip": false,
                "fips_enabled": false,
                "gpu_instance": "",
                "host_group_id": "",
                "kubelet_config": [],
                "kubelet_disk_type": "OS",
                "linux_os_config": [],
                "max_count": 0,
                "max_pods": 30,
                "message_of_the_day": "",
                "min_count": 0,
                "name": "default",
                "node_count": 1,
                "node_labels": {},
                "node_network_profile": [],
                "node_public_ip_prefix_id": "",
                "node_taints": null,
                "only_critical_addons_enabled": false,
                "orchestrator_version": "1.27.9",
                "os_disk_size_gb": 128,
                "os_disk_type": "Managed",
                "os_sku": "Ubuntu",
                "pod_subnet_id": "",
                "proximity_placement_group_id": "",
                "scale_down_mode": "Delete",
                "snapshot_id": "",
                "tags": null,
                "temporary_name_for_rotation": "",
                "type": "VirtualMachineScaleSets",
                "ultra_ssd_enabled": false,
                "upgrade_settings": [],
                "vm_size": "Standard_B2s",
                "vnet_subnet_id": "/subscriptions/524875d7-62d5-42df-8fe5-78822e211bf3/resourceGroups/rg-network-prod-001/providers/Microsoft.Network/virtualNetworks/vnet-network-prod-001/subnets/subnet-aks",
                "workload_runtime": "",
                "zones": null
              }
            ],
            "disk_encryption_set_id": "",
            "dns_prefix": "aks-mahb-prod-001",
            "dns_prefix_private_cluster": "",
            "edge_zone": "",
            "enable_pod_security_policy": false,
            "fqdn": "",
            "http_application_routing_enabled": false,
            "http_application_routing_zone_name": "",
            "http_proxy_config": [],
            "id": "/subscriptions/524875d7-62d5-42df-8fe5-78822e211bf3/resourceGroups/rg-mahb-prod-001/providers/Microsoft.ContainerService/managedClusters/aks-mahb-prod-001",
            "identity": [
              {
                "identity_ids": [
                  "/subscriptions/524875d7-62d5-42df-8fe5-78822e211bf3/resourceGroups/rg-mahb-prod-001/providers/Microsoft.ManagedIdentity/userAssignedIdentities/mahb-prod-001Identity"
                ],
                "principal_id": "",
                "tenant_id": "",
                "type": "UserAssigned"
              }
            ],
            "image_cleaner_enabled": false,
            "image_cleaner_interval_hours": 48,
            "ingress_application_gateway": [
              {
                "effective_gateway_id": "/subscriptions/524875d7-62d5-42df-8fe5-78822e211bf3/resourceGroups/rg-k8s-mahb-prod-001/providers/Microsoft.Network/applicationGateways/agw-mahb-prod-001",
                "gateway_id": "",
                "gateway_name": "agw-mahb-prod-001",
                "ingress_application_gateway_identity": [
                  {
                    "client_id": "1e2fdcc2-8b69-463e-af9c-02de8d112bd3",
                    "object_id": "ea0fe8f7-1a29-4a77-a485-1651aa5d9610",
                    "user_assigned_identity_id": "/subscriptions/524875d7-62d5-42df-8fe5-78822e211bf3/resourcegroups/rg-k8s-mahb-prod-001/providers/Microsoft.ManagedIdentity/userAssignedIdentities/ingressapplicationgateway-aks-mahb-prod-001"
                  }
                ],
                "subnet_cidr": "",
                "subnet_id": "/subscriptions/524875d7-62d5-42df-8fe5-78822e211bf3/resourceGroups/rg-network-prod-001/providers/Microsoft.Network/virtualNetworks/vnet-network-prod-001/subnets/subnet-gateway"
              }
            ],
            "key_management_service": [],
            "key_vault_secrets_provider": [],
            "kube_admin_config": [],
            "kube_admin_config_raw": "",
            "kube_config": [
              {
                "client_certificate": "LS0tLS1CRUdJTiBDRVJUSUZJQ0FURS0tLS0tCk1JSUZIVENDQXdXZ0F3SUJBZ0lRT0o2Y1BqWFh3MDJCTUpoNGJyY3dUakFOQmdrcWhraUc5dzBCQVFzRkFEQU4KTVFzd0NRWURWUVFERXdKallUQWVGdzB5TkRBek1UUXhPREU1TWpKYUZ3MHlOakF6TVRReE9ESTVNakphTURBeApGekFWQmdOVkJBb1REbk41YzNSbGJUcHRZWE4wWlhKek1SVXdFd1lEVlFRREV3eHRZWE4wWlhKamJHbGxiblF3CmdnSWlNQTBHQ1NxR1NJYjNEUUVCQVFVQUE0SUNEd0F3Z2dJS0FvSUNBUUN2ZEJBTVJGWW13NGpaVmVoc2NiUGcKTXdtQ3dvMm9lU3lVT255T3pydHhOOW9uQ2hZRkQ1ZGU3Tm9ZZzBLY0xlZ09oTVQ2eElYQ1JPVXA4OFBKQVp2UQorV1FJMVlNcXBEOWdwVkRIUDVMeE10RnN5Y3FhWktXVTZEcTNWb2MwYktvVHRHT25jLzF0b2JSR0dHOU5PVWxjCjQ4QkMwSlR5SllKbTI1Qm1zakJLWDJnSWFxeGxQWHNoVjVhdE5DaUNRQlFIU3N1c3hpOG9WVWV3QUJEaW9jNEMKdU5aMVhyc2lUcEtaanVvV1I1RGxEQlBWbXdkUEZTUVJOSFZxaHVJYmtkLzBLSGh2RGJzc0ovaWY4UzhrVVRIWgpZSU5DVit2RXZIZjRrT3FRek5xMFFnclZxYVVpK09QaE0rQU5aYlNnTGhIZzY3MGdKRTBFVUFBVHdjM2tWbzhNCjFVSDZkYkRkQzBaNUtOMUt2Ri9SRFIwS3lMbm9FVjBzUWpBSGNOR1hsdUNXOWs2b1lGdEFxKzlxQTlkUWpqQ0gKTXM4eG0raHlOMXprUXRkaHJreVpLNHo3YXJaanBsV3o1QzAvT3NmYVQ0eFdPSThxYWVhZzRUbmtsbmdrQ2F6aQpxY0s2VDZNNC9TVnZxWEhiTjViWTBzaFUvV2JZOGEvQzNSTXNJZ0dhQUdabUFmeWJ2NFZMM0o1MEZLdHgyNUNmCmxLWFVDQmN5UjUycit4MkYxNVhWYjFma2F6MHUxQmUzMkRucjJwaFJwVVc5YWpjZ2tZUXZSNUhZRFprdDg1eG8Kd2QyVDdnVnFWaUllTW9QaE1BNWt2K0xHY1hWaEpFTVhpb3JQTWZNM3BydUNkR2NHYVB3NDhNK0pBaFh1b3JWZgpDZWFTNzhtTXFHVFVKWHhadllWQkZ3SURBUUFCbzFZd1ZEQU9CZ05WSFE4QkFmOEVCQU1DQmFBd0V3WURWUjBsCkJBd3dDZ1lJS3dZQkJRVUhBd0l3REFZRFZSMFRBUUgvQkFJd0FEQWZCZ05WSFNNRUdEQVdnQlNxaHVvRTM5M3gKU3BISU1CZ2F2aHl1N3pzd1BUQU5CZ2txaGtpRzl3MEJBUXNGQUFPQ0FnRUFuYlNPK2lFZ1daUDFFZldNQzdyZQpXVDd6SzkvNHM2SUFza1h6TlZzdExWRFJSVUFuQ3hBRzNSWjdGUHg3YjZqOGc3TXVEMDdmamJCc0lGeE1SVmNmClJvK0NibXJIdVV3bGw1ZUhBdXlqbmUrcGdvaWlkZHU5UFo2Vms3dWRGQnRCUXF6cmxHMzN4SXRLQWlzbXRIUXoKUHcyeU00WnZUeWltV3k2L1orbVpQWDYxdG4wTmNtRUJ1RTJLZkcwMldPWXU3TmVRTmhoa1R4UmI4cDdBRi8wMAppRGRmVTRKUXRydklpY2FsQ2tUWGc4dmw5WG1LZkkwRy9iR044bldFbHp1UWZXSVVIR1ZtZE5rbytRamhXQ2FHCjh3bFpDbmRCZll3YXFZQWxKaFJoK29SRVpzZzRnUytHVnFhTUpreVd1Q0JjTlRVc20zZjU3RGdTYzFseDFubVQKbjB6SG5tR2RkandBUUZwcHd2OWF1WGR3SjdSRXRJWklCT2VBdlJBNmhNZnArVW5NQ1MyUXhlK0JybWNSZS9seQpSazlWK242a09XZWRiYWtwc2NpeWx0U3ErRlp0dU51Rnpjb2xKaHVBM2Z4aXNiZHZOblpKSFpFZnA2b3E0SFE4CjUxUTlkSHk5dGtJYmVLOC90cmxPYm1icDhmclJpWVdkZDdOdTQ5QVJSV1gyYkxSSkNQWm5zVEp3SjU5alJCZkgKcFNiZ3VOTVFkTlZycWxGTDdaUlBXZERqZDk0cFB6MUJXWG45d1J3RkQvSzRCZWJPVE90bERaMFZwWnJnRDBzdwo2N1ZnRHA0Vkd2YkJhRUJqTG8zMktwVjZjUDd3c0NRNDlpTmlETmhhbWVoY24vMVBUT2Z3UlVWRFk1bkFsTFZKCkdmbkd3NmY2c3NTM0dFam51aDZGMFRVPQotLS0tLUVORCBDRVJUSUZJQ0FURS0tLS0tCg==",
                "client_key": "LS0tLS1CRUdJTiBSU0EgUFJJVkFURSBLRVktLS0tLQpNSUlKS1FJQkFBS0NBZ0VBcjNRUURFUldKc09JMlZYb2JIR3o0RE1KZ3NLTnFIa3NsRHA4anM2N2NUZmFKd29XCkJRK1hYdXphR0lOQ25DM29Eb1RFK3NTRndrVGxLZlBEeVFHYjBQbGtDTldES3FRL1lLVlF4eitTOFRMUmJNbksKbW1TbGxPZzZ0MWFITkd5cUU3UmpwM1A5YmFHMFJoaHZUVGxKWE9QQVF0Q1U4aVdDWnR1UVpySXdTbDlvQ0dxcwpaVDE3SVZlV3JUUW9na0FVQjByTHJNWXZLRlZIc0FBUTRxSE9BcmpXZFY2N0lrNlNtWTdxRmtlUTVRd1QxWnNIClR4VWtFVFIxYW9iaUc1SGY5Q2g0YncyN0xDZjRuL0V2SkZFeDJXQ0RRbGZyeEx4MytKRHFrTXphdEVJSzFhbWwKSXZqajRUUGdEV1cwb0M0UjRPdTlJQ1JOQkZBQUU4SE41RmFQRE5WQituV3czUXRHZVNqZFNyeGYwUTBkQ3NpNQo2QkZkTEVJd0IzRFJsNWJnbHZaT3FHQmJRS3Z2YWdQWFVJNHdoekxQTVp2b2NqZGM1RUxYWWE1TW1TdU0rMnEyClk2WlZzK1F0UHpySDJrK01WamlQS21ubW9PRTU1Slo0SkFtczRxbkN1aytqT1AwbGI2bHgyemVXMk5MSVZQMW0KMlBHdnd0MFRMQ0lCbWdCbVpnSDhtNytGUzl5ZWRCU3JjZHVRbjVTbDFBZ1hNa2VkcS9zZGhkZVYxVzlYNUdzOQpMdFFYdDlnNTY5cVlVYVZGdldvM0lKR0VMMGVSMkEyWkxmT2NhTUhkays0RmFsWWlIaktENFRBT1pML2l4bkYxCllTUkRGNHFLenpIek42YTdnblJuQm1qOE9QRFBpUUlWN3FLMVh3bm1rdS9KaktoazFDVjhXYjJGUVJjQ0F3RUEKQVFLQ0FnQXZMZitPdk9XSndQVFF0SWd1ZVJqTWhnemRxNkZhRjFPRWZJRzRDU0ZnWFl0OUNmcEgzQnh4T3pHZQplOVZ5bCttWjFkditMdEJsSUErYmkyQXZjZzVMVUhTMDUyMUJEeSszdGx5Vlo2UUUxZ3g0dTM2T3E5Zld4ZWZjCkd4bDZZR29QcUdkUHhTSDExQkRjOUg4aGZmRWJXR2IvMElUczVHYy9iM1ZTR0VKaURXdTFMN0l4K3lsY0d1aDYKcE5icngzMWJSS0ttVUJpb09ONXhGbU56L2R5ZTRNTlNobW05M1BFUTk5dzhwM3Z3QzZKZHd6Vmc3NmRtTlB3Sgo3RUZxOW53SmRNU0Y0R1JmaUZRVDlsQWQ3UE9CcDdGRUtzNU1kZjJ3eW84NDVzMDh3YkdXS09zdUQwMS81bW91ClVCWVZLSzVJRkR3a0kzN09WUkRnUHpJMVg0MVJqTit2Rmhra0VpdXZxOUc0cWVyQjN4ZnRwQXB6YWJsNFFLNncKbFRCSURoTEZSelV0R2F4RFFPMkU0S1IzK3lwd25uT3crZ09mZERXbjNsV29Pc2MwVWMzaTkwRkh0SWd2Ui8zNApyU0N5WkxFem1oUjRiWDIrQWJkNWpWOGxVMSszdEFxZGJPd2VVSjl6S2FPZ0pyck5nQ2NGczY4RWFWSFVxbWVVCkx6SnNwYWFaaW15blhCWExDanNsbEJKWGxiU2NybCtCam15LzZqbmh6Rkg1RE9vdjVjMXZ4WnYybmo5WkV4ZlMKckdNQVlWREZ5T3BtOFJxbjcxV00ydW9CK0NPK2M2d3h1Y1RwcEVUSkIwY1VxWlFQZEtwYmxXUHZOVHUxVE9rSgplWW02a1ZJUnRoNi9oQldLeEpVcldQZG56SUlERmhnZXJCMUFWUlJOQWdWMWhuNUVrUUtDQVFFQXhsRHJReDRSCnJGelRlT0RQd1A5QzUrYllpSlplUWZvM3NNdDJMZGFVeXI5dUJQbG1Fc2tLMC9VSXlzTUUzcXd1Wm1BUE95M20KcC9obnNDSUMxT0hZRS9WTkxHZDFCUWcvUzk2NkpLd1NzTVhNMHMvd2ZFcnBHeTZBRUNNYXh6Q29WK3M2ZFkrSgpqNHkzdGJDWE9xZGlSM3RMVnlDdE5WVkU4S0JTRjV6TEg2M2tMOFhvWnpVa3dBSXg5akxac1NYdjl5cFNjaUdYCjk4Q2lQNy90blF5eHhhNmRZeVpmVlIvSDZpQkFaMjVaUmhpS1JSWmcyYnlMY243Szg5K1kxMktsS3ErN2tYNVIKMSsrdkNoSzJ3ZTBZNzc0TFBhcW5NcHZja2I2TkVaNFNyOGFjcFlHd0YvUXJDN1d2Y3NwN2x6NnQwVEZLc0RCRwpwSTh2YzlORXF3Nm5pUUtDQVFFQTRueTdZZ3JwVGljVSsxOTRwZis5U1RKWncxTjRGZE85UEFIUUNFUTRocENXClh2VXRLMC84TnVIK0h2d1Y0b2NmNHF0dGJRWWVuVERxb0RJb3dzc0JWN1dZRHpXK2EySEVJNnVGN1czUlZUQzQKajVGUXRNcnpZakp6VUo0ZmpOL3IveGdxRzl3QWVaMEZnZmpnUG41NUN4amp5SVJmTHdIbEtPczFvaDBxYzV2Ygpybm5KZFVNYkwyZXBJemp1QzZXVjBQMlhmaUdyMFJSUGxqWFExd2FpM3diUjBSdzV3UWtQSzR4NXoxTVpHR2JBCmtKUFlIWEVpWDErNEdXKzNrSjJySXUzS3kxT012dVJIQ1BKenc4ZzczZkpEUHhKS0laczVSeDZsbUdCYmQ1OXoKMkdPMVRyeEZsbTB3Y01ydjVxdTcrKzBuaUFzWXNBV3FwU2t5cGhIYm53S0NBUUE3TTNUSHVIWTJLZy9IQ2ZWNgorN2lSV2N4U0dmRlJhTXl2TGsyOUtVMkpxTlBERUdCMFF5ZkVWbVdsZ2NvMlh0Z0xINm5zVkt1Q2dSa1M3MVJCCkVKcGNldUhxMjRlSFZRcndMekVLT1lQcTJXRm5uVU9CRnl1M1BZNWxRdFYvbVByb0pBUnppOEhZNUgwQzlCQngKSmY2a3NCMnhpTU9zSkNSTVlNK2cxT0dlTjE3akZBVm9xZWlxbVAwcExjem1vUmlkaERqUWNVN1lXdDBVZ3NzQQpFd1lPcVMyNnAzM1YvNExDVlpaa1NnREVlQmJ1d050d3BHUk1iYVZRWC9OVWVOSXRpQUJLVXBkRUN2MEoyTVJOCjUrV0Z6QW0zQXZhZW1RQ2pVV3J6VTJqb3FEV2pBcS82dHAwVEJjMjJTdFBTTnBmVTF3NGd3b2lVSDFwZkRUWjIKaWcxaEFvSUJBUUNsRWMyc2ZsRmVRWU84VmUvajVJbDcwTE8xZFo5ZklTeVprS1NqY2IxVTdncDZlTzBMMVViNApaU3ZHUDJwZjZLWG5tWk91VXpoNnpvMGlab3hvdEhadEM1QWcvY1drRStSVkx3ejBhQWFhdFdDK1dtWGM3dElHCkxzajI1OWdNMzZMc0VCdVlwSGJBTEI0NGhVQkNyQURpZ3FoNW0yaVlKU1IwOTBEbXY2VVNEM1ZFSzhVVnJ1d2cKVjhmaFFQdldCMEF5eXJEZ0lBQk82U084VWNxOC9UdzFtbzNQZjJma2RnclZiWlBWOURXbElEYVc2UG9wTXl5ZgpJRzlZTXFFeVNJZlRkRVpLZk1GbTI0K2VTTDd3NFg0b25BcEE3TDZVMGNJa1FJVG1rc3YzV29LZklzU2c5djBzCnpyWHdieWY4RWd4M1ozaFpZZVVEWFkzcXhDVUMvcDczQW9JQkFRQ3ZSdHZKVno4dVFIaGR2ZDJ5VzIwSUZuOXEKZHFEVTdFRGdTbVVkTVROK3kwbmp2enExU0F5Z2Z5VFNUdmF6SWI3ckVoaEEzQlhSbW55MndCK25xZjArTTBjVQp3QjhsQmhrQi9OWVlneXM1Rjk2aEtEbEFlcUJZR0Z4L01LMDFvOGtKakJtcG1pNGZiZnN2SmZzQWY2QnJBcnl1ClZiUmk5UmY0ZHo0VXNOZEJIdHdNYlZlSUdab0pEV1I5UCtOSTJwdGZEZVp5dTA4cTZRSFA1VFk3SEp0TDliaEsKWXc1NlZXSWRpV3F0NEtyeHNqR1dMRnNlbGpLdUJ6UTMyZW5yS3FsTmg3cnFaZFdEMkRHTk1taVErdHFDdC9LNwp5SDNuTVZKZXptQ3BKM21LZFc0NnU5bmU4TFlPaDEydmQvQnJ6MlZJR1FQY1JXOWxPdjdYZTRrUWswaGUKLS0tLS1FTkQgUlNBIFBSSVZBVEUgS0VZLS0tLS0K",
                "cluster_ca_certificate": "LS0tLS1CRUdJTiBDRVJUSUZJQ0FURS0tLS0tCk1JSUU2RENDQXRDZ0F3SUJBZ0lRU0doWUQ0bFlzL0V5cnIvOG9ETUg2REFOQmdrcWhraUc5dzBCQVFzRkFEQU4KTVFzd0NRWURWUVFERXdKallUQWdGdzB5TkRBek1UUXhPREU1TWpKYUdBOHlNRFUwTURNeE5ERTRNamt5TWxvdwpEVEVMTUFrR0ExVUVBeE1DWTJFd2dnSWlNQTBHQ1NxR1NJYjNEUUVCQVFVQUE0SUNEd0F3Z2dJS0FvSUNBUUROCnI2MFM0RzR2MHRpOE03bTFoeG00N091VitpbElxVUdaeWoxTHhVYWV2cXlzTmRsWEpjWFJEcFVxWTJUZnRFVTgKZ2UzcjFMZmJlek90L21ITTJ6dEtvSTNrTFk3QnludUpRaENXTlpoeUp1RzVJWU1iSXNRWFRxd0hIeC9qTnVMNApZaGQrTkRSMGVnVVpHamNmZ2xuNE5ScjQ3c1FtektUTHRjRGJQOE81QUV4NkY2Z3VvWUVySC9qdWYwQkxya2ZOClIyalg2VFR5VDg4ZVF5MGFnZk56U2lGODZzVlQweE13UU5RNEQ3Wk1veUp6Q0tyU3NQRlpta1pKaGVmRUo1K28KK1BLdnZ3QnFweUJRRzAzUFpQd25jQ3pUaUtLRzViVmk4dEJyMFYvNWdaSks5aGQ4K280RGVtT0l1cXh3NEVhdwpCTFVPRkJ1bXJWV0VkeUoweC81bklnZnAvTWsrbGhwSUVhVTl3dWcvcmdIWGtuWmNKbHQ2M2JIQTdXbThEV2VZCkJGdkxKVUxyL2ZHbVFpeWMvcjJEUG00YkhQZU93SVJONVNLaDYycnhMWkgrd0NyNSt0WDM0NVRHNkNHcjh3RXcKVUV5cnZRVVBJS1RvRVkxUUNWcVJ5Y3l4aUxKeEl3V01saUJGL2dUUy80WG5BZEtSSjdvSGpoc2dQbHEwSDdSNgp2d2YxQS9iQzd4eFArVTExSzE5QWRWdUFBUnpuN0ZETlFibWcyOTdFeGd4cmF4ZFRoekI1M3YyaDB3OXhUeFdvCkNLY3lvQld0UjY5MGswTTkrSHhjKzNiT010dVBpTktGY2VUY04rVXk2M2k4MUVVTG4yUVc3YUI3ZmJlQjh6Q24KcDlRYnRJMjdqOSs5RTZ5SWJiMjdOVmNBMER6WVZxdU1yM1BXbjhTV293SURBUUFCbzBJd1FEQU9CZ05WSFE4QgpBZjhFQkFNQ0FxUXdEd1lEVlIwVEFRSC9CQVV3QXdFQi96QWRCZ05WSFE0RUZnUVVxb2JxQk4vZDhVcVJ5REFZCkdyNGNydTg3TUQwd0RRWUpLb1pJaHZjTkFRRUxCUUFEZ2dJQkFHb2lFSFNYUmJLOURBWTB5bDVtYzUwTWlSRjQKTUx5bVVuLzliQnRSdU93OUlsWVFMWjgvTS83Vk0rNFNMUTdVOFBpT0lab3hVeFI3OEVQVjdEMlNFRGhkRENEUgphWTNad2RXL3hENjc2a2c1S2NHd0dmK0NJSElmYTVNUEx5T0h4NEVOVEx2Umx0b3lEaS9xMEtTVVB1OHRNOFp4CjlkMi9wcmpEaWlZeE44cmU1bEYwY3NvMXlBcm44QjA5OWRFa283SnpsZHFoOVJDUy9mQXZRR3ozRWVia3o3VVgKRUQzRDJJSzZNUW1vRDRwK0RQby93RzcvcXNDSGhaQXM5TjVNWTBhcWxXV1Z3WDFPNkpaWTRyR050cHA0QWVJNgo1aXJEOGN6VUVLVVA0Q0VqYlFTZFF6RWlZNWtBYkY0VUdVU1pybWRWRWVaNTZBbGNIWkg0Yi9RazFYcGtzdE1SClhWU0FkWXhrUnpZYVFncXZRR2ZjZUtDNXFSSTloMWdWUS9RR0lIQldLUmczc05uaktjazJwWWg3cjhPaTB6UUQKNWtYd2E4R1VNSzY3K2xiQkRibms2NHZDUk1xdjA0SC9DczZ2c0lhVDdDMEdITUVaSE1iNHloUTZ3MStzRXdtRwpLUCtCbW1KTEFVbmNuekNES3hwc0NmWlQzaXJGb0xIS3FGTXNUbmZFTGJWZmE2c0E2aFNMRUFZY2IzbzlqN1FSCjUrTXUwSjNUc21WVnRlQVN0UnhkeUdmWWF4L0p2aGppSzROanFsRnZ4WjdMM0oyMjFIWGdHMGVodlEzZEdTYmIKcmdvdjhWVTdlb3N2UHZUTFB2c2JmK1VYOHBidmRQL09UanRpS0hXQ0FtZ1FRcktMay9WODFRbDFkTGxDYW1DUgppcENld2NQelh2MkdIenJCCi0tLS0tRU5EIENFUlRJRklDQVRFLS0tLS0K",
                "host": "https://aks-mahb-prod-001-cpnoc9ga.4157cab5-7306-4d06-b89a-aa91155fe5e3.private.southeastasia.azmk8s.io:443",
                "password": "d0zdhvrz0hei1nxroj9l64499otuxz7p8jr6gdq7pn9xwivl88nk8klbszqjge45jgazvkcq3jjn5mu0ndrs3apufc7hud5dbjw036my79bqbb1232l0roonk1q6lcic",
                "username": "clusterUser_rg-mahb-prod-001_aks-mahb-prod-001"
              }
            ],
            "kube_config_raw": "apiVersion: v1\nclusters:\n- cluster:\n    certificate-authority-data: LS0tLS1CRUdJTiBDRVJUSUZJQ0FURS0tLS0tCk1JSUU2RENDQXRDZ0F3SUJBZ0lRU0doWUQ0bFlzL0V5cnIvOG9ETUg2REFOQmdrcWhraUc5dzBCQVFzRkFEQU4KTVFzd0NRWURWUVFERXdKallUQWdGdzB5TkRBek1UUXhPREU1TWpKYUdBOHlNRFUwTURNeE5ERTRNamt5TWxvdwpEVEVMTUFrR0ExVUVBeE1DWTJFd2dnSWlNQTBHQ1NxR1NJYjNEUUVCQVFVQUE0SUNEd0F3Z2dJS0FvSUNBUUROCnI2MFM0RzR2MHRpOE03bTFoeG00N091VitpbElxVUdaeWoxTHhVYWV2cXlzTmRsWEpjWFJEcFVxWTJUZnRFVTgKZ2UzcjFMZmJlek90L21ITTJ6dEtvSTNrTFk3QnludUpRaENXTlpoeUp1RzVJWU1iSXNRWFRxd0hIeC9qTnVMNApZaGQrTkRSMGVnVVpHamNmZ2xuNE5ScjQ3c1FtektUTHRjRGJQOE81QUV4NkY2Z3VvWUVySC9qdWYwQkxya2ZOClIyalg2VFR5VDg4ZVF5MGFnZk56U2lGODZzVlQweE13UU5RNEQ3Wk1veUp6Q0tyU3NQRlpta1pKaGVmRUo1K28KK1BLdnZ3QnFweUJRRzAzUFpQd25jQ3pUaUtLRzViVmk4dEJyMFYvNWdaSks5aGQ4K280RGVtT0l1cXh3NEVhdwpCTFVPRkJ1bXJWV0VkeUoweC81bklnZnAvTWsrbGhwSUVhVTl3dWcvcmdIWGtuWmNKbHQ2M2JIQTdXbThEV2VZCkJGdkxKVUxyL2ZHbVFpeWMvcjJEUG00YkhQZU93SVJONVNLaDYycnhMWkgrd0NyNSt0WDM0NVRHNkNHcjh3RXcKVUV5cnZRVVBJS1RvRVkxUUNWcVJ5Y3l4aUxKeEl3V01saUJGL2dUUy80WG5BZEtSSjdvSGpoc2dQbHEwSDdSNgp2d2YxQS9iQzd4eFArVTExSzE5QWRWdUFBUnpuN0ZETlFibWcyOTdFeGd4cmF4ZFRoekI1M3YyaDB3OXhUeFdvCkNLY3lvQld0UjY5MGswTTkrSHhjKzNiT010dVBpTktGY2VUY04rVXk2M2k4MUVVTG4yUVc3YUI3ZmJlQjh6Q24KcDlRYnRJMjdqOSs5RTZ5SWJiMjdOVmNBMER6WVZxdU1yM1BXbjhTV293SURBUUFCbzBJd1FEQU9CZ05WSFE4QgpBZjhFQkFNQ0FxUXdEd1lEVlIwVEFRSC9CQVV3QXdFQi96QWRCZ05WSFE0RUZnUVVxb2JxQk4vZDhVcVJ5REFZCkdyNGNydTg3TUQwd0RRWUpLb1pJaHZjTkFRRUxCUUFEZ2dJQkFHb2lFSFNYUmJLOURBWTB5bDVtYzUwTWlSRjQKTUx5bVVuLzliQnRSdU93OUlsWVFMWjgvTS83Vk0rNFNMUTdVOFBpT0lab3hVeFI3OEVQVjdEMlNFRGhkRENEUgphWTNad2RXL3hENjc2a2c1S2NHd0dmK0NJSElmYTVNUEx5T0h4NEVOVEx2Umx0b3lEaS9xMEtTVVB1OHRNOFp4CjlkMi9wcmpEaWlZeE44cmU1bEYwY3NvMXlBcm44QjA5OWRFa283SnpsZHFoOVJDUy9mQXZRR3ozRWVia3o3VVgKRUQzRDJJSzZNUW1vRDRwK0RQby93RzcvcXNDSGhaQXM5TjVNWTBhcWxXV1Z3WDFPNkpaWTRyR050cHA0QWVJNgo1aXJEOGN6VUVLVVA0Q0VqYlFTZFF6RWlZNWtBYkY0VUdVU1pybWRWRWVaNTZBbGNIWkg0Yi9RazFYcGtzdE1SClhWU0FkWXhrUnpZYVFncXZRR2ZjZUtDNXFSSTloMWdWUS9RR0lIQldLUmczc05uaktjazJwWWg3cjhPaTB6UUQKNWtYd2E4R1VNSzY3K2xiQkRibms2NHZDUk1xdjA0SC9DczZ2c0lhVDdDMEdITUVaSE1iNHloUTZ3MStzRXdtRwpLUCtCbW1KTEFVbmNuekNES3hwc0NmWlQzaXJGb0xIS3FGTXNUbmZFTGJWZmE2c0E2aFNMRUFZY2IzbzlqN1FSCjUrTXUwSjNUc21WVnRlQVN0UnhkeUdmWWF4L0p2aGppSzROanFsRnZ4WjdMM0oyMjFIWGdHMGVodlEzZEdTYmIKcmdvdjhWVTdlb3N2UHZUTFB2c2JmK1VYOHBidmRQL09UanRpS0hXQ0FtZ1FRcktMay9WODFRbDFkTGxDYW1DUgppcENld2NQelh2MkdIenJCCi0tLS0tRU5EIENFUlRJRklDQVRFLS0tLS0K\n    server: https://aks-mahb-prod-001-cpnoc9ga.4157cab5-7306-4d06-b89a-aa91155fe5e3.private.southeastasia.azmk8s.io:443\n  name: aks-mahb-prod-001\ncontexts:\n- context:\n    cluster: aks-mahb-prod-001\n    user: clusterUser_rg-mahb-prod-001_aks-mahb-prod-001\n  name: aks-mahb-prod-001\ncurrent-context: aks-mahb-prod-001\nkind: Config\npreferences: {}\nusers:\n- name: clusterUser_rg-mahb-prod-001_aks-mahb-prod-001\n  user:\n    client-certificate-data: LS0tLS1CRUdJTiBDRVJUSUZJQ0FURS0tLS0tCk1JSUZIVENDQXdXZ0F3SUJBZ0lRT0o2Y1BqWFh3MDJCTUpoNGJyY3dUakFOQmdrcWhraUc5dzBCQVFzRkFEQU4KTVFzd0NRWURWUVFERXdKallUQWVGdzB5TkRBek1UUXhPREU1TWpKYUZ3MHlOakF6TVRReE9ESTVNakphTURBeApGekFWQmdOVkJBb1REbk41YzNSbGJUcHRZWE4wWlhKek1SVXdFd1lEVlFRREV3eHRZWE4wWlhKamJHbGxiblF3CmdnSWlNQTBHQ1NxR1NJYjNEUUVCQVFVQUE0SUNEd0F3Z2dJS0FvSUNBUUN2ZEJBTVJGWW13NGpaVmVoc2NiUGcKTXdtQ3dvMm9lU3lVT255T3pydHhOOW9uQ2hZRkQ1ZGU3Tm9ZZzBLY0xlZ09oTVQ2eElYQ1JPVXA4OFBKQVp2UQorV1FJMVlNcXBEOWdwVkRIUDVMeE10RnN5Y3FhWktXVTZEcTNWb2MwYktvVHRHT25jLzF0b2JSR0dHOU5PVWxjCjQ4QkMwSlR5SllKbTI1Qm1zakJLWDJnSWFxeGxQWHNoVjVhdE5DaUNRQlFIU3N1c3hpOG9WVWV3QUJEaW9jNEMKdU5aMVhyc2lUcEtaanVvV1I1RGxEQlBWbXdkUEZTUVJOSFZxaHVJYmtkLzBLSGh2RGJzc0ovaWY4UzhrVVRIWgpZSU5DVit2RXZIZjRrT3FRek5xMFFnclZxYVVpK09QaE0rQU5aYlNnTGhIZzY3MGdKRTBFVUFBVHdjM2tWbzhNCjFVSDZkYkRkQzBaNUtOMUt2Ri9SRFIwS3lMbm9FVjBzUWpBSGNOR1hsdUNXOWs2b1lGdEFxKzlxQTlkUWpqQ0gKTXM4eG0raHlOMXprUXRkaHJreVpLNHo3YXJaanBsV3o1QzAvT3NmYVQ0eFdPSThxYWVhZzRUbmtsbmdrQ2F6aQpxY0s2VDZNNC9TVnZxWEhiTjViWTBzaFUvV2JZOGEvQzNSTXNJZ0dhQUdabUFmeWJ2NFZMM0o1MEZLdHgyNUNmCmxLWFVDQmN5UjUycit4MkYxNVhWYjFma2F6MHUxQmUzMkRucjJwaFJwVVc5YWpjZ2tZUXZSNUhZRFprdDg1eG8Kd2QyVDdnVnFWaUllTW9QaE1BNWt2K0xHY1hWaEpFTVhpb3JQTWZNM3BydUNkR2NHYVB3NDhNK0pBaFh1b3JWZgpDZWFTNzhtTXFHVFVKWHhadllWQkZ3SURBUUFCbzFZd1ZEQU9CZ05WSFE4QkFmOEVCQU1DQmFBd0V3WURWUjBsCkJBd3dDZ1lJS3dZQkJRVUhBd0l3REFZRFZSMFRBUUgvQkFJd0FEQWZCZ05WSFNNRUdEQVdnQlNxaHVvRTM5M3gKU3BISU1CZ2F2aHl1N3pzd1BUQU5CZ2txaGtpRzl3MEJBUXNGQUFPQ0FnRUFuYlNPK2lFZ1daUDFFZldNQzdyZQpXVDd6SzkvNHM2SUFza1h6TlZzdExWRFJSVUFuQ3hBRzNSWjdGUHg3YjZqOGc3TXVEMDdmamJCc0lGeE1SVmNmClJvK0NibXJIdVV3bGw1ZUhBdXlqbmUrcGdvaWlkZHU5UFo2Vms3dWRGQnRCUXF6cmxHMzN4SXRLQWlzbXRIUXoKUHcyeU00WnZUeWltV3k2L1orbVpQWDYxdG4wTmNtRUJ1RTJLZkcwMldPWXU3TmVRTmhoa1R4UmI4cDdBRi8wMAppRGRmVTRKUXRydklpY2FsQ2tUWGc4dmw5WG1LZkkwRy9iR044bldFbHp1UWZXSVVIR1ZtZE5rbytRamhXQ2FHCjh3bFpDbmRCZll3YXFZQWxKaFJoK29SRVpzZzRnUytHVnFhTUpreVd1Q0JjTlRVc20zZjU3RGdTYzFseDFubVQKbjB6SG5tR2RkandBUUZwcHd2OWF1WGR3SjdSRXRJWklCT2VBdlJBNmhNZnArVW5NQ1MyUXhlK0JybWNSZS9seQpSazlWK242a09XZWRiYWtwc2NpeWx0U3ErRlp0dU51Rnpjb2xKaHVBM2Z4aXNiZHZOblpKSFpFZnA2b3E0SFE4CjUxUTlkSHk5dGtJYmVLOC90cmxPYm1icDhmclJpWVdkZDdOdTQ5QVJSV1gyYkxSSkNQWm5zVEp3SjU5alJCZkgKcFNiZ3VOTVFkTlZycWxGTDdaUlBXZERqZDk0cFB6MUJXWG45d1J3RkQvSzRCZWJPVE90bERaMFZwWnJnRDBzdwo2N1ZnRHA0Vkd2YkJhRUJqTG8zMktwVjZjUDd3c0NRNDlpTmlETmhhbWVoY24vMVBUT2Z3UlVWRFk1bkFsTFZKCkdmbkd3NmY2c3NTM0dFam51aDZGMFRVPQotLS0tLUVORCBDRVJUSUZJQ0FURS0tLS0tCg==\n    client-key-data: LS0tLS1CRUdJTiBSU0EgUFJJVkFURSBLRVktLS0tLQpNSUlKS1FJQkFBS0NBZ0VBcjNRUURFUldKc09JMlZYb2JIR3o0RE1KZ3NLTnFIa3NsRHA4anM2N2NUZmFKd29XCkJRK1hYdXphR0lOQ25DM29Eb1RFK3NTRndrVGxLZlBEeVFHYjBQbGtDTldES3FRL1lLVlF4eitTOFRMUmJNbksKbW1TbGxPZzZ0MWFITkd5cUU3UmpwM1A5YmFHMFJoaHZUVGxKWE9QQVF0Q1U4aVdDWnR1UVpySXdTbDlvQ0dxcwpaVDE3SVZlV3JUUW9na0FVQjByTHJNWXZLRlZIc0FBUTRxSE9BcmpXZFY2N0lrNlNtWTdxRmtlUTVRd1QxWnNIClR4VWtFVFIxYW9iaUc1SGY5Q2g0YncyN0xDZjRuL0V2SkZFeDJXQ0RRbGZyeEx4MytKRHFrTXphdEVJSzFhbWwKSXZqajRUUGdEV1cwb0M0UjRPdTlJQ1JOQkZBQUU4SE41RmFQRE5WQituV3czUXRHZVNqZFNyeGYwUTBkQ3NpNQo2QkZkTEVJd0IzRFJsNWJnbHZaT3FHQmJRS3Z2YWdQWFVJNHdoekxQTVp2b2NqZGM1RUxYWWE1TW1TdU0rMnEyClk2WlZzK1F0UHpySDJrK01WamlQS21ubW9PRTU1Slo0SkFtczRxbkN1aytqT1AwbGI2bHgyemVXMk5MSVZQMW0KMlBHdnd0MFRMQ0lCbWdCbVpnSDhtNytGUzl5ZWRCU3JjZHVRbjVTbDFBZ1hNa2VkcS9zZGhkZVYxVzlYNUdzOQpMdFFYdDlnNTY5cVlVYVZGdldvM0lKR0VMMGVSMkEyWkxmT2NhTUhkays0RmFsWWlIaktENFRBT1pML2l4bkYxCllTUkRGNHFLenpIek42YTdnblJuQm1qOE9QRFBpUUlWN3FLMVh3bm1rdS9KaktoazFDVjhXYjJGUVJjQ0F3RUEKQVFLQ0FnQXZMZitPdk9XSndQVFF0SWd1ZVJqTWhnemRxNkZhRjFPRWZJRzRDU0ZnWFl0OUNmcEgzQnh4T3pHZQplOVZ5bCttWjFkditMdEJsSUErYmkyQXZjZzVMVUhTMDUyMUJEeSszdGx5Vlo2UUUxZ3g0dTM2T3E5Zld4ZWZjCkd4bDZZR29QcUdkUHhTSDExQkRjOUg4aGZmRWJXR2IvMElUczVHYy9iM1ZTR0VKaURXdTFMN0l4K3lsY0d1aDYKcE5icngzMWJSS0ttVUJpb09ONXhGbU56L2R5ZTRNTlNobW05M1BFUTk5dzhwM3Z3QzZKZHd6Vmc3NmRtTlB3Sgo3RUZxOW53SmRNU0Y0R1JmaUZRVDlsQWQ3UE9CcDdGRUtzNU1kZjJ3eW84NDVzMDh3YkdXS09zdUQwMS81bW91ClVCWVZLSzVJRkR3a0kzN09WUkRnUHpJMVg0MVJqTit2Rmhra0VpdXZxOUc0cWVyQjN4ZnRwQXB6YWJsNFFLNncKbFRCSURoTEZSelV0R2F4RFFPMkU0S1IzK3lwd25uT3crZ09mZERXbjNsV29Pc2MwVWMzaTkwRkh0SWd2Ui8zNApyU0N5WkxFem1oUjRiWDIrQWJkNWpWOGxVMSszdEFxZGJPd2VVSjl6S2FPZ0pyck5nQ2NGczY4RWFWSFVxbWVVCkx6SnNwYWFaaW15blhCWExDanNsbEJKWGxiU2NybCtCam15LzZqbmh6Rkg1RE9vdjVjMXZ4WnYybmo5WkV4ZlMKckdNQVlWREZ5T3BtOFJxbjcxV00ydW9CK0NPK2M2d3h1Y1RwcEVUSkIwY1VxWlFQZEtwYmxXUHZOVHUxVE9rSgplWW02a1ZJUnRoNi9oQldLeEpVcldQZG56SUlERmhnZXJCMUFWUlJOQWdWMWhuNUVrUUtDQVFFQXhsRHJReDRSCnJGelRlT0RQd1A5QzUrYllpSlplUWZvM3NNdDJMZGFVeXI5dUJQbG1Fc2tLMC9VSXlzTUUzcXd1Wm1BUE95M20KcC9obnNDSUMxT0hZRS9WTkxHZDFCUWcvUzk2NkpLd1NzTVhNMHMvd2ZFcnBHeTZBRUNNYXh6Q29WK3M2ZFkrSgpqNHkzdGJDWE9xZGlSM3RMVnlDdE5WVkU4S0JTRjV6TEg2M2tMOFhvWnpVa3dBSXg5akxac1NYdjl5cFNjaUdYCjk4Q2lQNy90blF5eHhhNmRZeVpmVlIvSDZpQkFaMjVaUmhpS1JSWmcyYnlMY243Szg5K1kxMktsS3ErN2tYNVIKMSsrdkNoSzJ3ZTBZNzc0TFBhcW5NcHZja2I2TkVaNFNyOGFjcFlHd0YvUXJDN1d2Y3NwN2x6NnQwVEZLc0RCRwpwSTh2YzlORXF3Nm5pUUtDQVFFQTRueTdZZ3JwVGljVSsxOTRwZis5U1RKWncxTjRGZE85UEFIUUNFUTRocENXClh2VXRLMC84TnVIK0h2d1Y0b2NmNHF0dGJRWWVuVERxb0RJb3dzc0JWN1dZRHpXK2EySEVJNnVGN1czUlZUQzQKajVGUXRNcnpZakp6VUo0ZmpOL3IveGdxRzl3QWVaMEZnZmpnUG41NUN4amp5SVJmTHdIbEtPczFvaDBxYzV2Ygpybm5KZFVNYkwyZXBJemp1QzZXVjBQMlhmaUdyMFJSUGxqWFExd2FpM3diUjBSdzV3UWtQSzR4NXoxTVpHR2JBCmtKUFlIWEVpWDErNEdXKzNrSjJySXUzS3kxT012dVJIQ1BKenc4ZzczZkpEUHhKS0laczVSeDZsbUdCYmQ1OXoKMkdPMVRyeEZsbTB3Y01ydjVxdTcrKzBuaUFzWXNBV3FwU2t5cGhIYm53S0NBUUE3TTNUSHVIWTJLZy9IQ2ZWNgorN2lSV2N4U0dmRlJhTXl2TGsyOUtVMkpxTlBERUdCMFF5ZkVWbVdsZ2NvMlh0Z0xINm5zVkt1Q2dSa1M3MVJCCkVKcGNldUhxMjRlSFZRcndMekVLT1lQcTJXRm5uVU9CRnl1M1BZNWxRdFYvbVByb0pBUnppOEhZNUgwQzlCQngKSmY2a3NCMnhpTU9zSkNSTVlNK2cxT0dlTjE3akZBVm9xZWlxbVAwcExjem1vUmlkaERqUWNVN1lXdDBVZ3NzQQpFd1lPcVMyNnAzM1YvNExDVlpaa1NnREVlQmJ1d050d3BHUk1iYVZRWC9OVWVOSXRpQUJLVXBkRUN2MEoyTVJOCjUrV0Z6QW0zQXZhZW1RQ2pVV3J6VTJqb3FEV2pBcS82dHAwVEJjMjJTdFBTTnBmVTF3NGd3b2lVSDFwZkRUWjIKaWcxaEFvSUJBUUNsRWMyc2ZsRmVRWU84VmUvajVJbDcwTE8xZFo5ZklTeVprS1NqY2IxVTdncDZlTzBMMVViNApaU3ZHUDJwZjZLWG5tWk91VXpoNnpvMGlab3hvdEhadEM1QWcvY1drRStSVkx3ejBhQWFhdFdDK1dtWGM3dElHCkxzajI1OWdNMzZMc0VCdVlwSGJBTEI0NGhVQkNyQURpZ3FoNW0yaVlKU1IwOTBEbXY2VVNEM1ZFSzhVVnJ1d2cKVjhmaFFQdldCMEF5eXJEZ0lBQk82U084VWNxOC9UdzFtbzNQZjJma2RnclZiWlBWOURXbElEYVc2UG9wTXl5ZgpJRzlZTXFFeVNJZlRkRVpLZk1GbTI0K2VTTDd3NFg0b25BcEE3TDZVMGNJa1FJVG1rc3YzV29LZklzU2c5djBzCnpyWHdieWY4RWd4M1ozaFpZZVVEWFkzcXhDVUMvcDczQW9JQkFRQ3ZSdHZKVno4dVFIaGR2ZDJ5VzIwSUZuOXEKZHFEVTdFRGdTbVVkTVROK3kwbmp2enExU0F5Z2Z5VFNUdmF6SWI3ckVoaEEzQlhSbW55MndCK25xZjArTTBjVQp3QjhsQmhrQi9OWVlneXM1Rjk2aEtEbEFlcUJZR0Z4L01LMDFvOGtKakJtcG1pNGZiZnN2SmZzQWY2QnJBcnl1ClZiUmk5UmY0ZHo0VXNOZEJIdHdNYlZlSUdab0pEV1I5UCtOSTJwdGZEZVp5dTA4cTZRSFA1VFk3SEp0TDliaEsKWXc1NlZXSWRpV3F0NEtyeHNqR1dMRnNlbGpLdUJ6UTMyZW5yS3FsTmg3cnFaZFdEMkRHTk1taVErdHFDdC9LNwp5SDNuTVZKZXptQ3BKM21LZFc0NnU5bmU4TFlPaDEydmQvQnJ6MlZJR1FQY1JXOWxPdjdYZTRrUWswaGUKLS0tLS1FTkQgUlNBIFBSSVZBVEUgS0VZLS0tLS0K\n    token: d0zdhvrz0hei1nxroj9l64499otuxz7p8jr6gdq7pn9xwivl88nk8klbszqjge45jgazvkcq3jjn5mu0ndrs3apufc7hud5dbjw036my79bqbb1232l0roonk1q6lcic\n",
            "kubelet_identity": [
              {
                "client_id": "887c6f4a-1b3b-423a-947a-2c91cc50274e",
                "object_id": "b311cbbc-9691-4f73-be94-125acb722620",
                "user_assigned_identity_id": "/subscriptions/524875d7-62d5-42df-8fe5-78822e211bf3/resourceGroups/rg-k8s-mahb-prod-001/providers/Microsoft.ManagedIdentity/userAssignedIdentities/aks-mahb-prod-001-agentpool"
              }
            ],
            "kubernetes_version": "1.27.9",
            "linux_profile": [],
            "local_account_disabled": false,
            "location": "southeastasia",
            "maintenance_window": [],
            "maintenance_window_auto_upgrade": [],
            "maintenance_window_node_os": [],
            "microsoft_defender": [],
            "monitor_metrics": [],
            "name": "aks-mahb-prod-001",
            "network_profile": [
              {
                "dns_service_ip": "10.0.0.10",
                "docker_bridge_cidr": "",
                "ebpf_data_plane": "",
                "ip_versions": [
                  "IPv4"
                ],
                "load_balancer_profile": [
                  {
                    "effective_outbound_ips": [
                      "/subscriptions/524875d7-62d5-42df-8fe5-78822e211bf3/resourceGroups/rg-k8s-mahb-prod-001/providers/Microsoft.Network/publicIPAddresses/dd540563-9ede-4e8e-9288-03798985cf85"
                    ],
                    "idle_timeout_in_minutes": 0,
                    "managed_outbound_ip_count": 1,
                    "managed_outbound_ipv6_count": 0,
                    "outbound_ip_address_ids": [],
                    "outbound_ip_prefix_ids": [],
                    "outbound_ports_allocated": 0
                  }
                ],
                "load_balancer_sku": "standard",
                "nat_gateway_profile": [],
                "network_mode": "",
                "network_plugin": "azure",
                "network_plugin_mode": "",
                "network_policy": "",
                "outbound_type": "loadBalancer",
                "pod_cidr": "",
                "pod_cidrs": [],
                "service_cidr": "10.0.0.0/16",
                "service_cidrs": [
                  "10.0.0.0/16"
                ]
              }
            ],
            "node_os_channel_upgrade": null,
            "node_resource_group": "rg-k8s-mahb-prod-001",
            "node_resource_group_id": "/subscriptions/524875d7-62d5-42df-8fe5-78822e211bf3/resourceGroups/rg-k8s-mahb-prod-001",
            "oidc_issuer_enabled": true,
            "oidc_issuer_url": "https://southeastasia.oic.prod-aks.azure.com/cb63c8b6-7cdf-44fb-8662-675bf9d1f979/c9b75708-85bf-4fce-9483-cecd9ef70733/",
            "oms_agent": [
              {
                "log_analytics_workspace_id": "/subscriptions/524875d7-62d5-42df-8fe5-78822e211bf3/resourceGroups/rg-mahb-prod-001/providers/Microsoft.OperationalInsights/workspaces/log-mahb-prod-001",
                "msi_auth_for_monitoring_enabled": false,
                "oms_agent_identity": [
                  {
                    "client_id": "ce60db9f-a7e5-4e89-ae89-e1be9a15295f",
                    "object_id": "6f9c260b-ccea-4180-a4c9-c49c90973585",
                    "user_assigned_identity_id": "/subscriptions/524875d7-62d5-42df-8fe5-78822e211bf3/resourcegroups/rg-k8s-mahb-prod-001/providers/Microsoft.ManagedIdentity/userAssignedIdentities/omsagent-aks-mahb-prod-001"
                  }
                ]
              }
            ],
            "open_service_mesh_enabled": false,
            "portal_fqdn": "e31a2499f04cd789a96966235d3a5c13-priv.portal.hcp.southeastasia.azmk8s.io",
            "private_cluster_enabled": true,
            "private_cluster_public_fqdn_enabled": false,
            "private_dns_zone_id": "System",
            "private_fqdn": "aks-mahb-prod-001-cpnoc9ga.4157cab5-7306-4d06-b89a-aa91155fe5e3.private.southeastasia.azmk8s.io",
            "public_network_access_enabled": true,
            "resource_group_name": "rg-mahb-prod-001",
            "role_based_access_control_enabled": true,
            "run_command_enabled": true,
            "service_mesh_profile": [],
            "service_principal": [],
            "sku_tier": "Free",
            "storage_profile": [],
            "support_plan": "KubernetesOfficial",
            "tags": {
              "Instance": "Main"
            },
            "timeouts": null,
            "web_app_routing": [],
            "windows_profile": [
              {
                "admin_password": "",
                "admin_username": "azureuser",
                "gmsa": [],
                "license": ""
              }
            ],
            "workload_autoscaler_profile": [],
            "workload_identity_enabled": false
          },
          "sensitive_attributes": [],
          "private": "eyJlMmJmYjczMC1lY2FhLTExZTYtOGY4OC0zNDM2M2JjN2M0YzAiOnsiY3JlYXRlIjo1NDAwMDAwMDAwMDAwLCJkZWxldGUiOjU0MDAwMDAwMDAwMDAsInJlYWQiOjMwMDAwMDAwMDAwMCwidXBkYXRlIjo1NDAwMDAwMDAwMDAwfSwic2NoZW1hX3ZlcnNpb24iOiIyIn0=",
          "dependencies": [
            "module.subnets_main.data.azurerm_subnet.aks",
            "module.subnets_main.data.azurerm_subnet.gateway",
            "module.subnets_main.data.azurerm_subnet.jumpbox",
            "module.workload_main.module.aks.azurerm_user_assigned_identity.aks_identity",
            "module.workload_main.module.group.azurerm_resource_group.default",
            "module.workload_main.module.log.azurerm_log_analytics_workspace.default"
          ]
        }
      ]
    },
    {
      "module": "module.workload_main.module.aks",
      "mode": "managed",
      "type": "azurerm_role_assignment",
      "name": "network_contributor_assignment",
      "provider": "provider[\"registry.terraform.io/hashicorp/azurerm\"]",
      "instances": [
        {
          "schema_version": 0,
          "attributes": {
            "condition": "",
            "condition_version": "",
            "delegated_managed_identity_resource_id": "",
            "description": "",
            "id": "/subscriptions/524875d7-62d5-42df-8fe5-78822e211bf3/resourceGroups/rg-network-prod-001/providers/Microsoft.Authorization/roleAssignments/5f33ff90-8bbb-97b2-a356-c0651c5255ee",
            "name": "5f33ff90-8bbb-97b2-a356-c0651c5255ee",
            "principal_id": "459b4237-134a-465e-ad8c-e0a3ad3c094d",
            "principal_type": "ServicePrincipal",
            "role_definition_id": "/subscriptions/524875d7-62d5-42df-8fe5-78822e211bf3/providers/Microsoft.Authorization/roleDefinitions/4d97b98b-1d4f-4787-a291-c67834d212e7",
            "role_definition_name": "Network Contributor",
            "scope": "/subscriptions/524875d7-62d5-42df-8fe5-78822e211bf3/resourceGroups/rg-network-prod-001",
            "skip_service_principal_aad_check": true,
            "timeouts": null
          },
          "sensitive_attributes": [],
          "private": "eyJlMmJmYjczMC1lY2FhLTExZTYtOGY4OC0zNDM2M2JjN2M0YzAiOnsiY3JlYXRlIjoxODAwMDAwMDAwMDAwLCJkZWxldGUiOjE4MDAwMDAwMDAwMDAsInJlYWQiOjMwMDAwMDAwMDAwMH19",
          "dependencies": [
            "module.workload_main.module.aks.azurerm_user_assigned_identity.aks_identity",
            "module.workload_main.module.aks.data.azurerm_resource_group.existing",
            "module.workload_main.module.group.azurerm_resource_group.default"
          ]
        }
      ]
    },
    {
      "module": "module.workload_main.module.aks",
      "mode": "managed",
      "type": "azurerm_user_assigned_identity",
      "name": "aks_identity",
      "provider": "provider[\"registry.terraform.io/hashicorp/azurerm\"]",
      "instances": [
        {
          "schema_version": 1,
          "attributes": {
            "client_id": "3b3b8e4e-ac91-4ab8-a4da-d46e6724c3ce",
            "id": "/subscriptions/524875d7-62d5-42df-8fe5-78822e211bf3/resourceGroups/rg-mahb-prod-001/providers/Microsoft.ManagedIdentity/userAssignedIdentities/mahb-prod-001Identity",
            "location": "southeastasia",
            "name": "mahb-prod-001Identity",
            "principal_id": "459b4237-134a-465e-ad8c-e0a3ad3c094d",
            "resource_group_name": "rg-mahb-prod-001",
            "tags": {
              "Instance": "Main"
            },
            "tenant_id": "cb63c8b6-7cdf-44fb-8662-675bf9d1f979",
            "timeouts": null
          },
          "sensitive_attributes": [],
          "private": "eyJlMmJmYjczMC1lY2FhLTExZTYtOGY4OC0zNDM2M2JjN2M0YzAiOnsiY3JlYXRlIjoxODAwMDAwMDAwMDAwLCJkZWxldGUiOjE4MDAwMDAwMDAwMDAsInJlYWQiOjMwMDAwMDAwMDAwMCwidXBkYXRlIjoxODAwMDAwMDAwMDAwfSwic2NoZW1hX3ZlcnNpb24iOiIxIn0=",
          "dependencies": [
            "module.workload_main.module.group.azurerm_resource_group.default"
          ]
        }
      ]
    },
    {
      "module": "module.workload_main.module.app_registration",
      "mode": "managed",
      "type": "azuread_application",
      "name": "default",
      "provider": "provider[\"registry.terraform.io/hashicorp/azuread\"]",
      "instances": [
        {
          "schema_version": 1,
          "attributes": {
            "api": [
              {
                "known_client_applications": [],
                "mapped_claims_enabled": false,
                "oauth2_permission_scope": [],
                "requested_access_token_version": 1
              }
            ],
            "app_role": [],
            "app_role_ids": {},
            "application_id": "321ef14e-ed6f-4be2-99b8-846233dfb582",
            "device_only_auth_enabled": false,
            "disabled_by_microsoft": "\u003cnil\u003e",
            "display_name": "aks-service-principal-mahb-prod-001",
            "fallback_public_client_enabled": false,
            "feature_tags": [
              {
                "custom_single_sign_on": false,
                "enterprise": false,
                "gallery": false,
                "hide": false
              }
            ],
            "group_membership_claims": [],
            "id": "76ce7576-a34f-496d-b53c-e4756bcef831",
            "identifier_uris": [],
            "logo_image": "",
            "logo_url": "",
            "marketing_url": "",
            "oauth2_permission_scope_ids": {},
            "oauth2_post_response_required": false,
            "object_id": "76ce7576-a34f-496d-b53c-e4756bcef831",
            "optional_claims": [
              {
                "access_token": [],
                "id_token": [],
                "saml2_token": []
              }
            ],
            "owners": [],
            "prevent_duplicate_names": false,
            "privacy_statement_url": "",
            "public_client": [
              {
                "redirect_uris": []
              }
            ],
            "publisher_domain": "myairports.com.my",
            "required_resource_access": [],
            "sign_in_audience": "AzureADMyOrg",
            "single_page_application": [
              {
                "redirect_uris": []
              }
            ],
            "support_url": "",
            "tags": [],
            "template_id": "",
            "terms_of_service_url": "",
            "timeouts": null,
            "web": [
              {
                "homepage_url": "",
                "implicit_grant": [
                  {
                    "access_token_issuance_enabled": false,
                    "id_token_issuance_enabled": false
                  }
                ],
                "logout_url": "",
                "redirect_uris": []
              }
            ]
          },
          "sensitive_attributes": [],
          "private": "eyJlMmJmYjczMC1lY2FhLTExZTYtOGY4OC0zNDM2M2JjN2M0YzAiOnsiY3JlYXRlIjo2MDAwMDAwMDAwMDAsImRlbGV0ZSI6MzAwMDAwMDAwMDAwLCJyZWFkIjozMDAwMDAwMDAwMDAsInVwZGF0ZSI6NjAwMDAwMDAwMDAwfSwic2NoZW1hX3ZlcnNpb24iOiIxIn0="
        }
      ]
    },
    {
      "module": "module.workload_main.module.app_registration",
      "mode": "managed",
      "type": "azuread_application_federated_identity_credential",
      "name": "default",
      "provider": "provider[\"registry.terraform.io/hashicorp/azuread\"]",
      "instances": [
        {
          "schema_version": 0,
          "attributes": {
            "application_object_id": "76ce7576-a34f-496d-b53c-e4756bcef831",
            "audiences": [
              "api://AzureADTokenExchange"
            ],
            "credential_id": "3480f32b-bf2c-489e-ba5d-f840089b839c",
            "description": "Kubernetes service account federated credential",
            "display_name": "kubernetes-federated-credential",
            "id": "76ce7576-a34f-496d-b53c-e4756bcef831/federatedIdentityCredential/3480f32b-bf2c-489e-ba5d-f840089b839c",
            "issuer": "https://southeastasia.oic.prod-aks.azure.com/cb63c8b6-7cdf-44fb-8662-675bf9d1f979/c9b75708-85bf-4fce-9483-cecd9ef70733/",
            "subject": "system:serviceaccount:default:workload-identity-sa",
            "timeouts": null
          },
          "sensitive_attributes": [],
          "private": "eyJlMmJmYjczMC1lY2FhLTExZTYtOGY4OC0zNDM2M2JjN2M0YzAiOnsiY3JlYXRlIjo5MDAwMDAwMDAwMDAsImRlbGV0ZSI6MzAwMDAwMDAwMDAwLCJyZWFkIjozMDAwMDAwMDAwMDAsInVwZGF0ZSI6MzAwMDAwMDAwMDAwfX0=",
          "dependencies": [
            "module.subnets_main.data.azurerm_subnet.aks",
            "module.subnets_main.data.azurerm_subnet.gateway",
            "module.subnets_main.data.azurerm_subnet.jumpbox",
            "module.workload_main.module.aks.azurerm_kubernetes_cluster.default",
            "module.workload_main.module.aks.azurerm_user_assigned_identity.aks_identity",
            "module.workload_main.module.app_registration.azuread_application.default",
            "module.workload_main.module.group.azurerm_resource_group.default",
            "module.workload_main.module.log.azurerm_log_analytics_workspace.default"
          ]
        }
      ]
    },
    {
      "module": "module.workload_main.module.app_registration",
      "mode": "managed",
      "type": "azuread_service_principal",
      "name": "default",
      "provider": "provider[\"registry.terraform.io/hashicorp/azuread\"]",
      "instances": [
        {
          "schema_version": 0,
          "attributes": {
            "account_enabled": true,
            "alternative_names": [],
            "app_role_assignment_required": false,
            "app_role_ids": {},
            "app_roles": [],
            "application_id": "321ef14e-ed6f-4be2-99b8-846233dfb582",
            "application_tenant_id": "cb63c8b6-7cdf-44fb-8662-675bf9d1f979",
            "description": "",
            "display_name": "aks-service-principal-mahb-prod-001",
            "feature_tags": [
              {
                "custom_single_sign_on": false,
                "enterprise": false,
                "gallery": false,
                "hide": false
              }
            ],
            "features": [
              {
                "custom_single_sign_on_app": false,
                "enterprise_application": false,
                "gallery_application": false,
                "visible_to_users": true
              }
            ],
            "homepage_url": "",
            "id": "5027f5cc-68c2-41a6-a9a9-c65d9b6adbbf",
            "login_url": "",
            "logout_url": "",
            "notes": "",
            "notification_email_addresses": [],
            "oauth2_permission_scope_ids": {},
            "oauth2_permission_scopes": [],
            "object_id": "5027f5cc-68c2-41a6-a9a9-c65d9b6adbbf",
            "owners": [],
            "preferred_single_sign_on_mode": "",
            "redirect_uris": [],
            "saml_metadata_url": "",
            "saml_single_sign_on": [
              {
                "relay_state": ""
              }
            ],
            "service_principal_names": [],
            "sign_in_audience": "AzureADMyOrg",
            "tags": [],
            "timeouts": null,
            "type": "Application",
            "use_existing": null
          },
          "sensitive_attributes": [],
          "private": "eyJlMmJmYjczMC1lY2FhLTExZTYtOGY4OC0zNDM2M2JjN2M0YzAiOnsiY3JlYXRlIjo2MDAwMDAwMDAwMDAsImRlbGV0ZSI6MzAwMDAwMDAwMDAwLCJyZWFkIjozMDAwMDAwMDAwMDAsInVwZGF0ZSI6NjAwMDAwMDAwMDAwfX0=",
          "dependencies": [
            "module.workload_main.module.app_registration.azuread_application.default"
          ]
        }
      ]
    },
    {
      "module": "module.workload_main.module.group",
      "mode": "managed",
      "type": "azurerm_resource_group",
      "name": "default",
      "provider": "provider[\"registry.terraform.io/hashicorp/azurerm\"]",
      "instances": [
        {
          "schema_version": 0,
          "attributes": {
            "id": "/subscriptions/524875d7-62d5-42df-8fe5-78822e211bf3/resourceGroups/rg-mahb-prod-001",
            "location": "southeastasia",
            "managed_by": "",
            "name": "rg-mahb-prod-001",
            "tags": {
              "Instance": "Main"
            },
            "timeouts": null
          },
          "sensitive_attributes": [],
          "private": "eyJlMmJmYjczMC1lY2FhLTExZTYtOGY4OC0zNDM2M2JjN2M0YzAiOnsiY3JlYXRlIjo1NDAwMDAwMDAwMDAwLCJkZWxldGUiOjU0MDAwMDAwMDAwMDAsInJlYWQiOjMwMDAwMDAwMDAwMCwidXBkYXRlIjo1NDAwMDAwMDAwMDAwfX0="
        }
      ]
    },
    {
      "module": "module.workload_main.module.kv",
      "mode": "data",
      "type": "azurerm_client_config",
      "name": "current",
      "provider": "provider[\"registry.terraform.io/hashicorp/azurerm\"]",
      "instances": [
        {
          "schema_version": 0,
          "attributes": {
            "client_id": "04b07795-8ddb-461a-bbee-02f9e1bf7b46",
            "id": "Y2xpZW50Q29uZmlncy9jbGllbnRJZD0wNGIwNzc5NS04ZGRiLTQ2MWEtYmJlZS0wMmY5ZTFiZjdiNDY7b2JqZWN0SWQ9NDBlNjNhZTctOWZiZC00Njk2LWJjMTUtZDM1YTViMWZiYWE5O3N1YnNjcmlwdGlvbklkPTUyNDg3NWQ3LTYyZDUtNDJkZi04ZmU1LTc4ODIyZTIxMWJmMzt0ZW5hbnRJZD1jYjYzYzhiNi03Y2RmLTQ0ZmItODY2Mi02NzViZjlkMWY5Nzk=",
            "object_id": "40e63ae7-9fbd-4696-bc15-d35a5b1fbaa9",
            "subscription_id": "524875d7-62d5-42df-8fe5-78822e211bf3",
            "tenant_id": "cb63c8b6-7cdf-44fb-8662-675bf9d1f979",
            "timeouts": null
          },
          "sensitive_attributes": []
        }
      ]
    },
    {
      "module": "module.workload_main.module.kv",
      "mode": "managed",
      "type": "azurerm_key_vault",
      "name": "default",
      "provider": "provider[\"registry.terraform.io/hashicorp/azurerm\"]",
      "instances": [
        {
          "schema_version": 2,
          "attributes": {
            "access_policy": [
              {
                "application_id": "",
                "certificate_permissions": [],
                "key_permissions": [],
                "object_id": "9c41fc74-bdf8-4477-a0b2-91ebe0eb399d",
                "secret_permissions": [
                  "Get"
                ],
                "storage_permissions": [],
                "tenant_id": "cb63c8b6-7cdf-44fb-8662-675bf9d1f979"
              },
              {
                "application_id": "",
                "certificate_permissions": [],
                "key_permissions": [],
                "object_id": "40e63ae7-9fbd-4696-bc15-d35a5b1fbaa9",
                "secret_permissions": [
                  "Backup",
                  "Delete",
                  "Get",
                  "List",
                  "Purge",
                  "Recover",
                  "Restore",
                  "Set"
                ],
                "storage_permissions": [],
                "tenant_id": "cb63c8b6-7cdf-44fb-8662-675bf9d1f979"
              },
              {
                "application_id": "",
                "certificate_permissions": [],
                "key_permissions": [],
                "object_id": "5027f5cc-68c2-41a6-a9a9-c65d9b6adbbf",
                "secret_permissions": [
                  "Get"
                ],
                "storage_permissions": [],
                "tenant_id": "cb63c8b6-7cdf-44fb-8662-675bf9d1f979"
              }
            ],
            "contact": [],
            "enable_rbac_authorization": false,
            "enabled_for_deployment": false,
            "enabled_for_disk_encryption": false,
            "enabled_for_template_deployment": false,
            "id": "/subscriptions/524875d7-62d5-42df-8fe5-78822e211bf3/resourceGroups/rg-mahb-prod-001/providers/Microsoft.KeyVault/vaults/kv-mahb-prod-001",
            "location": "southeastasia",
            "name": "kv-mahb-prod-001",
            "network_acls": [
              {
                "bypass": "AzureServices",
                "default_action": "Deny",
                "ip_rules": [],
                "virtual_network_subnet_ids": [
                  "/subscriptions/524875d7-62d5-42df-8fe5-78822e211bf3/resourceGroups/rg-network-prod-001/providers/Microsoft.Network/virtualNetworks/vnet-network-prod-001/subnets/subnet-aks",
                  "/subscriptions/524875d7-62d5-42df-8fe5-78822e211bf3/resourceGroups/rg-network-prod-001/providers/Microsoft.Network/virtualNetworks/vnet-network-prod-001/subnets/subnet-jumpbox",
                  "/subscriptions/524875d7-62d5-42df-8fe5-78822e211bf3/resourceGroups/rg-network-prod-002/providers/Microsoft.Network/virtualNetworks/vnet-network-prod-002/subnets/subnet-jumpbox"
                ]
              }
            ],
            "public_network_access_enabled": true,
            "purge_protection_enabled": false,
            "resource_group_name": "rg-mahb-prod-001",
            "sku_name": "standard",
            "soft_delete_retention_days": 7,
            "tags": {
              "Instance": "Main"
            },
            "tenant_id": "cb63c8b6-7cdf-44fb-8662-675bf9d1f979",
            "timeouts": null,
            "vault_uri": "https://kv-mahb-prod-001.vault.azure.net/"
          },
          "sensitive_attributes": [],
          "private": "eyJlMmJmYjczMC1lY2FhLTExZTYtOGY4OC0zNDM2M2JjN2M0YzAiOnsiY3JlYXRlIjoxODAwMDAwMDAwMDAwLCJkZWxldGUiOjE4MDAwMDAwMDAwMDAsInJlYWQiOjMwMDAwMDAwMDAwMCwidXBkYXRlIjoxODAwMDAwMDAwMDAwfSwic2NoZW1hX3ZlcnNpb24iOiIyIn0=",
          "dependencies": [
            "module.subnets_failover.data.azurerm_subnet.jumpbox",
            "module.subnets_main.data.azurerm_subnet.aks",
            "module.subnets_main.data.azurerm_subnet.jumpbox",
            "module.workload_main.module.group.azurerm_resource_group.default",
            "module.workload_main.module.kv.data.azurerm_client_config.current"
          ]
        }
      ]
    },
    {
      "module": "module.workload_main.module.kv",
      "mode": "managed",
      "type": "azurerm_key_vault_access_policy",
      "name": "aks",
      "provider": "provider[\"registry.terraform.io/hashicorp/azurerm\"]",
      "instances": [
        {
          "schema_version": 0,
          "attributes": {
            "application_id": "",
            "certificate_permissions": [],
            "id": "/subscriptions/524875d7-62d5-42df-8fe5-78822e211bf3/resourceGroups/rg-mahb-prod-001/providers/Microsoft.KeyVault/vaults/kv-mahb-prod-001/objectId/5027f5cc-68c2-41a6-a9a9-c65d9b6adbbf",
            "key_permissions": [],
            "key_vault_id": "/subscriptions/524875d7-62d5-42df-8fe5-78822e211bf3/resourceGroups/rg-mahb-prod-001/providers/Microsoft.KeyVault/vaults/kv-mahb-prod-001",
            "object_id": "5027f5cc-68c2-41a6-a9a9-c65d9b6adbbf",
            "secret_permissions": [
              "Get"
            ],
            "storage_permissions": [],
            "tenant_id": "cb63c8b6-7cdf-44fb-8662-675bf9d1f979",
            "timeouts": null
          },
          "sensitive_attributes": [],
          "private": "eyJlMmJmYjczMC1lY2FhLTExZTYtOGY4OC0zNDM2M2JjN2M0YzAiOnsiY3JlYXRlIjoxODAwMDAwMDAwMDAwLCJkZWxldGUiOjE4MDAwMDAwMDAwMDAsInJlYWQiOjMwMDAwMDAwMDAwMCwidXBkYXRlIjoxODAwMDAwMDAwMDAwfX0=",
          "dependencies": [
            "module.subnets_failover.data.azurerm_subnet.jumpbox",
            "module.subnets_main.data.azurerm_subnet.aks",
            "module.subnets_main.data.azurerm_subnet.jumpbox",
            "module.workload_main.module.app_registration.azuread_application.default",
            "module.workload_main.module.app_registration.azuread_service_principal.default",
            "module.workload_main.module.group.azurerm_resource_group.default",
            "module.workload_main.module.kv.azurerm_key_vault.default",
            "module.workload_main.module.kv.data.azurerm_client_config.current"
          ]
        }
      ]
    },
    {
      "module": "module.workload_main.module.log",
      "mode": "managed",
      "type": "azurerm_log_analytics_workspace",
      "name": "default",
      "provider": "provider[\"registry.terraform.io/hashicorp/azurerm\"]",
      "instances": [
        {
          "schema_version": 3,
          "attributes": {
            "allow_resource_only_permissions": true,
            "cmk_for_query_forced": false,
            "daily_quota_gb": -1,
            "data_collection_rule_id": "",
            "id": "/subscriptions/524875d7-62d5-42df-8fe5-78822e211bf3/resourceGroups/rg-mahb-prod-001/providers/Microsoft.OperationalInsights/workspaces/log-mahb-prod-001",
            "identity": [],
            "immediate_data_purge_on_30_days_enabled": false,
            "internet_ingestion_enabled": true,
            "internet_query_enabled": true,
            "local_authentication_disabled": false,
            "location": "southeastasia",
            "name": "log-mahb-prod-001",
            "primary_shared_key": "v/6QDhlKmN/fStdlfHNGUcFLJtKFz4MDwhxQQlv/akwz2k+3Y0LyCDZD2a8Yuy/K6c6O/UExyFIfbC6OyzFyaw==",
            "reservation_capacity_in_gb_per_day": null,
            "resource_group_name": "rg-mahb-prod-001",
            "retention_in_days": 30,
            "secondary_shared_key": "uFsLPg/bHdHGseQ/RfY32iodtLX62P3pQfD+clc/kee+CVSmHEtl04r2kv1qg61kqxNfD/En2ZVpfE/rpOlIEg==",
            "sku": "PerGB2018",
            "tags": {
              "Instance": "Main"
            },
            "timeouts": null,
            "workspace_id": "91201cdc-7a42-4337-9489-5b2dc1b62de0"
          },
          "sensitive_attributes": [],
          "private": "eyJlMmJmYjczMC1lY2FhLTExZTYtOGY4OC0zNDM2M2JjN2M0YzAiOnsiY3JlYXRlIjoxODAwMDAwMDAwMDAwLCJkZWxldGUiOjE4MDAwMDAwMDAwMDAsInJlYWQiOjMwMDAwMDAwMDAwMCwidXBkYXRlIjoxODAwMDAwMDAwMDAwfSwic2NoZW1hX3ZlcnNpb24iOiIzIn0=",
          "dependencies": [
            "module.workload_main.module.group.azurerm_resource_group.default"
          ]
        }
      ]
    }
  ],
  "check_results": [
    {
      "object_kind": "var",
      "config_addr": "var.application_name",
      "status": "pass",
      "objects": [
        {
          "object_addr": "var.application_name",
          "status": "pass"
        }
      ]
    }
  ]
}
