{
  "version": 4,
  "terraform_version": "1.7.4",
  "serial": 200,
  "lineage": "0a3b1d1a-b742-0137-f0a1-12c653d9ab2d",
  "outputs": {
    "frontdoor_host_name": {
      "value": "ft-mahb-prod.azurefd.net",
      "type": "string"
    }
  },
  "resources": [
    {
      "module": "module.frontdoor",
      "mode": "managed",
      "type": "azurerm_frontdoor",
      "name": "default",
      "provider": "provider[\"registry.terraform.io/hashicorp/azurerm\"]",
      "instances": [
        {
          "schema_version": 2,
          "attributes": {
            "backend_pool": [
              {
                "backend": [
                  {
                    "address": "20.247.200.224",
                    "enabled": true,
                    "host_header": "20.247.200.224",
                    "http_port": 80,
                    "https_port": 443,
                    "priority": 1,
                    "weight": 50
                  }
                ],
                "health_probe_name": "Main-IngressHealthProbe",
                "id": "/subscriptions/524875d7-62d5-42df-8fe5-78822e211bf3/resourceGroups/rg-mahb-prod-global/providers/Microsoft.Network/frontDoors/ft-mahb-prod/backendPools/Main-IngressBackendPool",
                "load_balancing_name": "Main-IngressLoadBalancing",
                "name": "Main-IngressBackendPool"
              },
              {
                "backend": [
                  {
                    "address": "20.255.41.40",
                    "enabled": true,
                    "host_header": "20.255.41.40",
                    "http_port": 80,
                    "https_port": 443,
                    "priority": 2,
                    "weight": 50
                  }
                ],
                "health_probe_name": "Failover-IngressHealthProbe",
                "id": "/subscriptions/524875d7-62d5-42df-8fe5-78822e211bf3/resourceGroups/rg-mahb-prod-global/providers/Microsoft.Network/frontDoors/ft-mahb-prod/backendPools/Failover-IngressBackendPool",
                "load_balancing_name": "Failover-IngressLoadBalancing",
                "name": "Failover-IngressBackendPool"
              }
            ],
            "backend_pool_health_probe": [
              {
                "enabled": true,
                "id": "/subscriptions/524875d7-62d5-42df-8fe5-78822e211bf3/resourceGroups/rg-mahb-prod-global/providers/Microsoft.Network/frontDoors/ft-mahb-prod/healthProbeSettings/Main-IngressHealthProbe",
                "interval_in_seconds": 120,
                "name": "Main-IngressHealthProbe",
                "path": "/",
                "probe_method": "GET",
                "protocol": "Http"
              },
              {
                "enabled": true,
                "id": "/subscriptions/524875d7-62d5-42df-8fe5-78822e211bf3/resourceGroups/rg-mahb-prod-global/providers/Microsoft.Network/frontDoors/ft-mahb-prod/healthProbeSettings/Failover-IngressHealthProbe",
                "interval_in_seconds": 120,
                "name": "Failover-IngressHealthProbe",
                "path": "/",
                "probe_method": "GET",
                "protocol": "Http"
              }
            ],
            "backend_pool_health_probes": {
              "Failover-IngressHealthProbe": "/subscriptions/524875d7-62d5-42df-8fe5-78822e211bf3/resourceGroups/rg-mahb-prod-global/providers/Microsoft.Network/frontDoors/ft-mahb-prod/healthProbeSettings/Failover-IngressHealthProbe",
              "Main-IngressHealthProbe": "/subscriptions/524875d7-62d5-42df-8fe5-78822e211bf3/resourceGroups/rg-mahb-prod-global/providers/Microsoft.Network/frontDoors/ft-mahb-prod/healthProbeSettings/Main-IngressHealthProbe"
            },
            "backend_pool_load_balancing": [
              {
                "additional_latency_milliseconds": 0,
                "id": "/subscriptions/524875d7-62d5-42df-8fe5-78822e211bf3/resourceGroups/rg-mahb-prod-global/providers/Microsoft.Network/frontDoors/ft-mahb-prod/loadBalancingSettings/Main-IngressLoadBalancing",
                "name": "Main-IngressLoadBalancing",
                "sample_size": 4,
                "successful_samples_required": 2
              },
              {
                "additional_latency_milliseconds": 0,
                "id": "/subscriptions/524875d7-62d5-42df-8fe5-78822e211bf3/resourceGroups/rg-mahb-prod-global/providers/Microsoft.Network/frontDoors/ft-mahb-prod/loadBalancingSettings/Failover-IngressLoadBalancing",
                "name": "Failover-IngressLoadBalancing",
                "sample_size": 4,
                "successful_samples_required": 2
              }
            ],
            "backend_pool_load_balancing_settings": {
              "Failover-IngressLoadBalancing": "/subscriptions/524875d7-62d5-42df-8fe5-78822e211bf3/resourceGroups/rg-mahb-prod-global/providers/Microsoft.Network/frontDoors/ft-mahb-prod/loadBalancingSettings/Failover-IngressLoadBalancing",
              "Main-IngressLoadBalancing": "/subscriptions/524875d7-62d5-42df-8fe5-78822e211bf3/resourceGroups/rg-mahb-prod-global/providers/Microsoft.Network/frontDoors/ft-mahb-prod/loadBalancingSettings/Main-IngressLoadBalancing"
            },
            "backend_pool_settings": [
              {
                "backend_pools_send_receive_timeout_seconds": 0,
                "enforce_backend_pools_certificate_name_check": false
              }
            ],
            "backend_pools": {
              "Failover-IngressBackendPool": "/subscriptions/524875d7-62d5-42df-8fe5-78822e211bf3/resourceGroups/rg-mahb-prod-global/providers/Microsoft.Network/frontDoors/ft-mahb-prod/backendPools/Failover-IngressBackendPool",
              "Main-IngressBackendPool": "/subscriptions/524875d7-62d5-42df-8fe5-78822e211bf3/resourceGroups/rg-mahb-prod-global/providers/Microsoft.Network/frontDoors/ft-mahb-prod/backendPools/Main-IngressBackendPool"
            },
            "cname": "ft-mahb-prod.azurefd.net",
            "explicit_resource_order": [
              {
                "backend_pool_health_probe_ids": [
                  "/subscriptions/524875d7-62d5-42df-8fe5-78822e211bf3/resourceGroups/rg-mahb-prod-global/providers/Microsoft.Network/frontDoors/ft-mahb-prod/healthProbeSettings/Main-IngressHealthProbe",
                  "/subscriptions/524875d7-62d5-42df-8fe5-78822e211bf3/resourceGroups/rg-mahb-prod-global/providers/Microsoft.Network/frontDoors/ft-mahb-prod/healthProbeSettings/Failover-IngressHealthProbe"
                ],
                "backend_pool_ids": [
                  "/subscriptions/524875d7-62d5-42df-8fe5-78822e211bf3/resourceGroups/rg-mahb-prod-global/providers/Microsoft.Network/frontDoors/ft-mahb-prod/backendPools/Main-IngressBackendPool",
                  "/subscriptions/524875d7-62d5-42df-8fe5-78822e211bf3/resourceGroups/rg-mahb-prod-global/providers/Microsoft.Network/frontDoors/ft-mahb-prod/backendPools/Failover-IngressBackendPool"
                ],
                "backend_pool_load_balancing_ids": [
                  "/subscriptions/524875d7-62d5-42df-8fe5-78822e211bf3/resourceGroups/rg-mahb-prod-global/providers/Microsoft.Network/frontDoors/ft-mahb-prod/loadBalancingSettings/Main-IngressLoadBalancing",
                  "/subscriptions/524875d7-62d5-42df-8fe5-78822e211bf3/resourceGroups/rg-mahb-prod-global/providers/Microsoft.Network/frontDoors/ft-mahb-prod/loadBalancingSettings/Failover-IngressLoadBalancing"
                ],
                "frontend_endpoint_ids": [
                  "/subscriptions/524875d7-62d5-42df-8fe5-78822e211bf3/resourceGroups/rg-mahb-prod-global/providers/Microsoft.Network/frontDoors/ft-mahb-prod/frontendEndpoints/IngressFrontend"
                ],
                "routing_rule_ids": [
                  "/subscriptions/524875d7-62d5-42df-8fe5-78822e211bf3/resourceGroups/rg-mahb-prod-global/providers/Microsoft.Network/frontDoors/ft-mahb-prod/routingRules/Main-IngressRoutingRule"
                ]
              }
            ],
            "friendly_name": "",
            "frontend_endpoint": [
              {
                "host_name": "ft-mahb-prod.azurefd.net",
                "id": "/subscriptions/524875d7-62d5-42df-8fe5-78822e211bf3/resourceGroups/rg-mahb-prod-global/providers/Microsoft.Network/frontDoors/ft-mahb-prod/frontendEndpoints/IngressFrontend",
                "name": "IngressFrontend",
                "session_affinity_enabled": false,
                "session_affinity_ttl_seconds": 0,
                "web_application_firewall_policy_link_id": ""
              }
            ],
            "frontend_endpoints": {
              "IngressFrontend": "/subscriptions/524875d7-62d5-42df-8fe5-78822e211bf3/resourceGroups/rg-mahb-prod-global/providers/Microsoft.Network/frontDoors/ft-mahb-prod/frontendEndpoints/IngressFrontend"
            },
            "header_frontdoor_id": "37bee744-4a36-499d-ba4d-d0abb84fd3ca",
            "id": "/subscriptions/524875d7-62d5-42df-8fe5-78822e211bf3/resourceGroups/rg-mahb-prod-global/providers/Microsoft.Network/frontDoors/ft-mahb-prod",
            "load_balancer_enabled": true,
            "name": "ft-mahb-prod",
            "resource_group_name": "rg-mahb-prod-global",
            "routing_rule": [
              {
                "accepted_protocols": [
                  "Http",
                  "Https"
                ],
                "enabled": true,
                "forwarding_configuration": [
                  {
                    "backend_pool_name": "Main-IngressBackendPool",
                    "cache_duration": "",
                    "cache_enabled": false,
                    "cache_query_parameter_strip_directive": "StripAll",
                    "cache_query_parameters": null,
                    "cache_use_dynamic_compression": false,
                    "custom_forwarding_path": "",
                    "forwarding_protocol": "MatchRequest"
                  }
                ],
                "frontend_endpoints": [
                  "IngressFrontend"
                ],
                "id": "/subscriptions/524875d7-62d5-42df-8fe5-78822e211bf3/resourceGroups/rg-mahb-prod-global/providers/Microsoft.Network/frontDoors/ft-mahb-prod/routingRules/Main-IngressRoutingRule",
                "name": "Main-IngressRoutingRule",
                "patterns_to_match": [
                  "/*"
                ],
                "redirect_configuration": []
              }
            ],
            "routing_rules": {
              "Main-IngressRoutingRule": "/subscriptions/524875d7-62d5-42df-8fe5-78822e211bf3/resourceGroups/rg-mahb-prod-global/providers/Microsoft.Network/frontDoors/ft-mahb-prod/routingRules/Main-IngressRoutingRule"
            },
            "tags": {
              "Instance": "Global"
            },
            "timeouts": null
          },
          "sensitive_attributes": [],
          "private": "eyJlMmJmYjczMC1lY2FhLTExZTYtOGY4OC0zNDM2M2JjN2M0YzAiOnsiY3JlYXRlIjoyMTYwMDAwMDAwMDAwMCwiZGVsZXRlIjoyMTYwMDAwMDAwMDAwMCwicmVhZCI6MzAwMDAwMDAwMDAwLCJ1cGRhdGUiOjIxNjAwMDAwMDAwMDAwfSwic2NoZW1hX3ZlcnNpb24iOiIyIn0=",
          "dependencies": [
            "module.rg_global.azurerm_resource_group.default",
            "module.subnets_failover.data.azurerm_subnet.aks_ApiServer",
            "module.subnets_failover.data.azurerm_subnet.aks_System",
            "module.subnets_failover.data.azurerm_subnet.gateway",
            "module.subnets_main.data.azurerm_subnet.aks_ApiServer",
            "module.subnets_main.data.azurerm_subnet.aks_System",
            "module.subnets_main.data.azurerm_subnet.gateway",
            "module.workload_failover.module.aks.azurerm_kubernetes_cluster.default",
            "module.workload_failover.module.aks.azurerm_user_assigned_identity.aks_identity",
            "module.workload_failover.module.aks.data.azurerm_public_ip.default",
            "module.workload_failover.module.group.azurerm_resource_group.default",
            "module.workload_failover.module.log.azurerm_log_analytics_workspace.default",
            "module.workload_main.module.aks.azurerm_kubernetes_cluster.default",
            "module.workload_main.module.aks.azurerm_user_assigned_identity.aks_identity",
            "module.workload_main.module.aks.data.azurerm_public_ip.default",
            "module.workload_main.module.group.azurerm_resource_group.default",
            "module.workload_main.module.log.azurerm_log_analytics_workspace.default"
          ]
        }
      ]
    },
    {
      "module": "module.rg_global",
      "mode": "managed",
      "type": "azurerm_resource_group",
      "name": "default",
      "provider": "provider[\"registry.terraform.io/hashicorp/azurerm\"]",
      "instances": [
        {
          "schema_version": 0,
          "attributes": {
            "id": "/subscriptions/524875d7-62d5-42df-8fe5-78822e211bf3/resourceGroups/rg-mahb-prod-global",
            "location": "southeastasia",
            "managed_by": "",
            "name": "rg-mahb-prod-global",
            "tags": {
              "Instance": "Global"
            },
            "timeouts": null
          },
          "sensitive_attributes": [],
          "private": "eyJlMmJmYjczMC1lY2FhLTExZTYtOGY4OC0zNDM2M2JjN2M0YzAiOnsiY3JlYXRlIjo1NDAwMDAwMDAwMDAwLCJkZWxldGUiOjU0MDAwMDAwMDAwMDAsInJlYWQiOjMwMDAwMDAwMDAwMCwidXBkYXRlIjo1NDAwMDAwMDAwMDAwfX0="
        }
      ]
    },
    {
      "module": "module.subnets_failover",
      "mode": "data",
      "type": "azurerm_subnet",
      "name": "aks_ApiServer",
      "provider": "provider[\"registry.terraform.io/hashicorp/azurerm\"]",
      "instances": [
        {
          "schema_version": 0,
          "attributes": {
            "address_prefix": "10.140.56.96/27",
            "address_prefixes": [
              "10.140.56.96/27"
            ],
            "enforce_private_link_endpoint_network_policies": false,
            "enforce_private_link_service_network_policies": false,
            "id": "/subscriptions/524875d7-62d5-42df-8fe5-78822e211bf3/resourceGroups/rg-network-prod-002/providers/Microsoft.Network/virtualNetworks/vnet-network-prod-002/subnets/aks-ApiServer",
            "name": "aks-ApiServer",
            "network_security_group_id": "",
            "private_endpoint_network_policies_enabled": true,
            "private_link_service_network_policies_enabled": true,
            "resource_group_name": "rg-network-prod-002",
            "route_table_id": "",
            "service_endpoints": [
              "Microsoft.KeyVault",
              "Microsoft.AzureCosmosDB"
            ],
            "timeouts": null,
            "virtual_network_name": "vnet-network-prod-002"
          },
          "sensitive_attributes": []
        }
      ]
    },
    {
      "module": "module.subnets_failover",
      "mode": "data",
      "type": "azurerm_subnet",
      "name": "aks_Pod",
      "provider": "provider[\"registry.terraform.io/hashicorp/azurerm\"]",
      "instances": [
        {
          "schema_version": 0,
          "attributes": {
            "address_prefix": "10.140.58.0/23",
            "address_prefixes": [
              "10.140.58.0/23"
            ],
            "enforce_private_link_endpoint_network_policies": false,
            "enforce_private_link_service_network_policies": false,
            "id": "/subscriptions/524875d7-62d5-42df-8fe5-78822e211bf3/resourceGroups/rg-network-prod-002/providers/Microsoft.Network/virtualNetworks/vnet-network-prod-002/subnets/aks-PodSubnet",
            "name": "aks-PodSubnet",
            "network_security_group_id": "",
            "private_endpoint_network_policies_enabled": true,
            "private_link_service_network_policies_enabled": true,
            "resource_group_name": "rg-network-prod-002",
            "route_table_id": "",
            "service_endpoints": [
              "Microsoft.KeyVault",
              "Microsoft.AzureCosmosDB"
            ],
            "timeouts": null,
            "virtual_network_name": "vnet-network-prod-002"
          },
          "sensitive_attributes": []
        }
      ]
    },
    {
      "module": "module.subnets_failover",
      "mode": "data",
      "type": "azurerm_subnet",
      "name": "aks_System",
      "provider": "provider[\"registry.terraform.io/hashicorp/azurerm\"]",
      "instances": [
        {
          "schema_version": 0,
          "attributes": {
            "address_prefix": "10.140.57.0/25",
            "address_prefixes": [
              "10.140.57.0/25"
            ],
            "enforce_private_link_endpoint_network_policies": false,
            "enforce_private_link_service_network_policies": false,
            "id": "/subscriptions/524875d7-62d5-42df-8fe5-78822e211bf3/resourceGroups/rg-network-prod-002/providers/Microsoft.Network/virtualNetworks/vnet-network-prod-002/subnets/aks-SystemSubnet",
            "name": "aks-SystemSubnet",
            "network_security_group_id": "",
            "private_endpoint_network_policies_enabled": true,
            "private_link_service_network_policies_enabled": true,
            "resource_group_name": "rg-network-prod-002",
            "route_table_id": "",
            "service_endpoints": [
              "Microsoft.KeyVault",
              "Microsoft.AzureCosmosDB"
            ],
            "timeouts": null,
            "virtual_network_name": "vnet-network-prod-002"
          },
          "sensitive_attributes": []
        }
      ]
    },
    {
      "module": "module.subnets_failover",
      "mode": "data",
      "type": "azurerm_subnet",
      "name": "aks_User",
      "provider": "provider[\"registry.terraform.io/hashicorp/azurerm\"]",
      "instances": [
        {
          "schema_version": 0,
          "attributes": {
            "address_prefix": "10.140.57.128/25",
            "address_prefixes": [
              "10.140.57.128/25"
            ],
            "enforce_private_link_endpoint_network_policies": false,
            "enforce_private_link_service_network_policies": false,
            "id": "/subscriptions/524875d7-62d5-42df-8fe5-78822e211bf3/resourceGroups/rg-network-prod-002/providers/Microsoft.Network/virtualNetworks/vnet-network-prod-002/subnets/aks-UserSubnet",
            "name": "aks-UserSubnet",
            "network_security_group_id": "",
            "private_endpoint_network_policies_enabled": true,
            "private_link_service_network_policies_enabled": true,
            "resource_group_name": "rg-network-prod-002",
            "route_table_id": "",
            "service_endpoints": [
              "Microsoft.KeyVault",
              "Microsoft.AzureCosmosDB"
            ],
            "timeouts": null,
            "virtual_network_name": "vnet-network-prod-002"
          },
          "sensitive_attributes": []
        }
      ]
    },
    {
      "module": "module.subnets_failover",
      "mode": "data",
      "type": "azurerm_subnet",
      "name": "gateway",
      "provider": "provider[\"registry.terraform.io/hashicorp/azurerm\"]",
      "instances": [
        {
          "schema_version": 0,
          "attributes": {
            "address_prefix": "10.140.56.64/27",
            "address_prefixes": [
              "10.140.56.64/27"
            ],
            "enforce_private_link_endpoint_network_policies": false,
            "enforce_private_link_service_network_policies": false,
            "id": "/subscriptions/524875d7-62d5-42df-8fe5-78822e211bf3/resourceGroups/rg-network-prod-002/providers/Microsoft.Network/virtualNetworks/vnet-network-prod-002/subnets/subnet-gateway",
            "name": "subnet-gateway",
            "network_security_group_id": "",
            "private_endpoint_network_policies_enabled": true,
            "private_link_service_network_policies_enabled": true,
            "resource_group_name": "rg-network-prod-002",
            "route_table_id": "",
            "service_endpoints": [],
            "timeouts": null,
            "virtual_network_name": "vnet-network-prod-002"
          },
          "sensitive_attributes": []
        }
      ]
    },
    {
      "module": "module.subnets_failover",
      "mode": "data",
      "type": "azurerm_subnet",
      "name": "jumpbox",
      "provider": "provider[\"registry.terraform.io/hashicorp/azurerm\"]",
      "instances": [
        {
          "schema_version": 0,
          "attributes": {
            "address_prefix": "10.140.56.32/27",
            "address_prefixes": [
              "10.140.56.32/27"
            ],
            "enforce_private_link_endpoint_network_policies": false,
            "enforce_private_link_service_network_policies": false,
            "id": "/subscriptions/524875d7-62d5-42df-8fe5-78822e211bf3/resourceGroups/rg-network-prod-002/providers/Microsoft.Network/virtualNetworks/vnet-network-prod-002/subnets/subnet-jumpbox",
            "name": "subnet-jumpbox",
            "network_security_group_id": "",
            "private_endpoint_network_policies_enabled": true,
            "private_link_service_network_policies_enabled": true,
            "resource_group_name": "rg-network-prod-002",
            "route_table_id": "",
            "service_endpoints": [
              "Microsoft.KeyVault",
              "Microsoft.AzureCosmosDB"
            ],
            "timeouts": null,
            "virtual_network_name": "vnet-network-prod-002"
          },
          "sensitive_attributes": []
        }
      ]
    },
    {
      "module": "module.subnets_main",
      "mode": "data",
      "type": "azurerm_subnet",
      "name": "aks_ApiServer",
      "provider": "provider[\"registry.terraform.io/hashicorp/azurerm\"]",
      "instances": [
        {
          "schema_version": 0,
          "attributes": {
            "address_prefix": "10.120.56.96/27",
            "address_prefixes": [
              "10.120.56.96/27"
            ],
            "enforce_private_link_endpoint_network_policies": false,
            "enforce_private_link_service_network_policies": false,
            "id": "/subscriptions/524875d7-62d5-42df-8fe5-78822e211bf3/resourceGroups/rg-network-prod-001/providers/Microsoft.Network/virtualNetworks/vnet-network-prod-001/subnets/aks-ApiServer",
            "name": "aks-ApiServer",
            "network_security_group_id": "",
            "private_endpoint_network_policies_enabled": true,
            "private_link_service_network_policies_enabled": true,
            "resource_group_name": "rg-network-prod-001",
            "route_table_id": "",
            "service_endpoints": [
              "Microsoft.KeyVault",
              "Microsoft.AzureCosmosDB"
            ],
            "timeouts": null,
            "virtual_network_name": "vnet-network-prod-001"
          },
          "sensitive_attributes": []
        }
      ]
    },
    {
      "module": "module.subnets_main",
      "mode": "data",
      "type": "azurerm_subnet",
      "name": "aks_Pod",
      "provider": "provider[\"registry.terraform.io/hashicorp/azurerm\"]",
      "instances": [
        {
          "schema_version": 0,
          "attributes": {
            "address_prefix": "10.120.58.0/23",
            "address_prefixes": [
              "10.120.58.0/23"
            ],
            "enforce_private_link_endpoint_network_policies": false,
            "enforce_private_link_service_network_policies": false,
            "id": "/subscriptions/524875d7-62d5-42df-8fe5-78822e211bf3/resourceGroups/rg-network-prod-001/providers/Microsoft.Network/virtualNetworks/vnet-network-prod-001/subnets/aks-PodSubnet",
            "name": "aks-PodSubnet",
            "network_security_group_id": "",
            "private_endpoint_network_policies_enabled": true,
            "private_link_service_network_policies_enabled": true,
            "resource_group_name": "rg-network-prod-001",
            "route_table_id": "",
            "service_endpoints": [
              "Microsoft.KeyVault",
              "Microsoft.AzureCosmosDB"
            ],
            "timeouts": null,
            "virtual_network_name": "vnet-network-prod-001"
          },
          "sensitive_attributes": []
        }
      ]
    },
    {
      "module": "module.subnets_main",
      "mode": "data",
      "type": "azurerm_subnet",
      "name": "aks_System",
      "provider": "provider[\"registry.terraform.io/hashicorp/azurerm\"]",
      "instances": [
        {
          "schema_version": 0,
          "attributes": {
            "address_prefix": "10.120.57.0/25",
            "address_prefixes": [
              "10.120.57.0/25"
            ],
            "enforce_private_link_endpoint_network_policies": false,
            "enforce_private_link_service_network_policies": false,
            "id": "/subscriptions/524875d7-62d5-42df-8fe5-78822e211bf3/resourceGroups/rg-network-prod-001/providers/Microsoft.Network/virtualNetworks/vnet-network-prod-001/subnets/aks-SystemSubnet",
            "name": "aks-SystemSubnet",
            "network_security_group_id": "",
            "private_endpoint_network_policies_enabled": true,
            "private_link_service_network_policies_enabled": true,
            "resource_group_name": "rg-network-prod-001",
            "route_table_id": "",
            "service_endpoints": [
              "Microsoft.KeyVault",
              "Microsoft.AzureCosmosDB"
            ],
            "timeouts": null,
            "virtual_network_name": "vnet-network-prod-001"
          },
          "sensitive_attributes": []
        }
      ]
    },
    {
      "module": "module.subnets_main",
      "mode": "data",
      "type": "azurerm_subnet",
      "name": "aks_User",
      "provider": "provider[\"registry.terraform.io/hashicorp/azurerm\"]",
      "instances": [
        {
          "schema_version": 0,
          "attributes": {
            "address_prefix": "10.120.57.128/25",
            "address_prefixes": [
              "10.120.57.128/25"
            ],
            "enforce_private_link_endpoint_network_policies": false,
            "enforce_private_link_service_network_policies": false,
            "id": "/subscriptions/524875d7-62d5-42df-8fe5-78822e211bf3/resourceGroups/rg-network-prod-001/providers/Microsoft.Network/virtualNetworks/vnet-network-prod-001/subnets/aks-UserSubnet",
            "name": "aks-UserSubnet",
            "network_security_group_id": "",
            "private_endpoint_network_policies_enabled": true,
            "private_link_service_network_policies_enabled": true,
            "resource_group_name": "rg-network-prod-001",
            "route_table_id": "",
            "service_endpoints": [
              "Microsoft.KeyVault",
              "Microsoft.AzureCosmosDB"
            ],
            "timeouts": null,
            "virtual_network_name": "vnet-network-prod-001"
          },
          "sensitive_attributes": []
        }
      ]
    },
    {
      "module": "module.subnets_main",
      "mode": "data",
      "type": "azurerm_subnet",
      "name": "gateway",
      "provider": "provider[\"registry.terraform.io/hashicorp/azurerm\"]",
      "instances": [
        {
          "schema_version": 0,
          "attributes": {
            "address_prefix": "10.120.56.64/27",
            "address_prefixes": [
              "10.120.56.64/27"
            ],
            "enforce_private_link_endpoint_network_policies": false,
            "enforce_private_link_service_network_policies": false,
            "id": "/subscriptions/524875d7-62d5-42df-8fe5-78822e211bf3/resourceGroups/rg-network-prod-001/providers/Microsoft.Network/virtualNetworks/vnet-network-prod-001/subnets/subnet-gateway",
            "name": "subnet-gateway",
            "network_security_group_id": "",
            "private_endpoint_network_policies_enabled": true,
            "private_link_service_network_policies_enabled": true,
            "resource_group_name": "rg-network-prod-001",
            "route_table_id": "",
            "service_endpoints": [],
            "timeouts": null,
            "virtual_network_name": "vnet-network-prod-001"
          },
          "sensitive_attributes": []
        }
      ]
    },
    {
      "module": "module.subnets_main",
      "mode": "data",
      "type": "azurerm_subnet",
      "name": "jumpbox",
      "provider": "provider[\"registry.terraform.io/hashicorp/azurerm\"]",
      "instances": [
        {
          "schema_version": 0,
          "attributes": {
            "address_prefix": "10.120.56.32/27",
            "address_prefixes": [
              "10.120.56.32/27"
            ],
            "enforce_private_link_endpoint_network_policies": false,
            "enforce_private_link_service_network_policies": false,
            "id": "/subscriptions/524875d7-62d5-42df-8fe5-78822e211bf3/resourceGroups/rg-network-prod-001/providers/Microsoft.Network/virtualNetworks/vnet-network-prod-001/subnets/subnet-jumpbox",
            "name": "subnet-jumpbox",
            "network_security_group_id": "",
            "private_endpoint_network_policies_enabled": true,
            "private_link_service_network_policies_enabled": true,
            "resource_group_name": "rg-network-prod-001",
            "route_table_id": "",
            "service_endpoints": [
              "Microsoft.KeyVault",
              "Microsoft.AzureCosmosDB"
            ],
            "timeouts": null,
            "virtual_network_name": "vnet-network-prod-001"
          },
          "sensitive_attributes": []
        }
      ]
    },
    {
      "module": "module.workload_failover.module.aks",
      "mode": "data",
      "type": "azurerm_public_ip",
      "name": "default",
      "provider": "provider[\"registry.terraform.io/hashicorp/azurerm\"]",
      "instances": [
        {
          "schema_version": 0,
          "attributes": {
            "allocation_method": "Static",
            "ddos_protection_mode": null,
            "ddos_protection_plan_id": null,
            "domain_name_label": "",
            "fqdn": "",
            "id": "/subscriptions/524875d7-62d5-42df-8fe5-78822e211bf3/resourceGroups/rg-k8s-mahb-prod-002/providers/Microsoft.Network/publicIPAddresses/agw-mahb-prod-002-appgwpip",
            "idle_timeout_in_minutes": 4,
            "ip_address": "20.255.41.40",
            "ip_tags": {},
            "ip_version": "IPv4",
            "location": "eastasia",
            "name": "agw-mahb-prod-002-appgwpip",
            "resource_group_name": "rg-k8s-mahb-prod-002",
            "reverse_fqdn": "",
            "sku": "Standard",
            "tags": {},
            "timeouts": null,
            "zones": [
              "1",
              "2",
              "3"
            ]
          },
          "sensitive_attributes": []
        }
      ]
    },
    {
      "module": "module.workload_failover.module.aks",
      "mode": "data",
      "type": "azurerm_resource_group",
      "name": "existing",
      "provider": "provider[\"registry.terraform.io/hashicorp/azurerm\"]",
      "instances": [
        {
          "schema_version": 0,
          "attributes": {
            "id": "/subscriptions/524875d7-62d5-42df-8fe5-78822e211bf3/resourceGroups/rg-network-prod-002",
            "location": "eastasia",
            "managed_by": "",
            "name": "rg-network-prod-002",
            "tags": {
              "Instance": "Failover"
            },
            "timeouts": null
          },
          "sensitive_attributes": []
        }
      ]
    },
    {
      "module": "module.workload_failover.module.aks",
      "mode": "managed",
      "type": "azurerm_kubernetes_cluster",
      "name": "default",
      "provider": "provider[\"registry.terraform.io/hashicorp/azurerm\"]",
      "instances": [
        {
          "schema_version": 2,
          "attributes": {
            "aci_connector_linux": [],
            "api_server_access_profile": [
              {
                "authorized_ip_ranges": [],
                "subnet_id": "/subscriptions/524875d7-62d5-42df-8fe5-78822e211bf3/resourceGroups/rg-network-prod-002/providers/Microsoft.Network/virtualNetworks/vnet-network-prod-002/subnets/aks-ApiServer",
                "vnet_integration_enabled": true
              }
            ],
            "api_server_authorized_ip_ranges": [],
            "auto_scaler_profile": [],
            "automatic_channel_upgrade": "",
            "azure_active_directory_role_based_access_control": [],
            "azure_policy_enabled": false,
            "confidential_computing": [],
            "current_kubernetes_version": "1.27.9",
            "custom_ca_trust_certificates_base64": null,
            "default_node_pool": [
              {
                "capacity_reservation_group_id": "",
                "custom_ca_trust_enabled": false,
                "enable_auto_scaling": false,
                "enable_host_encryption": false,
                "enable_node_public_ip": false,
                "fips_enabled": false,
                "gpu_instance": "",
                "host_group_id": "",
                "kubelet_config": [],
                "kubelet_disk_type": "OS",
                "linux_os_config": [],
                "max_count": 0,
                "max_pods": 30,
                "message_of_the_day": "",
                "min_count": 0,
                "name": "default",
                "node_count": 1,
                "node_labels": {},
                "node_network_profile": [],
                "node_public_ip_prefix_id": "",
                "node_taints": null,
                "only_critical_addons_enabled": false,
                "orchestrator_version": "1.27.9",
                "os_disk_size_gb": 128,
                "os_disk_type": "Managed",
                "os_sku": "Ubuntu",
                "pod_subnet_id": "",
                "proximity_placement_group_id": "",
                "scale_down_mode": "Delete",
                "snapshot_id": "",
                "tags": null,
                "temporary_name_for_rotation": "",
                "type": "VirtualMachineScaleSets",
                "ultra_ssd_enabled": false,
                "upgrade_settings": [],
                "vm_size": "Standard_B2s",
                "vnet_subnet_id": "/subscriptions/524875d7-62d5-42df-8fe5-78822e211bf3/resourceGroups/rg-network-prod-002/providers/Microsoft.Network/virtualNetworks/vnet-network-prod-002/subnets/aks-SystemSubnet",
                "workload_runtime": "",
                "zones": null
              }
            ],
            "disk_encryption_set_id": "",
            "dns_prefix": "aks-mahb-prod-002",
            "dns_prefix_private_cluster": "",
            "edge_zone": "",
            "enable_pod_security_policy": false,
            "fqdn": "",
            "http_application_routing_enabled": false,
            "http_application_routing_zone_name": "",
            "http_proxy_config": [],
            "id": "/subscriptions/524875d7-62d5-42df-8fe5-78822e211bf3/resourceGroups/rg-mahb-prod-002/providers/Microsoft.ContainerService/managedClusters/aks-mahb-prod-002",
            "identity": [
              {
                "identity_ids": [
                  "/subscriptions/524875d7-62d5-42df-8fe5-78822e211bf3/resourceGroups/rg-mahb-prod-002/providers/Microsoft.ManagedIdentity/userAssignedIdentities/mahb-prod-002Identity"
                ],
                "principal_id": "",
                "tenant_id": "",
                "type": "UserAssigned"
              }
            ],
            "image_cleaner_enabled": false,
            "image_cleaner_interval_hours": 48,
            "ingress_application_gateway": [
              {
                "effective_gateway_id": "/subscriptions/524875d7-62d5-42df-8fe5-78822e211bf3/resourceGroups/rg-k8s-mahb-prod-002/providers/Microsoft.Network/applicationGateways/agw-mahb-prod-002",
                "gateway_id": "",
                "gateway_name": "agw-mahb-prod-002",
                "ingress_application_gateway_identity": [
                  {
                    "client_id": "c4a050d4-6471-4d58-a4d8-45a192ad7f14",
                    "object_id": "03870c1d-c013-4e52-b482-b01ac0954526",
                    "user_assigned_identity_id": "/subscriptions/524875d7-62d5-42df-8fe5-78822e211bf3/resourcegroups/rg-k8s-mahb-prod-002/providers/Microsoft.ManagedIdentity/userAssignedIdentities/ingressapplicationgateway-aks-mahb-prod-002"
                  }
                ],
                "subnet_cidr": "",
                "subnet_id": "/subscriptions/524875d7-62d5-42df-8fe5-78822e211bf3/resourceGroups/rg-network-prod-002/providers/Microsoft.Network/virtualNetworks/vnet-network-prod-002/subnets/subnet-gateway"
              }
            ],
            "key_management_service": [],
            "key_vault_secrets_provider": [
              {
                "secret_identity": [
                  {
                    "client_id": "8208bd4e-aaf3-4ab3-ad7c-d483a36953e6",
                    "object_id": "504219c0-1b62-4b81-a131-a276e0bd18c4",
                    "user_assigned_identity_id": "/subscriptions/524875d7-62d5-42df-8fe5-78822e211bf3/resourcegroups/rg-k8s-mahb-prod-002/providers/Microsoft.ManagedIdentity/userAssignedIdentities/azurekeyvaultsecretsprovider-aks-mahb-prod-002"
                  }
                ],
                "secret_rotation_enabled": true,
                "secret_rotation_interval": "2m"
              }
            ],
            "kube_admin_config": [],
            "kube_admin_config_raw": "",
            "kube_config": [
              {
                "client_certificate": "LS0tLS1CRUdJTiBDRVJUSUZJQ0FURS0tLS0tCk1JSUZIVENDQXdXZ0F3SUJBZ0lRZUxaaUZaQXY2QjBHZk9JajZ4dkg4VEFOQmdrcWhraUc5dzBCQVFzRkFEQU4KTVFzd0NRWURWUVFERXdKallUQWVGdzB5TkRBek1UY3dORFEyTlRGYUZ3MHlOakF6TVRjd05EVTJOVEZhTURBeApGekFWQmdOVkJBb1REbk41YzNSbGJUcHRZWE4wWlhKek1SVXdFd1lEVlFRREV3eHRZWE4wWlhKamJHbGxiblF3CmdnSWlNQTBHQ1NxR1NJYjNEUUVCQVFVQUE0SUNEd0F3Z2dJS0FvSUNBUUN5VVI1bmdadE4zek1qbEVyTlMvbEYKUnpSV0pQdDk0bjRGa3JWTHhpZVV4UWhTR1B1OGJSalMvTnROYThkWGpmSDBoTXMyQ04zbkN2WXNmeldvcU51MQp3NFFxTGhUVFRMcXprNkExRnN1TzBuV2EvbVBuSGNFNzcweDJQVjlTK2N6L2N4bUpnV3NIb1NUa0lCbFozckljCjU3WG82YVFZRVMvd2NtRmdJdVJ3QWlSUVJIUUhGQ2hrVXltWGlUQ29mZlZSREEvOEZLVDdrc0hzTFBhdXhHb3oKTDF3c0JKNkRWclFBWGFPTytnTUd2RDFPaUR0bGpGUHRGRHJ5ZHRZRTVOTmc1dlB1Y2c1MDBwTE12NzV0OXRxZwpkMmxsRitIMmpmNzhvSEwzSkd5cGU0UG8vMGY4L3c5NXNDRUthNTluVE5xbXlEdE1BYmhHeERJMTZKK1E3WUZ2CkpqM0RvdVlvYk1SaXk2cjVxbUlBOFVRei9McURLRCs4YWtSWnRTM3poLzJIbnNUUmlIdXBFYnczWWcwbSsvTmoKaDdSYlBkeE1LTVRpMnZpOExXMWVBS1BNRTFKb216Y0dFb2JCanl6S1NSVC9FMlhPdmNZcE5YVXdPRllKbVhyVApuaDUzNnFqbzNDN3kyMzNCNlh1MmdDaHRoK3MzTEs2QlRHWmp5c1hrOFRPeW9acDVkRURqMXdUeVNLdUV5aDBsCkJVYTBGUFdEdEFrak00VEpZR041ZGtGbDhnaXkxaXNlL1JWdzhZZnIwdjZDdWtXdkh1aTNrd2g3ZkFaUmxmVHUKOVlxQm0wMjk5UnNrNFFuWjdSY3Vndm9kbmFUczU5TFEvMTg0SThmVEozVmx6SG0rVUVaTDl3R0tMSWp1QjkvQgoxWG1wOGtDN0dVQUp6Z1YyNkh5bU9RSURBUUFCbzFZd1ZEQU9CZ05WSFE4QkFmOEVCQU1DQmFBd0V3WURWUjBsCkJBd3dDZ1lJS3dZQkJRVUhBd0l3REFZRFZSMFRBUUgvQkFJd0FEQWZCZ05WSFNNRUdEQVdnQlJwRUxkcEFMNkgKbHNZQ0x5RzgvQlUwZDJIV056QU5CZ2txaGtpRzl3MEJBUXNGQUFPQ0FnRUFKVnJMNG55T21VdWVtOHhjWXFEbwpaVnhJR2pQaVhvUlh1LzlxL21MRlRuQmwySjh1TkdqTjFvM2pMaG01R09YOEJ6WHpkSzd2ajI0azU1eHhnZXZGCnZuM3Yvd3FocDZtUnNQUzJZKzlxeUc3N2U2clNpL0xKUjhyMkdPSnFvRmQzZjA5Q3M4Zmd1MW5jM1RobVFrS0oKZk1RWGczSDZSeGliZjBrcm9GR254S29pc21qOXl6UFRWVkhDbEJtQWxhQURsLzVYNkk2K1dRWUE4UXAvakZ1Zwo4SXFLS3pmdFNLY3YzMnhpSmRHZ1Q4dGxwOFBaTm1QNjlId1hHdDdsQXEreERESUs5QXI5WU53WENCNHV6R242CkJ5TjAzM0x5N0ptdXE4ajdOTTA5T3E4TllHOUhIeHplZmRyQ28zOTA0ZjVWNVlrRkY5MUt1WlJlMG9peDFhSUgKZjlyakljMWhPZmc4aGs1bkdEUUpHL2pLNC8zNlFHYk1RUUI5SzRQZFVVdGh5UUlGZTA5V21Md3RCdDZnejdqeQpNU2FuMDF2S3FZWWdXalpIdDZSRVlGZXg3RlkvanFReU1heU5QZHFGeTNEK01rK0ZmMWtFN0JmOUluQXFSZWtkCktXSFc4Yys2U2ZpSXN2VHRIcjBrOUNHRzUrQ3A5RStYNk9WdlhRYXVFTytUcXZvSUFEampOZXBpMmh3V2V6T2UKOGpCb3VxVm0zQWJkalA5WnhRVC9MYXVvc2lsV1U5M3J3dkIvTFRLeXNEQXFDUnhEQXdHb3p0RDNZOTdxRXo1SgphU3pDaFptM205cG5hTWRaSzlTZis0N3pIVmhjSTlLaEVkWWI3RnhNNXFYdEovbVVEdnFtMkJFU1NpcXlDMm83CklkOVB3c2lFcFJnY3ZOcW1wNG1POHpZPQotLS0tLUVORCBDRVJUSUZJQ0FURS0tLS0tCg==",
                "client_key": "LS0tLS1CRUdJTiBSU0EgUFJJVkFURSBLRVktLS0tLQpNSUlKSndJQkFBS0NBZ0VBc2xFZVo0R2JUZDh6STVSS3pVdjVSVWMwVmlUN2ZlSitCWksxUzhZbmxNVUlVaGo3CnZHMFkwdnpiVFd2SFY0M3g5SVRMTmdqZDV3cjJMSDgxcUtqYnRjT0VLaTRVMDB5NnM1T2dOUmJManRKMW12NWoKNXgzQk8rOU1kajFmVXZuTS8zTVppWUZyQjZFazVDQVpXZDZ5SE9lMTZPbWtHQkV2OEhKaFlDTGtjQUlrVUVSMApCeFFvWkZNcGw0a3dxSDMxVVF3UC9CU2srNUxCN0N6MnJzUnFNeTljTEFTZWcxYTBBRjJqanZvREJydzlUb2c3ClpZeFQ3UlE2OG5iV0JPVFRZT2J6N25JT2ROS1N6TCsrYmZiYW9IZHBaUmZoOW8zKy9LQnk5eVJzcVh1RDZQOUgKL1A4UGViQWhDbXVmWjB6YXBzZzdUQUc0UnNReU5laWZrTzJCYnlZOXc2TG1LR3pFWXN1cSthcGlBUEZFTS95NgpneWcvdkdwRVdiVXQ4NGY5aDU3RTBZaDdxUkc4TjJJTkp2dnpZNGUwV3ozY1RDakU0dHI0dkMxdFhnQ2p6Qk5TCmFKczNCaEtHd1k4c3lra1UveE5senIzR0tUVjFNRGhXQ1psNjA1NGVkK3FvNk53dTh0dDl3ZWw3dG9Bb2JZZnIKTnl5dWdVeG1ZOHJGNVBFenNxR2FlWFJBNDljRThraXJoTW9kSlFWR3RCVDFnN1FKSXpPRXlXQmplWFpCWmZJSQpzdFlySHYwVmNQR0g2OUwrZ3JwRnJ4N290NU1JZTN3R1VaWDA3dldLZ1p0TnZmVWJKT0VKMmUwWExvTDZIWjJrCjdPZlMwUDlmT0NQSDB5ZDFaY3g1dmxCR1MvY0JpaXlJN2dmZndkVjVxZkpBdXhsQUNjNEZkdWg4cGprQ0F3RUEKQVFLQ0FnQUlkajBCSUc5a1JLRkNvUGpqd1NVMUdtbnJaSm5pb1dybGpNNjVwOCtkQ2JTWllNSWhjUFBxbjBFdwo3VnBxVnp3U0pITVlQMWQ0YlZhOVNkUWNDdGRTU3RMc3hYOExmK3FrTnU4MVZiMlhLM21WUDFreVVJRW8vUFFkCjhFK2p1bUwyQkZwRDRqWllDRmVkMDhBZ09hY3VJL2pIOHI1c3ZmUU9idjhiOXN2c1hNMm9XWGRBRnI3TDgvNVgKU0pWY2lZMm9xTy9oUUlHTHhxMFpMaEVPdmhka0VtMUhVWGpNTnNNWCtWbVhvVm1mYWpObWxLUnM3em5VV0U5cgp6aVBkMjVZRVZURmlNVnRxUTh2Zmw0SEw2aGo1NEhESjhWWXh3dzlFb2NDUzVkR2FRVmhES0VvY1FXWlVtZjBYClo0QUxBT1NuWVgwZTRENEViYThNUzl1Mm51NnphVDk2RlFsaE5lZXV3dk4xUTFxK2JrU0Z2UzJiNDJXUnVoWWcKOGlsem5xVEMzMHhnSDN2LzA0U1BJQit2eWhWcllZMFpSQitoTVJrbXQxTFVRcnlkeHoyNDB1bWJqd3phNjVRTApaRitjMmZxUVEwL2pwSFJvMm9yemQyMzVCZk5EaDd0MjRJUWFJTGFlb2RSR29JTnNMTWtFVE5HRXdGS0JFUWpFCjZ4STdLQytHdHdQWERkMjh2RXlXRTJUUGE2ZTZENk9lY2tLYnBialBvY2c0WnVraU1rQnUySGJWVDZBbnpMRlAKNi9IR3hGNWVaTFFHZG4xWC9lS081dmg4djI5Vm9yYVVTS1N3NVBBS09GZStmekVBWjBtbDd5bFNwTGM3Sy9KMgpzWEF1b3o5WVV0MktCalJ1VVI2YTl5VTIwbkpqUWZjWERvRG5Hem9RbFdMMm1RdVAyUUtDQVFFQXhVbmF6WjF4CjVySFNnQjJRMThmWmZEcTJhMDVKdzg3UkNNQytYWFFESW5IaXNtbmxDcHA5WDgvTXhoM1NiMXQ1dUpyTU5uTUkKUkc5WXhhbytGbnhSSVA3NnRVVS9SMmdhV2l0R2dUSW9XajkyazdXa2loZnVoaDZXWHRweGU5bDNZeGc4RjZmdgphREVwcHNxSVBwN0xqTEp1RHRqN05BemlGU0dSeFd1Ui9pUWNtSDZXNGJOWUdSVUZjR3k0VkNuMGRJNXJiUkQ4CmJSV0pWM3BwR1N4NlprZi9JSlZrMkZlK0FYejU3Tld2TVJYV2kydG9LdzVLSjQycTl1cE9PSEV6R0dJNGE0YnkKRHZhTzJnN29yQnJ2ODUrL3FoWmpiOUp5azJRU3dGWUNIK29NVFQzdjFteEkrYzlQOHRYTW5hejhkRE5BcndQZgpFczVMK1JvcXlLSHVPd0tDQVFFQTUySHdDTnVLOUtGb1p3Y050eHU4WFVCNStJanlXcHVoZllOYmNUWVdsVUhECjNteHNGM2d4ZnkrSVdkbnZmRElOSCtUUFRIdHVUbjROdjVKYXV0ZFRXTnBSTzV1eFFmNkFXSGFRbGpYTWNQQ3QKWXQyR002MGlQY0p1MllkcENhKzUwcnRHMnllY0NtYmZ1U2NXWHlFRW5jRlBLdU1GVTd1dkR2S3NmNVFYSjRXTgpSQUE0c3NGYTJBRXVORjJFZXFFNktvTEZuc0JSUUZRZ3BKS0NsOEhhWm9TV3B0WnVPS1NCcktWcmppLzByVmJwCmdIbUxFU3hmcDRaR0dzNzlSOGJRbW5ibHBqcm1HeE95emxtelJwL0JhczBEZ0xTL1RMYkoxQTZ2TVNrTE1ONHgKbzZEUTkyMVFFcS9WVTl4MGxMenJpNDV2WXkzcEJUSUxsUlIweVpNeUd3S0NBUUFVbE9qYnJJSTJjL1NtNHU2NgpaQ0gvUU16SkV3akZBYTF6QVZDYXhVQ1NkbGtWRGRFVU14dkRSQlZ6MGFhamNXS1liS1hEUkdybllNcGRESzZmCmYrYWl6NWJ1RkVST3VjQ09DWmU0WUxndStoSHZ4UEplYWJLN2tUTlV2K3M0NVczOEM0b3hXWmF6UXZXNmJjU2EKNjh3R2FKTHN2NXd0U083SkQ1QjZqUWRWQVFWdXJ6NGtXNlprTDNvNnlVek5rdmJxdGZUbEV2R1NtNzJSUDdiNQpKbGU2bGVZNnl2c1RTc3dLc2JRTkRoblJ3QnA2dndER0JSNmRVNzB6Tnl4ajNRTmNsdHFWOVNVSmhKVlFrRitiCm5NL05sYXZVSGJQUDlaOTRXdWRONDJzalV6Sm5XSC9OMmN3Zks0NkdvZUZQemIwa2pqaEFTZUlhdnlUVDN2UDUKckZNREFvSUJBQ2FDNm96TzNjWHh4NHErWmM0QVU4M0JtWXVBWDdZdENTZjI0UlZxeHo5NGZyMWFsbk1oa2p0MQpFZURDb1ZXdWp2aXNBTVRlRm5JQ0VRKzlzRlJBMnFLRFU5bjBCQURUOTFEQ0N6YTFKWjMyc1NVdmNkTFFFazd0Ck9iNERCN3lRL3dEUUl1Ny9ITDJ1ZWJZN2gwRzJJU3FRcmppWktKM1RNMFB0cUVCanlhYk9WOERsdUlvb0hKS3YKUDUxL296azE5SlIyeDZXd3BOVnNLeks1SC90YVRKdWJuZWVPOFRHRVVBRUlWMnFIR05aeEROUlJacEFwTHBLWAppcnVUa0J5T1B0STJ6K3BuQ3oyZWZiaFN2Y0FYZnYzanVaMkdlQUN3dTg4TDBxVUFDOWpLWXNDMVY1S1hJeWk1CkUyeXQyTW1ZMkN1V1BYdm9mRXhkRkFod0t6QVJ5OWtDZ2dFQUN5M1o0Tzl4YmZuRVBvYWQzZDlhdkRYNTZuMlgKY3VvQzd3ZnEyTWJQS3pIYXMxZHdXTVhreVBvU21OS3c1eEwxaEcvRmw3WWtWa0hVQldFMTB6c0E1Wmt1ektFTApZc2FmOTZBMExlTFgya1hpdWR0UlNIbnlqWE9mRFdnVWxLK0RwVVpPNXBpZzBRbm44VEZwc25oci9LOFpDMXN5CndGTVdLUjYrZ1FadktyL0hUbFdUZ0JOL01SWGF5bU1tUDJNTlBtZmQ3SzJHOFllQW1IM0ttZUppQVhucVV6eEQKNEt6ZDViVEwzSTlqcFd5NjNPTWVKbE0wVTNMZ25vRUhDN1Z1YUhDVmVDOVhhdFJVMU8vd2s4Z0Nxb2lxTURYWgo5UG8xN0RvelRwSGt4MStaNmRKNVBzYktLVlhTcE1SOFllb1J1clZiOWI1bVhFWVRhVHFKaGYvZTV3PT0KLS0tLS1FTkQgUlNBIFBSSVZBVEUgS0VZLS0tLS0K",
                "cluster_ca_certificate": "LS0tLS1CRUdJTiBDRVJUSUZJQ0FURS0tLS0tCk1JSUU2RENDQXRDZ0F3SUJBZ0lRS3VNOTdRQlJPSEcwQmJzVDRUTEdSakFOQmdrcWhraUc5dzBCQVFzRkFEQU4KTVFzd0NRWURWUVFERXdKallUQWdGdzB5TkRBek1UY3dORFEyTlRGYUdBOHlNRFUwTURNeE56QTBOVFkxTVZvdwpEVEVMTUFrR0ExVUVBeE1DWTJFd2dnSWlNQTBHQ1NxR1NJYjNEUUVCQVFVQUE0SUNEd0F3Z2dJS0FvSUNBUURIClQ5S3hYcExWaUIxRjcxNFlQVkRscDdhOXdMYjdmWGpiVGc3clhtVjJCZE4ycVNob3NzaktOOGlxUkpoMFpvRFMKNjFnZFlFSkEwY0UyR0tLcHVQSXJZeGdqWVpKTUVKS1hUak5FNWg0SnVUUmZBR2daWXNId1RKbERrcVJtL3FtUgpVVW43TVVqcENhTExSd0FwSWY5aXF3djlaU3FOWG1URUpSWHQ5eDEyZThmczRHdWFTaXR2QVhuS3huNXB5bXozCkR2Vi9CVmhCbkZZMXFWOExmcFQ1eExoQ3NVKzg5c1ZocnREd21lVVp1OFFycDNqWi9jakw3N1UwVFZjSXVsa3gKRU1oU0V1QUMwaTgxVVdhd3c0c3hNVkloaVhzNUI3K0ptdjl6dmEzUVBxSE5lQmJwdGJ0SnVBR0UyckoyMlBxTApzZlhBU1FTRkVoTHFaU295TzZpWWxRMnRJaVZVVXM0b1c5VUljNTZjVytpUlV4RHVIbnNRV3cwWlU3T0pIcHNKCndPc3pYRzFHdDFwTVNmV2kyRTJ3UWN0R09pY0NKVGdJWHR1bk1SeHdVd29UYktLbTZDUWw1cTFQZ2VqMmQ3U28KeFY1ZElQdnZFQ3N6b0FKUGZlOEFpVmpycTF3STNrRTdkUlpGMnBRdXErYTNiUEs2bmJuVjVRRlZBdFE2b0MxRwpkZmxTOVROUGdLM3NEcFR6Y24wMlJ0cDNucnVjVWNKT0lTY04vTTFheVVQbWUyZDIxbkxQei9JNmZCdEx0MTNjClUyVVFERDZDRGNYZkROakR0NW9LT3drR1F5VXpoV2pmaFEzNUxkekJuY3htM0RVZkg0RFF5OTlpd2E1SHgvSmoKMnZUVjV4REdJWnBjQ0N1U1RHWVRsVGJBelhDbERDa082eVdpN0ZBdDRRSURBUUFCbzBJd1FEQU9CZ05WSFE4QgpBZjhFQkFNQ0FxUXdEd1lEVlIwVEFRSC9CQVV3QXdFQi96QWRCZ05WSFE0RUZnUVVhUkMzYVFDK2g1YkdBaThoCnZQd1ZOSGRoMWpjd0RRWUpLb1pJaHZjTkFRRUxCUUFEZ2dJQkFCSWtzTWwvTXdJelFpNTQxaWhVLzVTcmVCVGkKTWdHWDZWRHUvMWZVaW5hQXNzVXhYVkhYZUtLQ2N1bnppS3ZaOURzdTcrVzV5bDFNamh6b0xkSmFGMENuWERLUQp0aGV6MzdFa1E3QXpVb1BiRmdYS2JaelZnUUlIRXRXOG9aNVB5OEZiUjVDbE1sS1FGTk05L0hnZmhZTGlWeDc0CkV2OWNWMTdzTFpld2Qxb0VBUFNNcVZ1Y25DUmtIdTExTHhCVlEvcWJmSUM4R2kyVStJb21XSGVwa1cvcm4xOW4Kc2R6RCtxV0Nmcmw1VWdVRGk0WExrdGVaTFVLOFpnL1FOa0ZaYXZQUC81OUdMU1ZYbS9RZmE2UVppbEp5eFJWZApOd2hLM2tWMkNqaWQxNWVMUlZBUkNOVWx4Zi9RSXJnR1lGR25UT3oyTXlFeXZwTW01eWt1TzhBL1VMclZpQW01CkE4SEhSNGhWWDFDemR1dzQwZmhJSGZSRHJ2YUYyRmtmcC9VZTZweGxTaXY3aUNvRThRZ3M4WU92T2FuOUdmVVgKcnhrT3FiRER4MHlyekRVRGpyM0FyOFFyc1dCUDFzRXdWTURJWklKYmxodkZBbkZVLzVoS1ZSTlgzZzhLYStqdQpTOXE3bWV4YUxQd29TOE9HM3p2NGxhSHNqdzAyWDQ4UmpRcHU3dWZZVHUzejVyRXoxamxTQ3cvYzlxVUxtS1NkCjFmZTVZU2Qya1Z0d1VSYUJReTNpN3pKRUVJeDc2NWJ6MFBGN25mZk5QSnMxUnR0empHemlTYWtrbFdRSWZ1SEYKVW9jd0NrbmJyU2V2QSt0dm14cVNITS85b2lyNG1ORzRtNHlXV0R6OVA2SVVHYU00K0V5WEozeUdwMnJvTHZHVApVa2NLTjRwajBGUHFDRDBBCi0tLS0tRU5EIENFUlRJRklDQVRFLS0tLS0K",
                "host": "https://aks-mahb-prod-002-1g9ph91k.private.eastasia.azmk8s.io:443",
                "password": "d3g6zh77r2f96os7wrrio9rqy50c5xz4pvpaogplfoal7uf01tl3b3j85u4gplfpkz91zcmcmirc0t1ohtbzz9fyzt1tvyw7p6pnp07qqlku66v89g0180rj4emt8737",
                "username": "clusterUser_rg-mahb-prod-002_aks-mahb-prod-002"
              }
            ],
            "kube_config_raw": "apiVersion: v1\nclusters:\n- cluster:\n    certificate-authority-data: LS0tLS1CRUdJTiBDRVJUSUZJQ0FURS0tLS0tCk1JSUU2RENDQXRDZ0F3SUJBZ0lRS3VNOTdRQlJPSEcwQmJzVDRUTEdSakFOQmdrcWhraUc5dzBCQVFzRkFEQU4KTVFzd0NRWURWUVFERXdKallUQWdGdzB5TkRBek1UY3dORFEyTlRGYUdBOHlNRFUwTURNeE56QTBOVFkxTVZvdwpEVEVMTUFrR0ExVUVBeE1DWTJFd2dnSWlNQTBHQ1NxR1NJYjNEUUVCQVFVQUE0SUNEd0F3Z2dJS0FvSUNBUURIClQ5S3hYcExWaUIxRjcxNFlQVkRscDdhOXdMYjdmWGpiVGc3clhtVjJCZE4ycVNob3NzaktOOGlxUkpoMFpvRFMKNjFnZFlFSkEwY0UyR0tLcHVQSXJZeGdqWVpKTUVKS1hUak5FNWg0SnVUUmZBR2daWXNId1RKbERrcVJtL3FtUgpVVW43TVVqcENhTExSd0FwSWY5aXF3djlaU3FOWG1URUpSWHQ5eDEyZThmczRHdWFTaXR2QVhuS3huNXB5bXozCkR2Vi9CVmhCbkZZMXFWOExmcFQ1eExoQ3NVKzg5c1ZocnREd21lVVp1OFFycDNqWi9jakw3N1UwVFZjSXVsa3gKRU1oU0V1QUMwaTgxVVdhd3c0c3hNVkloaVhzNUI3K0ptdjl6dmEzUVBxSE5lQmJwdGJ0SnVBR0UyckoyMlBxTApzZlhBU1FTRkVoTHFaU295TzZpWWxRMnRJaVZVVXM0b1c5VUljNTZjVytpUlV4RHVIbnNRV3cwWlU3T0pIcHNKCndPc3pYRzFHdDFwTVNmV2kyRTJ3UWN0R09pY0NKVGdJWHR1bk1SeHdVd29UYktLbTZDUWw1cTFQZ2VqMmQ3U28KeFY1ZElQdnZFQ3N6b0FKUGZlOEFpVmpycTF3STNrRTdkUlpGMnBRdXErYTNiUEs2bmJuVjVRRlZBdFE2b0MxRwpkZmxTOVROUGdLM3NEcFR6Y24wMlJ0cDNucnVjVWNKT0lTY04vTTFheVVQbWUyZDIxbkxQei9JNmZCdEx0MTNjClUyVVFERDZDRGNYZkROakR0NW9LT3drR1F5VXpoV2pmaFEzNUxkekJuY3htM0RVZkg0RFF5OTlpd2E1SHgvSmoKMnZUVjV4REdJWnBjQ0N1U1RHWVRsVGJBelhDbERDa082eVdpN0ZBdDRRSURBUUFCbzBJd1FEQU9CZ05WSFE4QgpBZjhFQkFNQ0FxUXdEd1lEVlIwVEFRSC9CQVV3QXdFQi96QWRCZ05WSFE0RUZnUVVhUkMzYVFDK2g1YkdBaThoCnZQd1ZOSGRoMWpjd0RRWUpLb1pJaHZjTkFRRUxCUUFEZ2dJQkFCSWtzTWwvTXdJelFpNTQxaWhVLzVTcmVCVGkKTWdHWDZWRHUvMWZVaW5hQXNzVXhYVkhYZUtLQ2N1bnppS3ZaOURzdTcrVzV5bDFNamh6b0xkSmFGMENuWERLUQp0aGV6MzdFa1E3QXpVb1BiRmdYS2JaelZnUUlIRXRXOG9aNVB5OEZiUjVDbE1sS1FGTk05L0hnZmhZTGlWeDc0CkV2OWNWMTdzTFpld2Qxb0VBUFNNcVZ1Y25DUmtIdTExTHhCVlEvcWJmSUM4R2kyVStJb21XSGVwa1cvcm4xOW4Kc2R6RCtxV0Nmcmw1VWdVRGk0WExrdGVaTFVLOFpnL1FOa0ZaYXZQUC81OUdMU1ZYbS9RZmE2UVppbEp5eFJWZApOd2hLM2tWMkNqaWQxNWVMUlZBUkNOVWx4Zi9RSXJnR1lGR25UT3oyTXlFeXZwTW01eWt1TzhBL1VMclZpQW01CkE4SEhSNGhWWDFDemR1dzQwZmhJSGZSRHJ2YUYyRmtmcC9VZTZweGxTaXY3aUNvRThRZ3M4WU92T2FuOUdmVVgKcnhrT3FiRER4MHlyekRVRGpyM0FyOFFyc1dCUDFzRXdWTURJWklKYmxodkZBbkZVLzVoS1ZSTlgzZzhLYStqdQpTOXE3bWV4YUxQd29TOE9HM3p2NGxhSHNqdzAyWDQ4UmpRcHU3dWZZVHUzejVyRXoxamxTQ3cvYzlxVUxtS1NkCjFmZTVZU2Qya1Z0d1VSYUJReTNpN3pKRUVJeDc2NWJ6MFBGN25mZk5QSnMxUnR0empHemlTYWtrbFdRSWZ1SEYKVW9jd0NrbmJyU2V2QSt0dm14cVNITS85b2lyNG1ORzRtNHlXV0R6OVA2SVVHYU00K0V5WEozeUdwMnJvTHZHVApVa2NLTjRwajBGUHFDRDBBCi0tLS0tRU5EIENFUlRJRklDQVRFLS0tLS0K\n    server: https://aks-mahb-prod-002-1g9ph91k.private.eastasia.azmk8s.io:443\n  name: aks-mahb-prod-002\ncontexts:\n- context:\n    cluster: aks-mahb-prod-002\n    user: clusterUser_rg-mahb-prod-002_aks-mahb-prod-002\n  name: aks-mahb-prod-002\ncurrent-context: aks-mahb-prod-002\nkind: Config\npreferences: {}\nusers:\n- name: clusterUser_rg-mahb-prod-002_aks-mahb-prod-002\n  user:\n    client-certificate-data: LS0tLS1CRUdJTiBDRVJUSUZJQ0FURS0tLS0tCk1JSUZIVENDQXdXZ0F3SUJBZ0lRZUxaaUZaQXY2QjBHZk9JajZ4dkg4VEFOQmdrcWhraUc5dzBCQVFzRkFEQU4KTVFzd0NRWURWUVFERXdKallUQWVGdzB5TkRBek1UY3dORFEyTlRGYUZ3MHlOakF6TVRjd05EVTJOVEZhTURBeApGekFWQmdOVkJBb1REbk41YzNSbGJUcHRZWE4wWlhKek1SVXdFd1lEVlFRREV3eHRZWE4wWlhKamJHbGxiblF3CmdnSWlNQTBHQ1NxR1NJYjNEUUVCQVFVQUE0SUNEd0F3Z2dJS0FvSUNBUUN5VVI1bmdadE4zek1qbEVyTlMvbEYKUnpSV0pQdDk0bjRGa3JWTHhpZVV4UWhTR1B1OGJSalMvTnROYThkWGpmSDBoTXMyQ04zbkN2WXNmeldvcU51MQp3NFFxTGhUVFRMcXprNkExRnN1TzBuV2EvbVBuSGNFNzcweDJQVjlTK2N6L2N4bUpnV3NIb1NUa0lCbFozckljCjU3WG82YVFZRVMvd2NtRmdJdVJ3QWlSUVJIUUhGQ2hrVXltWGlUQ29mZlZSREEvOEZLVDdrc0hzTFBhdXhHb3oKTDF3c0JKNkRWclFBWGFPTytnTUd2RDFPaUR0bGpGUHRGRHJ5ZHRZRTVOTmc1dlB1Y2c1MDBwTE12NzV0OXRxZwpkMmxsRitIMmpmNzhvSEwzSkd5cGU0UG8vMGY4L3c5NXNDRUthNTluVE5xbXlEdE1BYmhHeERJMTZKK1E3WUZ2CkpqM0RvdVlvYk1SaXk2cjVxbUlBOFVRei9McURLRCs4YWtSWnRTM3poLzJIbnNUUmlIdXBFYnczWWcwbSsvTmoKaDdSYlBkeE1LTVRpMnZpOExXMWVBS1BNRTFKb216Y0dFb2JCanl6S1NSVC9FMlhPdmNZcE5YVXdPRllKbVhyVApuaDUzNnFqbzNDN3kyMzNCNlh1MmdDaHRoK3MzTEs2QlRHWmp5c1hrOFRPeW9acDVkRURqMXdUeVNLdUV5aDBsCkJVYTBGUFdEdEFrak00VEpZR041ZGtGbDhnaXkxaXNlL1JWdzhZZnIwdjZDdWtXdkh1aTNrd2g3ZkFaUmxmVHUKOVlxQm0wMjk5UnNrNFFuWjdSY3Vndm9kbmFUczU5TFEvMTg0SThmVEozVmx6SG0rVUVaTDl3R0tMSWp1QjkvQgoxWG1wOGtDN0dVQUp6Z1YyNkh5bU9RSURBUUFCbzFZd1ZEQU9CZ05WSFE4QkFmOEVCQU1DQmFBd0V3WURWUjBsCkJBd3dDZ1lJS3dZQkJRVUhBd0l3REFZRFZSMFRBUUgvQkFJd0FEQWZCZ05WSFNNRUdEQVdnQlJwRUxkcEFMNkgKbHNZQ0x5RzgvQlUwZDJIV056QU5CZ2txaGtpRzl3MEJBUXNGQUFPQ0FnRUFKVnJMNG55T21VdWVtOHhjWXFEbwpaVnhJR2pQaVhvUlh1LzlxL21MRlRuQmwySjh1TkdqTjFvM2pMaG01R09YOEJ6WHpkSzd2ajI0azU1eHhnZXZGCnZuM3Yvd3FocDZtUnNQUzJZKzlxeUc3N2U2clNpL0xKUjhyMkdPSnFvRmQzZjA5Q3M4Zmd1MW5jM1RobVFrS0oKZk1RWGczSDZSeGliZjBrcm9GR254S29pc21qOXl6UFRWVkhDbEJtQWxhQURsLzVYNkk2K1dRWUE4UXAvakZ1Zwo4SXFLS3pmdFNLY3YzMnhpSmRHZ1Q4dGxwOFBaTm1QNjlId1hHdDdsQXEreERESUs5QXI5WU53WENCNHV6R242CkJ5TjAzM0x5N0ptdXE4ajdOTTA5T3E4TllHOUhIeHplZmRyQ28zOTA0ZjVWNVlrRkY5MUt1WlJlMG9peDFhSUgKZjlyakljMWhPZmc4aGs1bkdEUUpHL2pLNC8zNlFHYk1RUUI5SzRQZFVVdGh5UUlGZTA5V21Md3RCdDZnejdqeQpNU2FuMDF2S3FZWWdXalpIdDZSRVlGZXg3RlkvanFReU1heU5QZHFGeTNEK01rK0ZmMWtFN0JmOUluQXFSZWtkCktXSFc4Yys2U2ZpSXN2VHRIcjBrOUNHRzUrQ3A5RStYNk9WdlhRYXVFTytUcXZvSUFEampOZXBpMmh3V2V6T2UKOGpCb3VxVm0zQWJkalA5WnhRVC9MYXVvc2lsV1U5M3J3dkIvTFRLeXNEQXFDUnhEQXdHb3p0RDNZOTdxRXo1SgphU3pDaFptM205cG5hTWRaSzlTZis0N3pIVmhjSTlLaEVkWWI3RnhNNXFYdEovbVVEdnFtMkJFU1NpcXlDMm83CklkOVB3c2lFcFJnY3ZOcW1wNG1POHpZPQotLS0tLUVORCBDRVJUSUZJQ0FURS0tLS0tCg==\n    client-key-data: LS0tLS1CRUdJTiBSU0EgUFJJVkFURSBLRVktLS0tLQpNSUlKSndJQkFBS0NBZ0VBc2xFZVo0R2JUZDh6STVSS3pVdjVSVWMwVmlUN2ZlSitCWksxUzhZbmxNVUlVaGo3CnZHMFkwdnpiVFd2SFY0M3g5SVRMTmdqZDV3cjJMSDgxcUtqYnRjT0VLaTRVMDB5NnM1T2dOUmJManRKMW12NWoKNXgzQk8rOU1kajFmVXZuTS8zTVppWUZyQjZFazVDQVpXZDZ5SE9lMTZPbWtHQkV2OEhKaFlDTGtjQUlrVUVSMApCeFFvWkZNcGw0a3dxSDMxVVF3UC9CU2srNUxCN0N6MnJzUnFNeTljTEFTZWcxYTBBRjJqanZvREJydzlUb2c3ClpZeFQ3UlE2OG5iV0JPVFRZT2J6N25JT2ROS1N6TCsrYmZiYW9IZHBaUmZoOW8zKy9LQnk5eVJzcVh1RDZQOUgKL1A4UGViQWhDbXVmWjB6YXBzZzdUQUc0UnNReU5laWZrTzJCYnlZOXc2TG1LR3pFWXN1cSthcGlBUEZFTS95NgpneWcvdkdwRVdiVXQ4NGY5aDU3RTBZaDdxUkc4TjJJTkp2dnpZNGUwV3ozY1RDakU0dHI0dkMxdFhnQ2p6Qk5TCmFKczNCaEtHd1k4c3lra1UveE5senIzR0tUVjFNRGhXQ1psNjA1NGVkK3FvNk53dTh0dDl3ZWw3dG9Bb2JZZnIKTnl5dWdVeG1ZOHJGNVBFenNxR2FlWFJBNDljRThraXJoTW9kSlFWR3RCVDFnN1FKSXpPRXlXQmplWFpCWmZJSQpzdFlySHYwVmNQR0g2OUwrZ3JwRnJ4N290NU1JZTN3R1VaWDA3dldLZ1p0TnZmVWJKT0VKMmUwWExvTDZIWjJrCjdPZlMwUDlmT0NQSDB5ZDFaY3g1dmxCR1MvY0JpaXlJN2dmZndkVjVxZkpBdXhsQUNjNEZkdWg4cGprQ0F3RUEKQVFLQ0FnQUlkajBCSUc5a1JLRkNvUGpqd1NVMUdtbnJaSm5pb1dybGpNNjVwOCtkQ2JTWllNSWhjUFBxbjBFdwo3VnBxVnp3U0pITVlQMWQ0YlZhOVNkUWNDdGRTU3RMc3hYOExmK3FrTnU4MVZiMlhLM21WUDFreVVJRW8vUFFkCjhFK2p1bUwyQkZwRDRqWllDRmVkMDhBZ09hY3VJL2pIOHI1c3ZmUU9idjhiOXN2c1hNMm9XWGRBRnI3TDgvNVgKU0pWY2lZMm9xTy9oUUlHTHhxMFpMaEVPdmhka0VtMUhVWGpNTnNNWCtWbVhvVm1mYWpObWxLUnM3em5VV0U5cgp6aVBkMjVZRVZURmlNVnRxUTh2Zmw0SEw2aGo1NEhESjhWWXh3dzlFb2NDUzVkR2FRVmhES0VvY1FXWlVtZjBYClo0QUxBT1NuWVgwZTRENEViYThNUzl1Mm51NnphVDk2RlFsaE5lZXV3dk4xUTFxK2JrU0Z2UzJiNDJXUnVoWWcKOGlsem5xVEMzMHhnSDN2LzA0U1BJQit2eWhWcllZMFpSQitoTVJrbXQxTFVRcnlkeHoyNDB1bWJqd3phNjVRTApaRitjMmZxUVEwL2pwSFJvMm9yemQyMzVCZk5EaDd0MjRJUWFJTGFlb2RSR29JTnNMTWtFVE5HRXdGS0JFUWpFCjZ4STdLQytHdHdQWERkMjh2RXlXRTJUUGE2ZTZENk9lY2tLYnBialBvY2c0WnVraU1rQnUySGJWVDZBbnpMRlAKNi9IR3hGNWVaTFFHZG4xWC9lS081dmg4djI5Vm9yYVVTS1N3NVBBS09GZStmekVBWjBtbDd5bFNwTGM3Sy9KMgpzWEF1b3o5WVV0MktCalJ1VVI2YTl5VTIwbkpqUWZjWERvRG5Hem9RbFdMMm1RdVAyUUtDQVFFQXhVbmF6WjF4CjVySFNnQjJRMThmWmZEcTJhMDVKdzg3UkNNQytYWFFESW5IaXNtbmxDcHA5WDgvTXhoM1NiMXQ1dUpyTU5uTUkKUkc5WXhhbytGbnhSSVA3NnRVVS9SMmdhV2l0R2dUSW9XajkyazdXa2loZnVoaDZXWHRweGU5bDNZeGc4RjZmdgphREVwcHNxSVBwN0xqTEp1RHRqN05BemlGU0dSeFd1Ui9pUWNtSDZXNGJOWUdSVUZjR3k0VkNuMGRJNXJiUkQ4CmJSV0pWM3BwR1N4NlprZi9JSlZrMkZlK0FYejU3Tld2TVJYV2kydG9LdzVLSjQycTl1cE9PSEV6R0dJNGE0YnkKRHZhTzJnN29yQnJ2ODUrL3FoWmpiOUp5azJRU3dGWUNIK29NVFQzdjFteEkrYzlQOHRYTW5hejhkRE5BcndQZgpFczVMK1JvcXlLSHVPd0tDQVFFQTUySHdDTnVLOUtGb1p3Y050eHU4WFVCNStJanlXcHVoZllOYmNUWVdsVUhECjNteHNGM2d4ZnkrSVdkbnZmRElOSCtUUFRIdHVUbjROdjVKYXV0ZFRXTnBSTzV1eFFmNkFXSGFRbGpYTWNQQ3QKWXQyR002MGlQY0p1MllkcENhKzUwcnRHMnllY0NtYmZ1U2NXWHlFRW5jRlBLdU1GVTd1dkR2S3NmNVFYSjRXTgpSQUE0c3NGYTJBRXVORjJFZXFFNktvTEZuc0JSUUZRZ3BKS0NsOEhhWm9TV3B0WnVPS1NCcktWcmppLzByVmJwCmdIbUxFU3hmcDRaR0dzNzlSOGJRbW5ibHBqcm1HeE95emxtelJwL0JhczBEZ0xTL1RMYkoxQTZ2TVNrTE1ONHgKbzZEUTkyMVFFcS9WVTl4MGxMenJpNDV2WXkzcEJUSUxsUlIweVpNeUd3S0NBUUFVbE9qYnJJSTJjL1NtNHU2NgpaQ0gvUU16SkV3akZBYTF6QVZDYXhVQ1NkbGtWRGRFVU14dkRSQlZ6MGFhamNXS1liS1hEUkdybllNcGRESzZmCmYrYWl6NWJ1RkVST3VjQ09DWmU0WUxndStoSHZ4UEplYWJLN2tUTlV2K3M0NVczOEM0b3hXWmF6UXZXNmJjU2EKNjh3R2FKTHN2NXd0U083SkQ1QjZqUWRWQVFWdXJ6NGtXNlprTDNvNnlVek5rdmJxdGZUbEV2R1NtNzJSUDdiNQpKbGU2bGVZNnl2c1RTc3dLc2JRTkRoblJ3QnA2dndER0JSNmRVNzB6Tnl4ajNRTmNsdHFWOVNVSmhKVlFrRitiCm5NL05sYXZVSGJQUDlaOTRXdWRONDJzalV6Sm5XSC9OMmN3Zks0NkdvZUZQemIwa2pqaEFTZUlhdnlUVDN2UDUKckZNREFvSUJBQ2FDNm96TzNjWHh4NHErWmM0QVU4M0JtWXVBWDdZdENTZjI0UlZxeHo5NGZyMWFsbk1oa2p0MQpFZURDb1ZXdWp2aXNBTVRlRm5JQ0VRKzlzRlJBMnFLRFU5bjBCQURUOTFEQ0N6YTFKWjMyc1NVdmNkTFFFazd0Ck9iNERCN3lRL3dEUUl1Ny9ITDJ1ZWJZN2gwRzJJU3FRcmppWktKM1RNMFB0cUVCanlhYk9WOERsdUlvb0hKS3YKUDUxL296azE5SlIyeDZXd3BOVnNLeks1SC90YVRKdWJuZWVPOFRHRVVBRUlWMnFIR05aeEROUlJacEFwTHBLWAppcnVUa0J5T1B0STJ6K3BuQ3oyZWZiaFN2Y0FYZnYzanVaMkdlQUN3dTg4TDBxVUFDOWpLWXNDMVY1S1hJeWk1CkUyeXQyTW1ZMkN1V1BYdm9mRXhkRkFod0t6QVJ5OWtDZ2dFQUN5M1o0Tzl4YmZuRVBvYWQzZDlhdkRYNTZuMlgKY3VvQzd3ZnEyTWJQS3pIYXMxZHdXTVhreVBvU21OS3c1eEwxaEcvRmw3WWtWa0hVQldFMTB6c0E1Wmt1ektFTApZc2FmOTZBMExlTFgya1hpdWR0UlNIbnlqWE9mRFdnVWxLK0RwVVpPNXBpZzBRbm44VEZwc25oci9LOFpDMXN5CndGTVdLUjYrZ1FadktyL0hUbFdUZ0JOL01SWGF5bU1tUDJNTlBtZmQ3SzJHOFllQW1IM0ttZUppQVhucVV6eEQKNEt6ZDViVEwzSTlqcFd5NjNPTWVKbE0wVTNMZ25vRUhDN1Z1YUhDVmVDOVhhdFJVMU8vd2s4Z0Nxb2lxTURYWgo5UG8xN0RvelRwSGt4MStaNmRKNVBzYktLVlhTcE1SOFllb1J1clZiOWI1bVhFWVRhVHFKaGYvZTV3PT0KLS0tLS1FTkQgUlNBIFBSSVZBVEUgS0VZLS0tLS0K\n    token: d3g6zh77r2f96os7wrrio9rqy50c5xz4pvpaogplfoal7uf01tl3b3j85u4gplfpkz91zcmcmirc0t1ohtbzz9fyzt1tvyw7p6pnp07qqlku66v89g0180rj4emt8737\n",
            "kubelet_identity": [
              {
                "client_id": "3cd3c103-fb3b-4c37-bdb7-6479bfafc873",
                "object_id": "9fad358f-e2ea-41be-b72c-e7d910d4d7bc",
                "user_assigned_identity_id": "/subscriptions/524875d7-62d5-42df-8fe5-78822e211bf3/resourceGroups/rg-k8s-mahb-prod-002/providers/Microsoft.ManagedIdentity/userAssignedIdentities/aks-mahb-prod-002-agentpool"
              }
            ],
            "kubernetes_version": "1.27.9",
            "linux_profile": [],
            "local_account_disabled": false,
            "location": "eastasia",
            "maintenance_window": [],
            "maintenance_window_auto_upgrade": [],
            "maintenance_window_node_os": [],
            "microsoft_defender": [],
            "monitor_metrics": [],
            "name": "aks-mahb-prod-002",
            "network_profile": [
              {
                "dns_service_ip": "10.2.0.10",
                "docker_bridge_cidr": "",
                "ebpf_data_plane": "",
                "ip_versions": [
                  "IPv4"
                ],
                "load_balancer_profile": [
                  {
                    "effective_outbound_ips": [
                      "/subscriptions/524875d7-62d5-42df-8fe5-78822e211bf3/resourceGroups/rg-k8s-mahb-prod-002/providers/Microsoft.Network/publicIPAddresses/562453de-10e3-4048-8e11-dbd59a05b897"
                    ],
                    "idle_timeout_in_minutes": 0,
                    "managed_outbound_ip_count": 1,
                    "managed_outbound_ipv6_count": 0,
                    "outbound_ip_address_ids": [],
                    "outbound_ip_prefix_ids": [],
                    "outbound_ports_allocated": 0
                  }
                ],
                "load_balancer_sku": "standard",
                "nat_gateway_profile": [],
                "network_mode": "",
                "network_plugin": "azure",
                "network_plugin_mode": "",
                "network_policy": "",
                "outbound_type": "loadBalancer",
                "pod_cidr": "",
                "pod_cidrs": [],
                "service_cidr": "10.2.0.0/24",
                "service_cidrs": [
                  "10.2.0.0/24"
                ]
              }
            ],
            "node_os_channel_upgrade": null,
            "node_resource_group": "rg-k8s-mahb-prod-002",
            "node_resource_group_id": "/subscriptions/524875d7-62d5-42df-8fe5-78822e211bf3/resourceGroups/rg-k8s-mahb-prod-002",
            "oidc_issuer_enabled": true,
            "oidc_issuer_url": "https://eastasia.oic.prod-aks.azure.com/cb63c8b6-7cdf-44fb-8662-675bf9d1f979/c0cf10a2-97ad-4445-a154-d6603ae56167/",
            "oms_agent": [
              {
                "log_analytics_workspace_id": "/subscriptions/524875d7-62d5-42df-8fe5-78822e211bf3/resourceGroups/rg-mahb-prod-002/providers/Microsoft.OperationalInsights/workspaces/log-mahb-prod-002",
                "msi_auth_for_monitoring_enabled": false,
                "oms_agent_identity": [
                  {
                    "client_id": "6c4133da-4055-4ac6-968c-e38fd665f28f",
                    "object_id": "7b6ae359-06f3-4e4e-a014-2f9b5ccce07e",
                    "user_assigned_identity_id": "/subscriptions/524875d7-62d5-42df-8fe5-78822e211bf3/resourcegroups/rg-k8s-mahb-prod-002/providers/Microsoft.ManagedIdentity/userAssignedIdentities/omsagent-aks-mahb-prod-002"
                  }
                ]
              }
            ],
            "open_service_mesh_enabled": false,
            "portal_fqdn": "6fb1b988189fa005e23cb444929324f1-priv.portal.hcp.eastasia.azmk8s.io",
            "private_cluster_enabled": true,
            "private_cluster_public_fqdn_enabled": false,
            "private_dns_zone_id": "/subscriptions/2c22ccdb-ba3a-45b0-b2f7-70cc02a39b0a/resourceGroups/MAHB-DNS-eastasia/providers/Microsoft.Network/privateDnsZones/private.eastasia.azmk8s.io",
            "private_fqdn": "aks-mahb-prod-002-1g9ph91k.private.eastasia.azmk8s.io",
            "public_network_access_enabled": true,
            "resource_group_name": "rg-mahb-prod-002",
            "role_based_access_control_enabled": true,
            "run_command_enabled": true,
            "service_mesh_profile": [],
            "service_principal": [],
            "sku_tier": "Free",
            "storage_profile": [],
            "support_plan": "KubernetesOfficial",
            "tags": {
              "Instance": "Failover"
            },
            "timeouts": null,
            "web_app_routing": [],
            "windows_profile": [
              {
                "admin_password": "",
                "admin_username": "azureuser",
                "gmsa": [],
                "license": ""
              }
            ],
            "workload_autoscaler_profile": [
              {
                "keda_enabled": true,
                "vertical_pod_autoscaler_controlled_values": "",
                "vertical_pod_autoscaler_enabled": true,
                "vertical_pod_autoscaler_update_mode": ""
              }
            ],
            "workload_identity_enabled": false
          },
          "sensitive_attributes": [],
          "private": "eyJlMmJmYjczMC1lY2FhLTExZTYtOGY4OC0zNDM2M2JjN2M0YzAiOnsiY3JlYXRlIjo1NDAwMDAwMDAwMDAwLCJkZWxldGUiOjU0MDAwMDAwMDAwMDAsInJlYWQiOjMwMDAwMDAwMDAwMCwidXBkYXRlIjo1NDAwMDAwMDAwMDAwfSwic2NoZW1hX3ZlcnNpb24iOiIyIn0=",
          "dependencies": [
            "module.subnets_failover.data.azurerm_subnet.aks_ApiServer",
            "module.subnets_failover.data.azurerm_subnet.aks_System",
            "module.subnets_failover.data.azurerm_subnet.gateway",
            "module.workload_failover.module.aks.azurerm_user_assigned_identity.aks_identity",
            "module.workload_failover.module.group.azurerm_resource_group.default",
            "module.workload_failover.module.log.azurerm_log_analytics_workspace.default"
          ]
        }
      ]
    },
    {
      "module": "module.workload_failover.module.aks",
      "mode": "managed",
      "type": "azurerm_role_assignment",
      "name": "network_contributor_assignment",
      "provider": "provider[\"registry.terraform.io/hashicorp/azurerm\"]",
      "instances": [
        {
          "schema_version": 0,
          "attributes": {
            "condition": "",
            "condition_version": "",
            "delegated_managed_identity_resource_id": "",
            "description": "",
            "id": "/subscriptions/524875d7-62d5-42df-8fe5-78822e211bf3/resourceGroups/rg-network-prod-002/providers/Microsoft.Authorization/roleAssignments/dc20f3e6-93ac-5831-b270-077c074e2abd",
            "name": "dc20f3e6-93ac-5831-b270-077c074e2abd",
            "principal_id": "8028db31-3237-4ea7-8602-3e55d49bf6c5",
            "principal_type": "ServicePrincipal",
            "role_definition_id": "/subscriptions/524875d7-62d5-42df-8fe5-78822e211bf3/providers/Microsoft.Authorization/roleDefinitions/4d97b98b-1d4f-4787-a291-c67834d212e7",
            "role_definition_name": "Network Contributor",
            "scope": "/subscriptions/524875d7-62d5-42df-8fe5-78822e211bf3/resourceGroups/rg-network-prod-002",
            "skip_service_principal_aad_check": true,
            "timeouts": null
          },
          "sensitive_attributes": [],
          "private": "eyJlMmJmYjczMC1lY2FhLTExZTYtOGY4OC0zNDM2M2JjN2M0YzAiOnsiY3JlYXRlIjoxODAwMDAwMDAwMDAwLCJkZWxldGUiOjE4MDAwMDAwMDAwMDAsInJlYWQiOjMwMDAwMDAwMDAwMH19",
          "dependencies": [
            "module.workload_failover.module.aks.azurerm_user_assigned_identity.aks_identity",
            "module.workload_failover.module.aks.data.azurerm_resource_group.existing",
            "module.workload_failover.module.group.azurerm_resource_group.default"
          ]
        }
      ]
    },
    {
      "module": "module.workload_failover.module.aks",
      "mode": "managed",
      "type": "azurerm_role_assignment",
      "name": "private_dns",
      "provider": "provider[\"registry.terraform.io/hashicorp/azurerm\"]",
      "instances": [
        {
          "schema_version": 0,
          "attributes": {
            "condition": "",
            "condition_version": "",
            "delegated_managed_identity_resource_id": "",
            "description": "",
            "id": "/subscriptions/2c22ccdb-ba3a-45b0-b2f7-70cc02a39b0a/resourceGroups/MAHB-DNS-eastasia/providers/Microsoft.Network/privateDnsZones/private.eastasia.azmk8s.io/providers/Microsoft.Authorization/roleAssignments/595b49b9-ffe8-a731-8b51-c8401926c932",
            "name": "595b49b9-ffe8-a731-8b51-c8401926c932",
            "principal_id": "8028db31-3237-4ea7-8602-3e55d49bf6c5",
            "principal_type": "ServicePrincipal",
            "role_definition_id": "/subscriptions/2c22ccdb-ba3a-45b0-b2f7-70cc02a39b0a/providers/Microsoft.Authorization/roleDefinitions/b12aa53e-6015-4669-85d0-8515ebb3ae7f",
            "role_definition_name": "Private DNS Zone Contributor",
            "scope": "/subscriptions/2c22ccdb-ba3a-45b0-b2f7-70cc02a39b0a/resourceGroups/MAHB-DNS-eastasia/providers/Microsoft.Network/privateDnsZones/private.eastasia.azmk8s.io",
            "skip_service_principal_aad_check": null,
            "timeouts": null
          },
          "sensitive_attributes": [],
          "private": "eyJlMmJmYjczMC1lY2FhLTExZTYtOGY4OC0zNDM2M2JjN2M0YzAiOnsiY3JlYXRlIjoxODAwMDAwMDAwMDAwLCJkZWxldGUiOjE4MDAwMDAwMDAwMDAsInJlYWQiOjMwMDAwMDAwMDAwMH19",
          "dependencies": [
            "module.workload_failover.module.aks.azurerm_user_assigned_identity.aks_identity",
            "module.workload_failover.module.group.azurerm_resource_group.default"
          ]
        }
      ]
    },
    {
      "module": "module.workload_failover.module.aks",
      "mode": "managed",
      "type": "azurerm_user_assigned_identity",
      "name": "aks_identity",
      "provider": "provider[\"registry.terraform.io/hashicorp/azurerm\"]",
      "instances": [
        {
          "schema_version": 1,
          "attributes": {
            "client_id": "1f0d53a1-19a8-4247-9313-0b249a90ebc5",
            "id": "/subscriptions/524875d7-62d5-42df-8fe5-78822e211bf3/resourceGroups/rg-mahb-prod-002/providers/Microsoft.ManagedIdentity/userAssignedIdentities/mahb-prod-002Identity",
            "location": "eastasia",
            "name": "mahb-prod-002Identity",
            "principal_id": "8028db31-3237-4ea7-8602-3e55d49bf6c5",
            "resource_group_name": "rg-mahb-prod-002",
            "tags": {
              "Instance": "Failover"
            },
            "tenant_id": "cb63c8b6-7cdf-44fb-8662-675bf9d1f979",
            "timeouts": null
          },
          "sensitive_attributes": [],
          "private": "eyJlMmJmYjczMC1lY2FhLTExZTYtOGY4OC0zNDM2M2JjN2M0YzAiOnsiY3JlYXRlIjoxODAwMDAwMDAwMDAwLCJkZWxldGUiOjE4MDAwMDAwMDAwMDAsInJlYWQiOjMwMDAwMDAwMDAwMCwidXBkYXRlIjoxODAwMDAwMDAwMDAwfSwic2NoZW1hX3ZlcnNpb24iOiIxIn0=",
          "dependencies": [
            "module.workload_failover.module.group.azurerm_resource_group.default"
          ]
        }
      ]
    },
    {
      "module": "module.workload_failover.module.app_registration",
      "mode": "managed",
      "type": "azuread_application",
      "name": "default",
      "provider": "provider[\"registry.terraform.io/hashicorp/azuread\"]",
      "instances": [
        {
          "schema_version": 1,
          "attributes": {
            "api": [
              {
                "known_client_applications": [],
                "mapped_claims_enabled": false,
                "oauth2_permission_scope": [],
                "requested_access_token_version": 1
              }
            ],
            "app_role": [],
            "app_role_ids": {},
            "application_id": "cea97f14-ea80-4b03-87cd-075276d7ccca",
            "device_only_auth_enabled": false,
            "disabled_by_microsoft": "\u003cnil\u003e",
            "display_name": "aks-service-principal-mahb-prod-002",
            "fallback_public_client_enabled": false,
            "feature_tags": [
              {
                "custom_single_sign_on": false,
                "enterprise": false,
                "gallery": false,
                "hide": false
              }
            ],
            "group_membership_claims": null,
            "id": "121984b8-b592-4087-ad74-0f22a25cf7ed",
            "identifier_uris": null,
            "logo_image": "",
            "logo_url": "",
            "marketing_url": "",
            "oauth2_permission_scope_ids": {},
            "oauth2_post_response_required": false,
            "object_id": "121984b8-b592-4087-ad74-0f22a25cf7ed",
            "optional_claims": [
              {
                "access_token": [],
                "id_token": [],
                "saml2_token": []
              }
            ],
            "owners": null,
            "prevent_duplicate_names": false,
            "privacy_statement_url": "",
            "public_client": [
              {
                "redirect_uris": []
              }
            ],
            "publisher_domain": "myairports.com.my",
            "required_resource_access": [],
            "sign_in_audience": "AzureADMyOrg",
            "single_page_application": [
              {
                "redirect_uris": []
              }
            ],
            "support_url": "",
            "tags": [],
            "template_id": "",
            "terms_of_service_url": "",
            "timeouts": null,
            "web": [
              {
                "homepage_url": "",
                "implicit_grant": [
                  {
                    "access_token_issuance_enabled": false,
                    "id_token_issuance_enabled": false
                  }
                ],
                "logout_url": "",
                "redirect_uris": []
              }
            ]
          },
          "sensitive_attributes": [],
          "private": "eyJlMmJmYjczMC1lY2FhLTExZTYtOGY4OC0zNDM2M2JjN2M0YzAiOnsiY3JlYXRlIjo2MDAwMDAwMDAwMDAsImRlbGV0ZSI6MzAwMDAwMDAwMDAwLCJyZWFkIjozMDAwMDAwMDAwMDAsInVwZGF0ZSI6NjAwMDAwMDAwMDAwfSwic2NoZW1hX3ZlcnNpb24iOiIxIn0="
        }
      ]
    },
    {
      "module": "module.workload_failover.module.app_registration",
      "mode": "managed",
      "type": "azuread_application_federated_identity_credential",
      "name": "default",
      "provider": "provider[\"registry.terraform.io/hashicorp/azuread\"]",
      "instances": [
        {
          "schema_version": 0,
          "attributes": {
            "application_object_id": "121984b8-b592-4087-ad74-0f22a25cf7ed",
            "audiences": [
              "api://AzureADTokenExchange"
            ],
            "credential_id": "4dbe8ba9-f2f6-4e29-b6b4-b67eafc7aad0",
            "description": "Kubernetes service account federated credential",
            "display_name": "kubernetes-federated-credential",
            "id": "121984b8-b592-4087-ad74-0f22a25cf7ed/federatedIdentityCredential/4dbe8ba9-f2f6-4e29-b6b4-b67eafc7aad0",
            "issuer": "https://eastasia.oic.prod-aks.azure.com/cb63c8b6-7cdf-44fb-8662-675bf9d1f979/c0cf10a2-97ad-4445-a154-d6603ae56167/",
            "subject": "system:serviceaccount:default:workload-identity-sa",
            "timeouts": null
          },
          "sensitive_attributes": [],
          "private": "eyJlMmJmYjczMC1lY2FhLTExZTYtOGY4OC0zNDM2M2JjN2M0YzAiOnsiY3JlYXRlIjo5MDAwMDAwMDAwMDAsImRlbGV0ZSI6MzAwMDAwMDAwMDAwLCJyZWFkIjozMDAwMDAwMDAwMDAsInVwZGF0ZSI6MzAwMDAwMDAwMDAwfX0=",
          "dependencies": [
            "module.subnets_failover.data.azurerm_subnet.aks_ApiServer",
            "module.subnets_failover.data.azurerm_subnet.aks_System",
            "module.subnets_failover.data.azurerm_subnet.gateway",
            "module.workload_failover.module.aks.azurerm_kubernetes_cluster.default",
            "module.workload_failover.module.aks.azurerm_user_assigned_identity.aks_identity",
            "module.workload_failover.module.app_registration.azuread_application.default",
            "module.workload_failover.module.group.azurerm_resource_group.default",
            "module.workload_failover.module.log.azurerm_log_analytics_workspace.default"
          ]
        }
      ]
    },
    {
      "module": "module.workload_failover.module.app_registration",
      "mode": "managed",
      "type": "azuread_service_principal",
      "name": "default",
      "provider": "provider[\"registry.terraform.io/hashicorp/azuread\"]",
      "instances": [
        {
          "schema_version": 0,
          "attributes": {
            "account_enabled": true,
            "alternative_names": null,
            "app_role_assignment_required": false,
            "app_role_ids": {},
            "app_roles": [],
            "application_id": "cea97f14-ea80-4b03-87cd-075276d7ccca",
            "application_tenant_id": "cb63c8b6-7cdf-44fb-8662-675bf9d1f979",
            "description": "",
            "display_name": "aks-service-principal-mahb-prod-002",
            "feature_tags": [
              {
                "custom_single_sign_on": false,
                "enterprise": false,
                "gallery": false,
                "hide": false
              }
            ],
            "features": [
              {
                "custom_single_sign_on_app": false,
                "enterprise_application": false,
                "gallery_application": false,
                "visible_to_users": true
              }
            ],
            "homepage_url": "",
            "id": "bfee100b-e260-4da6-b2d0-f3e84bbebffd",
            "login_url": "",
            "logout_url": "",
            "notes": "",
            "notification_email_addresses": null,
            "oauth2_permission_scope_ids": {},
            "oauth2_permission_scopes": [],
            "object_id": "bfee100b-e260-4da6-b2d0-f3e84bbebffd",
            "owners": null,
            "preferred_single_sign_on_mode": "",
            "redirect_uris": [],
            "saml_metadata_url": "",
            "saml_single_sign_on": [
              {
                "relay_state": ""
              }
            ],
            "service_principal_names": [],
            "sign_in_audience": "AzureADMyOrg",
            "tags": [],
            "timeouts": null,
            "type": "Application",
            "use_existing": null
          },
          "sensitive_attributes": [],
          "private": "eyJlMmJmYjczMC1lY2FhLTExZTYtOGY4OC0zNDM2M2JjN2M0YzAiOnsiY3JlYXRlIjo2MDAwMDAwMDAwMDAsImRlbGV0ZSI6MzAwMDAwMDAwMDAwLCJyZWFkIjozMDAwMDAwMDAwMDAsInVwZGF0ZSI6NjAwMDAwMDAwMDAwfX0=",
          "dependencies": [
            "module.workload_failover.module.app_registration.azuread_application.default"
          ]
        }
      ]
    },
    {
      "module": "module.workload_failover.module.group",
      "mode": "managed",
      "type": "azurerm_resource_group",
      "name": "default",
      "provider": "provider[\"registry.terraform.io/hashicorp/azurerm\"]",
      "instances": [
        {
          "schema_version": 0,
          "attributes": {
            "id": "/subscriptions/524875d7-62d5-42df-8fe5-78822e211bf3/resourceGroups/rg-mahb-prod-002",
            "location": "eastasia",
            "managed_by": "",
            "name": "rg-mahb-prod-002",
            "tags": {
              "Instance": "Failover"
            },
            "timeouts": null
          },
          "sensitive_attributes": [],
          "private": "eyJlMmJmYjczMC1lY2FhLTExZTYtOGY4OC0zNDM2M2JjN2M0YzAiOnsiY3JlYXRlIjo1NDAwMDAwMDAwMDAwLCJkZWxldGUiOjU0MDAwMDAwMDAwMDAsInJlYWQiOjMwMDAwMDAwMDAwMCwidXBkYXRlIjo1NDAwMDAwMDAwMDAwfX0="
        }
      ]
    },
    {
      "module": "module.workload_failover.module.log",
      "mode": "managed",
      "type": "azurerm_log_analytics_workspace",
      "name": "default",
      "provider": "provider[\"registry.terraform.io/hashicorp/azurerm\"]",
      "instances": [
        {
          "schema_version": 3,
          "attributes": {
            "allow_resource_only_permissions": true,
            "cmk_for_query_forced": false,
            "daily_quota_gb": -1,
            "data_collection_rule_id": "",
            "id": "/subscriptions/524875d7-62d5-42df-8fe5-78822e211bf3/resourceGroups/rg-mahb-prod-002/providers/Microsoft.OperationalInsights/workspaces/log-mahb-prod-002",
            "identity": [],
            "immediate_data_purge_on_30_days_enabled": false,
            "internet_ingestion_enabled": true,
            "internet_query_enabled": true,
            "local_authentication_disabled": false,
            "location": "eastasia",
            "name": "log-mahb-prod-002",
            "primary_shared_key": "OljTTyx3hkezrmYWsu2IwTG1Zkpr0diIdJF9cX4QU+PqsloULxlGmtu+KHG4ewqIXhQOFM19W0qt1eGocbTZGg==",
            "reservation_capacity_in_gb_per_day": null,
            "resource_group_name": "rg-mahb-prod-002",
            "retention_in_days": 30,
            "secondary_shared_key": "diHz4GNQe5CL53vD52TXpti5gUndOl8ewZoS3Pnm9MQ9qjhMCpalgYYN0NRh8mJtNgrHEnP0WCUCDJwNG34CZA==",
            "sku": "PerGB2018",
            "tags": {
              "Instance": "Failover"
            },
            "timeouts": null,
            "workspace_id": "f508daa2-2a22-4a4e-ae6a-a566b5af7e13"
          },
          "sensitive_attributes": [],
          "private": "eyJlMmJmYjczMC1lY2FhLTExZTYtOGY4OC0zNDM2M2JjN2M0YzAiOnsiY3JlYXRlIjoxODAwMDAwMDAwMDAwLCJkZWxldGUiOjE4MDAwMDAwMDAwMDAsInJlYWQiOjMwMDAwMDAwMDAwMCwidXBkYXRlIjoxODAwMDAwMDAwMDAwfSwic2NoZW1hX3ZlcnNpb24iOiIzIn0=",
          "dependencies": [
            "module.workload_failover.module.group.azurerm_resource_group.default"
          ]
        }
      ]
    },
    {
      "module": "module.workload_main.module.aks",
      "mode": "data",
      "type": "azurerm_public_ip",
      "name": "default",
      "provider": "provider[\"registry.terraform.io/hashicorp/azurerm\"]",
      "instances": [
        {
          "schema_version": 0,
          "attributes": {
            "allocation_method": "Static",
            "ddos_protection_mode": null,
            "ddos_protection_plan_id": null,
            "domain_name_label": "",
            "fqdn": "",
            "id": "/subscriptions/524875d7-62d5-42df-8fe5-78822e211bf3/resourceGroups/rg-k8s-mahb-prod-001/providers/Microsoft.Network/publicIPAddresses/agw-mahb-prod-001-appgwpip",
            "idle_timeout_in_minutes": 4,
            "ip_address": "20.247.200.224",
            "ip_tags": {},
            "ip_version": "IPv4",
            "location": "southeastasia",
            "name": "agw-mahb-prod-001-appgwpip",
            "resource_group_name": "rg-k8s-mahb-prod-001",
            "reverse_fqdn": "",
            "sku": "Standard",
            "tags": {},
            "timeouts": null,
            "zones": [
              "1",
              "2",
              "3"
            ]
          },
          "sensitive_attributes": []
        }
      ]
    },
    {
      "module": "module.workload_main.module.aks",
      "mode": "data",
      "type": "azurerm_resource_group",
      "name": "existing",
      "provider": "provider[\"registry.terraform.io/hashicorp/azurerm\"]",
      "instances": [
        {
          "schema_version": 0,
          "attributes": {
            "id": "/subscriptions/524875d7-62d5-42df-8fe5-78822e211bf3/resourceGroups/rg-network-prod-001",
            "location": "southeastasia",
            "managed_by": "",
            "name": "rg-network-prod-001",
            "tags": {
              "Instance": "Main"
            },
            "timeouts": null
          },
          "sensitive_attributes": []
        }
      ]
    },
    {
      "module": "module.workload_main.module.aks",
      "mode": "managed",
      "type": "azurerm_kubernetes_cluster",
      "name": "default",
      "provider": "provider[\"registry.terraform.io/hashicorp/azurerm\"]",
      "instances": [
        {
          "schema_version": 2,
          "attributes": {
            "aci_connector_linux": [],
            "api_server_access_profile": [
              {
                "authorized_ip_ranges": [],
                "subnet_id": "/subscriptions/524875d7-62d5-42df-8fe5-78822e211bf3/resourceGroups/rg-network-prod-001/providers/Microsoft.Network/virtualNetworks/vnet-network-prod-001/subnets/aks-ApiServer",
                "vnet_integration_enabled": true
              }
            ],
            "api_server_authorized_ip_ranges": [],
            "auto_scaler_profile": [],
            "automatic_channel_upgrade": "",
            "azure_active_directory_role_based_access_control": [],
            "azure_policy_enabled": false,
            "confidential_computing": [],
            "current_kubernetes_version": "1.27.9",
            "custom_ca_trust_certificates_base64": null,
            "default_node_pool": [
              {
                "capacity_reservation_group_id": "",
                "custom_ca_trust_enabled": false,
                "enable_auto_scaling": false,
                "enable_host_encryption": false,
                "enable_node_public_ip": false,
                "fips_enabled": false,
                "gpu_instance": "",
                "host_group_id": "",
                "kubelet_config": [],
                "kubelet_disk_type": "OS",
                "linux_os_config": [],
                "max_count": 0,
                "max_pods": 30,
                "message_of_the_day": "",
                "min_count": 0,
                "name": "default",
                "node_count": 1,
                "node_labels": {},
                "node_network_profile": [],
                "node_public_ip_prefix_id": "",
                "node_taints": null,
                "only_critical_addons_enabled": false,
                "orchestrator_version": "1.27.9",
                "os_disk_size_gb": 128,
                "os_disk_type": "Managed",
                "os_sku": "Ubuntu",
                "pod_subnet_id": "",
                "proximity_placement_group_id": "",
                "scale_down_mode": "Delete",
                "snapshot_id": "",
                "tags": null,
                "temporary_name_for_rotation": "",
                "type": "VirtualMachineScaleSets",
                "ultra_ssd_enabled": false,
                "upgrade_settings": [],
                "vm_size": "Standard_B2s",
                "vnet_subnet_id": "/subscriptions/524875d7-62d5-42df-8fe5-78822e211bf3/resourceGroups/rg-network-prod-001/providers/Microsoft.Network/virtualNetworks/vnet-network-prod-001/subnets/aks-SystemSubnet",
                "workload_runtime": "",
                "zones": null
              }
            ],
            "disk_encryption_set_id": "",
            "dns_prefix": "aks-mahb-prod-001",
            "dns_prefix_private_cluster": "",
            "edge_zone": "",
            "enable_pod_security_policy": false,
            "fqdn": "",
            "http_application_routing_enabled": false,
            "http_application_routing_zone_name": "",
            "http_proxy_config": [],
            "id": "/subscriptions/524875d7-62d5-42df-8fe5-78822e211bf3/resourceGroups/rg-mahb-prod-001/providers/Microsoft.ContainerService/managedClusters/aks-mahb-prod-001",
            "identity": [
              {
                "identity_ids": [
                  "/subscriptions/524875d7-62d5-42df-8fe5-78822e211bf3/resourceGroups/rg-mahb-prod-001/providers/Microsoft.ManagedIdentity/userAssignedIdentities/mahb-prod-001Identity"
                ],
                "principal_id": "",
                "tenant_id": "",
                "type": "UserAssigned"
              }
            ],
            "image_cleaner_enabled": false,
            "image_cleaner_interval_hours": 48,
            "ingress_application_gateway": [
              {
                "effective_gateway_id": "/subscriptions/524875d7-62d5-42df-8fe5-78822e211bf3/resourceGroups/rg-k8s-mahb-prod-001/providers/Microsoft.Network/applicationGateways/agw-mahb-prod-001",
                "gateway_id": "",
                "gateway_name": "agw-mahb-prod-001",
                "ingress_application_gateway_identity": [
                  {
                    "client_id": "ab3db55c-d9d7-4fde-8017-63b4645113e2",
                    "object_id": "1b6a6ab5-32f0-4d65-b152-06ca3c22122a",
                    "user_assigned_identity_id": "/subscriptions/524875d7-62d5-42df-8fe5-78822e211bf3/resourcegroups/rg-k8s-mahb-prod-001/providers/Microsoft.ManagedIdentity/userAssignedIdentities/ingressapplicationgateway-aks-mahb-prod-001"
                  }
                ],
                "subnet_cidr": "",
                "subnet_id": "/subscriptions/524875d7-62d5-42df-8fe5-78822e211bf3/resourceGroups/rg-network-prod-001/providers/Microsoft.Network/virtualNetworks/vnet-network-prod-001/subnets/subnet-gateway"
              }
            ],
            "key_management_service": [],
            "key_vault_secrets_provider": [
              {
                "secret_identity": [
                  {
                    "client_id": "0614486f-53c0-4954-8b7f-7b2a5cbfa214",
                    "object_id": "e194ce06-0792-4dec-a2df-b970b9d9e7b2",
                    "user_assigned_identity_id": "/subscriptions/524875d7-62d5-42df-8fe5-78822e211bf3/resourcegroups/rg-k8s-mahb-prod-001/providers/Microsoft.ManagedIdentity/userAssignedIdentities/azurekeyvaultsecretsprovider-aks-mahb-prod-001"
                  }
                ],
                "secret_rotation_enabled": true,
                "secret_rotation_interval": "2m"
              }
            ],
            "kube_admin_config": [],
            "kube_admin_config_raw": "",
            "kube_config": [
              {
                "client_certificate": "LS0tLS1CRUdJTiBDRVJUSUZJQ0FURS0tLS0tCk1JSUZIVENDQXdXZ0F3SUJBZ0lRVnhuUU9xNWUxU056KzdhQytsRXlvekFOQmdrcWhraUc5dzBCQVFzRkFEQU4KTVFzd0NRWURWUVFERXdKallUQWVGdzB5TkRBek1UY3dORFEyTkRGYUZ3MHlOakF6TVRjd05EVTJOREZhTURBeApGekFWQmdOVkJBb1REbk41YzNSbGJUcHRZWE4wWlhKek1SVXdFd1lEVlFRREV3eHRZWE4wWlhKamJHbGxiblF3CmdnSWlNQTBHQ1NxR1NJYjNEUUVCQVFVQUE0SUNEd0F3Z2dJS0FvSUNBUUQ0ZFhOU0Q5V0JWTVE5VE1TOEU1TmYKaFo5MlBmNm9VQ3hlMm9YQTl5ZTdjZ3Vja2krZGZjd3ZXY05XS2FKTnBZL2xyRXB0TWQ0Z1g2aC9VdlREYUhJbQpYQ0tMRWRjdFU2c3p5UForekFlTVRpRXBEb0NEMURIK3MvTzNWbXNoOUU0dlFOc0RxdXMvY212Unl5TDVITlhwCnltVjRWbGxZd0RPRHh4bXRpdkNwc3pUQ2RxZ1ZUMFp4SnJMODNsUkdBWitnVjQ4YnNuKzZ1WnhEWWJZeEhvNzkKZzlHUDF0T2xlUnNxUzZndDRqUmh5dzdISExvNlh1UGZucFpPaC9FUzBNZEh0ZWxhZGExeVl1NHphamlnUVV6SgpWa2FxK3N5dzFkRVpvaW9pd1hZamQwZlUyTHJKY0FrekJmWlR1cXBVa25BcS9YWDMwUUJjWUc2aFUvMjVzYmtUCnE1TTRYQnJuTTJMUk0zYnhUYXN3b3lSdDFJcjlGbzNxUjhMQjZPU0c1d0ZrTEVNNUxHWUh4cVphNnViQnMweTkKR1pMbXIxVE9SZnhRRFZ1alJZUWg0K0ZjemFRc0tyZm83YU1iMnJPVE5ETlNmYm9tdHpSNExZc3pOWHFlTHR2MQpMT01uOFNKbXEzNmNVZmxaZlVCMThFODJSd0k3eE9pSjlWMTFKQ212QTJoV3Z3Y0JjK3dhSTlGZElrdHd1ZURUCk8vZ3E5c1FMNnZXS2xUYWVwY0lnUWF5a2g3dVJPWGFHNDdDSHh0ZWxQQXNjd09tRjRJUzdVTTNGODVFUFVGRTAKUld0VEJFc29DRWpQdFNQSHhKdVNCRE94blJReGI5VlFuY2NocHpzZzZlZjhHcTg4dDJyZXAzV2FGWFltd1ZOeAphckJmU2s3dTdSZ1ZNYURyZ2JDOTV3SURBUUFCbzFZd1ZEQU9CZ05WSFE4QkFmOEVCQU1DQmFBd0V3WURWUjBsCkJBd3dDZ1lJS3dZQkJRVUhBd0l3REFZRFZSMFRBUUgvQkFJd0FEQWZCZ05WSFNNRUdEQVdnQlF1WHQ4dlhjQjAKK1dvZ3VNc0lsVkZzMVBPSE1UQU5CZ2txaGtpRzl3MEJBUXNGQUFPQ0FnRUFtR3FDSVpyQ00vVTVQZ1I2VnNGNgpCSExzWDdxQ3BreWRBeVVodUZhWmI3M2lxcDRYQTFJTTFITlBPTXdCTWoxVk5JK2thSnl1ZzlmWElYZFRPOC8yCjMxQ2Z0eTRkck0zVS8wb054cDExcmxMWDZSNXNpTnh5eGxZbXV1d3FIVUNpeWNITkZCVTR3cXJNZ3BKTzE1VUsKVnJRaUZ2K0YvUDVaWWV3VGZmYm8xSWEra3ZiL0N6ejRZTk9hWFZaM0VPYndFcHA2cU03cmxVQ1JRVzlWcWJwZQpabTZoZkFZM215VXRyR1FtQ0Uya1h1M3RmeUNoT3IvTDFObWpvenhDd2lUbC9nLzIvbVlyTWtDUWdQVXF5Y3diCkFxM2pTajFCWk9IbUZDbmc4RlY4VkUvYjV6dm9hSERWRnVuSThBd3YxdVdpSDJlYTIrODVlSVRJREYwbEx6Q3gKZk8zcUowUjJScUZKWVlsb2dmN0kycW5vWlhlMENlMGJjMjIvdmgyMzM0RVVDd01wYmRnbVdGVG14TXVFOUhiRQp6cjJXQkNUYVM4YXA2MnRJQVRiVWEvZHh6cmVjNW1ScU81SzV2T3BLK1hYUkJ1NFlmM2VUYkxMRGsyaGFXMTFoCk9QQzI2OFg5eVM2cWc3OGxRc3l2QmtZMGpSUnBFbHI4MTU0ZmU2YWJ4Nis5ZW03WGxnYk1GVjZwTElZVy9yWW0KaTdhM3FMaGVvSkRSekhlTXVYQTh5d2FjV1dMVnNuQ1o1WW5vYk1zSC9scFlGSFF6VFN5T1hLWEdrS1ptTzNZdwowV2w1VEJ0WkFZdkU3bUk1VGdnSGoyc2grcW5jMnJncW5lMzlMWFJ5UWxMaVBkUlBZRUlKSU55R044UDdmdXZQCjVvMGR6dGE1bDJkelJKMlZkZUZ1TUdRPQotLS0tLUVORCBDRVJUSUZJQ0FURS0tLS0tCg==",
                "client_key": "LS0tLS1CRUdJTiBSU0EgUFJJVkFURSBLRVktLS0tLQpNSUlKS3dJQkFBS0NBZ0VBK0hWelVnL1ZnVlRFUFV6RXZCT1RYNFdmZGozK3FGQXNYdHFGd1BjbnUzSUxuSkl2Cm5YM01MMW5EVmltaVRhV1A1YXhLYlRIZUlGK29mMUwwdzJoeUpsd2lpeEhYTFZPck04ajJmc3dIakU0aEtRNkEKZzlReC9yUHp0MVpySWZST0wwRGJBNnJyUDNKcjBjc2krUnpWNmNwbGVGWlpXTUF6ZzhjWnJZcndxYk0wd25hbwpGVTlHY1NheS9ONVVSZ0dmb0ZlUEc3Si91cm1jUTJHMk1SNk8vWVBSajliVHBYa2JLa3VvTGVJMFljc094eHk2Ck9sN2ozNTZXVG9meEV0REhSN1hwV25XdGNtTHVNMm80b0VGTXlWWkdxdnJNc05YUkdhSXFJc0YySTNkSDFOaTYKeVhBSk13WDJVN3FxVkpKd0t2MTE5OUVBWEdCdW9WUDl1Ykc1RTZ1VE9Gd2E1ek5pMFROMjhVMnJNS01rYmRTSwovUmFONmtmQ3dlamtodWNCWkN4RE9TeG1COGFtV3VybXdiTk12Um1TNXE5VXprWDhVQTFibzBXRUllUGhYTTJrCkxDcTM2TzJqRzlxemt6UXpVbjI2SnJjMGVDMkxNelY2bmk3YjlTempKL0VpWnF0K25GSDVXWDFBZGZCUE5rY0MKTzhUb2lmVmRkU1FwcndOb1ZyOEhBWFBzR2lQUlhTSkxjTG5nMHp2NEt2YkVDK3IxaXBVMm5xWENJRUdzcEllNwprVGwyaHVPd2g4YlhwVHdMSE1EcGhlQ0V1MUROeGZPUkQxQlJORVZyVXdSTEtBaEl6N1VqeDhTYmtnUXpzWjBVCk1XL1ZVSjNISWFjN0lPbm4vQnF2UExkcTNxZDFtaFYySnNGVGNXcXdYMHBPN3UwWUZUR2c2NEd3dmVjQ0F3RUEKQVFLQ0FnRUF4RXp2YnYrSm5XUWVvNXY2dCtuemZ2M3d6aGdQRW1ZOW1EZW9nNXdDYlV1ZXR2YWMzaDZjNnpCTgpiODczSjhmT0dCVDJ2SzB3cFgxT2dFSkhsZmY0Y0N4Tk1ubEcrODNtTHNUeFU1N1p1OVdpeDNCb3d6OHN2T0xxCmhJaW5uaTBLZExVV0ZTQytPdU9wSWhrUHFhaEpyaXcxM1V6RHpLWVdUV0JKL2w0TzVOVHNzMVBTV3Z2R1dQSE4KYXBJeUhSbDlSODdHQjRrUTk3TmNMYlNPb09KVzhSOXJ1K3hzVFltUWwrc3NsZ3ZwZlBaVTE2WHYwTnhWeDhEaApXbXgzWUhsSmFYUGxTWTQrR21qbGNBUFZkM0FBUGZhSFlPRkVSZGE1SFRxTmRlWko4NTF6U0V4dnoyVlFMMXJmCmtxbWhsNjRYSnpBWU8xS0txWEdiRnFWb2lvVkxCaHZ5L0lZbXNKL0FWMUJYZlM2Nzc1ejlmdlRrbUNONHpabkkKSzh1bzdFVGxDRzFmUVMxWXlCc1krcWc3UElHb3NFYkZ3MGpZNmRrZy9YYUV3VTBlNTdobXY2bGZtZkI1dTY1UQpmcmdEYUFsUFpZZDgybXNUNkY4c0tMTlNIOERkYkVZQUl4K2xDbHFEeEMxN2pQRTU2Qmh4Tmx6cHVYQkhiNXc3CkVxM0lBYkdSTEJrSnJZZDlHVmZKczBXcnNlVmlJNHdqVTJkV0x0aWdvTlIzT1NyY0xHUnlOeDRmVy9SQk1Ia3AKcGFIUXkzNkkrd3FwOW1WYkZ0OXduMTYwRDV3ZkFROHNFWjk3NGFZeEhGbkdkQ1FQNFRHYjZOSDYydHJrUkRvQwpJSGxRL1NyM25sR0U0UnArR1orazRHYUZCS2MxVEdqSitza3BMcFBXY3RkSTNUZkEza2tDZ2dFQkFQK3l4OTRSCmJPNnNHdzBya3VkWXYyQ1Y5QVpEWUErcEd3Y2E1UHVEM2JCMDlOU0tDU3RtYm5XTE8wSG5jdkVlVW5RUkRjOWwKbXRDQjRiYisybDlkVDFYVGtHKzVKN1Q2RG5yT0xsZm5pcjJGM1czWmdMZk9VTDZHOUZlWWg4SXdMRXhDTzErdwpFYUhZaEU0clBJaWF3clUwREN5c3V1ak1PcmZhOWhJYllQN3hlNmcwK05qSTdXRVNxRi9xTXM4cUliOEJMTS9PCitrZW4xRU50N2Q1TGY4a0NRWmZXT2xDMkdRNFNWbTR0ck84RWlDdW1vN0RHNlJVNlFpRjZndURBU055RTZTRW8KVExlRzJCd2ZrQzJIdXVYV09mRDFaRDdTVTh6RGtRSjJ0bWlNMDR3dHBiU1Blc0tZQm91ZHNKOUFoTVdycDRzegovMjV0UGU5MTd4T3VaSTBDZ2dFQkFQakFlOEpjLzgwWGRrc1ZtQ0F6RGoxNU5pZGs2L3FRUXFaUDhIeW1GMWYwClRId2VUNnIyS3hROUpTbHd1SzVqb0F6Zmd6MTNOdVBQdENlL25QRVdRclNCdDVUUTN4eWxVeTJVT3JES2p6bmMKOWZ3VEZxZHRZQWgvam9ZRnlkcitHUjkwd01POHNQaGtzZVgrWFlXSTJFWjB5cmlMWDFhLzFMVWwvT3NJb3ZCdwovbWlmRzFCSkpYTHY3eUNjQW10V3dqQWF5UW9jVHluQU0wQk9hNHF0MTFlOWFKWWwvTzhCVjJHd053amlUbWtUCmZJKzlHeWZaSzdrYXJXaWlLd2xOOE92cTlBd09UdlBRbjZ3dmlHRURoMHM3Y2ZBUVNCUDZ1SEEzZ0JManZVak8KZ0t0blI0RGdPWmEwOXlGWEc3L0VFV3hhTURhblNPRCt5Y011TVRsL1lVTUNnZ0VCQU1SbDY4S1VHOW1POUJBLwpvY3gwakRxQnN6ZUVWS3B5dDBIVDFJR2puWW5GcTYvOGZtS0pnTnBrSVJYVDBxT0ZLTXZodFh2UmpRSU9ZUEtQCitlYzU0cEFIdW04MkJsdXBuYW1SNkdLNGhBWmlaZHZVTGx2LzZtRU5nMndzeWtuTGVwcndYRzU0N0hJbHZpblUKWitCOURvVGovMTNwSm45ZEx0UzlLRGhzTXlwZkRSMzc0ZytROVZPVVl5T1kzWUhsMkptL0swNUtxazZUaUNScQpzVVFITlpXTldCaHFBY3l3c2Judk45ZlUyWG1WUDRwWHFtOUR1UkFHK1hpQmd6bGlPQlM1T2QrdjlvMFkwN0YyClJPWFQxU2hvVFlUWTF6Q3htSkEwdnBMbjM5K2FHM3NXTEtydGNkczVyZjFiRjZpYWcrRFlvZzMzMklCWEJEV0QKbmlpOTBKa0NnZ0VCQU4wS1RlNzhyT0lXUXl1ZFdMemtJWGRHeW5SZkhjSmRocHc2MUx3dTZ2ZGhRc1hZT1hyMQpuSG96aTE0enFDaHVwcjVKcjFsaklnZDFmZVVFUS9XSGptYlFEYzNUZlM3N1NkcHFxV3lIMHBYY1gwbEx2UW15CkMzQUJ5U2dXNUxRUXIwcGdlUnAyQmR2enZwRmRZc1ZTUUx6NjgxamhvQ3A1OUEyMFgvYUtpaCtXaUx0M0J0SmsKN1Q0aEx5Q1BBU2RZeE4zeUwwc290TCtvNXVIeHpXWkI2K1V2amt3K0hYQlVoTTF0eExuRVAyRG55L3YrVXE4cQpMOHdnaEk5QjYzUXRLalM1WjN0L0MzRmtwVDVnVHBQR2l1YXpRQi9PbC80SkFQUFduWndyZXZ2RFpGcnJQNEtwCnZRTEtjLy9RWS93WHdsUENJSzJ3SVBhdDhhUGEzQ3Izb2ZrQ2dnRUJBTUcrK1RBdWs4RTNNYVMrYXM4VWNFNkYKT29OWDlqUWN3NDl1OUZQc3Rza3BKdjU5d0wzSjM2WmRqU2FTODJ2NFdUMG0zdXNkVmRZQVVQeXpEM241bUFJdQpwTkd1Nm54U2RUbzc3Yi9pR2NDRkhOYjV0cmw3dDJUcTk2SGFHaFlRRWZUbHpiL0ZTNEJCQzZTSUkxemNPNkI5Ci9zZGtPcitIdkZ3d0FSZUVQQ3dNSERMNExFTlRSTlFTdVJhYXVJZ1g3b0VnUTA5NU93WFBsUG1xUXVpM2xHZk0Kc0R0bDJBV0h2aTdYT3g0R0o1azRwVmJ4NGxXTnd4Q0MzZ1pDVDh5ZGszU05qRDE1ZmRyaE40TlFsWUJDdWV3QQp6OTJxUnBYWDBvTlpYTHFjSy9nanBDcGsvUjdWWWJQcSsxeXBQR1UzUjBFK09zU3BaODg3OUZ6RHd4K09yRnc9Ci0tLS0tRU5EIFJTQSBQUklWQVRFIEtFWS0tLS0tCg==",
                "cluster_ca_certificate": "LS0tLS1CRUdJTiBDRVJUSUZJQ0FURS0tLS0tCk1JSUU2RENDQXRDZ0F3SUJBZ0lRWTVQZlFGamZjTnJzMkRtdDJySWx4VEFOQmdrcWhraUc5dzBCQVFzRkFEQU4KTVFzd0NRWURWUVFERXdKallUQWdGdzB5TkRBek1UY3dORFEyTkRGYUdBOHlNRFUwTURNeE56QTBOVFkwTVZvdwpEVEVMTUFrR0ExVUVBeE1DWTJFd2dnSWlNQTBHQ1NxR1NJYjNEUUVCQVFVQUE0SUNEd0F3Z2dJS0FvSUNBUURzCnV5YjhzQVVuT2ZOOFkyOUtZK2s4dnd4TDBFMWorTHNrcFR6dktlTzBEN1pXT3dDWDkvcGlWd1g2NXZUeWhYOTgKNUdMV2xJY1NIRGxkN2NTVUl5bDc4UmxPWDc3NFl2c3ptQk1RcG0raEt5NlZ5MGprcnRzRjlwTGdXSHNIK1JabwpUOU9OSUVBNDd3YnU4MDJYMEQvMEwxZkYyYUphWUw0dlByT0xURWJ6U3MrUHZqUWFmUi8xV1p0dk80OEhHemxlCmRVVENyTnJCNVlVaVdsQWllWkhUamtmT21vbjVjVlFXRHBJOWxydDg0ZTNrb3V5N2oxWXlwRjEreFlOSURmRkkKbEVpY05SNEh5WmlVd1RNbEJmNTRTZlBpaDlOd3BoNW1pMGtDYllYTmVuN0ttVHlOMmdibktRelp2OVovK0sxbwpwek9abm5jMENyczlFeFpnWnFGV3phT1dic2c2L0hSMUFPcERib3IrejJ1MVJiNGtzU1FoUGFWL1A0OWFiWU5VCkNsTHdYY2JlWC9xWDZOb0Nta05qSmNTbGpZTXN1QXA1ckY1UlNpV3hHYVAwSjcwWHk2SVFTY3BHYnpkU0xOaXgKVE55QkwvNDMyV2V4eEVmZkE2RFJFWllla2tYNVJtaE1FbjBsQnltU1d4QUJkSnlrcVh4NkdYQzlUVHA2dWt4QwpWbitDam1MSTZNM3pzb0VuLzNKUk9NNUxBVTFPQnJEL2paL25XQ0prQ1V1MkdkWU9ia3VRYmUrOC9iZ2lXRVVHClVCSFhZeEhWc3JUUHNsa21nTnI0elkwSmtzeUN5azBkRm5KNEIveHRlazUrWG9MOHhGMVRJcFNDMFhmWlFPRGEKOHk0ME5BdnBhdG9ESFFXa0Evd3Q3NVo0V1lNcUx5dVB6TmJvVmljVlR3SURBUUFCbzBJd1FEQU9CZ05WSFE4QgpBZjhFQkFNQ0FxUXdEd1lEVlIwVEFRSC9CQVV3QXdFQi96QWRCZ05WSFE0RUZnUVVMbDdmTDEzQWRQbHFJTGpMCkNKVlJiTlR6aHpFd0RRWUpLb1pJaHZjTkFRRUxCUUFEZ2dJQkFNTlROWHFtUW10ckpqbmlDS2g2cUZWc1hJUXAKcUxXb2ttWHZ1blkrR3k3SlRoYUNaRXdVcmVIdWpyanVLMVpiTDB3aFY4cC9aZzJuNTQ1RFk2dUtSK1BLWUxwRwpWampSOEpsNkxQUXdkQW93WlZkekZIVXVNbDVsbmpqZm5tNVhRaWFiTFNSY2RWUzNEd3k3Qm1zQ3hycFJBNWhrCnhYdUduc1dYallCN25INE53bTR2MHM1SGQyaUpaZ0RCUmg4MkR5OHMybHFDQm50N01pTHJmNWdhZGhTMGpmMTYKQkphQmRFMUFUQWpabUExL3BuSFJTaEovYkQ3aFBoQ25Cd1ZwWjhXc3ZOcjV2RnlHNWdrbVdXZHpseXY0dkxjVQpzdllnMkhWSUxuSm5XZ1dHQjVpcGJ6d212R2hXc1lzb3FLeWZQQ3k4YUxrRWx1V2RlWEw3c3IzMm1Qd1hDV2ZoCjBGRmRZV0dBMHA2K2k0Y2R4Y1JMZllWb1ZBK3h4OUw3ckZKL1pmMHIyR2d3U0J0aEs0WXJ3dWlBZ0R6R3VCNmkKc3ZoNEprY0laN0dNNExHeHdoRE5ScHZRRUNQWmtYb2tSQW1wMEc3RHlxbjNEdEZJWmc1Mk1lQ2dCaENOeFRPNgpvT2tBcnViQVE4UXR3Y1dwaVpWNURhdFp5RFh5TjgrSVFGcTFkci90YmNrL3hHUjB3L1VxMDQyUzRqeXljT1JHCkFiVnpKTllSYXAxbUxVcUNIU3Zwd3VPaUNzVUtsNVRtRmp6a1pFL0JsVnVob0t3YTFzWEx1cmg5MWFwbVU0eGwKenF4UWYycTN4UFlIY2FGQzcwTVdDZkRwcVQvNklCQjBjR2ZoczZPQkc4UElnZlFQT09NTEpyRXFhYW1UZ3FEVgpvZXFUd1A4WVZUZHkrd2hyCi0tLS0tRU5EIENFUlRJRklDQVRFLS0tLS0K",
                "host": "https://aks-mahb-prod-001-3f1maxya.private.southeastasia.azmk8s.io:443",
                "password": "9zxbm96jek5hwxg8egn6obtjhb3jcon6z3ydcmq9xdvpi21js1ijh1wnm29ola3h9isuoi6a34mxsdv0di2aclhfg0w8cma31n6ebzazt2xounup8wqez1abr96wo0wg",
                "username": "clusterUser_rg-mahb-prod-001_aks-mahb-prod-001"
              }
            ],
            "kube_config_raw": "apiVersion: v1\nclusters:\n- cluster:\n    certificate-authority-data: LS0tLS1CRUdJTiBDRVJUSUZJQ0FURS0tLS0tCk1JSUU2RENDQXRDZ0F3SUJBZ0lRWTVQZlFGamZjTnJzMkRtdDJySWx4VEFOQmdrcWhraUc5dzBCQVFzRkFEQU4KTVFzd0NRWURWUVFERXdKallUQWdGdzB5TkRBek1UY3dORFEyTkRGYUdBOHlNRFUwTURNeE56QTBOVFkwTVZvdwpEVEVMTUFrR0ExVUVBeE1DWTJFd2dnSWlNQTBHQ1NxR1NJYjNEUUVCQVFVQUE0SUNEd0F3Z2dJS0FvSUNBUURzCnV5YjhzQVVuT2ZOOFkyOUtZK2s4dnd4TDBFMWorTHNrcFR6dktlTzBEN1pXT3dDWDkvcGlWd1g2NXZUeWhYOTgKNUdMV2xJY1NIRGxkN2NTVUl5bDc4UmxPWDc3NFl2c3ptQk1RcG0raEt5NlZ5MGprcnRzRjlwTGdXSHNIK1JabwpUOU9OSUVBNDd3YnU4MDJYMEQvMEwxZkYyYUphWUw0dlByT0xURWJ6U3MrUHZqUWFmUi8xV1p0dk80OEhHemxlCmRVVENyTnJCNVlVaVdsQWllWkhUamtmT21vbjVjVlFXRHBJOWxydDg0ZTNrb3V5N2oxWXlwRjEreFlOSURmRkkKbEVpY05SNEh5WmlVd1RNbEJmNTRTZlBpaDlOd3BoNW1pMGtDYllYTmVuN0ttVHlOMmdibktRelp2OVovK0sxbwpwek9abm5jMENyczlFeFpnWnFGV3phT1dic2c2L0hSMUFPcERib3IrejJ1MVJiNGtzU1FoUGFWL1A0OWFiWU5VCkNsTHdYY2JlWC9xWDZOb0Nta05qSmNTbGpZTXN1QXA1ckY1UlNpV3hHYVAwSjcwWHk2SVFTY3BHYnpkU0xOaXgKVE55QkwvNDMyV2V4eEVmZkE2RFJFWllla2tYNVJtaE1FbjBsQnltU1d4QUJkSnlrcVh4NkdYQzlUVHA2dWt4QwpWbitDam1MSTZNM3pzb0VuLzNKUk9NNUxBVTFPQnJEL2paL25XQ0prQ1V1MkdkWU9ia3VRYmUrOC9iZ2lXRVVHClVCSFhZeEhWc3JUUHNsa21nTnI0elkwSmtzeUN5azBkRm5KNEIveHRlazUrWG9MOHhGMVRJcFNDMFhmWlFPRGEKOHk0ME5BdnBhdG9ESFFXa0Evd3Q3NVo0V1lNcUx5dVB6TmJvVmljVlR3SURBUUFCbzBJd1FEQU9CZ05WSFE4QgpBZjhFQkFNQ0FxUXdEd1lEVlIwVEFRSC9CQVV3QXdFQi96QWRCZ05WSFE0RUZnUVVMbDdmTDEzQWRQbHFJTGpMCkNKVlJiTlR6aHpFd0RRWUpLb1pJaHZjTkFRRUxCUUFEZ2dJQkFNTlROWHFtUW10ckpqbmlDS2g2cUZWc1hJUXAKcUxXb2ttWHZ1blkrR3k3SlRoYUNaRXdVcmVIdWpyanVLMVpiTDB3aFY4cC9aZzJuNTQ1RFk2dUtSK1BLWUxwRwpWampSOEpsNkxQUXdkQW93WlZkekZIVXVNbDVsbmpqZm5tNVhRaWFiTFNSY2RWUzNEd3k3Qm1zQ3hycFJBNWhrCnhYdUduc1dYallCN25INE53bTR2MHM1SGQyaUpaZ0RCUmg4MkR5OHMybHFDQm50N01pTHJmNWdhZGhTMGpmMTYKQkphQmRFMUFUQWpabUExL3BuSFJTaEovYkQ3aFBoQ25Cd1ZwWjhXc3ZOcjV2RnlHNWdrbVdXZHpseXY0dkxjVQpzdllnMkhWSUxuSm5XZ1dHQjVpcGJ6d212R2hXc1lzb3FLeWZQQ3k4YUxrRWx1V2RlWEw3c3IzMm1Qd1hDV2ZoCjBGRmRZV0dBMHA2K2k0Y2R4Y1JMZllWb1ZBK3h4OUw3ckZKL1pmMHIyR2d3U0J0aEs0WXJ3dWlBZ0R6R3VCNmkKc3ZoNEprY0laN0dNNExHeHdoRE5ScHZRRUNQWmtYb2tSQW1wMEc3RHlxbjNEdEZJWmc1Mk1lQ2dCaENOeFRPNgpvT2tBcnViQVE4UXR3Y1dwaVpWNURhdFp5RFh5TjgrSVFGcTFkci90YmNrL3hHUjB3L1VxMDQyUzRqeXljT1JHCkFiVnpKTllSYXAxbUxVcUNIU3Zwd3VPaUNzVUtsNVRtRmp6a1pFL0JsVnVob0t3YTFzWEx1cmg5MWFwbVU0eGwKenF4UWYycTN4UFlIY2FGQzcwTVdDZkRwcVQvNklCQjBjR2ZoczZPQkc4UElnZlFQT09NTEpyRXFhYW1UZ3FEVgpvZXFUd1A4WVZUZHkrd2hyCi0tLS0tRU5EIENFUlRJRklDQVRFLS0tLS0K\n    server: https://aks-mahb-prod-001-3f1maxya.private.southeastasia.azmk8s.io:443\n  name: aks-mahb-prod-001\ncontexts:\n- context:\n    cluster: aks-mahb-prod-001\n    user: clusterUser_rg-mahb-prod-001_aks-mahb-prod-001\n  name: aks-mahb-prod-001\ncurrent-context: aks-mahb-prod-001\nkind: Config\npreferences: {}\nusers:\n- name: clusterUser_rg-mahb-prod-001_aks-mahb-prod-001\n  user:\n    client-certificate-data: LS0tLS1CRUdJTiBDRVJUSUZJQ0FURS0tLS0tCk1JSUZIVENDQXdXZ0F3SUJBZ0lRVnhuUU9xNWUxU056KzdhQytsRXlvekFOQmdrcWhraUc5dzBCQVFzRkFEQU4KTVFzd0NRWURWUVFERXdKallUQWVGdzB5TkRBek1UY3dORFEyTkRGYUZ3MHlOakF6TVRjd05EVTJOREZhTURBeApGekFWQmdOVkJBb1REbk41YzNSbGJUcHRZWE4wWlhKek1SVXdFd1lEVlFRREV3eHRZWE4wWlhKamJHbGxiblF3CmdnSWlNQTBHQ1NxR1NJYjNEUUVCQVFVQUE0SUNEd0F3Z2dJS0FvSUNBUUQ0ZFhOU0Q5V0JWTVE5VE1TOEU1TmYKaFo5MlBmNm9VQ3hlMm9YQTl5ZTdjZ3Vja2krZGZjd3ZXY05XS2FKTnBZL2xyRXB0TWQ0Z1g2aC9VdlREYUhJbQpYQ0tMRWRjdFU2c3p5UForekFlTVRpRXBEb0NEMURIK3MvTzNWbXNoOUU0dlFOc0RxdXMvY212Unl5TDVITlhwCnltVjRWbGxZd0RPRHh4bXRpdkNwc3pUQ2RxZ1ZUMFp4SnJMODNsUkdBWitnVjQ4YnNuKzZ1WnhEWWJZeEhvNzkKZzlHUDF0T2xlUnNxUzZndDRqUmh5dzdISExvNlh1UGZucFpPaC9FUzBNZEh0ZWxhZGExeVl1NHphamlnUVV6SgpWa2FxK3N5dzFkRVpvaW9pd1hZamQwZlUyTHJKY0FrekJmWlR1cXBVa25BcS9YWDMwUUJjWUc2aFUvMjVzYmtUCnE1TTRYQnJuTTJMUk0zYnhUYXN3b3lSdDFJcjlGbzNxUjhMQjZPU0c1d0ZrTEVNNUxHWUh4cVphNnViQnMweTkKR1pMbXIxVE9SZnhRRFZ1alJZUWg0K0ZjemFRc0tyZm83YU1iMnJPVE5ETlNmYm9tdHpSNExZc3pOWHFlTHR2MQpMT01uOFNKbXEzNmNVZmxaZlVCMThFODJSd0k3eE9pSjlWMTFKQ212QTJoV3Z3Y0JjK3dhSTlGZElrdHd1ZURUCk8vZ3E5c1FMNnZXS2xUYWVwY0lnUWF5a2g3dVJPWGFHNDdDSHh0ZWxQQXNjd09tRjRJUzdVTTNGODVFUFVGRTAKUld0VEJFc29DRWpQdFNQSHhKdVNCRE94blJReGI5VlFuY2NocHpzZzZlZjhHcTg4dDJyZXAzV2FGWFltd1ZOeAphckJmU2s3dTdSZ1ZNYURyZ2JDOTV3SURBUUFCbzFZd1ZEQU9CZ05WSFE4QkFmOEVCQU1DQmFBd0V3WURWUjBsCkJBd3dDZ1lJS3dZQkJRVUhBd0l3REFZRFZSMFRBUUgvQkFJd0FEQWZCZ05WSFNNRUdEQVdnQlF1WHQ4dlhjQjAKK1dvZ3VNc0lsVkZzMVBPSE1UQU5CZ2txaGtpRzl3MEJBUXNGQUFPQ0FnRUFtR3FDSVpyQ00vVTVQZ1I2VnNGNgpCSExzWDdxQ3BreWRBeVVodUZhWmI3M2lxcDRYQTFJTTFITlBPTXdCTWoxVk5JK2thSnl1ZzlmWElYZFRPOC8yCjMxQ2Z0eTRkck0zVS8wb054cDExcmxMWDZSNXNpTnh5eGxZbXV1d3FIVUNpeWNITkZCVTR3cXJNZ3BKTzE1VUsKVnJRaUZ2K0YvUDVaWWV3VGZmYm8xSWEra3ZiL0N6ejRZTk9hWFZaM0VPYndFcHA2cU03cmxVQ1JRVzlWcWJwZQpabTZoZkFZM215VXRyR1FtQ0Uya1h1M3RmeUNoT3IvTDFObWpvenhDd2lUbC9nLzIvbVlyTWtDUWdQVXF5Y3diCkFxM2pTajFCWk9IbUZDbmc4RlY4VkUvYjV6dm9hSERWRnVuSThBd3YxdVdpSDJlYTIrODVlSVRJREYwbEx6Q3gKZk8zcUowUjJScUZKWVlsb2dmN0kycW5vWlhlMENlMGJjMjIvdmgyMzM0RVVDd01wYmRnbVdGVG14TXVFOUhiRQp6cjJXQkNUYVM4YXA2MnRJQVRiVWEvZHh6cmVjNW1ScU81SzV2T3BLK1hYUkJ1NFlmM2VUYkxMRGsyaGFXMTFoCk9QQzI2OFg5eVM2cWc3OGxRc3l2QmtZMGpSUnBFbHI4MTU0ZmU2YWJ4Nis5ZW03WGxnYk1GVjZwTElZVy9yWW0KaTdhM3FMaGVvSkRSekhlTXVYQTh5d2FjV1dMVnNuQ1o1WW5vYk1zSC9scFlGSFF6VFN5T1hLWEdrS1ptTzNZdwowV2w1VEJ0WkFZdkU3bUk1VGdnSGoyc2grcW5jMnJncW5lMzlMWFJ5UWxMaVBkUlBZRUlKSU55R044UDdmdXZQCjVvMGR6dGE1bDJkelJKMlZkZUZ1TUdRPQotLS0tLUVORCBDRVJUSUZJQ0FURS0tLS0tCg==\n    client-key-data: LS0tLS1CRUdJTiBSU0EgUFJJVkFURSBLRVktLS0tLQpNSUlKS3dJQkFBS0NBZ0VBK0hWelVnL1ZnVlRFUFV6RXZCT1RYNFdmZGozK3FGQXNYdHFGd1BjbnUzSUxuSkl2Cm5YM01MMW5EVmltaVRhV1A1YXhLYlRIZUlGK29mMUwwdzJoeUpsd2lpeEhYTFZPck04ajJmc3dIakU0aEtRNkEKZzlReC9yUHp0MVpySWZST0wwRGJBNnJyUDNKcjBjc2krUnpWNmNwbGVGWlpXTUF6ZzhjWnJZcndxYk0wd25hbwpGVTlHY1NheS9ONVVSZ0dmb0ZlUEc3Si91cm1jUTJHMk1SNk8vWVBSajliVHBYa2JLa3VvTGVJMFljc094eHk2Ck9sN2ozNTZXVG9meEV0REhSN1hwV25XdGNtTHVNMm80b0VGTXlWWkdxdnJNc05YUkdhSXFJc0YySTNkSDFOaTYKeVhBSk13WDJVN3FxVkpKd0t2MTE5OUVBWEdCdW9WUDl1Ykc1RTZ1VE9Gd2E1ek5pMFROMjhVMnJNS01rYmRTSwovUmFONmtmQ3dlamtodWNCWkN4RE9TeG1COGFtV3VybXdiTk12Um1TNXE5VXprWDhVQTFibzBXRUllUGhYTTJrCkxDcTM2TzJqRzlxemt6UXpVbjI2SnJjMGVDMkxNelY2bmk3YjlTempKL0VpWnF0K25GSDVXWDFBZGZCUE5rY0MKTzhUb2lmVmRkU1FwcndOb1ZyOEhBWFBzR2lQUlhTSkxjTG5nMHp2NEt2YkVDK3IxaXBVMm5xWENJRUdzcEllNwprVGwyaHVPd2g4YlhwVHdMSE1EcGhlQ0V1MUROeGZPUkQxQlJORVZyVXdSTEtBaEl6N1VqeDhTYmtnUXpzWjBVCk1XL1ZVSjNISWFjN0lPbm4vQnF2UExkcTNxZDFtaFYySnNGVGNXcXdYMHBPN3UwWUZUR2c2NEd3dmVjQ0F3RUEKQVFLQ0FnRUF4RXp2YnYrSm5XUWVvNXY2dCtuemZ2M3d6aGdQRW1ZOW1EZW9nNXdDYlV1ZXR2YWMzaDZjNnpCTgpiODczSjhmT0dCVDJ2SzB3cFgxT2dFSkhsZmY0Y0N4Tk1ubEcrODNtTHNUeFU1N1p1OVdpeDNCb3d6OHN2T0xxCmhJaW5uaTBLZExVV0ZTQytPdU9wSWhrUHFhaEpyaXcxM1V6RHpLWVdUV0JKL2w0TzVOVHNzMVBTV3Z2R1dQSE4KYXBJeUhSbDlSODdHQjRrUTk3TmNMYlNPb09KVzhSOXJ1K3hzVFltUWwrc3NsZ3ZwZlBaVTE2WHYwTnhWeDhEaApXbXgzWUhsSmFYUGxTWTQrR21qbGNBUFZkM0FBUGZhSFlPRkVSZGE1SFRxTmRlWko4NTF6U0V4dnoyVlFMMXJmCmtxbWhsNjRYSnpBWU8xS0txWEdiRnFWb2lvVkxCaHZ5L0lZbXNKL0FWMUJYZlM2Nzc1ejlmdlRrbUNONHpabkkKSzh1bzdFVGxDRzFmUVMxWXlCc1krcWc3UElHb3NFYkZ3MGpZNmRrZy9YYUV3VTBlNTdobXY2bGZtZkI1dTY1UQpmcmdEYUFsUFpZZDgybXNUNkY4c0tMTlNIOERkYkVZQUl4K2xDbHFEeEMxN2pQRTU2Qmh4Tmx6cHVYQkhiNXc3CkVxM0lBYkdSTEJrSnJZZDlHVmZKczBXcnNlVmlJNHdqVTJkV0x0aWdvTlIzT1NyY0xHUnlOeDRmVy9SQk1Ia3AKcGFIUXkzNkkrd3FwOW1WYkZ0OXduMTYwRDV3ZkFROHNFWjk3NGFZeEhGbkdkQ1FQNFRHYjZOSDYydHJrUkRvQwpJSGxRL1NyM25sR0U0UnArR1orazRHYUZCS2MxVEdqSitza3BMcFBXY3RkSTNUZkEza2tDZ2dFQkFQK3l4OTRSCmJPNnNHdzBya3VkWXYyQ1Y5QVpEWUErcEd3Y2E1UHVEM2JCMDlOU0tDU3RtYm5XTE8wSG5jdkVlVW5RUkRjOWwKbXRDQjRiYisybDlkVDFYVGtHKzVKN1Q2RG5yT0xsZm5pcjJGM1czWmdMZk9VTDZHOUZlWWg4SXdMRXhDTzErdwpFYUhZaEU0clBJaWF3clUwREN5c3V1ak1PcmZhOWhJYllQN3hlNmcwK05qSTdXRVNxRi9xTXM4cUliOEJMTS9PCitrZW4xRU50N2Q1TGY4a0NRWmZXT2xDMkdRNFNWbTR0ck84RWlDdW1vN0RHNlJVNlFpRjZndURBU055RTZTRW8KVExlRzJCd2ZrQzJIdXVYV09mRDFaRDdTVTh6RGtRSjJ0bWlNMDR3dHBiU1Blc0tZQm91ZHNKOUFoTVdycDRzegovMjV0UGU5MTd4T3VaSTBDZ2dFQkFQakFlOEpjLzgwWGRrc1ZtQ0F6RGoxNU5pZGs2L3FRUXFaUDhIeW1GMWYwClRId2VUNnIyS3hROUpTbHd1SzVqb0F6Zmd6MTNOdVBQdENlL25QRVdRclNCdDVUUTN4eWxVeTJVT3JES2p6bmMKOWZ3VEZxZHRZQWgvam9ZRnlkcitHUjkwd01POHNQaGtzZVgrWFlXSTJFWjB5cmlMWDFhLzFMVWwvT3NJb3ZCdwovbWlmRzFCSkpYTHY3eUNjQW10V3dqQWF5UW9jVHluQU0wQk9hNHF0MTFlOWFKWWwvTzhCVjJHd053amlUbWtUCmZJKzlHeWZaSzdrYXJXaWlLd2xOOE92cTlBd09UdlBRbjZ3dmlHRURoMHM3Y2ZBUVNCUDZ1SEEzZ0JManZVak8KZ0t0blI0RGdPWmEwOXlGWEc3L0VFV3hhTURhblNPRCt5Y011TVRsL1lVTUNnZ0VCQU1SbDY4S1VHOW1POUJBLwpvY3gwakRxQnN6ZUVWS3B5dDBIVDFJR2puWW5GcTYvOGZtS0pnTnBrSVJYVDBxT0ZLTXZodFh2UmpRSU9ZUEtQCitlYzU0cEFIdW04MkJsdXBuYW1SNkdLNGhBWmlaZHZVTGx2LzZtRU5nMndzeWtuTGVwcndYRzU0N0hJbHZpblUKWitCOURvVGovMTNwSm45ZEx0UzlLRGhzTXlwZkRSMzc0ZytROVZPVVl5T1kzWUhsMkptL0swNUtxazZUaUNScQpzVVFITlpXTldCaHFBY3l3c2Judk45ZlUyWG1WUDRwWHFtOUR1UkFHK1hpQmd6bGlPQlM1T2QrdjlvMFkwN0YyClJPWFQxU2hvVFlUWTF6Q3htSkEwdnBMbjM5K2FHM3NXTEtydGNkczVyZjFiRjZpYWcrRFlvZzMzMklCWEJEV0QKbmlpOTBKa0NnZ0VCQU4wS1RlNzhyT0lXUXl1ZFdMemtJWGRHeW5SZkhjSmRocHc2MUx3dTZ2ZGhRc1hZT1hyMQpuSG96aTE0enFDaHVwcjVKcjFsaklnZDFmZVVFUS9XSGptYlFEYzNUZlM3N1NkcHFxV3lIMHBYY1gwbEx2UW15CkMzQUJ5U2dXNUxRUXIwcGdlUnAyQmR2enZwRmRZc1ZTUUx6NjgxamhvQ3A1OUEyMFgvYUtpaCtXaUx0M0J0SmsKN1Q0aEx5Q1BBU2RZeE4zeUwwc290TCtvNXVIeHpXWkI2K1V2amt3K0hYQlVoTTF0eExuRVAyRG55L3YrVXE4cQpMOHdnaEk5QjYzUXRLalM1WjN0L0MzRmtwVDVnVHBQR2l1YXpRQi9PbC80SkFQUFduWndyZXZ2RFpGcnJQNEtwCnZRTEtjLy9RWS93WHdsUENJSzJ3SVBhdDhhUGEzQ3Izb2ZrQ2dnRUJBTUcrK1RBdWs4RTNNYVMrYXM4VWNFNkYKT29OWDlqUWN3NDl1OUZQc3Rza3BKdjU5d0wzSjM2WmRqU2FTODJ2NFdUMG0zdXNkVmRZQVVQeXpEM241bUFJdQpwTkd1Nm54U2RUbzc3Yi9pR2NDRkhOYjV0cmw3dDJUcTk2SGFHaFlRRWZUbHpiL0ZTNEJCQzZTSUkxemNPNkI5Ci9zZGtPcitIdkZ3d0FSZUVQQ3dNSERMNExFTlRSTlFTdVJhYXVJZ1g3b0VnUTA5NU93WFBsUG1xUXVpM2xHZk0Kc0R0bDJBV0h2aTdYT3g0R0o1azRwVmJ4NGxXTnd4Q0MzZ1pDVDh5ZGszU05qRDE1ZmRyaE40TlFsWUJDdWV3QQp6OTJxUnBYWDBvTlpYTHFjSy9nanBDcGsvUjdWWWJQcSsxeXBQR1UzUjBFK09zU3BaODg3OUZ6RHd4K09yRnc9Ci0tLS0tRU5EIFJTQSBQUklWQVRFIEtFWS0tLS0tCg==\n    token: 9zxbm96jek5hwxg8egn6obtjhb3jcon6z3ydcmq9xdvpi21js1ijh1wnm29ola3h9isuoi6a34mxsdv0di2aclhfg0w8cma31n6ebzazt2xounup8wqez1abr96wo0wg\n",
            "kubelet_identity": [
              {
                "client_id": "b66a8068-b93d-4584-8cbc-a873776529b1",
                "object_id": "c3b57ab0-3329-481a-bc10-e2fd07ce35d7",
                "user_assigned_identity_id": "/subscriptions/524875d7-62d5-42df-8fe5-78822e211bf3/resourceGroups/rg-k8s-mahb-prod-001/providers/Microsoft.ManagedIdentity/userAssignedIdentities/aks-mahb-prod-001-agentpool"
              }
            ],
            "kubernetes_version": "1.27.9",
            "linux_profile": [],
            "local_account_disabled": false,
            "location": "southeastasia",
            "maintenance_window": [],
            "maintenance_window_auto_upgrade": [],
            "maintenance_window_node_os": [],
            "microsoft_defender": [],
            "monitor_metrics": [],
            "name": "aks-mahb-prod-001",
            "network_profile": [
              {
                "dns_service_ip": "10.2.0.10",
                "docker_bridge_cidr": "",
                "ebpf_data_plane": "",
                "ip_versions": [
                  "IPv4"
                ],
                "load_balancer_profile": [
                  {
                    "effective_outbound_ips": [
                      "/subscriptions/524875d7-62d5-42df-8fe5-78822e211bf3/resourceGroups/rg-k8s-mahb-prod-001/providers/Microsoft.Network/publicIPAddresses/4512613f-b071-4706-b916-fbbafd50d379"
                    ],
                    "idle_timeout_in_minutes": 0,
                    "managed_outbound_ip_count": 1,
                    "managed_outbound_ipv6_count": 0,
                    "outbound_ip_address_ids": [],
                    "outbound_ip_prefix_ids": [],
                    "outbound_ports_allocated": 0
                  }
                ],
                "load_balancer_sku": "standard",
                "nat_gateway_profile": [],
                "network_mode": "",
                "network_plugin": "azure",
                "network_plugin_mode": "",
                "network_policy": "",
                "outbound_type": "loadBalancer",
                "pod_cidr": "",
                "pod_cidrs": [],
                "service_cidr": "10.2.0.0/24",
                "service_cidrs": [
                  "10.2.0.0/24"
                ]
              }
            ],
            "node_os_channel_upgrade": null,
            "node_resource_group": "rg-k8s-mahb-prod-001",
            "node_resource_group_id": "/subscriptions/524875d7-62d5-42df-8fe5-78822e211bf3/resourceGroups/rg-k8s-mahb-prod-001",
            "oidc_issuer_enabled": true,
            "oidc_issuer_url": "https://southeastasia.oic.prod-aks.azure.com/cb63c8b6-7cdf-44fb-8662-675bf9d1f979/7088f3ba-c295-4687-90b3-5af5d5a8f0cf/",
            "oms_agent": [
              {
                "log_analytics_workspace_id": "/subscriptions/524875d7-62d5-42df-8fe5-78822e211bf3/resourceGroups/rg-mahb-prod-001/providers/Microsoft.OperationalInsights/workspaces/log-mahb-prod-001",
                "msi_auth_for_monitoring_enabled": false,
                "oms_agent_identity": [
                  {
                    "client_id": "02486134-a0ca-454a-aceb-344a96e7c32f",
                    "object_id": "00625e07-832f-45a5-9cae-ca6d527fc58e",
                    "user_assigned_identity_id": "/subscriptions/524875d7-62d5-42df-8fe5-78822e211bf3/resourcegroups/rg-k8s-mahb-prod-001/providers/Microsoft.ManagedIdentity/userAssignedIdentities/omsagent-aks-mahb-prod-001"
                  }
                ]
              }
            ],
            "open_service_mesh_enabled": false,
            "portal_fqdn": "e31a2499f04cd789a96966235d3a5c13-priv.portal.hcp.southeastasia.azmk8s.io",
            "private_cluster_enabled": true,
            "private_cluster_public_fqdn_enabled": false,
            "private_dns_zone_id": "/subscriptions/2c22ccdb-ba3a-45b0-b2f7-70cc02a39b0a/resourceGroups/MAHB-DNS/providers/Microsoft.Network/privateDnsZones/private.southeastasia.azmk8s.io",
            "private_fqdn": "aks-mahb-prod-001-3f1maxya.private.southeastasia.azmk8s.io",
            "public_network_access_enabled": true,
            "resource_group_name": "rg-mahb-prod-001",
            "role_based_access_control_enabled": true,
            "run_command_enabled": true,
            "service_mesh_profile": [],
            "service_principal": [],
            "sku_tier": "Free",
            "storage_profile": [],
            "support_plan": "KubernetesOfficial",
            "tags": {
              "Instance": "Main"
            },
            "timeouts": null,
            "web_app_routing": [],
            "windows_profile": [
              {
                "admin_password": "",
                "admin_username": "azureuser",
                "gmsa": [],
                "license": ""
              }
            ],
            "workload_autoscaler_profile": [
              {
                "keda_enabled": true,
                "vertical_pod_autoscaler_controlled_values": "",
                "vertical_pod_autoscaler_enabled": true,
                "vertical_pod_autoscaler_update_mode": ""
              }
            ],
            "workload_identity_enabled": false
          },
          "sensitive_attributes": [],
          "private": "eyJlMmJmYjczMC1lY2FhLTExZTYtOGY4OC0zNDM2M2JjN2M0YzAiOnsiY3JlYXRlIjo1NDAwMDAwMDAwMDAwLCJkZWxldGUiOjU0MDAwMDAwMDAwMDAsInJlYWQiOjMwMDAwMDAwMDAwMCwidXBkYXRlIjo1NDAwMDAwMDAwMDAwfSwic2NoZW1hX3ZlcnNpb24iOiIyIn0=",
          "dependencies": [
            "module.subnets_main.data.azurerm_subnet.aks_ApiServer",
            "module.subnets_main.data.azurerm_subnet.aks_System",
            "module.subnets_main.data.azurerm_subnet.gateway",
            "module.workload_main.module.aks.azurerm_user_assigned_identity.aks_identity",
            "module.workload_main.module.group.azurerm_resource_group.default",
            "module.workload_main.module.log.azurerm_log_analytics_workspace.default"
          ]
        }
      ]
    },
    {
      "module": "module.workload_main.module.aks",
      "mode": "managed",
      "type": "azurerm_role_assignment",
      "name": "network_contributor_assignment",
      "provider": "provider[\"registry.terraform.io/hashicorp/azurerm\"]",
      "instances": [
        {
          "schema_version": 0,
          "attributes": {
            "condition": "",
            "condition_version": "",
            "delegated_managed_identity_resource_id": "",
            "description": "",
            "id": "/subscriptions/524875d7-62d5-42df-8fe5-78822e211bf3/resourceGroups/rg-network-prod-001/providers/Microsoft.Authorization/roleAssignments/7932c914-57d8-472c-d406-1ac1861493a8",
            "name": "7932c914-57d8-472c-d406-1ac1861493a8",
            "principal_id": "74977349-7612-4e16-bda0-3aac490f82d2",
            "principal_type": "ServicePrincipal",
            "role_definition_id": "/subscriptions/524875d7-62d5-42df-8fe5-78822e211bf3/providers/Microsoft.Authorization/roleDefinitions/4d97b98b-1d4f-4787-a291-c67834d212e7",
            "role_definition_name": "Network Contributor",
            "scope": "/subscriptions/524875d7-62d5-42df-8fe5-78822e211bf3/resourceGroups/rg-network-prod-001",
            "skip_service_principal_aad_check": true,
            "timeouts": null
          },
          "sensitive_attributes": [],
          "private": "eyJlMmJmYjczMC1lY2FhLTExZTYtOGY4OC0zNDM2M2JjN2M0YzAiOnsiY3JlYXRlIjoxODAwMDAwMDAwMDAwLCJkZWxldGUiOjE4MDAwMDAwMDAwMDAsInJlYWQiOjMwMDAwMDAwMDAwMH19",
          "dependencies": [
            "module.workload_main.module.aks.azurerm_user_assigned_identity.aks_identity",
            "module.workload_main.module.aks.data.azurerm_resource_group.existing",
            "module.workload_main.module.group.azurerm_resource_group.default"
          ]
        }
      ]
    },
    {
      "module": "module.workload_main.module.aks",
      "mode": "managed",
      "type": "azurerm_role_assignment",
      "name": "private_dns",
      "provider": "provider[\"registry.terraform.io/hashicorp/azurerm\"]",
      "instances": [
        {
          "schema_version": 0,
          "attributes": {
            "condition": "",
            "condition_version": "",
            "delegated_managed_identity_resource_id": "",
            "description": "",
            "id": "/subscriptions/2c22ccdb-ba3a-45b0-b2f7-70cc02a39b0a/resourceGroups/MAHB-DNS/providers/Microsoft.Network/privateDnsZones/private.southeastasia.azmk8s.io/providers/Microsoft.Authorization/roleAssignments/548ada3c-4d95-ac71-7a9f-fa293f50092f",
            "name": "548ada3c-4d95-ac71-7a9f-fa293f50092f",
            "principal_id": "74977349-7612-4e16-bda0-3aac490f82d2",
            "principal_type": "ServicePrincipal",
            "role_definition_id": "/subscriptions/2c22ccdb-ba3a-45b0-b2f7-70cc02a39b0a/providers/Microsoft.Authorization/roleDefinitions/b12aa53e-6015-4669-85d0-8515ebb3ae7f",
            "role_definition_name": "Private DNS Zone Contributor",
            "scope": "/subscriptions/2c22ccdb-ba3a-45b0-b2f7-70cc02a39b0a/resourceGroups/MAHB-DNS/providers/Microsoft.Network/privateDnsZones/private.southeastasia.azmk8s.io",
            "skip_service_principal_aad_check": null,
            "timeouts": null
          },
          "sensitive_attributes": [],
          "private": "eyJlMmJmYjczMC1lY2FhLTExZTYtOGY4OC0zNDM2M2JjN2M0YzAiOnsiY3JlYXRlIjoxODAwMDAwMDAwMDAwLCJkZWxldGUiOjE4MDAwMDAwMDAwMDAsInJlYWQiOjMwMDAwMDAwMDAwMH19",
          "dependencies": [
            "module.workload_main.module.aks.azurerm_user_assigned_identity.aks_identity",
            "module.workload_main.module.group.azurerm_resource_group.default"
          ]
        }
      ]
    },
    {
      "module": "module.workload_main.module.aks",
      "mode": "managed",
      "type": "azurerm_user_assigned_identity",
      "name": "aks_identity",
      "provider": "provider[\"registry.terraform.io/hashicorp/azurerm\"]",
      "instances": [
        {
          "schema_version": 1,
          "attributes": {
            "client_id": "46cc1a7a-ddf4-46cc-b627-6673e26cb2c6",
            "id": "/subscriptions/524875d7-62d5-42df-8fe5-78822e211bf3/resourceGroups/rg-mahb-prod-001/providers/Microsoft.ManagedIdentity/userAssignedIdentities/mahb-prod-001Identity",
            "location": "southeastasia",
            "name": "mahb-prod-001Identity",
            "principal_id": "74977349-7612-4e16-bda0-3aac490f82d2",
            "resource_group_name": "rg-mahb-prod-001",
            "tags": {
              "Instance": "Main"
            },
            "tenant_id": "cb63c8b6-7cdf-44fb-8662-675bf9d1f979",
            "timeouts": null
          },
          "sensitive_attributes": [],
          "private": "eyJlMmJmYjczMC1lY2FhLTExZTYtOGY4OC0zNDM2M2JjN2M0YzAiOnsiY3JlYXRlIjoxODAwMDAwMDAwMDAwLCJkZWxldGUiOjE4MDAwMDAwMDAwMDAsInJlYWQiOjMwMDAwMDAwMDAwMCwidXBkYXRlIjoxODAwMDAwMDAwMDAwfSwic2NoZW1hX3ZlcnNpb24iOiIxIn0=",
          "dependencies": [
            "module.workload_main.module.group.azurerm_resource_group.default"
          ]
        }
      ]
    },
    {
      "module": "module.workload_main.module.app_registration",
      "mode": "managed",
      "type": "azuread_application",
      "name": "default",
      "provider": "provider[\"registry.terraform.io/hashicorp/azuread\"]",
      "instances": [
        {
          "schema_version": 1,
          "attributes": {
            "api": [
              {
                "known_client_applications": [],
                "mapped_claims_enabled": false,
                "oauth2_permission_scope": [],
                "requested_access_token_version": 1
              }
            ],
            "app_role": [],
            "app_role_ids": {},
            "application_id": "12765133-90de-42dc-94f4-14690c26ab0c",
            "device_only_auth_enabled": false,
            "disabled_by_microsoft": "\u003cnil\u003e",
            "display_name": "aks-service-principal-mahb-prod-001",
            "fallback_public_client_enabled": false,
            "feature_tags": [
              {
                "custom_single_sign_on": false,
                "enterprise": false,
                "gallery": false,
                "hide": false
              }
            ],
            "group_membership_claims": null,
            "id": "f36ee7d4-ab61-41c1-babf-d4460c861506",
            "identifier_uris": null,
            "logo_image": "",
            "logo_url": "",
            "marketing_url": "",
            "oauth2_permission_scope_ids": {},
            "oauth2_post_response_required": false,
            "object_id": "f36ee7d4-ab61-41c1-babf-d4460c861506",
            "optional_claims": [
              {
                "access_token": [],
                "id_token": [],
                "saml2_token": []
              }
            ],
            "owners": null,
            "prevent_duplicate_names": false,
            "privacy_statement_url": "",
            "public_client": [
              {
                "redirect_uris": []
              }
            ],
            "publisher_domain": "myairports.com.my",
            "required_resource_access": [],
            "sign_in_audience": "AzureADMyOrg",
            "single_page_application": [
              {
                "redirect_uris": []
              }
            ],
            "support_url": "",
            "tags": [],
            "template_id": "",
            "terms_of_service_url": "",
            "timeouts": null,
            "web": [
              {
                "homepage_url": "",
                "implicit_grant": [
                  {
                    "access_token_issuance_enabled": false,
                    "id_token_issuance_enabled": false
                  }
                ],
                "logout_url": "",
                "redirect_uris": []
              }
            ]
          },
          "sensitive_attributes": [],
          "private": "eyJlMmJmYjczMC1lY2FhLTExZTYtOGY4OC0zNDM2M2JjN2M0YzAiOnsiY3JlYXRlIjo2MDAwMDAwMDAwMDAsImRlbGV0ZSI6MzAwMDAwMDAwMDAwLCJyZWFkIjozMDAwMDAwMDAwMDAsInVwZGF0ZSI6NjAwMDAwMDAwMDAwfSwic2NoZW1hX3ZlcnNpb24iOiIxIn0="
        }
      ]
    },
    {
      "module": "module.workload_main.module.app_registration",
      "mode": "managed",
      "type": "azuread_application_federated_identity_credential",
      "name": "default",
      "provider": "provider[\"registry.terraform.io/hashicorp/azuread\"]",
      "instances": [
        {
          "schema_version": 0,
          "attributes": {
            "application_object_id": "f36ee7d4-ab61-41c1-babf-d4460c861506",
            "audiences": [
              "api://AzureADTokenExchange"
            ],
            "credential_id": "ffffb6d5-76ed-479f-acc8-445f75f0b806",
            "description": "Kubernetes service account federated credential",
            "display_name": "kubernetes-federated-credential",
            "id": "f36ee7d4-ab61-41c1-babf-d4460c861506/federatedIdentityCredential/ffffb6d5-76ed-479f-acc8-445f75f0b806",
            "issuer": "https://southeastasia.oic.prod-aks.azure.com/cb63c8b6-7cdf-44fb-8662-675bf9d1f979/7088f3ba-c295-4687-90b3-5af5d5a8f0cf/",
            "subject": "system:serviceaccount:default:workload-identity-sa",
            "timeouts": null
          },
          "sensitive_attributes": [],
          "private": "eyJlMmJmYjczMC1lY2FhLTExZTYtOGY4OC0zNDM2M2JjN2M0YzAiOnsiY3JlYXRlIjo5MDAwMDAwMDAwMDAsImRlbGV0ZSI6MzAwMDAwMDAwMDAwLCJyZWFkIjozMDAwMDAwMDAwMDAsInVwZGF0ZSI6MzAwMDAwMDAwMDAwfX0=",
          "dependencies": [
            "module.subnets_main.data.azurerm_subnet.aks_ApiServer",
            "module.subnets_main.data.azurerm_subnet.aks_System",
            "module.subnets_main.data.azurerm_subnet.gateway",
            "module.workload_main.module.aks.azurerm_kubernetes_cluster.default",
            "module.workload_main.module.aks.azurerm_user_assigned_identity.aks_identity",
            "module.workload_main.module.app_registration.azuread_application.default",
            "module.workload_main.module.group.azurerm_resource_group.default",
            "module.workload_main.module.log.azurerm_log_analytics_workspace.default"
          ]
        }
      ]
    },
    {
      "module": "module.workload_main.module.app_registration",
      "mode": "managed",
      "type": "azuread_service_principal",
      "name": "default",
      "provider": "provider[\"registry.terraform.io/hashicorp/azuread\"]",
      "instances": [
        {
          "schema_version": 0,
          "attributes": {
            "account_enabled": true,
            "alternative_names": null,
            "app_role_assignment_required": false,
            "app_role_ids": {},
            "app_roles": [],
            "application_id": "12765133-90de-42dc-94f4-14690c26ab0c",
            "application_tenant_id": "cb63c8b6-7cdf-44fb-8662-675bf9d1f979",
            "description": "",
            "display_name": "aks-service-principal-mahb-prod-001",
            "feature_tags": [
              {
                "custom_single_sign_on": false,
                "enterprise": false,
                "gallery": false,
                "hide": false
              }
            ],
            "features": [
              {
                "custom_single_sign_on_app": false,
                "enterprise_application": false,
                "gallery_application": false,
                "visible_to_users": true
              }
            ],
            "homepage_url": "",
            "id": "9f7ac23d-3130-4c84-b21d-99e277625da9",
            "login_url": "",
            "logout_url": "",
            "notes": "",
            "notification_email_addresses": null,
            "oauth2_permission_scope_ids": {},
            "oauth2_permission_scopes": [],
            "object_id": "9f7ac23d-3130-4c84-b21d-99e277625da9",
            "owners": null,
            "preferred_single_sign_on_mode": "",
            "redirect_uris": [],
            "saml_metadata_url": "",
            "saml_single_sign_on": [
              {
                "relay_state": ""
              }
            ],
            "service_principal_names": [],
            "sign_in_audience": "AzureADMyOrg",
            "tags": [],
            "timeouts": null,
            "type": "Application",
            "use_existing": null
          },
          "sensitive_attributes": [],
          "private": "eyJlMmJmYjczMC1lY2FhLTExZTYtOGY4OC0zNDM2M2JjN2M0YzAiOnsiY3JlYXRlIjo2MDAwMDAwMDAwMDAsImRlbGV0ZSI6MzAwMDAwMDAwMDAwLCJyZWFkIjozMDAwMDAwMDAwMDAsInVwZGF0ZSI6NjAwMDAwMDAwMDAwfX0=",
          "dependencies": [
            "module.workload_main.module.app_registration.azuread_application.default"
          ]
        }
      ]
    },
    {
      "module": "module.workload_main.module.group",
      "mode": "managed",
      "type": "azurerm_resource_group",
      "name": "default",
      "provider": "provider[\"registry.terraform.io/hashicorp/azurerm\"]",
      "instances": [
        {
          "schema_version": 0,
          "attributes": {
            "id": "/subscriptions/524875d7-62d5-42df-8fe5-78822e211bf3/resourceGroups/rg-mahb-prod-001",
            "location": "southeastasia",
            "managed_by": "",
            "name": "rg-mahb-prod-001",
            "tags": {
              "Instance": "Main"
            },
            "timeouts": null
          },
          "sensitive_attributes": [],
          "private": "eyJlMmJmYjczMC1lY2FhLTExZTYtOGY4OC0zNDM2M2JjN2M0YzAiOnsiY3JlYXRlIjo1NDAwMDAwMDAwMDAwLCJkZWxldGUiOjU0MDAwMDAwMDAwMDAsInJlYWQiOjMwMDAwMDAwMDAwMCwidXBkYXRlIjo1NDAwMDAwMDAwMDAwfX0="
        }
      ]
    },
    {
      "module": "module.workload_main.module.log",
      "mode": "managed",
      "type": "azurerm_log_analytics_workspace",
      "name": "default",
      "provider": "provider[\"registry.terraform.io/hashicorp/azurerm\"]",
      "instances": [
        {
          "schema_version": 3,
          "attributes": {
            "allow_resource_only_permissions": true,
            "cmk_for_query_forced": false,
            "daily_quota_gb": -1,
            "data_collection_rule_id": "",
            "id": "/subscriptions/524875d7-62d5-42df-8fe5-78822e211bf3/resourceGroups/rg-mahb-prod-001/providers/Microsoft.OperationalInsights/workspaces/log-mahb-prod-001",
            "identity": [],
            "immediate_data_purge_on_30_days_enabled": false,
            "internet_ingestion_enabled": true,
            "internet_query_enabled": true,
            "local_authentication_disabled": false,
            "location": "southeastasia",
            "name": "log-mahb-prod-001",
            "primary_shared_key": "3aVz6oAUcVujME0K05sLIPr6gjP7NcFKCjt54YXGW94oHfe0kK6OjoFF8Q9NhuSiWD+oJaF3ivK3w8tKbQnAEQ==",
            "reservation_capacity_in_gb_per_day": null,
            "resource_group_name": "rg-mahb-prod-001",
            "retention_in_days": 30,
            "secondary_shared_key": "b5nsbi4pfbAQz9ywHxzi6Apu/0N5wpWKL12t/RyuPS4Hhv+vMvt6ydQP9vouVe7AVDffXJZr9cCcsbo5LQ3J1A==",
            "sku": "PerGB2018",
            "tags": {
              "Instance": "Main"
            },
            "timeouts": null,
            "workspace_id": "5cd093d8-4e21-4898-ac08-648518e0adc8"
          },
          "sensitive_attributes": [],
          "private": "eyJlMmJmYjczMC1lY2FhLTExZTYtOGY4OC0zNDM2M2JjN2M0YzAiOnsiY3JlYXRlIjoxODAwMDAwMDAwMDAwLCJkZWxldGUiOjE4MDAwMDAwMDAwMDAsInJlYWQiOjMwMDAwMDAwMDAwMCwidXBkYXRlIjoxODAwMDAwMDAwMDAwfSwic2NoZW1hX3ZlcnNpb24iOiIzIn0=",
          "dependencies": [
            "module.workload_main.module.group.azurerm_resource_group.default"
          ]
        }
      ]
    }
  ],
  "check_results": [
    {
      "object_kind": "var",
      "config_addr": "module.workload_failover.module.aks.var.outbound_type",
      "status": "pass",
      "objects": [
        {
          "object_addr": "module.workload_failover.module.aks.var.outbound_type",
          "status": "pass"
        }
      ]
    },
    {
      "object_kind": "var",
      "config_addr": "module.workload_main.module.aks.var.outbound_type",
      "status": "pass",
      "objects": [
        {
          "object_addr": "module.workload_main.module.aks.var.outbound_type",
          "status": "pass"
        }
      ]
    },
    {
      "object_kind": "var",
      "config_addr": "var.application_name",
      "status": "pass",
      "objects": [
        {
          "object_addr": "var.application_name",
          "status": "pass"
        }
      ]
    }
  ]
}
